{
  "version": 4,
  "terraform_version": "1.8.5",
  "serial": 67,
  "lineage": "5982b3d7-3187-fe11-32a7-825334544556",
  "outputs": {
    "cluster_info": {
      "value": {
        "cloud_provider": "aws",
        "cluster_env_domain": "soil3.mosip.net",
        "cluster_name": "soil3"
      },
      "type": [
        "object",
        {
          "cloud_provider": "string",
          "cluster_env_domain": "string",
          "cluster_name": "string"
        }
      ]
    },
    "control_plane_node_1": {
      "value": "10.0.3.100",
      "type": "string"
    },
    "k8s_cluster_private_ips": {
      "value": {
        "soil3-CONTROL-PLANE-NODE-1": "10.0.3.100",
        "soil3-CONTROL-PLANE-NODE-2": "10.0.4.243",
        "soil3-CONTROL-PLANE-NODE-3": "10.0.3.18",
        "soil3-ETCD-NODE-1": "10.0.3.155",
        "soil3-ETCD-NODE-2": "10.0.4.253",
        "soil3-ETCD-NODE-3": "10.0.3.196",
        "soil3-WORKER-NODE-1": "10.0.3.27",
        "soil3-WORKER-NODE-2": "10.0.4.26"
      },
      "type": [
        "map",
        "string"
      ]
    },
    "k8s_cluster_public_ips": {
      "value": {
        "soil3-CONTROL-PLANE-NODE-1": "",
        "soil3-CONTROL-PLANE-NODE-2": "",
        "soil3-CONTROL-PLANE-NODE-3": "",
        "soil3-ETCD-NODE-1": "",
        "soil3-ETCD-NODE-2": "",
        "soil3-ETCD-NODE-3": "",
        "soil3-WORKER-NODE-1": "",
        "soil3-WORKER-NODE-2": ""
      },
      "type": [
        "map",
        "string"
      ]
    },
    "k8s_token": {
      "value": "5eSQ4e4yoSEjo04daytaHQYSnzqR2RiN",
      "type": "string",
      "sensitive": true
    },
    "nginx_private_ip": {
      "value": "10.0.2.143",
      "type": "string"
    },
    "nginx_public_ip": {
      "value": "13.203.79.191",
      "type": "string"
    },
    "vpc_id": {
      "value": "vpc-034f89e7c01cabf74",
      "type": "string"
    }
  },
  "resources": [
    {
      "module": "module.mosip_infra.module.aws_infra[0].module.aws_infrastructure",
      "mode": "data",
      "type": "aws_availability_zones",
      "name": "available",
      "provider": "provider[\"registry.terraform.io/hashicorp/aws\"]",
      "instances": [
        {
          "schema_version": 0,
          "attributes": {
            "all_availability_zones": null,
            "exclude_names": null,
            "exclude_zone_ids": null,
            "filter": null,
            "group_names": [
              "ap-south-1-zg-1"
            ],
            "id": "ap-south-1",
            "names": [
              "ap-south-1a",
              "ap-south-1b",
              "ap-south-1c"
            ],
            "state": "available",
            "timeouts": null,
            "zone_ids": [
              "aps1-az1",
              "aps1-az3",
              "aps1-az2"
            ]
          },
          "sensitive_attributes": []
        }
      ]
    },
    {
      "module": "module.mosip_infra.module.aws_infra[0].module.aws_infrastructure",
      "mode": "data",
      "type": "aws_ec2_instance_type_offerings",
      "name": "k8s_instance_types",
      "provider": "provider[\"registry.terraform.io/hashicorp/aws\"]",
      "instances": [
        {
          "index_key": "ap-south-1a",
          "schema_version": 0,
          "attributes": {
            "filter": [
              {
                "name": "instance-type",
                "values": [
                  "t3a.2xlarge"
                ]
              },
              {
                "name": "location",
                "values": [
                  "ap-south-1a"
                ]
              }
            ],
            "id": "ap-south-1",
            "instance_types": [
              "t3a.2xlarge"
            ],
            "location_type": "availability-zone",
            "location_types": [
              "availability-zone"
            ],
            "locations": [
              "ap-south-1a"
            ],
            "timeouts": null
          },
          "sensitive_attributes": []
        },
        {
          "index_key": "ap-south-1b",
          "schema_version": 0,
          "attributes": {
            "filter": [
              {
                "name": "instance-type",
                "values": [
                  "t3a.2xlarge"
                ]
              },
              {
                "name": "location",
                "values": [
                  "ap-south-1b"
                ]
              }
            ],
            "id": "ap-south-1",
            "instance_types": [
              "t3a.2xlarge"
            ],
            "location_type": "availability-zone",
            "location_types": [
              "availability-zone"
            ],
            "locations": [
              "ap-south-1b"
            ],
            "timeouts": null
          },
          "sensitive_attributes": []
        },
        {
          "index_key": "ap-south-1c",
          "schema_version": 0,
          "attributes": {
            "filter": [
              {
                "name": "instance-type",
                "values": [
                  "t3a.2xlarge"
                ]
              },
              {
                "name": "location",
                "values": [
                  "ap-south-1c"
                ]
              }
            ],
            "id": "ap-south-1",
            "instance_types": [
              "t3a.2xlarge"
            ],
            "location_type": "availability-zone",
            "location_types": [
              "availability-zone"
            ],
            "locations": [
              "ap-south-1c"
            ],
            "timeouts": null
          },
          "sensitive_attributes": []
        }
      ]
    },
    {
      "module": "module.mosip_infra.module.aws_infra[0].module.aws_infrastructure",
      "mode": "data",
      "type": "aws_ec2_instance_type_offerings",
      "name": "nginx_instance_types",
      "provider": "provider[\"registry.terraform.io/hashicorp/aws\"]",
      "instances": [
        {
          "index_key": "ap-south-1a",
          "schema_version": 0,
          "attributes": {
            "filter": [
              {
                "name": "instance-type",
                "values": [
                  "t3a.2xlarge"
                ]
              },
              {
                "name": "location",
                "values": [
                  "ap-south-1a"
                ]
              }
            ],
            "id": "ap-south-1",
            "instance_types": [
              "t3a.2xlarge"
            ],
            "location_type": "availability-zone",
            "location_types": [
              "availability-zone"
            ],
            "locations": [
              "ap-south-1a"
            ],
            "timeouts": null
          },
          "sensitive_attributes": []
        },
        {
          "index_key": "ap-south-1b",
          "schema_version": 0,
          "attributes": {
            "filter": [
              {
                "name": "instance-type",
                "values": [
                  "t3a.2xlarge"
                ]
              },
              {
                "name": "location",
                "values": [
                  "ap-south-1b"
                ]
              }
            ],
            "id": "ap-south-1",
            "instance_types": [
              "t3a.2xlarge"
            ],
            "location_type": "availability-zone",
            "location_types": [
              "availability-zone"
            ],
            "locations": [
              "ap-south-1b"
            ],
            "timeouts": null
          },
          "sensitive_attributes": []
        },
        {
          "index_key": "ap-south-1c",
          "schema_version": 0,
          "attributes": {
            "filter": [
              {
                "name": "instance-type",
                "values": [
                  "t3a.2xlarge"
                ]
              },
              {
                "name": "location",
                "values": [
                  "ap-south-1c"
                ]
              }
            ],
            "id": "ap-south-1",
            "instance_types": [
              "t3a.2xlarge"
            ],
            "location_type": "availability-zone",
            "location_types": [
              "availability-zone"
            ],
            "locations": [
              "ap-south-1c"
            ],
            "timeouts": null
          },
          "sensitive_attributes": []
        }
      ]
    },
    {
      "module": "module.mosip_infra.module.aws_infra[0].module.aws_infrastructure",
      "mode": "data",
      "type": "aws_subnets",
      "name": "private_subnets",
      "provider": "provider[\"registry.terraform.io/hashicorp/aws\"]",
      "instances": [
        {
          "schema_version": 0,
          "attributes": {
            "filter": [
              {
                "name": "availability-zone",
                "values": [
                  "ap-south-1a",
                  "ap-south-1b",
                  "ap-south-1c"
                ]
              },
              {
                "name": "vpc-id",
                "values": [
                  "vpc-034f89e7c01cabf74"
                ]
              }
            ],
            "id": "ap-south-1",
            "ids": [
              "subnet-0cb3018e6136c52ec",
              "subnet-0ef4971136b7c1faa"
            ],
            "tags": {
              "Type": "Private"
            },
            "timeouts": null
          },
          "sensitive_attributes": []
        }
      ]
    },
    {
      "module": "module.mosip_infra.module.aws_infra[0].module.aws_infrastructure",
      "mode": "data",
      "type": "aws_subnets",
      "name": "public_subnets",
      "provider": "provider[\"registry.terraform.io/hashicorp/aws\"]",
      "instances": [
        {
          "schema_version": 0,
          "attributes": {
            "filter": [
              {
                "name": "availability-zone",
                "values": [
                  "ap-south-1a",
                  "ap-south-1b",
                  "ap-south-1c"
                ]
              },
              {
                "name": "vpc-id",
                "values": [
                  "vpc-034f89e7c01cabf74"
                ]
              }
            ],
            "id": "ap-south-1",
            "ids": [
              "subnet-0b8d2671904225d00",
              "subnet-0d12cf6c8ad0833e5"
            ],
            "tags": {
              "Type": "Public"
            },
            "timeouts": null
          },
          "sensitive_attributes": []
        }
      ]
    },
    {
      "module": "module.mosip_infra.module.aws_infra[0].module.aws_infrastructure",
      "mode": "data",
      "type": "aws_vpc",
      "name": "existing_vpc",
      "provider": "provider[\"registry.terraform.io/hashicorp/aws\"]",
      "instances": [
        {
          "schema_version": 0,
          "attributes": {
            "arn": "arn:aws:ec2:ap-south-1:931337674770:vpc/vpc-034f89e7c01cabf74",
            "cidr_block": "10.0.0.0/16",
            "cidr_block_associations": [
              {
                "association_id": "vpc-cidr-assoc-0c2e3de859e49b3e9",
                "cidr_block": "10.0.0.0/16",
                "state": "associated"
              }
            ],
            "default": false,
            "dhcp_options_id": "dopt-d617d0bd",
            "enable_dns_hostnames": true,
            "enable_dns_support": true,
            "enable_network_address_usage_metrics": false,
            "filter": null,
            "id": "vpc-034f89e7c01cabf74",
            "instance_tenancy": "default",
            "ipv6_association_id": "",
            "ipv6_cidr_block": "",
            "main_route_table_id": "rtb-020c02c5fb2fd4f86",
            "owner_id": "931337674770",
            "state": null,
            "tags": {
              "Environment": "dev",
              "Name": "mosip-boxes",
              "Project": "mosip"
            },
            "timeouts": null
          },
          "sensitive_attributes": []
        }
      ]
    },
    {
      "module": "module.mosip_infra.module.aws_infra[0].module.aws_infrastructure",
      "mode": "managed",
      "type": "null_resource",
      "name": "instance_type_validation",
      "provider": "provider[\"registry.terraform.io/hashicorp/null\"]",
      "instances": [
        {
          "schema_version": 0,
          "attributes": {
            "id": "1041401863081369738",
            "triggers": {
              "common_azs": "3",
              "k8s_available_azs": "3",
              "k8s_instance_type": "t3a.2xlarge",
              "min_azs_needed": "3",
              "nginx_available_azs": "3",
              "nginx_instance_type": "t3a.2xlarge",
              "total_k8s_nodes": "8"
            }
          },
          "sensitive_attributes": [],
          "dependencies": [
            "module.mosip_infra.module.aws_infra.module.aws_infrastructure.data.aws_availability_zones.available",
            "module.mosip_infra.module.aws_infra.module.aws_infrastructure.data.aws_ec2_instance_type_offerings.k8s_instance_types",
            "module.mosip_infra.module.aws_infra.module.aws_infrastructure.data.aws_ec2_instance_type_offerings.nginx_instance_types"
          ]
        }
      ]
    },
    {
      "module": "module.mosip_infra.module.aws_infra[0].module.aws_infrastructure.module.aws-resource-creation",
      "mode": "managed",
      "type": "aws_iam_instance_profile",
      "name": "certbot_profile",
      "provider": "provider[\"registry.terraform.io/hashicorp/aws\"]",
      "instances": [
        {
          "schema_version": 0,
          "attributes": {
            "arn": "arn:aws:iam::931337674770:instance-profile/soil3-certbot-instance-profile",
            "create_date": "2025-08-27T13:26:24Z",
            "id": "soil3-certbot-instance-profile",
            "name": "soil3-certbot-instance-profile",
            "name_prefix": "",
            "path": "/",
            "role": "soil3-certbot-route53-role",
            "tags": {},
            "tags_all": {},
            "unique_id": "AIPA5RWANEAJC5H4HUE4Q"
          },
          "sensitive_attributes": [],
          "private": "bnVsbA==",
          "dependencies": [
            "module.mosip_infra.module.aws_infra.module.aws_infrastructure.module.aws-resource-creation.aws_iam_role.certbot_role"
          ]
        }
      ]
    },
    {
      "module": "module.mosip_infra.module.aws_infra[0].module.aws_infrastructure.module.aws-resource-creation",
      "mode": "managed",
      "type": "aws_iam_policy",
      "name": "certbot_policy",
      "provider": "provider[\"registry.terraform.io/hashicorp/aws\"]",
      "instances": [
        {
          "schema_version": 0,
          "attributes": {
            "arn": "arn:aws:iam::931337674770:policy/soil3-certbot-route53-policy",
            "attachment_count": 1,
            "description": "Allow Certbot to modify Route 53 records",
            "id": "arn:aws:iam::931337674770:policy/soil3-certbot-route53-policy",
            "name": "soil3-certbot-route53-policy",
            "name_prefix": "",
            "path": "/",
            "policy": "{\"Statement\":[{\"Action\":[\"route53:ListHostedZones\",\"route53:GetChange\",\"route53:ChangeResourceRecordSets\"],\"Effect\":\"Allow\",\"Resource\":\"*\"}],\"Version\":\"2012-10-17\"}",
            "policy_id": "ANPA5RWANEAJMYHHELLLM",
            "tags": {
              "Cluster": "soil3",
              "Name": "soil3-certbot-route53-policy"
            },
            "tags_all": {
              "Cluster": "soil3",
              "Name": "soil3-certbot-route53-policy"
            }
          },
          "sensitive_attributes": [],
          "private": "bnVsbA=="
        }
      ]
    },
    {
      "module": "module.mosip_infra.module.aws_infra[0].module.aws_infrastructure.module.aws-resource-creation",
      "mode": "managed",
      "type": "aws_iam_role",
      "name": "certbot_role",
      "provider": "provider[\"registry.terraform.io/hashicorp/aws\"]",
      "instances": [
        {
          "schema_version": 0,
          "attributes": {
            "arn": "arn:aws:iam::931337674770:role/soil3-certbot-route53-role",
            "assume_role_policy": "{\"Statement\":[{\"Action\":\"sts:AssumeRole\",\"Effect\":\"Allow\",\"Principal\":{\"Service\":\"ec2.amazonaws.com\"}}],\"Version\":\"2012-10-17\"}",
            "create_date": "2025-08-27T13:26:24Z",
            "description": "",
            "force_detach_policies": false,
            "id": "soil3-certbot-route53-role",
            "inline_policy": [],
            "managed_policy_arns": [
              "arn:aws:iam::931337674770:policy/soil3-certbot-route53-policy"
            ],
            "max_session_duration": 3600,
            "name": "soil3-certbot-route53-role",
            "name_prefix": "",
            "path": "/",
            "permissions_boundary": "",
            "tags": {
              "Cluster": "soil3",
              "Name": "soil3-certbot-route53-role"
            },
            "tags_all": {
              "Cluster": "soil3",
              "Name": "soil3-certbot-route53-role"
            },
            "unique_id": "AROA5RWANEAJHBHRGJHGD"
          },
          "sensitive_attributes": [],
          "private": "bnVsbA=="
        }
      ]
    },
    {
      "module": "module.mosip_infra.module.aws_infra[0].module.aws_infrastructure.module.aws-resource-creation",
      "mode": "managed",
      "type": "aws_iam_role_policy_attachment",
      "name": "certbot_policy_attachment",
      "provider": "provider[\"registry.terraform.io/hashicorp/aws\"]",
      "instances": [
        {
          "schema_version": 0,
          "attributes": {
            "id": "soil3-certbot-route53-role-20250827132624851700000005",
            "policy_arn": "arn:aws:iam::931337674770:policy/soil3-certbot-route53-policy",
            "role": "soil3-certbot-route53-role"
          },
          "sensitive_attributes": [],
          "private": "bnVsbA==",
          "dependencies": [
            "module.mosip_infra.module.aws_infra.module.aws_infrastructure.module.aws-resource-creation.aws_iam_policy.certbot_policy",
            "module.mosip_infra.module.aws_infra.module.aws_infrastructure.module.aws-resource-creation.aws_iam_role.certbot_role"
          ]
        }
      ]
    },
    {
      "module": "module.mosip_infra.module.aws_infra[0].module.aws_infrastructure.module.aws-resource-creation",
      "mode": "managed",
      "type": "aws_instance",
      "name": "K8S_CLUSTER_EC2_INSTANCE",
      "provider": "provider[\"registry.terraform.io/hashicorp/aws\"]",
      "instances": [
        {
          "index_key": "CONTROL-PLANE-NODE-1",
          "schema_version": 1,
          "attributes": {
            "ami": "ami-0ad21ae1d0696ad58",
            "arn": "arn:aws:ec2:ap-south-1:931337674770:instance/i-08ee85b3c5bf2c05e",
            "associate_public_ip_address": false,
            "availability_zone": "ap-south-1a",
            "capacity_reservation_specification": [
              {
                "capacity_reservation_preference": "open",
                "capacity_reservation_target": []
              }
            ],
            "cpu_core_count": 4,
            "cpu_options": [
              {
                "amd_sev_snp": "",
                "core_count": 4,
                "threads_per_core": 2
              }
            ],
            "cpu_threads_per_core": 2,
            "credit_specification": [
              {
                "cpu_credits": "unlimited"
              }
            ],
            "disable_api_stop": false,
            "disable_api_termination": false,
            "ebs_block_device": [],
            "ebs_optimized": false,
            "enclave_options": [
              {
                "enabled": false
              }
            ],
            "ephemeral_block_device": [],
            "get_password_data": false,
            "hibernation": false,
            "host_id": "",
            "host_resource_group_arn": null,
            "iam_instance_profile": "",
            "id": "i-08ee85b3c5bf2c05e",
            "instance_initiated_shutdown_behavior": "stop",
            "instance_lifecycle": "",
            "instance_market_options": [],
            "instance_state": "running",
            "instance_type": "t3a.2xlarge",
            "ipv6_address_count": 0,
            "ipv6_addresses": [],
            "key_name": "mosip-aws",
            "launch_template": [],
            "maintenance_options": [
              {
                "auto_recovery": "default"
              }
            ],
            "metadata_options": [
              {
                "http_endpoint": "enabled",
                "http_protocol_ipv6": "disabled",
                "http_put_response_hop_limit": 2,
                "http_tokens": "required",
                "instance_metadata_tags": "disabled"
              }
            ],
            "monitoring": false,
            "network_interface": [],
            "outpost_arn": "",
            "password_data": "",
            "placement_group": "",
            "placement_partition_number": 0,
            "primary_network_interface_id": "eni-0954b13037ff66d9c",
            "private_dns": "ip-10-0-3-100.ap-south-1.compute.internal",
            "private_dns_name_options": [
              {
                "enable_resource_name_dns_a_record": false,
                "enable_resource_name_dns_aaaa_record": false,
                "hostname_type": "ip-name"
              }
            ],
            "private_ip": "10.0.3.100",
            "public_dns": "",
            "public_ip": "",
            "root_block_device": [
              {
                "delete_on_termination": true,
                "device_name": "/dev/sda1",
                "encrypted": false,
                "iops": 3000,
                "kms_key_id": "",
                "tags": {
                  "Cluster": "soil3",
                  "Component": "soil3",
                  "Name": "soil3-CONTROL-PLANE-NODE-1"
                },
                "tags_all": {
                  "Cluster": "soil3",
                  "Component": "soil3",
                  "Name": "soil3-CONTROL-PLANE-NODE-1"
                },
                "throughput": 125,
                "volume_id": "vol-05796e2eb7ee68790",
                "volume_size": 64,
                "volume_type": "gp3"
              }
            ],
            "secondary_private_ips": [],
            "security_groups": [],
            "source_dest_check": true,
            "spot_instance_request_id": "",
            "subnet_id": "subnet-0cb3018e6136c52ec",
            "tags": {
              "Cluster": "soil3",
              "Component": "soil3",
              "Name": "soil3-CONTROL-PLANE-NODE-1"
            },
            "tags_all": {
              "Cluster": "soil3",
              "Component": "soil3",
              "Name": "soil3-CONTROL-PLANE-NODE-1"
            },
            "tenancy": "default",
            "timeouts": null,
            "user_data": "a760202d07b6472764ce5b9ecbf3b0ac718e2bde",
            "user_data_base64": null,
            "user_data_replace_on_change": false,
            "volume_tags": null,
            "vpc_security_group_ids": [
              "sg-04c8b824f696d3be1"
            ]
          },
          "sensitive_attributes": [],
          "private": "eyJlMmJmYjczMC1lY2FhLTExZTYtOGY4OC0zNDM2M2JjN2M0YzAiOnsiY3JlYXRlIjo2MDAwMDAwMDAwMDAsImRlbGV0ZSI6MTIwMDAwMDAwMDAwMCwicmVhZCI6OTAwMDAwMDAwMDAwLCJ1cGRhdGUiOjYwMDAwMDAwMDAwMH0sInNjaGVtYV92ZXJzaW9uIjoiMSJ9",
          "dependencies": [
            "module.mosip_infra.module.aws_infra.module.aws_infrastructure.data.aws_availability_zones.available",
            "module.mosip_infra.module.aws_infra.module.aws_infrastructure.data.aws_ec2_instance_type_offerings.k8s_instance_types",
            "module.mosip_infra.module.aws_infra.module.aws_infrastructure.data.aws_ec2_instance_type_offerings.nginx_instance_types",
            "module.mosip_infra.module.aws_infra.module.aws_infrastructure.data.aws_subnets.private_subnets",
            "module.mosip_infra.module.aws_infra.module.aws_infrastructure.data.aws_vpc.existing_vpc",
            "module.mosip_infra.module.aws_infra.module.aws_infrastructure.module.aws-resource-creation.aws_security_group.security-group"
          ]
        },
        {
          "index_key": "CONTROL-PLANE-NODE-2",
          "schema_version": 1,
          "attributes": {
            "ami": "ami-0ad21ae1d0696ad58",
            "arn": "arn:aws:ec2:ap-south-1:931337674770:instance/i-085bcd5992b992f91",
            "associate_public_ip_address": false,
            "availability_zone": "ap-south-1b",
            "capacity_reservation_specification": [
              {
                "capacity_reservation_preference": "open",
                "capacity_reservation_target": []
              }
            ],
            "cpu_core_count": 4,
            "cpu_options": [
              {
                "amd_sev_snp": "",
                "core_count": 4,
                "threads_per_core": 2
              }
            ],
            "cpu_threads_per_core": 2,
            "credit_specification": [
              {
                "cpu_credits": "unlimited"
              }
            ],
            "disable_api_stop": false,
            "disable_api_termination": false,
            "ebs_block_device": [],
            "ebs_optimized": false,
            "enclave_options": [
              {
                "enabled": false
              }
            ],
            "ephemeral_block_device": [],
            "get_password_data": false,
            "hibernation": false,
            "host_id": "",
            "host_resource_group_arn": null,
            "iam_instance_profile": "",
            "id": "i-085bcd5992b992f91",
            "instance_initiated_shutdown_behavior": "stop",
            "instance_lifecycle": "",
            "instance_market_options": [],
            "instance_state": "running",
            "instance_type": "t3a.2xlarge",
            "ipv6_address_count": 0,
            "ipv6_addresses": [],
            "key_name": "mosip-aws",
            "launch_template": [],
            "maintenance_options": [
              {
                "auto_recovery": "default"
              }
            ],
            "metadata_options": [
              {
                "http_endpoint": "enabled",
                "http_protocol_ipv6": "disabled",
                "http_put_response_hop_limit": 2,
                "http_tokens": "required",
                "instance_metadata_tags": "disabled"
              }
            ],
            "monitoring": false,
            "network_interface": [],
            "outpost_arn": "",
            "password_data": "",
            "placement_group": "",
            "placement_partition_number": 0,
            "primary_network_interface_id": "eni-0f9fff63d0cc47833",
            "private_dns": "ip-10-0-4-243.ap-south-1.compute.internal",
            "private_dns_name_options": [
              {
                "enable_resource_name_dns_a_record": false,
                "enable_resource_name_dns_aaaa_record": false,
                "hostname_type": "ip-name"
              }
            ],
            "private_ip": "10.0.4.243",
            "public_dns": "",
            "public_ip": "",
            "root_block_device": [
              {
                "delete_on_termination": true,
                "device_name": "/dev/sda1",
                "encrypted": false,
                "iops": 3000,
                "kms_key_id": "",
                "tags": {
                  "Cluster": "soil3",
                  "Component": "soil3",
                  "Name": "soil3-CONTROL-PLANE-NODE-2"
                },
                "tags_all": {
                  "Cluster": "soil3",
                  "Component": "soil3",
                  "Name": "soil3-CONTROL-PLANE-NODE-2"
                },
                "throughput": 125,
                "volume_id": "vol-0c6a5b31367527ec6",
                "volume_size": 64,
                "volume_type": "gp3"
              }
            ],
            "secondary_private_ips": [],
            "security_groups": [],
            "source_dest_check": true,
            "spot_instance_request_id": "",
            "subnet_id": "subnet-0ef4971136b7c1faa",
            "tags": {
              "Cluster": "soil3",
              "Component": "soil3",
              "Name": "soil3-CONTROL-PLANE-NODE-2"
            },
            "tags_all": {
              "Cluster": "soil3",
              "Component": "soil3",
              "Name": "soil3-CONTROL-PLANE-NODE-2"
            },
            "tenancy": "default",
            "timeouts": null,
            "user_data": "4035ec1d83eedf0e1c5bb993c2a52643e844cb8e",
            "user_data_base64": null,
            "user_data_replace_on_change": false,
            "volume_tags": null,
            "vpc_security_group_ids": [
              "sg-04c8b824f696d3be1"
            ]
          },
          "sensitive_attributes": [],
          "private": "eyJlMmJmYjczMC1lY2FhLTExZTYtOGY4OC0zNDM2M2JjN2M0YzAiOnsiY3JlYXRlIjo2MDAwMDAwMDAwMDAsImRlbGV0ZSI6MTIwMDAwMDAwMDAwMCwicmVhZCI6OTAwMDAwMDAwMDAwLCJ1cGRhdGUiOjYwMDAwMDAwMDAwMH0sInNjaGVtYV92ZXJzaW9uIjoiMSJ9",
          "dependencies": [
            "module.mosip_infra.module.aws_infra.module.aws_infrastructure.data.aws_availability_zones.available",
            "module.mosip_infra.module.aws_infra.module.aws_infrastructure.data.aws_ec2_instance_type_offerings.k8s_instance_types",
            "module.mosip_infra.module.aws_infra.module.aws_infrastructure.data.aws_ec2_instance_type_offerings.nginx_instance_types",
            "module.mosip_infra.module.aws_infra.module.aws_infrastructure.data.aws_subnets.private_subnets",
            "module.mosip_infra.module.aws_infra.module.aws_infrastructure.data.aws_vpc.existing_vpc",
            "module.mosip_infra.module.aws_infra.module.aws_infrastructure.module.aws-resource-creation.aws_security_group.security-group"
          ]
        },
        {
          "index_key": "CONTROL-PLANE-NODE-3",
          "schema_version": 1,
          "attributes": {
            "ami": "ami-0ad21ae1d0696ad58",
            "arn": "arn:aws:ec2:ap-south-1:931337674770:instance/i-0a82ce7cfb89d6055",
            "associate_public_ip_address": false,
            "availability_zone": "ap-south-1a",
            "capacity_reservation_specification": [
              {
                "capacity_reservation_preference": "open",
                "capacity_reservation_target": []
              }
            ],
            "cpu_core_count": 4,
            "cpu_options": [
              {
                "amd_sev_snp": "",
                "core_count": 4,
                "threads_per_core": 2
              }
            ],
            "cpu_threads_per_core": 2,
            "credit_specification": [
              {
                "cpu_credits": "unlimited"
              }
            ],
            "disable_api_stop": false,
            "disable_api_termination": false,
            "ebs_block_device": [],
            "ebs_optimized": false,
            "enclave_options": [
              {
                "enabled": false
              }
            ],
            "ephemeral_block_device": [],
            "get_password_data": false,
            "hibernation": false,
            "host_id": "",
            "host_resource_group_arn": null,
            "iam_instance_profile": "",
            "id": "i-0a82ce7cfb89d6055",
            "instance_initiated_shutdown_behavior": "stop",
            "instance_lifecycle": "",
            "instance_market_options": [],
            "instance_state": "running",
            "instance_type": "t3a.2xlarge",
            "ipv6_address_count": 0,
            "ipv6_addresses": [],
            "key_name": "mosip-aws",
            "launch_template": [],
            "maintenance_options": [
              {
                "auto_recovery": "default"
              }
            ],
            "metadata_options": [
              {
                "http_endpoint": "enabled",
                "http_protocol_ipv6": "disabled",
                "http_put_response_hop_limit": 2,
                "http_tokens": "required",
                "instance_metadata_tags": "disabled"
              }
            ],
            "monitoring": false,
            "network_interface": [],
            "outpost_arn": "",
            "password_data": "",
            "placement_group": "",
            "placement_partition_number": 0,
            "primary_network_interface_id": "eni-0fa1d00a8bd540caf",
            "private_dns": "ip-10-0-3-18.ap-south-1.compute.internal",
            "private_dns_name_options": [
              {
                "enable_resource_name_dns_a_record": false,
                "enable_resource_name_dns_aaaa_record": false,
                "hostname_type": "ip-name"
              }
            ],
            "private_ip": "10.0.3.18",
            "public_dns": "",
            "public_ip": "",
            "root_block_device": [
              {
                "delete_on_termination": true,
                "device_name": "/dev/sda1",
                "encrypted": false,
                "iops": 3000,
                "kms_key_id": "",
                "tags": {
                  "Cluster": "soil3",
                  "Component": "soil3",
                  "Name": "soil3-CONTROL-PLANE-NODE-3"
                },
                "tags_all": {
                  "Cluster": "soil3",
                  "Component": "soil3",
                  "Name": "soil3-CONTROL-PLANE-NODE-3"
                },
                "throughput": 125,
                "volume_id": "vol-05fde1c6dd28e4a19",
                "volume_size": 64,
                "volume_type": "gp3"
              }
            ],
            "secondary_private_ips": [],
            "security_groups": [],
            "source_dest_check": true,
            "spot_instance_request_id": "",
            "subnet_id": "subnet-0cb3018e6136c52ec",
            "tags": {
              "Cluster": "soil3",
              "Component": "soil3",
              "Name": "soil3-CONTROL-PLANE-NODE-3"
            },
            "tags_all": {
              "Cluster": "soil3",
              "Component": "soil3",
              "Name": "soil3-CONTROL-PLANE-NODE-3"
            },
            "tenancy": "default",
            "timeouts": null,
            "user_data": "1732776bf15d2e6538006d75c071bb0951565501",
            "user_data_base64": null,
            "user_data_replace_on_change": false,
            "volume_tags": null,
            "vpc_security_group_ids": [
              "sg-04c8b824f696d3be1"
            ]
          },
          "sensitive_attributes": [],
          "private": "eyJlMmJmYjczMC1lY2FhLTExZTYtOGY4OC0zNDM2M2JjN2M0YzAiOnsiY3JlYXRlIjo2MDAwMDAwMDAwMDAsImRlbGV0ZSI6MTIwMDAwMDAwMDAwMCwicmVhZCI6OTAwMDAwMDAwMDAwLCJ1cGRhdGUiOjYwMDAwMDAwMDAwMH0sInNjaGVtYV92ZXJzaW9uIjoiMSJ9",
          "dependencies": [
            "module.mosip_infra.module.aws_infra.module.aws_infrastructure.data.aws_availability_zones.available",
            "module.mosip_infra.module.aws_infra.module.aws_infrastructure.data.aws_ec2_instance_type_offerings.k8s_instance_types",
            "module.mosip_infra.module.aws_infra.module.aws_infrastructure.data.aws_ec2_instance_type_offerings.nginx_instance_types",
            "module.mosip_infra.module.aws_infra.module.aws_infrastructure.data.aws_subnets.private_subnets",
            "module.mosip_infra.module.aws_infra.module.aws_infrastructure.data.aws_vpc.existing_vpc",
            "module.mosip_infra.module.aws_infra.module.aws_infrastructure.module.aws-resource-creation.aws_security_group.security-group"
          ]
        },
        {
          "index_key": "ETCD-NODE-1",
          "schema_version": 1,
          "attributes": {
            "ami": "ami-0ad21ae1d0696ad58",
            "arn": "arn:aws:ec2:ap-south-1:931337674770:instance/i-0e0b78e164812b01a",
            "associate_public_ip_address": false,
            "availability_zone": "ap-south-1a",
            "capacity_reservation_specification": [
              {
                "capacity_reservation_preference": "open",
                "capacity_reservation_target": []
              }
            ],
            "cpu_core_count": 4,
            "cpu_options": [
              {
                "amd_sev_snp": "",
                "core_count": 4,
                "threads_per_core": 2
              }
            ],
            "cpu_threads_per_core": 2,
            "credit_specification": [
              {
                "cpu_credits": "unlimited"
              }
            ],
            "disable_api_stop": false,
            "disable_api_termination": false,
            "ebs_block_device": [],
            "ebs_optimized": false,
            "enclave_options": [
              {
                "enabled": false
              }
            ],
            "ephemeral_block_device": [],
            "get_password_data": false,
            "hibernation": false,
            "host_id": "",
            "host_resource_group_arn": null,
            "iam_instance_profile": "",
            "id": "i-0e0b78e164812b01a",
            "instance_initiated_shutdown_behavior": "stop",
            "instance_lifecycle": "",
            "instance_market_options": [],
            "instance_state": "running",
            "instance_type": "t3a.2xlarge",
            "ipv6_address_count": 0,
            "ipv6_addresses": [],
            "key_name": "mosip-aws",
            "launch_template": [],
            "maintenance_options": [
              {
                "auto_recovery": "default"
              }
            ],
            "metadata_options": [
              {
                "http_endpoint": "enabled",
                "http_protocol_ipv6": "disabled",
                "http_put_response_hop_limit": 2,
                "http_tokens": "required",
                "instance_metadata_tags": "disabled"
              }
            ],
            "monitoring": false,
            "network_interface": [],
            "outpost_arn": "",
            "password_data": "",
            "placement_group": "",
            "placement_partition_number": 0,
            "primary_network_interface_id": "eni-04e3aa29e23bad034",
            "private_dns": "ip-10-0-3-155.ap-south-1.compute.internal",
            "private_dns_name_options": [
              {
                "enable_resource_name_dns_a_record": false,
                "enable_resource_name_dns_aaaa_record": false,
                "hostname_type": "ip-name"
              }
            ],
            "private_ip": "10.0.3.155",
            "public_dns": "",
            "public_ip": "",
            "root_block_device": [
              {
                "delete_on_termination": true,
                "device_name": "/dev/sda1",
                "encrypted": false,
                "iops": 3000,
                "kms_key_id": "",
                "tags": {
                  "Cluster": "soil3",
                  "Component": "soil3",
                  "Name": "soil3-ETCD-NODE-1"
                },
                "tags_all": {
                  "Cluster": "soil3",
                  "Component": "soil3",
                  "Name": "soil3-ETCD-NODE-1"
                },
                "throughput": 125,
                "volume_id": "vol-0087ac49ed6fa49a0",
                "volume_size": 64,
                "volume_type": "gp3"
              }
            ],
            "secondary_private_ips": [],
            "security_groups": [],
            "source_dest_check": true,
            "spot_instance_request_id": "",
            "subnet_id": "subnet-0cb3018e6136c52ec",
            "tags": {
              "Cluster": "soil3",
              "Component": "soil3",
              "Name": "soil3-ETCD-NODE-1"
            },
            "tags_all": {
              "Cluster": "soil3",
              "Component": "soil3",
              "Name": "soil3-ETCD-NODE-1"
            },
            "tenancy": "default",
            "timeouts": null,
            "user_data": "19f704d4f2d42e7460c2a0341586554e25779263",
            "user_data_base64": null,
            "user_data_replace_on_change": false,
            "volume_tags": null,
            "vpc_security_group_ids": [
              "sg-020cfa74d76d948ea"
            ]
          },
          "sensitive_attributes": [],
          "private": "eyJlMmJmYjczMC1lY2FhLTExZTYtOGY4OC0zNDM2M2JjN2M0YzAiOnsiY3JlYXRlIjo2MDAwMDAwMDAwMDAsImRlbGV0ZSI6MTIwMDAwMDAwMDAwMCwicmVhZCI6OTAwMDAwMDAwMDAwLCJ1cGRhdGUiOjYwMDAwMDAwMDAwMH0sInNjaGVtYV92ZXJzaW9uIjoiMSJ9",
          "dependencies": [
            "module.mosip_infra.module.aws_infra.module.aws_infrastructure.data.aws_availability_zones.available",
            "module.mosip_infra.module.aws_infra.module.aws_infrastructure.data.aws_ec2_instance_type_offerings.k8s_instance_types",
            "module.mosip_infra.module.aws_infra.module.aws_infrastructure.data.aws_ec2_instance_type_offerings.nginx_instance_types",
            "module.mosip_infra.module.aws_infra.module.aws_infrastructure.data.aws_subnets.private_subnets",
            "module.mosip_infra.module.aws_infra.module.aws_infrastructure.data.aws_vpc.existing_vpc",
            "module.mosip_infra.module.aws_infra.module.aws_infrastructure.module.aws-resource-creation.aws_security_group.security-group"
          ]
        },
        {
          "index_key": "ETCD-NODE-2",
          "schema_version": 1,
          "attributes": {
            "ami": "ami-0ad21ae1d0696ad58",
            "arn": "arn:aws:ec2:ap-south-1:931337674770:instance/i-067e619ca3747d2c3",
            "associate_public_ip_address": false,
            "availability_zone": "ap-south-1b",
            "capacity_reservation_specification": [
              {
                "capacity_reservation_preference": "open",
                "capacity_reservation_target": []
              }
            ],
            "cpu_core_count": 4,
            "cpu_options": [
              {
                "amd_sev_snp": "",
                "core_count": 4,
                "threads_per_core": 2
              }
            ],
            "cpu_threads_per_core": 2,
            "credit_specification": [
              {
                "cpu_credits": "unlimited"
              }
            ],
            "disable_api_stop": false,
            "disable_api_termination": false,
            "ebs_block_device": [],
            "ebs_optimized": false,
            "enclave_options": [
              {
                "enabled": false
              }
            ],
            "ephemeral_block_device": [],
            "get_password_data": false,
            "hibernation": false,
            "host_id": "",
            "host_resource_group_arn": null,
            "iam_instance_profile": "",
            "id": "i-067e619ca3747d2c3",
            "instance_initiated_shutdown_behavior": "stop",
            "instance_lifecycle": "",
            "instance_market_options": [],
            "instance_state": "running",
            "instance_type": "t3a.2xlarge",
            "ipv6_address_count": 0,
            "ipv6_addresses": [],
            "key_name": "mosip-aws",
            "launch_template": [],
            "maintenance_options": [
              {
                "auto_recovery": "default"
              }
            ],
            "metadata_options": [
              {
                "http_endpoint": "enabled",
                "http_protocol_ipv6": "disabled",
                "http_put_response_hop_limit": 2,
                "http_tokens": "required",
                "instance_metadata_tags": "disabled"
              }
            ],
            "monitoring": false,
            "network_interface": [],
            "outpost_arn": "",
            "password_data": "",
            "placement_group": "",
            "placement_partition_number": 0,
            "primary_network_interface_id": "eni-06ff8b53930368191",
            "private_dns": "ip-10-0-4-253.ap-south-1.compute.internal",
            "private_dns_name_options": [
              {
                "enable_resource_name_dns_a_record": false,
                "enable_resource_name_dns_aaaa_record": false,
                "hostname_type": "ip-name"
              }
            ],
            "private_ip": "10.0.4.253",
            "public_dns": "",
            "public_ip": "",
            "root_block_device": [
              {
                "delete_on_termination": true,
                "device_name": "/dev/sda1",
                "encrypted": false,
                "iops": 3000,
                "kms_key_id": "",
                "tags": {
                  "Cluster": "soil3",
                  "Component": "soil3",
                  "Name": "soil3-ETCD-NODE-2"
                },
                "tags_all": {
                  "Cluster": "soil3",
                  "Component": "soil3",
                  "Name": "soil3-ETCD-NODE-2"
                },
                "throughput": 125,
                "volume_id": "vol-0cf8301ce3e343e96",
                "volume_size": 64,
                "volume_type": "gp3"
              }
            ],
            "secondary_private_ips": [],
            "security_groups": [],
            "source_dest_check": true,
            "spot_instance_request_id": "",
            "subnet_id": "subnet-0ef4971136b7c1faa",
            "tags": {
              "Cluster": "soil3",
              "Component": "soil3",
              "Name": "soil3-ETCD-NODE-2"
            },
            "tags_all": {
              "Cluster": "soil3",
              "Component": "soil3",
              "Name": "soil3-ETCD-NODE-2"
            },
            "tenancy": "default",
            "timeouts": null,
            "user_data": "12c4f79afe621f3dd942da90a298db8e1ee56d56",
            "user_data_base64": null,
            "user_data_replace_on_change": false,
            "volume_tags": null,
            "vpc_security_group_ids": [
              "sg-020cfa74d76d948ea"
            ]
          },
          "sensitive_attributes": [],
          "private": "eyJlMmJmYjczMC1lY2FhLTExZTYtOGY4OC0zNDM2M2JjN2M0YzAiOnsiY3JlYXRlIjo2MDAwMDAwMDAwMDAsImRlbGV0ZSI6MTIwMDAwMDAwMDAwMCwicmVhZCI6OTAwMDAwMDAwMDAwLCJ1cGRhdGUiOjYwMDAwMDAwMDAwMH0sInNjaGVtYV92ZXJzaW9uIjoiMSJ9",
          "dependencies": [
            "module.mosip_infra.module.aws_infra.module.aws_infrastructure.data.aws_availability_zones.available",
            "module.mosip_infra.module.aws_infra.module.aws_infrastructure.data.aws_ec2_instance_type_offerings.k8s_instance_types",
            "module.mosip_infra.module.aws_infra.module.aws_infrastructure.data.aws_ec2_instance_type_offerings.nginx_instance_types",
            "module.mosip_infra.module.aws_infra.module.aws_infrastructure.data.aws_subnets.private_subnets",
            "module.mosip_infra.module.aws_infra.module.aws_infrastructure.data.aws_vpc.existing_vpc",
            "module.mosip_infra.module.aws_infra.module.aws_infrastructure.module.aws-resource-creation.aws_security_group.security-group"
          ]
        },
        {
          "index_key": "ETCD-NODE-3",
          "schema_version": 1,
          "attributes": {
            "ami": "ami-0ad21ae1d0696ad58",
            "arn": "arn:aws:ec2:ap-south-1:931337674770:instance/i-084f9d424c95ed69f",
            "associate_public_ip_address": false,
            "availability_zone": "ap-south-1a",
            "capacity_reservation_specification": [
              {
                "capacity_reservation_preference": "open",
                "capacity_reservation_target": []
              }
            ],
            "cpu_core_count": 4,
            "cpu_options": [
              {
                "amd_sev_snp": "",
                "core_count": 4,
                "threads_per_core": 2
              }
            ],
            "cpu_threads_per_core": 2,
            "credit_specification": [
              {
                "cpu_credits": "unlimited"
              }
            ],
            "disable_api_stop": false,
            "disable_api_termination": false,
            "ebs_block_device": [],
            "ebs_optimized": false,
            "enclave_options": [
              {
                "enabled": false
              }
            ],
            "ephemeral_block_device": [],
            "get_password_data": false,
            "hibernation": false,
            "host_id": "",
            "host_resource_group_arn": null,
            "iam_instance_profile": "",
            "id": "i-084f9d424c95ed69f",
            "instance_initiated_shutdown_behavior": "stop",
            "instance_lifecycle": "",
            "instance_market_options": [],
            "instance_state": "running",
            "instance_type": "t3a.2xlarge",
            "ipv6_address_count": 0,
            "ipv6_addresses": [],
            "key_name": "mosip-aws",
            "launch_template": [],
            "maintenance_options": [
              {
                "auto_recovery": "default"
              }
            ],
            "metadata_options": [
              {
                "http_endpoint": "enabled",
                "http_protocol_ipv6": "disabled",
                "http_put_response_hop_limit": 2,
                "http_tokens": "required",
                "instance_metadata_tags": "disabled"
              }
            ],
            "monitoring": false,
            "network_interface": [],
            "outpost_arn": "",
            "password_data": "",
            "placement_group": "",
            "placement_partition_number": 0,
            "primary_network_interface_id": "eni-0d309e9cb8c36b78a",
            "private_dns": "ip-10-0-3-196.ap-south-1.compute.internal",
            "private_dns_name_options": [
              {
                "enable_resource_name_dns_a_record": false,
                "enable_resource_name_dns_aaaa_record": false,
                "hostname_type": "ip-name"
              }
            ],
            "private_ip": "10.0.3.196",
            "public_dns": "",
            "public_ip": "",
            "root_block_device": [
              {
                "delete_on_termination": true,
                "device_name": "/dev/sda1",
                "encrypted": false,
                "iops": 3000,
                "kms_key_id": "",
                "tags": {
                  "Cluster": "soil3",
                  "Component": "soil3",
                  "Name": "soil3-ETCD-NODE-3"
                },
                "tags_all": {
                  "Cluster": "soil3",
                  "Component": "soil3",
                  "Name": "soil3-ETCD-NODE-3"
                },
                "throughput": 125,
                "volume_id": "vol-0bed85bcbabfe3511",
                "volume_size": 64,
                "volume_type": "gp3"
              }
            ],
            "secondary_private_ips": [],
            "security_groups": [],
            "source_dest_check": true,
            "spot_instance_request_id": "",
            "subnet_id": "subnet-0cb3018e6136c52ec",
            "tags": {
              "Cluster": "soil3",
              "Component": "soil3",
              "Name": "soil3-ETCD-NODE-3"
            },
            "tags_all": {
              "Cluster": "soil3",
              "Component": "soil3",
              "Name": "soil3-ETCD-NODE-3"
            },
            "tenancy": "default",
            "timeouts": null,
            "user_data": "05751063a1a1aff758e199f43b9299cf3bd9b6f3",
            "user_data_base64": null,
            "user_data_replace_on_change": false,
            "volume_tags": null,
            "vpc_security_group_ids": [
              "sg-020cfa74d76d948ea"
            ]
          },
          "sensitive_attributes": [],
          "private": "eyJlMmJmYjczMC1lY2FhLTExZTYtOGY4OC0zNDM2M2JjN2M0YzAiOnsiY3JlYXRlIjo2MDAwMDAwMDAwMDAsImRlbGV0ZSI6MTIwMDAwMDAwMDAwMCwicmVhZCI6OTAwMDAwMDAwMDAwLCJ1cGRhdGUiOjYwMDAwMDAwMDAwMH0sInNjaGVtYV92ZXJzaW9uIjoiMSJ9",
          "dependencies": [
            "module.mosip_infra.module.aws_infra.module.aws_infrastructure.data.aws_availability_zones.available",
            "module.mosip_infra.module.aws_infra.module.aws_infrastructure.data.aws_ec2_instance_type_offerings.k8s_instance_types",
            "module.mosip_infra.module.aws_infra.module.aws_infrastructure.data.aws_ec2_instance_type_offerings.nginx_instance_types",
            "module.mosip_infra.module.aws_infra.module.aws_infrastructure.data.aws_subnets.private_subnets",
            "module.mosip_infra.module.aws_infra.module.aws_infrastructure.data.aws_vpc.existing_vpc",
            "module.mosip_infra.module.aws_infra.module.aws_infrastructure.module.aws-resource-creation.aws_security_group.security-group"
          ]
        },
        {
          "index_key": "WORKER-NODE-1",
          "schema_version": 1,
          "attributes": {
            "ami": "ami-0ad21ae1d0696ad58",
            "arn": "arn:aws:ec2:ap-south-1:931337674770:instance/i-0b933fee5c0f018da",
            "associate_public_ip_address": false,
            "availability_zone": "ap-south-1a",
            "capacity_reservation_specification": [
              {
                "capacity_reservation_preference": "open",
                "capacity_reservation_target": []
              }
            ],
            "cpu_core_count": 4,
            "cpu_options": [
              {
                "amd_sev_snp": "",
                "core_count": 4,
                "threads_per_core": 2
              }
            ],
            "cpu_threads_per_core": 2,
            "credit_specification": [
              {
                "cpu_credits": "unlimited"
              }
            ],
            "disable_api_stop": false,
            "disable_api_termination": false,
            "ebs_block_device": [],
            "ebs_optimized": false,
            "enclave_options": [
              {
                "enabled": false
              }
            ],
            "ephemeral_block_device": [],
            "get_password_data": false,
            "hibernation": false,
            "host_id": "",
            "host_resource_group_arn": null,
            "iam_instance_profile": "",
            "id": "i-0b933fee5c0f018da",
            "instance_initiated_shutdown_behavior": "stop",
            "instance_lifecycle": "",
            "instance_market_options": [],
            "instance_state": "running",
            "instance_type": "t3a.2xlarge",
            "ipv6_address_count": 0,
            "ipv6_addresses": [],
            "key_name": "mosip-aws",
            "launch_template": [],
            "maintenance_options": [
              {
                "auto_recovery": "default"
              }
            ],
            "metadata_options": [
              {
                "http_endpoint": "enabled",
                "http_protocol_ipv6": "disabled",
                "http_put_response_hop_limit": 2,
                "http_tokens": "required",
                "instance_metadata_tags": "disabled"
              }
            ],
            "monitoring": false,
            "network_interface": [],
            "outpost_arn": "",
            "password_data": "",
            "placement_group": "",
            "placement_partition_number": 0,
            "primary_network_interface_id": "eni-06acdaaa4e1770088",
            "private_dns": "ip-10-0-3-27.ap-south-1.compute.internal",
            "private_dns_name_options": [
              {
                "enable_resource_name_dns_a_record": false,
                "enable_resource_name_dns_aaaa_record": false,
                "hostname_type": "ip-name"
              }
            ],
            "private_ip": "10.0.3.27",
            "public_dns": "",
            "public_ip": "",
            "root_block_device": [
              {
                "delete_on_termination": true,
                "device_name": "/dev/sda1",
                "encrypted": false,
                "iops": 3000,
                "kms_key_id": "",
                "tags": {
                  "Cluster": "soil3",
                  "Component": "soil3",
                  "Name": "soil3-WORKER-NODE-1"
                },
                "tags_all": {
                  "Cluster": "soil3",
                  "Component": "soil3",
                  "Name": "soil3-WORKER-NODE-1"
                },
                "throughput": 125,
                "volume_id": "vol-02dcd5f926771a6a1",
                "volume_size": 64,
                "volume_type": "gp3"
              }
            ],
            "secondary_private_ips": [],
            "security_groups": [],
            "source_dest_check": true,
            "spot_instance_request_id": "",
            "subnet_id": "subnet-0cb3018e6136c52ec",
            "tags": {
              "Cluster": "soil3",
              "Component": "soil3",
              "Name": "soil3-WORKER-NODE-1"
            },
            "tags_all": {
              "Cluster": "soil3",
              "Component": "soil3",
              "Name": "soil3-WORKER-NODE-1"
            },
            "tenancy": "default",
            "timeouts": null,
            "user_data": "c9e44d70c908da66916d9108e4f58d6f20d4a5e5",
            "user_data_base64": null,
            "user_data_replace_on_change": false,
            "volume_tags": null,
            "vpc_security_group_ids": [
              "sg-0b8f01b9cd37693de"
            ]
          },
          "sensitive_attributes": [],
          "private": "eyJlMmJmYjczMC1lY2FhLTExZTYtOGY4OC0zNDM2M2JjN2M0YzAiOnsiY3JlYXRlIjo2MDAwMDAwMDAwMDAsImRlbGV0ZSI6MTIwMDAwMDAwMDAwMCwicmVhZCI6OTAwMDAwMDAwMDAwLCJ1cGRhdGUiOjYwMDAwMDAwMDAwMH0sInNjaGVtYV92ZXJzaW9uIjoiMSJ9",
          "dependencies": [
            "module.mosip_infra.module.aws_infra.module.aws_infrastructure.data.aws_availability_zones.available",
            "module.mosip_infra.module.aws_infra.module.aws_infrastructure.data.aws_ec2_instance_type_offerings.k8s_instance_types",
            "module.mosip_infra.module.aws_infra.module.aws_infrastructure.data.aws_ec2_instance_type_offerings.nginx_instance_types",
            "module.mosip_infra.module.aws_infra.module.aws_infrastructure.data.aws_subnets.private_subnets",
            "module.mosip_infra.module.aws_infra.module.aws_infrastructure.data.aws_vpc.existing_vpc",
            "module.mosip_infra.module.aws_infra.module.aws_infrastructure.module.aws-resource-creation.aws_security_group.security-group"
          ]
        },
        {
          "index_key": "WORKER-NODE-2",
          "schema_version": 1,
          "attributes": {
            "ami": "ami-0ad21ae1d0696ad58",
            "arn": "arn:aws:ec2:ap-south-1:931337674770:instance/i-0a33a1c890be92f1c",
            "associate_public_ip_address": false,
            "availability_zone": "ap-south-1b",
            "capacity_reservation_specification": [
              {
                "capacity_reservation_preference": "open",
                "capacity_reservation_target": []
              }
            ],
            "cpu_core_count": 4,
            "cpu_options": [
              {
                "amd_sev_snp": "",
                "core_count": 4,
                "threads_per_core": 2
              }
            ],
            "cpu_threads_per_core": 2,
            "credit_specification": [
              {
                "cpu_credits": "unlimited"
              }
            ],
            "disable_api_stop": false,
            "disable_api_termination": false,
            "ebs_block_device": [],
            "ebs_optimized": false,
            "enclave_options": [
              {
                "enabled": false
              }
            ],
            "ephemeral_block_device": [],
            "get_password_data": false,
            "hibernation": false,
            "host_id": "",
            "host_resource_group_arn": null,
            "iam_instance_profile": "",
            "id": "i-0a33a1c890be92f1c",
            "instance_initiated_shutdown_behavior": "stop",
            "instance_lifecycle": "",
            "instance_market_options": [],
            "instance_state": "running",
            "instance_type": "t3a.2xlarge",
            "ipv6_address_count": 0,
            "ipv6_addresses": [],
            "key_name": "mosip-aws",
            "launch_template": [],
            "maintenance_options": [
              {
                "auto_recovery": "default"
              }
            ],
            "metadata_options": [
              {
                "http_endpoint": "enabled",
                "http_protocol_ipv6": "disabled",
                "http_put_response_hop_limit": 2,
                "http_tokens": "required",
                "instance_metadata_tags": "disabled"
              }
            ],
            "monitoring": false,
            "network_interface": [],
            "outpost_arn": "",
            "password_data": "",
            "placement_group": "",
            "placement_partition_number": 0,
            "primary_network_interface_id": "eni-00098a88505e86c66",
            "private_dns": "ip-10-0-4-26.ap-south-1.compute.internal",
            "private_dns_name_options": [
              {
                "enable_resource_name_dns_a_record": false,
                "enable_resource_name_dns_aaaa_record": false,
                "hostname_type": "ip-name"
              }
            ],
            "private_ip": "10.0.4.26",
            "public_dns": "",
            "public_ip": "",
            "root_block_device": [
              {
                "delete_on_termination": true,
                "device_name": "/dev/sda1",
                "encrypted": false,
                "iops": 3000,
                "kms_key_id": "",
                "tags": {
                  "Cluster": "soil3",
                  "Component": "soil3",
                  "Name": "soil3-WORKER-NODE-2"
                },
                "tags_all": {
                  "Cluster": "soil3",
                  "Component": "soil3",
                  "Name": "soil3-WORKER-NODE-2"
                },
                "throughput": 125,
                "volume_id": "vol-0e4a756d73a9275db",
                "volume_size": 64,
                "volume_type": "gp3"
              }
            ],
            "secondary_private_ips": [],
            "security_groups": [],
            "source_dest_check": true,
            "spot_instance_request_id": "",
            "subnet_id": "subnet-0ef4971136b7c1faa",
            "tags": {
              "Cluster": "soil3",
              "Component": "soil3",
              "Name": "soil3-WORKER-NODE-2"
            },
            "tags_all": {
              "Cluster": "soil3",
              "Component": "soil3",
              "Name": "soil3-WORKER-NODE-2"
            },
            "tenancy": "default",
            "timeouts": null,
            "user_data": "d236d3b7ed1cc0b2584571a0ba03d26d14ca8534",
            "user_data_base64": null,
            "user_data_replace_on_change": false,
            "volume_tags": null,
            "vpc_security_group_ids": [
              "sg-0b8f01b9cd37693de"
            ]
          },
          "sensitive_attributes": [],
          "private": "eyJlMmJmYjczMC1lY2FhLTExZTYtOGY4OC0zNDM2M2JjN2M0YzAiOnsiY3JlYXRlIjo2MDAwMDAwMDAwMDAsImRlbGV0ZSI6MTIwMDAwMDAwMDAwMCwicmVhZCI6OTAwMDAwMDAwMDAwLCJ1cGRhdGUiOjYwMDAwMDAwMDAwMH0sInNjaGVtYV92ZXJzaW9uIjoiMSJ9",
          "dependencies": [
            "module.mosip_infra.module.aws_infra.module.aws_infrastructure.data.aws_availability_zones.available",
            "module.mosip_infra.module.aws_infra.module.aws_infrastructure.data.aws_ec2_instance_type_offerings.k8s_instance_types",
            "module.mosip_infra.module.aws_infra.module.aws_infrastructure.data.aws_ec2_instance_type_offerings.nginx_instance_types",
            "module.mosip_infra.module.aws_infra.module.aws_infrastructure.data.aws_subnets.private_subnets",
            "module.mosip_infra.module.aws_infra.module.aws_infrastructure.data.aws_vpc.existing_vpc",
            "module.mosip_infra.module.aws_infra.module.aws_infrastructure.module.aws-resource-creation.aws_security_group.security-group"
          ]
        }
      ]
    },
    {
      "module": "module.mosip_infra.module.aws_infra[0].module.aws_infrastructure.module.aws-resource-creation",
      "mode": "managed",
      "type": "aws_instance",
      "name": "NGINX_EC2_INSTANCE",
      "provider": "provider[\"registry.terraform.io/hashicorp/aws\"]",
      "instances": [
        {
          "schema_version": 1,
          "attributes": {
            "ami": "ami-0ad21ae1d0696ad58",
            "arn": "arn:aws:ec2:ap-south-1:931337674770:instance/i-0025a6e9dc087bcb2",
            "associate_public_ip_address": true,
            "availability_zone": "ap-south-1b",
            "capacity_reservation_specification": [
              {
                "capacity_reservation_preference": "open",
                "capacity_reservation_target": []
              }
            ],
            "cpu_core_count": 4,
            "cpu_options": [
              {
                "amd_sev_snp": "",
                "core_count": 4,
                "threads_per_core": 2
              }
            ],
            "cpu_threads_per_core": 2,
            "credit_specification": [
              {
                "cpu_credits": "unlimited"
              }
            ],
            "disable_api_stop": false,
            "disable_api_termination": false,
            "ebs_block_device": [
              {
                "delete_on_termination": true,
                "device_name": "/dev/sdb",
                "encrypted": false,
                "iops": 3000,
                "kms_key_id": "",
                "snapshot_id": "",
                "tags": {
                  "Cluster": "soil3",
                  "Component": "soil3",
                  "Name": "soil3-NGINX-NODE-vol1"
                },
                "tags_all": {
                  "Cluster": "soil3",
                  "Component": "soil3",
                  "Name": "soil3-NGINX-NODE-vol1"
                },
                "throughput": 125,
                "volume_id": "vol-0f7782be8dac0a5ec",
                "volume_size": 300,
                "volume_type": "gp3"
              },
              {
                "delete_on_termination": true,
                "device_name": "/dev/sdc",
                "encrypted": false,
                "iops": 3000,
                "kms_key_id": "",
                "snapshot_id": "",
                "tags": {
                  "Cluster": "soil3",
                  "Component": "soil3",
                  "Name": "soil3-NGINX-NODE-vol2"
                },
                "tags_all": {
                  "Cluster": "soil3",
                  "Component": "soil3",
                  "Name": "soil3-NGINX-NODE-vol2"
                },
                "throughput": 125,
                "volume_id": "vol-0c125e21b34035e76",
                "volume_size": 200,
                "volume_type": "gp3"
              }
            ],
            "ebs_optimized": false,
            "enclave_options": [
              {
                "enabled": false
              }
            ],
            "ephemeral_block_device": [],
            "get_password_data": false,
            "hibernation": false,
            "host_id": "",
            "host_resource_group_arn": null,
            "iam_instance_profile": "soil3-certbot-instance-profile",
            "id": "i-0025a6e9dc087bcb2",
            "instance_initiated_shutdown_behavior": "stop",
            "instance_lifecycle": "",
            "instance_market_options": [],
            "instance_state": "running",
            "instance_type": "t3a.2xlarge",
            "ipv6_address_count": 0,
            "ipv6_addresses": [],
            "key_name": "mosip-aws",
            "launch_template": [],
            "maintenance_options": [
              {
                "auto_recovery": "default"
              }
            ],
            "metadata_options": [
              {
                "http_endpoint": "enabled",
                "http_protocol_ipv6": "disabled",
                "http_put_response_hop_limit": 2,
                "http_tokens": "required",
                "instance_metadata_tags": "disabled"
              }
            ],
            "monitoring": false,
            "network_interface": [],
            "outpost_arn": "",
            "password_data": "",
            "placement_group": "",
            "placement_partition_number": 0,
            "primary_network_interface_id": "eni-07ebbd1f4e1dad467",
            "private_dns": "ip-10-0-2-143.ap-south-1.compute.internal",
            "private_dns_name_options": [
              {
                "enable_resource_name_dns_a_record": false,
                "enable_resource_name_dns_aaaa_record": false,
                "hostname_type": "ip-name"
              }
            ],
            "private_ip": "10.0.2.143",
            "public_dns": "ec2-13-203-79-191.ap-south-1.compute.amazonaws.com",
            "public_ip": "13.203.79.191",
            "root_block_device": [
              {
                "delete_on_termination": true,
                "device_name": "/dev/sda1",
                "encrypted": false,
                "iops": 3000,
                "kms_key_id": "",
                "tags": {
                  "Cluster": "soil3",
                  "Component": "soil3",
                  "Name": "soil3-NGINX-NODE"
                },
                "tags_all": {
                  "Cluster": "soil3",
                  "Component": "soil3",
                  "Name": "soil3-NGINX-NODE"
                },
                "throughput": 125,
                "volume_id": "vol-0b67529252010d0f2",
                "volume_size": 24,
                "volume_type": "gp3"
              }
            ],
            "secondary_private_ips": [],
            "security_groups": [],
            "source_dest_check": true,
            "spot_instance_request_id": "",
            "subnet_id": "subnet-0b8d2671904225d00",
            "tags": {
              "Cluster": "soil3",
              "Component": "soil3",
              "Name": "soil3-NGINX-NODE"
            },
            "tags_all": {
              "Cluster": "soil3",
              "Component": "soil3",
              "Name": "soil3-NGINX-NODE"
            },
            "tenancy": "default",
            "timeouts": null,
            "user_data": "9242d4705ece1f20691b760c660dcc58719041c6",
            "user_data_base64": null,
            "user_data_replace_on_change": false,
            "volume_tags": null,
            "vpc_security_group_ids": [
              "sg-0aa73f21e03c5c131"
            ]
          },
          "sensitive_attributes": [],
          "private": "eyJlMmJmYjczMC1lY2FhLTExZTYtOGY4OC0zNDM2M2JjN2M0YzAiOnsiY3JlYXRlIjo2MDAwMDAwMDAwMDAsImRlbGV0ZSI6MTIwMDAwMDAwMDAwMCwicmVhZCI6OTAwMDAwMDAwMDAwLCJ1cGRhdGUiOjYwMDAwMDAwMDAwMH0sInNjaGVtYV92ZXJzaW9uIjoiMSJ9",
          "dependencies": [
            "module.mosip_infra.module.aws_infra.module.aws_infrastructure.data.aws_availability_zones.available",
            "module.mosip_infra.module.aws_infra.module.aws_infrastructure.data.aws_ec2_instance_type_offerings.k8s_instance_types",
            "module.mosip_infra.module.aws_infra.module.aws_infrastructure.data.aws_ec2_instance_type_offerings.nginx_instance_types",
            "module.mosip_infra.module.aws_infra.module.aws_infrastructure.data.aws_subnets.public_subnets",
            "module.mosip_infra.module.aws_infra.module.aws_infrastructure.data.aws_vpc.existing_vpc",
            "module.mosip_infra.module.aws_infra.module.aws_infrastructure.module.aws-resource-creation.aws_iam_instance_profile.certbot_profile",
            "module.mosip_infra.module.aws_infra.module.aws_infrastructure.module.aws-resource-creation.aws_iam_role.certbot_role",
            "module.mosip_infra.module.aws_infra.module.aws_infrastructure.module.aws-resource-creation.aws_security_group.security-group"
          ]
        }
      ]
    },
    {
      "module": "module.mosip_infra.module.aws_infra[0].module.aws_infrastructure.module.aws-resource-creation",
      "mode": "managed",
      "type": "aws_route53_record",
      "name": "DNS_RECORDS",
      "provider": "provider[\"registry.terraform.io/hashicorp/aws\"]",
      "instances": [
        {
          "index_key": "API_DNS",
          "schema_version": 2,
          "attributes": {
            "alias": [],
            "allow_overwrite": true,
            "cidr_routing_policy": [],
            "failover_routing_policy": [],
            "fqdn": "api.soil3.mosip.net",
            "geolocation_routing_policy": [],
            "geoproximity_routing_policy": [],
            "health_check_id": "",
            "id": "Z090954828SJIEL6P5406_api.soil3.mosip.net_A",
            "latency_routing_policy": [],
            "multivalue_answer_routing_policy": false,
            "name": "api.soil3.mosip.net",
            "records": [
              "13.203.79.191"
            ],
            "set_identifier": "",
            "ttl": 300,
            "type": "A",
            "weighted_routing_policy": [],
            "zone_id": "Z090954828SJIEL6P5406"
          },
          "sensitive_attributes": [],
          "private": "eyJzY2hlbWFfdmVyc2lvbiI6IjIifQ==",
          "dependencies": [
            "module.mosip_infra.module.aws_infra.module.aws_infrastructure.data.aws_availability_zones.available",
            "module.mosip_infra.module.aws_infra.module.aws_infrastructure.data.aws_ec2_instance_type_offerings.k8s_instance_types",
            "module.mosip_infra.module.aws_infra.module.aws_infrastructure.data.aws_ec2_instance_type_offerings.nginx_instance_types",
            "module.mosip_infra.module.aws_infra.module.aws_infrastructure.data.aws_subnets.public_subnets",
            "module.mosip_infra.module.aws_infra.module.aws_infrastructure.data.aws_vpc.existing_vpc",
            "module.mosip_infra.module.aws_infra.module.aws_infrastructure.module.aws-resource-creation.aws_iam_instance_profile.certbot_profile",
            "module.mosip_infra.module.aws_infra.module.aws_infrastructure.module.aws-resource-creation.aws_iam_role.certbot_role",
            "module.mosip_infra.module.aws_infra.module.aws_infrastructure.module.aws-resource-creation.aws_instance.NGINX_EC2_INSTANCE",
            "module.mosip_infra.module.aws_infra.module.aws_infrastructure.module.aws-resource-creation.aws_security_group.security-group"
          ]
        },
        {
          "index_key": "API_INTERNAL_DNS",
          "schema_version": 2,
          "attributes": {
            "alias": [],
            "allow_overwrite": true,
            "cidr_routing_policy": [],
            "failover_routing_policy": [],
            "fqdn": "api-internal.soil3.mosip.net",
            "geolocation_routing_policy": [],
            "geoproximity_routing_policy": [],
            "health_check_id": "",
            "id": "Z090954828SJIEL6P5406_api-internal.soil3.mosip.net_A",
            "latency_routing_policy": [],
            "multivalue_answer_routing_policy": false,
            "name": "api-internal.soil3.mosip.net",
            "records": [
              "10.0.2.143"
            ],
            "set_identifier": "",
            "ttl": 300,
            "type": "A",
            "weighted_routing_policy": [],
            "zone_id": "Z090954828SJIEL6P5406"
          },
          "sensitive_attributes": [],
          "private": "eyJzY2hlbWFfdmVyc2lvbiI6IjIifQ==",
          "dependencies": [
            "module.mosip_infra.module.aws_infra.module.aws_infrastructure.data.aws_availability_zones.available",
            "module.mosip_infra.module.aws_infra.module.aws_infrastructure.data.aws_ec2_instance_type_offerings.k8s_instance_types",
            "module.mosip_infra.module.aws_infra.module.aws_infrastructure.data.aws_ec2_instance_type_offerings.nginx_instance_types",
            "module.mosip_infra.module.aws_infra.module.aws_infrastructure.data.aws_subnets.public_subnets",
            "module.mosip_infra.module.aws_infra.module.aws_infrastructure.data.aws_vpc.existing_vpc",
            "module.mosip_infra.module.aws_infra.module.aws_infrastructure.module.aws-resource-creation.aws_iam_instance_profile.certbot_profile",
            "module.mosip_infra.module.aws_infra.module.aws_infrastructure.module.aws-resource-creation.aws_iam_role.certbot_role",
            "module.mosip_infra.module.aws_infra.module.aws_infrastructure.module.aws-resource-creation.aws_instance.NGINX_EC2_INSTANCE",
            "module.mosip_infra.module.aws_infra.module.aws_infrastructure.module.aws-resource-creation.aws_security_group.security-group"
          ]
        },
        {
          "index_key": "activemq",
          "schema_version": 2,
          "attributes": {
            "alias": [],
            "allow_overwrite": true,
            "cidr_routing_policy": [],
            "failover_routing_policy": [],
            "fqdn": "activemq.soil3.mosip.net",
            "geolocation_routing_policy": [],
            "geoproximity_routing_policy": [],
            "health_check_id": "",
            "id": "Z090954828SJIEL6P5406_activemq.soil3.mosip.net_CNAME",
            "latency_routing_policy": [],
            "multivalue_answer_routing_policy": false,
            "name": "activemq.soil3.mosip.net",
            "records": [
              "api-internal.soil3.mosip.net"
            ],
            "set_identifier": "",
            "ttl": 300,
            "type": "CNAME",
            "weighted_routing_policy": [],
            "zone_id": "Z090954828SJIEL6P5406"
          },
          "sensitive_attributes": [],
          "private": "eyJzY2hlbWFfdmVyc2lvbiI6IjIifQ==",
          "dependencies": [
            "module.mosip_infra.module.aws_infra.module.aws_infrastructure.data.aws_availability_zones.available",
            "module.mosip_infra.module.aws_infra.module.aws_infrastructure.data.aws_ec2_instance_type_offerings.k8s_instance_types",
            "module.mosip_infra.module.aws_infra.module.aws_infrastructure.data.aws_ec2_instance_type_offerings.nginx_instance_types",
            "module.mosip_infra.module.aws_infra.module.aws_infrastructure.data.aws_subnets.public_subnets",
            "module.mosip_infra.module.aws_infra.module.aws_infrastructure.data.aws_vpc.existing_vpc",
            "module.mosip_infra.module.aws_infra.module.aws_infrastructure.module.aws-resource-creation.aws_iam_instance_profile.certbot_profile",
            "module.mosip_infra.module.aws_infra.module.aws_infrastructure.module.aws-resource-creation.aws_iam_role.certbot_role",
            "module.mosip_infra.module.aws_infra.module.aws_infrastructure.module.aws-resource-creation.aws_instance.NGINX_EC2_INSTANCE",
            "module.mosip_infra.module.aws_infra.module.aws_infrastructure.module.aws-resource-creation.aws_security_group.security-group"
          ]
        },
        {
          "index_key": "admin",
          "schema_version": 2,
          "attributes": {
            "alias": [],
            "allow_overwrite": true,
            "cidr_routing_policy": [],
            "failover_routing_policy": [],
            "fqdn": "admin.soil3.mosip.net",
            "geolocation_routing_policy": [],
            "geoproximity_routing_policy": [],
            "health_check_id": "",
            "id": "Z090954828SJIEL6P5406_admin.soil3.mosip.net_CNAME",
            "latency_routing_policy": [],
            "multivalue_answer_routing_policy": false,
            "name": "admin.soil3.mosip.net",
            "records": [
              "api-internal.soil3.mosip.net"
            ],
            "set_identifier": "",
            "ttl": 300,
            "type": "CNAME",
            "weighted_routing_policy": [],
            "zone_id": "Z090954828SJIEL6P5406"
          },
          "sensitive_attributes": [],
          "private": "eyJzY2hlbWFfdmVyc2lvbiI6IjIifQ==",
          "dependencies": [
            "module.mosip_infra.module.aws_infra.module.aws_infrastructure.data.aws_availability_zones.available",
            "module.mosip_infra.module.aws_infra.module.aws_infrastructure.data.aws_ec2_instance_type_offerings.k8s_instance_types",
            "module.mosip_infra.module.aws_infra.module.aws_infrastructure.data.aws_ec2_instance_type_offerings.nginx_instance_types",
            "module.mosip_infra.module.aws_infra.module.aws_infrastructure.data.aws_subnets.public_subnets",
            "module.mosip_infra.module.aws_infra.module.aws_infrastructure.data.aws_vpc.existing_vpc",
            "module.mosip_infra.module.aws_infra.module.aws_infrastructure.module.aws-resource-creation.aws_iam_instance_profile.certbot_profile",
            "module.mosip_infra.module.aws_infra.module.aws_infrastructure.module.aws-resource-creation.aws_iam_role.certbot_role",
            "module.mosip_infra.module.aws_infra.module.aws_infrastructure.module.aws-resource-creation.aws_instance.NGINX_EC2_INSTANCE",
            "module.mosip_infra.module.aws_infra.module.aws_infrastructure.module.aws-resource-creation.aws_security_group.security-group"
          ]
        },
        {
          "index_key": "compliance",
          "schema_version": 2,
          "attributes": {
            "alias": [],
            "allow_overwrite": true,
            "cidr_routing_policy": [],
            "failover_routing_policy": [],
            "fqdn": "compliance.soil3.mosip.net",
            "geolocation_routing_policy": [],
            "geoproximity_routing_policy": [],
            "health_check_id": "",
            "id": "Z090954828SJIEL6P5406_compliance.soil3.mosip.net_CNAME",
            "latency_routing_policy": [],
            "multivalue_answer_routing_policy": false,
            "name": "compliance.soil3.mosip.net",
            "records": [
              "api-internal.soil3.mosip.net"
            ],
            "set_identifier": "",
            "ttl": 300,
            "type": "CNAME",
            "weighted_routing_policy": [],
            "zone_id": "Z090954828SJIEL6P5406"
          },
          "sensitive_attributes": [],
          "private": "eyJzY2hlbWFfdmVyc2lvbiI6IjIifQ==",
          "dependencies": [
            "module.mosip_infra.module.aws_infra.module.aws_infrastructure.data.aws_availability_zones.available",
            "module.mosip_infra.module.aws_infra.module.aws_infrastructure.data.aws_ec2_instance_type_offerings.k8s_instance_types",
            "module.mosip_infra.module.aws_infra.module.aws_infrastructure.data.aws_ec2_instance_type_offerings.nginx_instance_types",
            "module.mosip_infra.module.aws_infra.module.aws_infrastructure.data.aws_subnets.public_subnets",
            "module.mosip_infra.module.aws_infra.module.aws_infrastructure.data.aws_vpc.existing_vpc",
            "module.mosip_infra.module.aws_infra.module.aws_infrastructure.module.aws-resource-creation.aws_iam_instance_profile.certbot_profile",
            "module.mosip_infra.module.aws_infra.module.aws_infrastructure.module.aws-resource-creation.aws_iam_role.certbot_role",
            "module.mosip_infra.module.aws_infra.module.aws_infrastructure.module.aws-resource-creation.aws_instance.NGINX_EC2_INSTANCE",
            "module.mosip_infra.module.aws_infra.module.aws_infrastructure.module.aws-resource-creation.aws_security_group.security-group"
          ]
        },
        {
          "index_key": "esignet",
          "schema_version": 2,
          "attributes": {
            "alias": [],
            "allow_overwrite": true,
            "cidr_routing_policy": [],
            "failover_routing_policy": [],
            "fqdn": "esignet.soil3.mosip.net",
            "geolocation_routing_policy": [],
            "geoproximity_routing_policy": [],
            "health_check_id": "",
            "id": "Z090954828SJIEL6P5406_esignet.soil3.mosip.net_CNAME",
            "latency_routing_policy": [],
            "multivalue_answer_routing_policy": false,
            "name": "esignet.soil3.mosip.net",
            "records": [
              "api.soil3.mosip.net"
            ],
            "set_identifier": "",
            "ttl": 300,
            "type": "CNAME",
            "weighted_routing_policy": [],
            "zone_id": "Z090954828SJIEL6P5406"
          },
          "sensitive_attributes": [],
          "private": "eyJzY2hlbWFfdmVyc2lvbiI6IjIifQ==",
          "dependencies": [
            "module.mosip_infra.module.aws_infra.module.aws_infrastructure.data.aws_availability_zones.available",
            "module.mosip_infra.module.aws_infra.module.aws_infrastructure.data.aws_ec2_instance_type_offerings.k8s_instance_types",
            "module.mosip_infra.module.aws_infra.module.aws_infrastructure.data.aws_ec2_instance_type_offerings.nginx_instance_types",
            "module.mosip_infra.module.aws_infra.module.aws_infrastructure.data.aws_subnets.public_subnets",
            "module.mosip_infra.module.aws_infra.module.aws_infrastructure.data.aws_vpc.existing_vpc",
            "module.mosip_infra.module.aws_infra.module.aws_infrastructure.module.aws-resource-creation.aws_iam_instance_profile.certbot_profile",
            "module.mosip_infra.module.aws_infra.module.aws_infrastructure.module.aws-resource-creation.aws_iam_role.certbot_role",
            "module.mosip_infra.module.aws_infra.module.aws_infrastructure.module.aws-resource-creation.aws_instance.NGINX_EC2_INSTANCE",
            "module.mosip_infra.module.aws_infra.module.aws_infrastructure.module.aws-resource-creation.aws_security_group.security-group"
          ]
        },
        {
          "index_key": "healthservices",
          "schema_version": 2,
          "attributes": {
            "alias": [],
            "allow_overwrite": true,
            "cidr_routing_policy": [],
            "failover_routing_policy": [],
            "fqdn": "healthservices.soil3.mosip.net",
            "geolocation_routing_policy": [],
            "geoproximity_routing_policy": [],
            "health_check_id": "",
            "id": "Z090954828SJIEL6P5406_healthservices.soil3.mosip.net_CNAME",
            "latency_routing_policy": [],
            "multivalue_answer_routing_policy": false,
            "name": "healthservices.soil3.mosip.net",
            "records": [
              "api.soil3.mosip.net"
            ],
            "set_identifier": "",
            "ttl": 300,
            "type": "CNAME",
            "weighted_routing_policy": [],
            "zone_id": "Z090954828SJIEL6P5406"
          },
          "sensitive_attributes": [],
          "private": "eyJzY2hlbWFfdmVyc2lvbiI6IjIifQ==",
          "dependencies": [
            "module.mosip_infra.module.aws_infra.module.aws_infrastructure.data.aws_availability_zones.available",
            "module.mosip_infra.module.aws_infra.module.aws_infrastructure.data.aws_ec2_instance_type_offerings.k8s_instance_types",
            "module.mosip_infra.module.aws_infra.module.aws_infrastructure.data.aws_ec2_instance_type_offerings.nginx_instance_types",
            "module.mosip_infra.module.aws_infra.module.aws_infrastructure.data.aws_subnets.public_subnets",
            "module.mosip_infra.module.aws_infra.module.aws_infrastructure.data.aws_vpc.existing_vpc",
            "module.mosip_infra.module.aws_infra.module.aws_infrastructure.module.aws-resource-creation.aws_iam_instance_profile.certbot_profile",
            "module.mosip_infra.module.aws_infra.module.aws_infrastructure.module.aws-resource-creation.aws_iam_role.certbot_role",
            "module.mosip_infra.module.aws_infra.module.aws_infrastructure.module.aws-resource-creation.aws_instance.NGINX_EC2_INSTANCE",
            "module.mosip_infra.module.aws_infra.module.aws_infrastructure.module.aws-resource-creation.aws_security_group.security-group"
          ]
        },
        {
          "index_key": "iam",
          "schema_version": 2,
          "attributes": {
            "alias": [],
            "allow_overwrite": true,
            "cidr_routing_policy": [],
            "failover_routing_policy": [],
            "fqdn": "iam.soil3.mosip.net",
            "geolocation_routing_policy": [],
            "geoproximity_routing_policy": [],
            "health_check_id": "",
            "id": "Z090954828SJIEL6P5406_iam.soil3.mosip.net_CNAME",
            "latency_routing_policy": [],
            "multivalue_answer_routing_policy": false,
            "name": "iam.soil3.mosip.net",
            "records": [
              "api-internal.soil3.mosip.net"
            ],
            "set_identifier": "",
            "ttl": 300,
            "type": "CNAME",
            "weighted_routing_policy": [],
            "zone_id": "Z090954828SJIEL6P5406"
          },
          "sensitive_attributes": [],
          "private": "eyJzY2hlbWFfdmVyc2lvbiI6IjIifQ==",
          "dependencies": [
            "module.mosip_infra.module.aws_infra.module.aws_infrastructure.data.aws_availability_zones.available",
            "module.mosip_infra.module.aws_infra.module.aws_infrastructure.data.aws_ec2_instance_type_offerings.k8s_instance_types",
            "module.mosip_infra.module.aws_infra.module.aws_infrastructure.data.aws_ec2_instance_type_offerings.nginx_instance_types",
            "module.mosip_infra.module.aws_infra.module.aws_infrastructure.data.aws_subnets.public_subnets",
            "module.mosip_infra.module.aws_infra.module.aws_infrastructure.data.aws_vpc.existing_vpc",
            "module.mosip_infra.module.aws_infra.module.aws_infrastructure.module.aws-resource-creation.aws_iam_instance_profile.certbot_profile",
            "module.mosip_infra.module.aws_infra.module.aws_infrastructure.module.aws-resource-creation.aws_iam_role.certbot_role",
            "module.mosip_infra.module.aws_infra.module.aws_infrastructure.module.aws-resource-creation.aws_instance.NGINX_EC2_INSTANCE",
            "module.mosip_infra.module.aws_infra.module.aws_infrastructure.module.aws-resource-creation.aws_security_group.security-group"
          ]
        },
        {
          "index_key": "kafka",
          "schema_version": 2,
          "attributes": {
            "alias": [],
            "allow_overwrite": true,
            "cidr_routing_policy": [],
            "failover_routing_policy": [],
            "fqdn": "kafka.soil3.mosip.net",
            "geolocation_routing_policy": [],
            "geoproximity_routing_policy": [],
            "health_check_id": "",
            "id": "Z090954828SJIEL6P5406_kafka.soil3.mosip.net_CNAME",
            "latency_routing_policy": [],
            "multivalue_answer_routing_policy": false,
            "name": "kafka.soil3.mosip.net",
            "records": [
              "api-internal.soil3.mosip.net"
            ],
            "set_identifier": "",
            "ttl": 300,
            "type": "CNAME",
            "weighted_routing_policy": [],
            "zone_id": "Z090954828SJIEL6P5406"
          },
          "sensitive_attributes": [],
          "private": "eyJzY2hlbWFfdmVyc2lvbiI6IjIifQ==",
          "dependencies": [
            "module.mosip_infra.module.aws_infra.module.aws_infrastructure.data.aws_availability_zones.available",
            "module.mosip_infra.module.aws_infra.module.aws_infrastructure.data.aws_ec2_instance_type_offerings.k8s_instance_types",
            "module.mosip_infra.module.aws_infra.module.aws_infrastructure.data.aws_ec2_instance_type_offerings.nginx_instance_types",
            "module.mosip_infra.module.aws_infra.module.aws_infrastructure.data.aws_subnets.public_subnets",
            "module.mosip_infra.module.aws_infra.module.aws_infrastructure.data.aws_vpc.existing_vpc",
            "module.mosip_infra.module.aws_infra.module.aws_infrastructure.module.aws-resource-creation.aws_iam_instance_profile.certbot_profile",
            "module.mosip_infra.module.aws_infra.module.aws_infrastructure.module.aws-resource-creation.aws_iam_role.certbot_role",
            "module.mosip_infra.module.aws_infra.module.aws_infrastructure.module.aws-resource-creation.aws_instance.NGINX_EC2_INSTANCE",
            "module.mosip_infra.module.aws_infra.module.aws_infrastructure.module.aws-resource-creation.aws_security_group.security-group"
          ]
        },
        {
          "index_key": "kibana",
          "schema_version": 2,
          "attributes": {
            "alias": [],
            "allow_overwrite": true,
            "cidr_routing_policy": [],
            "failover_routing_policy": [],
            "fqdn": "kibana.soil3.mosip.net",
            "geolocation_routing_policy": [],
            "geoproximity_routing_policy": [],
            "health_check_id": "",
            "id": "Z090954828SJIEL6P5406_kibana.soil3.mosip.net_CNAME",
            "latency_routing_policy": [],
            "multivalue_answer_routing_policy": false,
            "name": "kibana.soil3.mosip.net",
            "records": [
              "api-internal.soil3.mosip.net"
            ],
            "set_identifier": "",
            "ttl": 300,
            "type": "CNAME",
            "weighted_routing_policy": [],
            "zone_id": "Z090954828SJIEL6P5406"
          },
          "sensitive_attributes": [],
          "private": "eyJzY2hlbWFfdmVyc2lvbiI6IjIifQ==",
          "dependencies": [
            "module.mosip_infra.module.aws_infra.module.aws_infrastructure.data.aws_availability_zones.available",
            "module.mosip_infra.module.aws_infra.module.aws_infrastructure.data.aws_ec2_instance_type_offerings.k8s_instance_types",
            "module.mosip_infra.module.aws_infra.module.aws_infrastructure.data.aws_ec2_instance_type_offerings.nginx_instance_types",
            "module.mosip_infra.module.aws_infra.module.aws_infrastructure.data.aws_subnets.public_subnets",
            "module.mosip_infra.module.aws_infra.module.aws_infrastructure.data.aws_vpc.existing_vpc",
            "module.mosip_infra.module.aws_infra.module.aws_infrastructure.module.aws-resource-creation.aws_iam_instance_profile.certbot_profile",
            "module.mosip_infra.module.aws_infra.module.aws_infrastructure.module.aws-resource-creation.aws_iam_role.certbot_role",
            "module.mosip_infra.module.aws_infra.module.aws_infrastructure.module.aws-resource-creation.aws_instance.NGINX_EC2_INSTANCE",
            "module.mosip_infra.module.aws_infra.module.aws_infrastructure.module.aws-resource-creation.aws_security_group.security-group"
          ]
        },
        {
          "index_key": "minio",
          "schema_version": 2,
          "attributes": {
            "alias": [],
            "allow_overwrite": true,
            "cidr_routing_policy": [],
            "failover_routing_policy": [],
            "fqdn": "minio.soil3.mosip.net",
            "geolocation_routing_policy": [],
            "geoproximity_routing_policy": [],
            "health_check_id": "",
            "id": "Z090954828SJIEL6P5406_minio.soil3.mosip.net_CNAME",
            "latency_routing_policy": [],
            "multivalue_answer_routing_policy": false,
            "name": "minio.soil3.mosip.net",
            "records": [
              "api-internal.soil3.mosip.net"
            ],
            "set_identifier": "",
            "ttl": 300,
            "type": "CNAME",
            "weighted_routing_policy": [],
            "zone_id": "Z090954828SJIEL6P5406"
          },
          "sensitive_attributes": [],
          "private": "eyJzY2hlbWFfdmVyc2lvbiI6IjIifQ==",
          "dependencies": [
            "module.mosip_infra.module.aws_infra.module.aws_infrastructure.data.aws_availability_zones.available",
            "module.mosip_infra.module.aws_infra.module.aws_infrastructure.data.aws_ec2_instance_type_offerings.k8s_instance_types",
            "module.mosip_infra.module.aws_infra.module.aws_infrastructure.data.aws_ec2_instance_type_offerings.nginx_instance_types",
            "module.mosip_infra.module.aws_infra.module.aws_infrastructure.data.aws_subnets.public_subnets",
            "module.mosip_infra.module.aws_infra.module.aws_infrastructure.data.aws_vpc.existing_vpc",
            "module.mosip_infra.module.aws_infra.module.aws_infrastructure.module.aws-resource-creation.aws_iam_instance_profile.certbot_profile",
            "module.mosip_infra.module.aws_infra.module.aws_infrastructure.module.aws-resource-creation.aws_iam_role.certbot_role",
            "module.mosip_infra.module.aws_infra.module.aws_infrastructure.module.aws-resource-creation.aws_instance.NGINX_EC2_INSTANCE",
            "module.mosip_infra.module.aws_infra.module.aws_infrastructure.module.aws-resource-creation.aws_security_group.security-group"
          ]
        },
        {
          "index_key": "pmp",
          "schema_version": 2,
          "attributes": {
            "alias": [],
            "allow_overwrite": true,
            "cidr_routing_policy": [],
            "failover_routing_policy": [],
            "fqdn": "pmp.soil3.mosip.net",
            "geolocation_routing_policy": [],
            "geoproximity_routing_policy": [],
            "health_check_id": "",
            "id": "Z090954828SJIEL6P5406_pmp.soil3.mosip.net_CNAME",
            "latency_routing_policy": [],
            "multivalue_answer_routing_policy": false,
            "name": "pmp.soil3.mosip.net",
            "records": [
              "api-internal.soil3.mosip.net"
            ],
            "set_identifier": "",
            "ttl": 300,
            "type": "CNAME",
            "weighted_routing_policy": [],
            "zone_id": "Z090954828SJIEL6P5406"
          },
          "sensitive_attributes": [],
          "private": "eyJzY2hlbWFfdmVyc2lvbiI6IjIifQ==",
          "dependencies": [
            "module.mosip_infra.module.aws_infra.module.aws_infrastructure.data.aws_availability_zones.available",
            "module.mosip_infra.module.aws_infra.module.aws_infrastructure.data.aws_ec2_instance_type_offerings.k8s_instance_types",
            "module.mosip_infra.module.aws_infra.module.aws_infrastructure.data.aws_ec2_instance_type_offerings.nginx_instance_types",
            "module.mosip_infra.module.aws_infra.module.aws_infrastructure.data.aws_subnets.public_subnets",
            "module.mosip_infra.module.aws_infra.module.aws_infrastructure.data.aws_vpc.existing_vpc",
            "module.mosip_infra.module.aws_infra.module.aws_infrastructure.module.aws-resource-creation.aws_iam_instance_profile.certbot_profile",
            "module.mosip_infra.module.aws_infra.module.aws_infrastructure.module.aws-resource-creation.aws_iam_role.certbot_role",
            "module.mosip_infra.module.aws_infra.module.aws_infrastructure.module.aws-resource-creation.aws_instance.NGINX_EC2_INSTANCE",
            "module.mosip_infra.module.aws_infra.module.aws_infrastructure.module.aws-resource-creation.aws_security_group.security-group"
          ]
        },
        {
          "index_key": "postgres",
          "schema_version": 2,
          "attributes": {
            "alias": [],
            "allow_overwrite": true,
            "cidr_routing_policy": [],
            "failover_routing_policy": [],
            "fqdn": "postgres.soil3.mosip.net",
            "geolocation_routing_policy": [],
            "geoproximity_routing_policy": [],
            "health_check_id": "",
            "id": "Z090954828SJIEL6P5406_postgres.soil3.mosip.net_CNAME",
            "latency_routing_policy": [],
            "multivalue_answer_routing_policy": false,
            "name": "postgres.soil3.mosip.net",
            "records": [
              "api-internal.soil3.mosip.net"
            ],
            "set_identifier": "",
            "ttl": 300,
            "type": "CNAME",
            "weighted_routing_policy": [],
            "zone_id": "Z090954828SJIEL6P5406"
          },
          "sensitive_attributes": [],
          "private": "eyJzY2hlbWFfdmVyc2lvbiI6IjIifQ==",
          "dependencies": [
            "module.mosip_infra.module.aws_infra.module.aws_infrastructure.data.aws_availability_zones.available",
            "module.mosip_infra.module.aws_infra.module.aws_infrastructure.data.aws_ec2_instance_type_offerings.k8s_instance_types",
            "module.mosip_infra.module.aws_infra.module.aws_infrastructure.data.aws_ec2_instance_type_offerings.nginx_instance_types",
            "module.mosip_infra.module.aws_infra.module.aws_infrastructure.data.aws_subnets.public_subnets",
            "module.mosip_infra.module.aws_infra.module.aws_infrastructure.data.aws_vpc.existing_vpc",
            "module.mosip_infra.module.aws_infra.module.aws_infrastructure.module.aws-resource-creation.aws_iam_instance_profile.certbot_profile",
            "module.mosip_infra.module.aws_infra.module.aws_infrastructure.module.aws-resource-creation.aws_iam_role.certbot_role",
            "module.mosip_infra.module.aws_infra.module.aws_infrastructure.module.aws-resource-creation.aws_instance.NGINX_EC2_INSTANCE",
            "module.mosip_infra.module.aws_infra.module.aws_infrastructure.module.aws-resource-creation.aws_security_group.security-group"
          ]
        },
        {
          "index_key": "prereg",
          "schema_version": 2,
          "attributes": {
            "alias": [],
            "allow_overwrite": true,
            "cidr_routing_policy": [],
            "failover_routing_policy": [],
            "fqdn": "prereg.soil3.mosip.net",
            "geolocation_routing_policy": [],
            "geoproximity_routing_policy": [],
            "health_check_id": "",
            "id": "Z090954828SJIEL6P5406_prereg.soil3.mosip.net_CNAME",
            "latency_routing_policy": [],
            "multivalue_answer_routing_policy": false,
            "name": "prereg.soil3.mosip.net",
            "records": [
              "api.soil3.mosip.net"
            ],
            "set_identifier": "",
            "ttl": 300,
            "type": "CNAME",
            "weighted_routing_policy": [],
            "zone_id": "Z090954828SJIEL6P5406"
          },
          "sensitive_attributes": [],
          "private": "eyJzY2hlbWFfdmVyc2lvbiI6IjIifQ==",
          "dependencies": [
            "module.mosip_infra.module.aws_infra.module.aws_infrastructure.data.aws_availability_zones.available",
            "module.mosip_infra.module.aws_infra.module.aws_infrastructure.data.aws_ec2_instance_type_offerings.k8s_instance_types",
            "module.mosip_infra.module.aws_infra.module.aws_infrastructure.data.aws_ec2_instance_type_offerings.nginx_instance_types",
            "module.mosip_infra.module.aws_infra.module.aws_infrastructure.data.aws_subnets.public_subnets",
            "module.mosip_infra.module.aws_infra.module.aws_infrastructure.data.aws_vpc.existing_vpc",
            "module.mosip_infra.module.aws_infra.module.aws_infrastructure.module.aws-resource-creation.aws_iam_instance_profile.certbot_profile",
            "module.mosip_infra.module.aws_infra.module.aws_infrastructure.module.aws-resource-creation.aws_iam_role.certbot_role",
            "module.mosip_infra.module.aws_infra.module.aws_infrastructure.module.aws-resource-creation.aws_instance.NGINX_EC2_INSTANCE",
            "module.mosip_infra.module.aws_infra.module.aws_infrastructure.module.aws-resource-creation.aws_security_group.security-group"
          ]
        },
        {
          "index_key": "regclient",
          "schema_version": 2,
          "attributes": {
            "alias": [],
            "allow_overwrite": true,
            "cidr_routing_policy": [],
            "failover_routing_policy": [],
            "fqdn": "regclient.soil3.mosip.net",
            "geolocation_routing_policy": [],
            "geoproximity_routing_policy": [],
            "health_check_id": "",
            "id": "Z090954828SJIEL6P5406_regclient.soil3.mosip.net_CNAME",
            "latency_routing_policy": [],
            "multivalue_answer_routing_policy": false,
            "name": "regclient.soil3.mosip.net",
            "records": [
              "api-internal.soil3.mosip.net"
            ],
            "set_identifier": "",
            "ttl": 300,
            "type": "CNAME",
            "weighted_routing_policy": [],
            "zone_id": "Z090954828SJIEL6P5406"
          },
          "sensitive_attributes": [],
          "private": "eyJzY2hlbWFfdmVyc2lvbiI6IjIifQ==",
          "dependencies": [
            "module.mosip_infra.module.aws_infra.module.aws_infrastructure.data.aws_availability_zones.available",
            "module.mosip_infra.module.aws_infra.module.aws_infrastructure.data.aws_ec2_instance_type_offerings.k8s_instance_types",
            "module.mosip_infra.module.aws_infra.module.aws_infrastructure.data.aws_ec2_instance_type_offerings.nginx_instance_types",
            "module.mosip_infra.module.aws_infra.module.aws_infrastructure.data.aws_subnets.public_subnets",
            "module.mosip_infra.module.aws_infra.module.aws_infrastructure.data.aws_vpc.existing_vpc",
            "module.mosip_infra.module.aws_infra.module.aws_infrastructure.module.aws-resource-creation.aws_iam_instance_profile.certbot_profile",
            "module.mosip_infra.module.aws_infra.module.aws_infrastructure.module.aws-resource-creation.aws_iam_role.certbot_role",
            "module.mosip_infra.module.aws_infra.module.aws_infrastructure.module.aws-resource-creation.aws_instance.NGINX_EC2_INSTANCE",
            "module.mosip_infra.module.aws_infra.module.aws_infrastructure.module.aws-resource-creation.aws_security_group.security-group"
          ]
        },
        {
          "index_key": "resident",
          "schema_version": 2,
          "attributes": {
            "alias": [],
            "allow_overwrite": true,
            "cidr_routing_policy": [],
            "failover_routing_policy": [],
            "fqdn": "resident.soil3.mosip.net",
            "geolocation_routing_policy": [],
            "geoproximity_routing_policy": [],
            "health_check_id": "",
            "id": "Z090954828SJIEL6P5406_resident.soil3.mosip.net_CNAME",
            "latency_routing_policy": [],
            "multivalue_answer_routing_policy": false,
            "name": "resident.soil3.mosip.net",
            "records": [
              "api.soil3.mosip.net"
            ],
            "set_identifier": "",
            "ttl": 300,
            "type": "CNAME",
            "weighted_routing_policy": [],
            "zone_id": "Z090954828SJIEL6P5406"
          },
          "sensitive_attributes": [],
          "private": "eyJzY2hlbWFfdmVyc2lvbiI6IjIifQ==",
          "dependencies": [
            "module.mosip_infra.module.aws_infra.module.aws_infrastructure.data.aws_availability_zones.available",
            "module.mosip_infra.module.aws_infra.module.aws_infrastructure.data.aws_ec2_instance_type_offerings.k8s_instance_types",
            "module.mosip_infra.module.aws_infra.module.aws_infrastructure.data.aws_ec2_instance_type_offerings.nginx_instance_types",
            "module.mosip_infra.module.aws_infra.module.aws_infrastructure.data.aws_subnets.public_subnets",
            "module.mosip_infra.module.aws_infra.module.aws_infrastructure.data.aws_vpc.existing_vpc",
            "module.mosip_infra.module.aws_infra.module.aws_infrastructure.module.aws-resource-creation.aws_iam_instance_profile.certbot_profile",
            "module.mosip_infra.module.aws_infra.module.aws_infrastructure.module.aws-resource-creation.aws_iam_role.certbot_role",
            "module.mosip_infra.module.aws_infra.module.aws_infrastructure.module.aws-resource-creation.aws_instance.NGINX_EC2_INSTANCE",
            "module.mosip_infra.module.aws_infra.module.aws_infrastructure.module.aws-resource-creation.aws_security_group.security-group"
          ]
        },
        {
          "index_key": "signup",
          "schema_version": 2,
          "attributes": {
            "alias": [],
            "allow_overwrite": true,
            "cidr_routing_policy": [],
            "failover_routing_policy": [],
            "fqdn": "signup.soil3.mosip.net",
            "geolocation_routing_policy": [],
            "geoproximity_routing_policy": [],
            "health_check_id": "",
            "id": "Z090954828SJIEL6P5406_signup.soil3.mosip.net_CNAME",
            "latency_routing_policy": [],
            "multivalue_answer_routing_policy": false,
            "name": "signup.soil3.mosip.net",
            "records": [
              "api.soil3.mosip.net"
            ],
            "set_identifier": "",
            "ttl": 300,
            "type": "CNAME",
            "weighted_routing_policy": [],
            "zone_id": "Z090954828SJIEL6P5406"
          },
          "sensitive_attributes": [],
          "private": "eyJzY2hlbWFfdmVyc2lvbiI6IjIifQ==",
          "dependencies": [
            "module.mosip_infra.module.aws_infra.module.aws_infrastructure.data.aws_availability_zones.available",
            "module.mosip_infra.module.aws_infra.module.aws_infrastructure.data.aws_ec2_instance_type_offerings.k8s_instance_types",
            "module.mosip_infra.module.aws_infra.module.aws_infrastructure.data.aws_ec2_instance_type_offerings.nginx_instance_types",
            "module.mosip_infra.module.aws_infra.module.aws_infrastructure.data.aws_subnets.public_subnets",
            "module.mosip_infra.module.aws_infra.module.aws_infrastructure.data.aws_vpc.existing_vpc",
            "module.mosip_infra.module.aws_infra.module.aws_infrastructure.module.aws-resource-creation.aws_iam_instance_profile.certbot_profile",
            "module.mosip_infra.module.aws_infra.module.aws_infrastructure.module.aws-resource-creation.aws_iam_role.certbot_role",
            "module.mosip_infra.module.aws_infra.module.aws_infrastructure.module.aws-resource-creation.aws_instance.NGINX_EC2_INSTANCE",
            "module.mosip_infra.module.aws_infra.module.aws_infrastructure.module.aws-resource-creation.aws_security_group.security-group"
          ]
        },
        {
          "index_key": "smtp",
          "schema_version": 2,
          "attributes": {
            "alias": [],
            "allow_overwrite": true,
            "cidr_routing_policy": [],
            "failover_routing_policy": [],
            "fqdn": "smtp.soil3.mosip.net",
            "geolocation_routing_policy": [],
            "geoproximity_routing_policy": [],
            "health_check_id": "",
            "id": "Z090954828SJIEL6P5406_smtp.soil3.mosip.net_CNAME",
            "latency_routing_policy": [],
            "multivalue_answer_routing_policy": false,
            "name": "smtp.soil3.mosip.net",
            "records": [
              "api-internal.soil3.mosip.net"
            ],
            "set_identifier": "",
            "ttl": 300,
            "type": "CNAME",
            "weighted_routing_policy": [],
            "zone_id": "Z090954828SJIEL6P5406"
          },
          "sensitive_attributes": [],
          "private": "eyJzY2hlbWFfdmVyc2lvbiI6IjIifQ==",
          "dependencies": [
            "module.mosip_infra.module.aws_infra.module.aws_infrastructure.data.aws_availability_zones.available",
            "module.mosip_infra.module.aws_infra.module.aws_infrastructure.data.aws_ec2_instance_type_offerings.k8s_instance_types",
            "module.mosip_infra.module.aws_infra.module.aws_infrastructure.data.aws_ec2_instance_type_offerings.nginx_instance_types",
            "module.mosip_infra.module.aws_infra.module.aws_infrastructure.data.aws_subnets.public_subnets",
            "module.mosip_infra.module.aws_infra.module.aws_infrastructure.data.aws_vpc.existing_vpc",
            "module.mosip_infra.module.aws_infra.module.aws_infrastructure.module.aws-resource-creation.aws_iam_instance_profile.certbot_profile",
            "module.mosip_infra.module.aws_infra.module.aws_infrastructure.module.aws-resource-creation.aws_iam_role.certbot_role",
            "module.mosip_infra.module.aws_infra.module.aws_infrastructure.module.aws-resource-creation.aws_instance.NGINX_EC2_INSTANCE",
            "module.mosip_infra.module.aws_infra.module.aws_infrastructure.module.aws-resource-creation.aws_security_group.security-group"
          ]
        },
        {
          "index_key": "soil3.mosip.net",
          "schema_version": 2,
          "attributes": {
            "alias": [],
            "allow_overwrite": true,
            "cidr_routing_policy": [],
            "failover_routing_policy": [],
            "fqdn": "soil3.mosip.net",
            "geolocation_routing_policy": [],
            "geoproximity_routing_policy": [],
            "health_check_id": "",
            "id": "Z090954828SJIEL6P5406_soil3.mosip.net_CNAME",
            "latency_routing_policy": [],
            "multivalue_answer_routing_policy": false,
            "name": "soil3.mosip.net",
            "records": [
              "api-internal.soil3.mosip.net"
            ],
            "set_identifier": "",
            "ttl": 300,
            "type": "CNAME",
            "weighted_routing_policy": [],
            "zone_id": "Z090954828SJIEL6P5406"
          },
          "sensitive_attributes": [],
          "private": "eyJzY2hlbWFfdmVyc2lvbiI6IjIifQ==",
          "dependencies": [
            "module.mosip_infra.module.aws_infra.module.aws_infrastructure.data.aws_availability_zones.available",
            "module.mosip_infra.module.aws_infra.module.aws_infrastructure.data.aws_ec2_instance_type_offerings.k8s_instance_types",
            "module.mosip_infra.module.aws_infra.module.aws_infrastructure.data.aws_ec2_instance_type_offerings.nginx_instance_types",
            "module.mosip_infra.module.aws_infra.module.aws_infrastructure.data.aws_subnets.public_subnets",
            "module.mosip_infra.module.aws_infra.module.aws_infrastructure.data.aws_vpc.existing_vpc",
            "module.mosip_infra.module.aws_infra.module.aws_infrastructure.module.aws-resource-creation.aws_iam_instance_profile.certbot_profile",
            "module.mosip_infra.module.aws_infra.module.aws_infrastructure.module.aws-resource-creation.aws_iam_role.certbot_role",
            "module.mosip_infra.module.aws_infra.module.aws_infrastructure.module.aws-resource-creation.aws_instance.NGINX_EC2_INSTANCE",
            "module.mosip_infra.module.aws_infra.module.aws_infrastructure.module.aws-resource-creation.aws_security_group.security-group"
          ]
        }
      ]
    },
    {
      "module": "module.mosip_infra.module.aws_infra[0].module.aws_infrastructure.module.aws-resource-creation",
      "mode": "managed",
      "type": "aws_security_group",
      "name": "security-group",
      "provider": "provider[\"registry.terraform.io/hashicorp/aws\"]",
      "instances": [
        {
          "index_key": "K8S_CONTROL_PLANE_SECURITY_GROUP",
          "schema_version": 1,
          "attributes": {
            "arn": "arn:aws:ec2:ap-south-1:931337674770:security-group/sg-04c8b824f696d3be1",
            "description": "Rules which allow the outgoing traffic from the instances associated with the security group K8S_CONTROL_PLANE_SECURITY_GROUP",
            "egress": [
              {
                "cidr_blocks": [
                  "0.0.0.0/0"
                ],
                "description": "Allow DNS TCP outbound to anywhere (for public DNS resolution)",
                "from_port": 53,
                "ipv6_cidr_blocks": [],
                "prefix_list_ids": [],
                "protocol": "tcp",
                "security_groups": [],
                "self": false,
                "to_port": 53
              },
              {
                "cidr_blocks": [
                  "0.0.0.0/0"
                ],
                "description": "Allow DNS UDP outbound to anywhere (for public DNS resolution)",
                "from_port": 53,
                "ipv6_cidr_blocks": [],
                "prefix_list_ids": [],
                "protocol": "udp",
                "security_groups": [],
                "self": false,
                "to_port": 53
              },
              {
                "cidr_blocks": [
                  "0.0.0.0/0"
                ],
                "description": "Allow HTTP outbound to anywhere (for package downloads)",
                "from_port": 80,
                "ipv6_cidr_blocks": [],
                "prefix_list_ids": [],
                "protocol": "tcp",
                "security_groups": [],
                "self": false,
                "to_port": 80
              },
              {
                "cidr_blocks": [
                  "0.0.0.0/0"
                ],
                "description": "Allow HTTPS outbound to anywhere",
                "from_port": 443,
                "ipv6_cidr_blocks": [],
                "prefix_list_ids": [],
                "protocol": "tcp",
                "security_groups": [],
                "self": false,
                "to_port": 443
              },
              {
                "cidr_blocks": [
                  "10.0.0.0/16"
                ],
                "description": "Allow all required internal communication to VPC CIDR",
                "from_port": 0,
                "ipv6_cidr_blocks": [],
                "prefix_list_ids": [],
                "protocol": "-1",
                "security_groups": [],
                "self": false,
                "to_port": 0
              },
              {
                "cidr_blocks": [
                  "10.13.13.0/24"
                ],
                "description": "Allow WireGuard VPN outbound to VPN CIDR",
                "from_port": 51820,
                "ipv6_cidr_blocks": [],
                "prefix_list_ids": [],
                "protocol": "udp",
                "security_groups": [],
                "self": false,
                "to_port": 51820
              }
            ],
            "id": "sg-04c8b824f696d3be1",
            "ingress": [
              {
                "cidr_blocks": [
                  "10.0.0.0/16",
                  "10.13.13.0/24"
                ],
                "description": "Allow ICMP within VPC CIDR and WireGuard CIDR",
                "from_port": -1,
                "ipv6_cidr_blocks": [],
                "prefix_list_ids": [],
                "protocol": "icmp",
                "security_groups": [],
                "self": false,
                "to_port": -1
              },
              {
                "cidr_blocks": [
                  "10.0.0.0/16",
                  "10.13.13.0/24"
                ],
                "description": "SSH login port (restricted to VPC CIDR and WireGuard CIDR)",
                "from_port": 22,
                "ipv6_cidr_blocks": [],
                "prefix_list_ids": [],
                "protocol": "tcp",
                "security_groups": [],
                "self": false,
                "to_port": 22
              },
              {
                "cidr_blocks": [
                  "10.0.0.0/16"
                ],
                "description": "Canal CNI health checks (internal only)",
                "from_port": 9099,
                "ipv6_cidr_blocks": [],
                "prefix_list_ids": [],
                "protocol": "tcp",
                "security_groups": [],
                "self": false,
                "to_port": 9099
              },
              {
                "cidr_blocks": [
                  "10.0.0.0/16"
                ],
                "description": "Canal CNI with VXLAN (internal only)",
                "from_port": 8472,
                "ipv6_cidr_blocks": [],
                "prefix_list_ids": [],
                "protocol": "udp",
                "security_groups": [],
                "self": false,
                "to_port": 8472
              },
              {
                "cidr_blocks": [
                  "10.0.0.0/16"
                ],
                "description": "ETCD client port (internal only)",
                "from_port": 2379,
                "ipv6_cidr_blocks": [],
                "prefix_list_ids": [],
                "protocol": "tcp",
                "security_groups": [],
                "self": false,
                "to_port": 2379
              },
              {
                "cidr_blocks": [
                  "10.0.0.0/16"
                ],
                "description": "ETCD metrics port (internal only)",
                "from_port": 2381,
                "ipv6_cidr_blocks": [],
                "prefix_list_ids": [],
                "protocol": "tcp",
                "security_groups": [],
                "self": false,
                "to_port": 2381
              },
              {
                "cidr_blocks": [
                  "10.0.0.0/16"
                ],
                "description": "ETCD peer port (internal only)",
                "from_port": 2380,
                "ipv6_cidr_blocks": [],
                "prefix_list_ids": [],
                "protocol": "tcp",
                "security_groups": [],
                "self": false,
                "to_port": 2380
              },
              {
                "cidr_blocks": [
                  "10.0.0.0/16"
                ],
                "description": "Kubelet metrics (internal only)",
                "from_port": 10250,
                "ipv6_cidr_blocks": [],
                "prefix_list_ids": [],
                "protocol": "tcp",
                "security_groups": [],
                "self": false,
                "to_port": 10250
              },
              {
                "cidr_blocks": [
                  "10.0.0.0/16"
                ],
                "description": "Kubernetes API (internal only)",
                "from_port": 6443,
                "ipv6_cidr_blocks": [],
                "prefix_list_ids": [],
                "protocol": "tcp",
                "security_groups": [],
                "self": false,
                "to_port": 6443
              },
              {
                "cidr_blocks": [
                  "10.0.0.0/16"
                ],
                "description": "NodePort port range (internal only)",
                "from_port": 30000,
                "ipv6_cidr_blocks": [],
                "prefix_list_ids": [],
                "protocol": "tcp",
                "security_groups": [],
                "self": false,
                "to_port": 32767
              },
              {
                "cidr_blocks": [
                  "10.0.0.0/16"
                ],
                "description": "PostgreSQL port (internal only)",
                "from_port": 5433,
                "ipv6_cidr_blocks": [],
                "prefix_list_ids": [],
                "protocol": "tcp",
                "security_groups": [],
                "self": false,
                "to_port": 5433
              },
              {
                "cidr_blocks": [
                  "10.0.0.0/16"
                ],
                "description": "RKE2 supervisor API (internal only)",
                "from_port": 9345,
                "ipv6_cidr_blocks": [],
                "prefix_list_ids": [],
                "protocol": "tcp",
                "security_groups": [],
                "self": false,
                "to_port": 9345
              }
            ],
            "name": "terraform-20250827132624255400000004",
            "name_prefix": "terraform-",
            "owner_id": "931337674770",
            "revoke_rules_on_delete": false,
            "tags": {
              "Cluster": "soil3",
              "Component": "soil3",
              "Name": "soil3-K8S_CONTROL_PLANE_SECURITY_GROUP"
            },
            "tags_all": {
              "Cluster": "soil3",
              "Component": "soil3",
              "Name": "soil3-K8S_CONTROL_PLANE_SECURITY_GROUP"
            },
            "timeouts": null,
            "vpc_id": "vpc-034f89e7c01cabf74"
          },
          "sensitive_attributes": [],
          "private": "eyJlMmJmYjczMC1lY2FhLTExZTYtOGY4OC0zNDM2M2JjN2M0YzAiOnsiY3JlYXRlIjo2MDAwMDAwMDAwMDAsImRlbGV0ZSI6OTAwMDAwMDAwMDAwfSwic2NoZW1hX3ZlcnNpb24iOiIxIn0=",
          "dependencies": [
            "module.mosip_infra.module.aws_infra.module.aws_infrastructure.data.aws_vpc.existing_vpc"
          ]
        },
        {
          "index_key": "K8S_ETCD_SECURITY_GROUP",
          "schema_version": 1,
          "attributes": {
            "arn": "arn:aws:ec2:ap-south-1:931337674770:security-group/sg-020cfa74d76d948ea",
            "description": "Rules which allow the outgoing traffic from the instances associated with the security group K8S_ETCD_SECURITY_GROUP",
            "egress": [
              {
                "cidr_blocks": [
                  "0.0.0.0/0"
                ],
                "description": "Allow DNS TCP outbound to anywhere (for public DNS resolution)",
                "from_port": 53,
                "ipv6_cidr_blocks": [],
                "prefix_list_ids": [],
                "protocol": "tcp",
                "security_groups": [],
                "self": false,
                "to_port": 53
              },
              {
                "cidr_blocks": [
                  "0.0.0.0/0"
                ],
                "description": "Allow DNS UDP outbound to anywhere (for public DNS resolution)",
                "from_port": 53,
                "ipv6_cidr_blocks": [],
                "prefix_list_ids": [],
                "protocol": "udp",
                "security_groups": [],
                "self": false,
                "to_port": 53
              },
              {
                "cidr_blocks": [
                  "0.0.0.0/0"
                ],
                "description": "Allow HTTP outbound to anywhere (for package downloads)",
                "from_port": 80,
                "ipv6_cidr_blocks": [],
                "prefix_list_ids": [],
                "protocol": "tcp",
                "security_groups": [],
                "self": false,
                "to_port": 80
              },
              {
                "cidr_blocks": [
                  "0.0.0.0/0"
                ],
                "description": "Allow HTTPS outbound to anywhere",
                "from_port": 443,
                "ipv6_cidr_blocks": [],
                "prefix_list_ids": [],
                "protocol": "tcp",
                "security_groups": [],
                "self": false,
                "to_port": 443
              },
              {
                "cidr_blocks": [
                  "10.0.0.0/16"
                ],
                "description": "Allow all required internal communication to VPC CIDR",
                "from_port": 0,
                "ipv6_cidr_blocks": [],
                "prefix_list_ids": [],
                "protocol": "-1",
                "security_groups": [],
                "self": false,
                "to_port": 0
              },
              {
                "cidr_blocks": [
                  "10.13.13.0/24"
                ],
                "description": "Allow WireGuard VPN outbound to VPN CIDR",
                "from_port": 51820,
                "ipv6_cidr_blocks": [],
                "prefix_list_ids": [],
                "protocol": "udp",
                "security_groups": [],
                "self": false,
                "to_port": 51820
              }
            ],
            "id": "sg-020cfa74d76d948ea",
            "ingress": [
              {
                "cidr_blocks": [
                  "0.0.0.0/0"
                ],
                "description": "Canal CNI health checks",
                "from_port": 9099,
                "ipv6_cidr_blocks": [
                  "::/0"
                ],
                "prefix_list_ids": [],
                "protocol": "tcp",
                "security_groups": [],
                "self": false,
                "to_port": 9099
              },
              {
                "cidr_blocks": [
                  "0.0.0.0/0"
                ],
                "description": "Canal CNI with VXLAN",
                "from_port": 8472,
                "ipv6_cidr_blocks": [
                  "::/0"
                ],
                "prefix_list_ids": [],
                "protocol": "udp",
                "security_groups": [],
                "self": false,
                "to_port": 8472
              },
              {
                "cidr_blocks": [
                  "0.0.0.0/0"
                ],
                "description": "ETCD client port",
                "from_port": 2379,
                "ipv6_cidr_blocks": [
                  "::/0"
                ],
                "prefix_list_ids": [],
                "protocol": "tcp",
                "security_groups": [],
                "self": false,
                "to_port": 2379
              },
              {
                "cidr_blocks": [
                  "0.0.0.0/0"
                ],
                "description": "ETCD metrics port",
                "from_port": 2381,
                "ipv6_cidr_blocks": [
                  "::/0"
                ],
                "prefix_list_ids": [],
                "protocol": "tcp",
                "security_groups": [],
                "self": false,
                "to_port": 2381
              },
              {
                "cidr_blocks": [
                  "0.0.0.0/0"
                ],
                "description": "ETCD peer port",
                "from_port": 2380,
                "ipv6_cidr_blocks": [
                  "::/0"
                ],
                "prefix_list_ids": [],
                "protocol": "tcp",
                "security_groups": [],
                "self": false,
                "to_port": 2380
              },
              {
                "cidr_blocks": [
                  "0.0.0.0/0"
                ],
                "description": "Kubelet metrics",
                "from_port": 10250,
                "ipv6_cidr_blocks": [
                  "::/0"
                ],
                "prefix_list_ids": [],
                "protocol": "tcp",
                "security_groups": [],
                "self": false,
                "to_port": 10250
              },
              {
                "cidr_blocks": [
                  "0.0.0.0/0"
                ],
                "description": "NodePort port range",
                "from_port": 30000,
                "ipv6_cidr_blocks": [
                  "::/0"
                ],
                "prefix_list_ids": [],
                "protocol": "tcp",
                "security_groups": [],
                "self": false,
                "to_port": 32767
              },
              {
                "cidr_blocks": [
                  "10.0.0.0/16",
                  "10.13.13.0/24"
                ],
                "description": "Allow ICMP within VPC CIDR and WireGuard CIDR",
                "from_port": -1,
                "ipv6_cidr_blocks": [],
                "prefix_list_ids": [],
                "protocol": "icmp",
                "security_groups": [],
                "self": false,
                "to_port": -1
              },
              {
                "cidr_blocks": [
                  "10.0.0.0/16",
                  "10.13.13.0/24"
                ],
                "description": "SSH login port (restricted to VPC CIDR and WireGuard CIDR)",
                "from_port": 22,
                "ipv6_cidr_blocks": [],
                "prefix_list_ids": [],
                "protocol": "tcp",
                "security_groups": [],
                "self": false,
                "to_port": 22
              },
              {
                "cidr_blocks": [
                  "10.0.0.0/16"
                ],
                "description": "PostgreSQL port (internal only)",
                "from_port": 5433,
                "ipv6_cidr_blocks": [],
                "prefix_list_ids": [],
                "protocol": "tcp",
                "security_groups": [],
                "self": false,
                "to_port": 5433
              }
            ],
            "name": "terraform-20250827132624246900000001",
            "name_prefix": "terraform-",
            "owner_id": "931337674770",
            "revoke_rules_on_delete": false,
            "tags": {
              "Cluster": "soil3",
              "Component": "soil3",
              "Name": "soil3-K8S_ETCD_SECURITY_GROUP"
            },
            "tags_all": {
              "Cluster": "soil3",
              "Component": "soil3",
              "Name": "soil3-K8S_ETCD_SECURITY_GROUP"
            },
            "timeouts": null,
            "vpc_id": "vpc-034f89e7c01cabf74"
          },
          "sensitive_attributes": [],
          "private": "eyJlMmJmYjczMC1lY2FhLTExZTYtOGY4OC0zNDM2M2JjN2M0YzAiOnsiY3JlYXRlIjo2MDAwMDAwMDAwMDAsImRlbGV0ZSI6OTAwMDAwMDAwMDAwfSwic2NoZW1hX3ZlcnNpb24iOiIxIn0=",
          "dependencies": [
            "module.mosip_infra.module.aws_infra.module.aws_infrastructure.data.aws_vpc.existing_vpc"
          ]
        },
        {
          "index_key": "K8S_WORKER_SECURITY_GROUP",
          "schema_version": 1,
          "attributes": {
            "arn": "arn:aws:ec2:ap-south-1:931337674770:security-group/sg-0b8f01b9cd37693de",
            "description": "Rules which allow the outgoing traffic from the instances associated with the security group K8S_WORKER_SECURITY_GROUP",
            "egress": [
              {
                "cidr_blocks": [
                  "0.0.0.0/0"
                ],
                "description": "Allow DNS TCP outbound to anywhere (for public DNS resolution)",
                "from_port": 53,
                "ipv6_cidr_blocks": [],
                "prefix_list_ids": [],
                "protocol": "tcp",
                "security_groups": [],
                "self": false,
                "to_port": 53
              },
              {
                "cidr_blocks": [
                  "0.0.0.0/0"
                ],
                "description": "Allow DNS UDP outbound to anywhere (for public DNS resolution)",
                "from_port": 53,
                "ipv6_cidr_blocks": [],
                "prefix_list_ids": [],
                "protocol": "udp",
                "security_groups": [],
                "self": false,
                "to_port": 53
              },
              {
                "cidr_blocks": [
                  "0.0.0.0/0"
                ],
                "description": "Allow HTTP outbound to anywhere (for package downloads)",
                "from_port": 80,
                "ipv6_cidr_blocks": [],
                "prefix_list_ids": [],
                "protocol": "tcp",
                "security_groups": [],
                "self": false,
                "to_port": 80
              },
              {
                "cidr_blocks": [
                  "0.0.0.0/0"
                ],
                "description": "Allow HTTPS outbound to anywhere",
                "from_port": 443,
                "ipv6_cidr_blocks": [],
                "prefix_list_ids": [],
                "protocol": "tcp",
                "security_groups": [],
                "self": false,
                "to_port": 443
              },
              {
                "cidr_blocks": [
                  "10.0.0.0/16"
                ],
                "description": "Allow all required internal communication to VPC CIDR",
                "from_port": 0,
                "ipv6_cidr_blocks": [],
                "prefix_list_ids": [],
                "protocol": "-1",
                "security_groups": [],
                "self": false,
                "to_port": 0
              },
              {
                "cidr_blocks": [
                  "10.13.13.0/24"
                ],
                "description": "Allow WireGuard VPN outbound to VPN CIDR",
                "from_port": 51820,
                "ipv6_cidr_blocks": [],
                "prefix_list_ids": [],
                "protocol": "udp",
                "security_groups": [],
                "self": false,
                "to_port": 51820
              }
            ],
            "id": "sg-0b8f01b9cd37693de",
            "ingress": [
              {
                "cidr_blocks": [
                  "0.0.0.0/0"
                ],
                "description": "Canal CNI health checks",
                "from_port": 9099,
                "ipv6_cidr_blocks": [
                  "::/0"
                ],
                "prefix_list_ids": [],
                "protocol": "tcp",
                "security_groups": [],
                "self": false,
                "to_port": 9099
              },
              {
                "cidr_blocks": [
                  "0.0.0.0/0"
                ],
                "description": "Canal CNI with VXLAN",
                "from_port": 8472,
                "ipv6_cidr_blocks": [
                  "::/0"
                ],
                "prefix_list_ids": [],
                "protocol": "udp",
                "security_groups": [],
                "self": false,
                "to_port": 8472
              },
              {
                "cidr_blocks": [
                  "0.0.0.0/0"
                ],
                "description": "Kubelet metrics",
                "from_port": 10250,
                "ipv6_cidr_blocks": [
                  "::/0"
                ],
                "prefix_list_ids": [],
                "protocol": "tcp",
                "security_groups": [],
                "self": false,
                "to_port": 10250
              },
              {
                "cidr_blocks": [
                  "0.0.0.0/0"
                ],
                "description": "NodePort port range",
                "from_port": 30000,
                "ipv6_cidr_blocks": [
                  "::/0"
                ],
                "prefix_list_ids": [],
                "protocol": "tcp",
                "security_groups": [],
                "self": false,
                "to_port": 32767
              },
              {
                "cidr_blocks": [
                  "10.0.0.0/16",
                  "10.13.13.0/24"
                ],
                "description": "Allow ICMP within VPC CIDR and WireGuard CIDR",
                "from_port": -1,
                "ipv6_cidr_blocks": [],
                "prefix_list_ids": [],
                "protocol": "icmp",
                "security_groups": [],
                "self": false,
                "to_port": -1
              },
              {
                "cidr_blocks": [
                  "10.0.0.0/16",
                  "10.13.13.0/24"
                ],
                "description": "SSH login port (restricted to VPC CIDR and WireGuard CIDR)",
                "from_port": 22,
                "ipv6_cidr_blocks": [],
                "prefix_list_ids": [],
                "protocol": "tcp",
                "security_groups": [],
                "self": false,
                "to_port": 22
              },
              {
                "cidr_blocks": [
                  "10.0.0.0/16"
                ],
                "description": "PostgreSQL port (internal only)",
                "from_port": 5433,
                "ipv6_cidr_blocks": [],
                "prefix_list_ids": [],
                "protocol": "tcp",
                "security_groups": [],
                "self": false,
                "to_port": 5433
              }
            ],
            "name": "terraform-20250827132624250400000002",
            "name_prefix": "terraform-",
            "owner_id": "931337674770",
            "revoke_rules_on_delete": false,
            "tags": {
              "Cluster": "soil3",
              "Component": "soil3",
              "Name": "soil3-K8S_WORKER_SECURITY_GROUP"
            },
            "tags_all": {
              "Cluster": "soil3",
              "Component": "soil3",
              "Name": "soil3-K8S_WORKER_SECURITY_GROUP"
            },
            "timeouts": null,
            "vpc_id": "vpc-034f89e7c01cabf74"
          },
          "sensitive_attributes": [],
          "private": "eyJlMmJmYjczMC1lY2FhLTExZTYtOGY4OC0zNDM2M2JjN2M0YzAiOnsiY3JlYXRlIjo2MDAwMDAwMDAwMDAsImRlbGV0ZSI6OTAwMDAwMDAwMDAwfSwic2NoZW1hX3ZlcnNpb24iOiIxIn0=",
          "dependencies": [
            "module.mosip_infra.module.aws_infra.module.aws_infrastructure.data.aws_vpc.existing_vpc"
          ]
        },
        {
          "index_key": "NGINX_SECURITY_GROUP",
          "schema_version": 1,
          "attributes": {
            "arn": "arn:aws:ec2:ap-south-1:931337674770:security-group/sg-0aa73f21e03c5c131",
            "description": "Rules which allow the outgoing traffic from the instances associated with the security group NGINX_SECURITY_GROUP",
            "egress": [
              {
                "cidr_blocks": [
                  "0.0.0.0/0"
                ],
                "description": "Allow DNS TCP outbound to anywhere (for public DNS resolution)",
                "from_port": 53,
                "ipv6_cidr_blocks": [],
                "prefix_list_ids": [],
                "protocol": "tcp",
                "security_groups": [],
                "self": false,
                "to_port": 53
              },
              {
                "cidr_blocks": [
                  "0.0.0.0/0"
                ],
                "description": "Allow DNS UDP outbound to anywhere (for public DNS resolution)",
                "from_port": 53,
                "ipv6_cidr_blocks": [],
                "prefix_list_ids": [],
                "protocol": "udp",
                "security_groups": [],
                "self": false,
                "to_port": 53
              },
              {
                "cidr_blocks": [
                  "0.0.0.0/0"
                ],
                "description": "Allow HTTP outbound to anywhere (for package downloads)",
                "from_port": 80,
                "ipv6_cidr_blocks": [],
                "prefix_list_ids": [],
                "protocol": "tcp",
                "security_groups": [],
                "self": false,
                "to_port": 80
              },
              {
                "cidr_blocks": [
                  "0.0.0.0/0"
                ],
                "description": "Allow HTTPS outbound to anywhere",
                "from_port": 443,
                "ipv6_cidr_blocks": [],
                "prefix_list_ids": [],
                "protocol": "tcp",
                "security_groups": [],
                "self": false,
                "to_port": 443
              },
              {
                "cidr_blocks": [
                  "10.0.0.0/16"
                ],
                "description": "Allow all required internal communication to VPC CIDR",
                "from_port": 0,
                "ipv6_cidr_blocks": [],
                "prefix_list_ids": [],
                "protocol": "-1",
                "security_groups": [],
                "self": false,
                "to_port": 0
              },
              {
                "cidr_blocks": [
                  "10.13.13.0/24"
                ],
                "description": "Allow WireGuard VPN outbound to VPN CIDR",
                "from_port": 51820,
                "ipv6_cidr_blocks": [],
                "prefix_list_ids": [],
                "protocol": "udp",
                "security_groups": [],
                "self": false,
                "to_port": 51820
              }
            ],
            "id": "sg-0aa73f21e03c5c131",
            "ingress": [
              {
                "cidr_blocks": [
                  "0.0.0.0/0"
                ],
                "description": "HTTP port (public)",
                "from_port": 80,
                "ipv6_cidr_blocks": [],
                "prefix_list_ids": [],
                "protocol": "tcp",
                "security_groups": [],
                "self": false,
                "to_port": 80
              },
              {
                "cidr_blocks": [
                  "0.0.0.0/0"
                ],
                "description": "HTTPS port (public)",
                "from_port": 443,
                "ipv6_cidr_blocks": [],
                "prefix_list_ids": [],
                "protocol": "tcp",
                "security_groups": [],
                "self": false,
                "to_port": 443
              },
              {
                "cidr_blocks": [
                  "10.0.0.0/16",
                  "10.13.13.0/24",
                  "0.0.0.0/0"
                ],
                "description": "SSH login port (temporary external access for deployment)",
                "from_port": 22,
                "ipv6_cidr_blocks": [],
                "prefix_list_ids": [],
                "protocol": "tcp",
                "security_groups": [],
                "self": false,
                "to_port": 22
              },
              {
                "cidr_blocks": [
                  "10.0.0.0/16",
                  "10.13.13.0/24"
                ],
                "description": "Allow ICMP within VPC CIDR and WireGuard CIDR",
                "from_port": -1,
                "ipv6_cidr_blocks": [],
                "prefix_list_ids": [],
                "protocol": "icmp",
                "security_groups": [],
                "self": false,
                "to_port": -1
              },
              {
                "cidr_blocks": [
                  "10.0.0.0/16"
                ],
                "description": "ActiveMQ port (internal only)",
                "from_port": 61616,
                "ipv6_cidr_blocks": [],
                "prefix_list_ids": [],
                "protocol": "tcp",
                "security_groups": [],
                "self": false,
                "to_port": 61616
              },
              {
                "cidr_blocks": [
                  "10.0.0.0/16"
                ],
                "description": "Minio console port (internal only)",
                "from_port": 9000,
                "ipv6_cidr_blocks": [],
                "prefix_list_ids": [],
                "protocol": "tcp",
                "security_groups": [],
                "self": false,
                "to_port": 9000
              },
              {
                "cidr_blocks": [
                  "10.0.0.0/16"
                ],
                "description": "NFS server port tcp (internal only)",
                "from_port": 2049,
                "ipv6_cidr_blocks": [],
                "prefix_list_ids": [],
                "protocol": "tcp",
                "security_groups": [],
                "self": false,
                "to_port": 2049
              },
              {
                "cidr_blocks": [
                  "10.0.0.0/16"
                ],
                "description": "NFS server port udp (internal only)",
                "from_port": 2049,
                "ipv6_cidr_blocks": [],
                "prefix_list_ids": [],
                "protocol": "udp",
                "security_groups": [],
                "self": false,
                "to_port": 2049
              },
              {
                "cidr_blocks": [
                  "10.0.0.0/16"
                ],
                "description": "Postgres alternative port (internal only)",
                "from_port": 5433,
                "ipv6_cidr_blocks": [],
                "prefix_list_ids": [],
                "protocol": "tcp",
                "security_groups": [],
                "self": false,
                "to_port": 5433
              },
              {
                "cidr_blocks": [
                  "10.0.0.0/16"
                ],
                "description": "Postgres port (internal only)",
                "from_port": 5432,
                "ipv6_cidr_blocks": [],
                "prefix_list_ids": [],
                "protocol": "tcp",
                "security_groups": [],
                "self": false,
                "to_port": 5432
              }
            ],
            "name": "terraform-20250827132624252800000003",
            "name_prefix": "terraform-",
            "owner_id": "931337674770",
            "revoke_rules_on_delete": false,
            "tags": {
              "Cluster": "soil3",
              "Component": "soil3",
              "Name": "soil3-NGINX_SECURITY_GROUP"
            },
            "tags_all": {
              "Cluster": "soil3",
              "Component": "soil3",
              "Name": "soil3-NGINX_SECURITY_GROUP"
            },
            "timeouts": null,
            "vpc_id": "vpc-034f89e7c01cabf74"
          },
          "sensitive_attributes": [],
          "private": "eyJlMmJmYjczMC1lY2FhLTExZTYtOGY4OC0zNDM2M2JjN2M0YzAiOnsiY3JlYXRlIjo2MDAwMDAwMDAwMDAsImRlbGV0ZSI6OTAwMDAwMDAwMDAwfSwic2NoZW1hX3ZlcnNpb24iOiIxIn0=",
          "dependencies": [
            "module.mosip_infra.module.aws_infra.module.aws_infrastructure.data.aws_vpc.existing_vpc"
          ]
        }
      ]
    },
    {
      "module": "module.mosip_infra.module.aws_infra[0].module.aws_infrastructure.module.nfs-setup",
      "mode": "managed",
      "type": "null_resource",
      "name": "nfs-csi-setup",
      "provider": "provider[\"registry.terraform.io/hashicorp/null\"]",
      "instances": [
        {
          "status": "tainted",
          "schema_version": 0,
          "attributes": {
            "id": "267782617482925432",
            "triggers": null
          },
          "sensitive_attributes": [],
          "dependencies": [
            "module.mosip_infra.module.aws_infra.module.aws_infrastructure.data.aws_availability_zones.available",
            "module.mosip_infra.module.aws_infra.module.aws_infrastructure.data.aws_ec2_instance_type_offerings.k8s_instance_types",
            "module.mosip_infra.module.aws_infra.module.aws_infrastructure.data.aws_ec2_instance_type_offerings.nginx_instance_types",
            "module.mosip_infra.module.aws_infra.module.aws_infrastructure.data.aws_subnets.private_subnets",
            "module.mosip_infra.module.aws_infra.module.aws_infrastructure.data.aws_subnets.public_subnets",
            "module.mosip_infra.module.aws_infra.module.aws_infrastructure.data.aws_vpc.existing_vpc",
            "module.mosip_infra.module.aws_infra.module.aws_infrastructure.module.aws-resource-creation.aws_iam_instance_profile.certbot_profile",
            "module.mosip_infra.module.aws_infra.module.aws_infrastructure.module.aws-resource-creation.aws_iam_policy.certbot_policy",
            "module.mosip_infra.module.aws_infra.module.aws_infrastructure.module.aws-resource-creation.aws_iam_role.certbot_role",
            "module.mosip_infra.module.aws_infra.module.aws_infrastructure.module.aws-resource-creation.aws_iam_role_policy_attachment.certbot_policy_attachment",
            "module.mosip_infra.module.aws_infra.module.aws_infrastructure.module.aws-resource-creation.aws_instance.K8S_CLUSTER_EC2_INSTANCE",
            "module.mosip_infra.module.aws_infra.module.aws_infrastructure.module.aws-resource-creation.aws_instance.NGINX_EC2_INSTANCE",
            "module.mosip_infra.module.aws_infra.module.aws_infrastructure.module.aws-resource-creation.aws_route53_record.DNS_RECORDS",
            "module.mosip_infra.module.aws_infra.module.aws_infrastructure.module.aws-resource-creation.aws_security_group.security-group",
            "module.mosip_infra.module.aws_infra.module.aws_infrastructure.module.nfs-setup.null_resource.nfs-server-setup",
            "module.mosip_infra.module.aws_infra.module.aws_infrastructure.module.nginx-setup.null_resource.Nginx-setup",
            "module.mosip_infra.module.aws_infra.module.aws_infrastructure.module.rke2-setup.null_resource.download-k8s-kubeconfig",
            "module.mosip_infra.module.aws_infra.module.aws_infrastructure.module.rke2-setup.null_resource.download-kubectl-file",
            "module.mosip_infra.module.aws_infra.module.aws_infrastructure.module.rke2-setup.null_resource.rancher-import",
            "module.mosip_infra.module.aws_infra.module.aws_infrastructure.module.rke2-setup.null_resource.rke2-cluster-setup",
            "module.mosip_infra.module.aws_infra.module.aws_infrastructure.module.rke2-setup.null_resource.rke2-primary-cluster-setup",
            "module.mosip_infra.module.aws_infra.module.aws_infrastructure.module.rke2-setup.random_string.K8S_TOKEN"
          ]
        }
      ]
    },
    {
      "module": "module.mosip_infra.module.aws_infra[0].module.aws_infrastructure.module.nfs-setup",
      "mode": "managed",
      "type": "null_resource",
      "name": "nfs-server-setup",
      "provider": "provider[\"registry.terraform.io/hashicorp/null\"]",
      "instances": [
        {
          "schema_version": 0,
          "attributes": {
            "id": "2752870186126719113",
            "triggers": null
          },
          "sensitive_attributes": [],
          "dependencies": [
            "module.mosip_infra.module.aws_infra.module.aws_infrastructure.data.aws_availability_zones.available",
            "module.mosip_infra.module.aws_infra.module.aws_infrastructure.data.aws_ec2_instance_type_offerings.k8s_instance_types",
            "module.mosip_infra.module.aws_infra.module.aws_infrastructure.data.aws_ec2_instance_type_offerings.nginx_instance_types",
            "module.mosip_infra.module.aws_infra.module.aws_infrastructure.data.aws_subnets.private_subnets",
            "module.mosip_infra.module.aws_infra.module.aws_infrastructure.data.aws_subnets.public_subnets",
            "module.mosip_infra.module.aws_infra.module.aws_infrastructure.data.aws_vpc.existing_vpc",
            "module.mosip_infra.module.aws_infra.module.aws_infrastructure.module.aws-resource-creation.aws_iam_instance_profile.certbot_profile",
            "module.mosip_infra.module.aws_infra.module.aws_infrastructure.module.aws-resource-creation.aws_iam_policy.certbot_policy",
            "module.mosip_infra.module.aws_infra.module.aws_infrastructure.module.aws-resource-creation.aws_iam_role.certbot_role",
            "module.mosip_infra.module.aws_infra.module.aws_infrastructure.module.aws-resource-creation.aws_iam_role_policy_attachment.certbot_policy_attachment",
            "module.mosip_infra.module.aws_infra.module.aws_infrastructure.module.aws-resource-creation.aws_instance.K8S_CLUSTER_EC2_INSTANCE",
            "module.mosip_infra.module.aws_infra.module.aws_infrastructure.module.aws-resource-creation.aws_instance.NGINX_EC2_INSTANCE",
            "module.mosip_infra.module.aws_infra.module.aws_infrastructure.module.aws-resource-creation.aws_route53_record.DNS_RECORDS",
            "module.mosip_infra.module.aws_infra.module.aws_infrastructure.module.aws-resource-creation.aws_security_group.security-group",
            "module.mosip_infra.module.aws_infra.module.aws_infrastructure.module.nginx-setup.null_resource.Nginx-setup",
            "module.mosip_infra.module.aws_infra.module.aws_infrastructure.module.rke2-setup.null_resource.download-k8s-kubeconfig",
            "module.mosip_infra.module.aws_infra.module.aws_infrastructure.module.rke2-setup.null_resource.download-kubectl-file",
            "module.mosip_infra.module.aws_infra.module.aws_infrastructure.module.rke2-setup.null_resource.rancher-import",
            "module.mosip_infra.module.aws_infra.module.aws_infrastructure.module.rke2-setup.null_resource.rke2-cluster-setup",
            "module.mosip_infra.module.aws_infra.module.aws_infrastructure.module.rke2-setup.null_resource.rke2-primary-cluster-setup",
            "module.mosip_infra.module.aws_infra.module.aws_infrastructure.module.rke2-setup.random_string.K8S_TOKEN"
          ]
        }
      ]
    },
    {
      "module": "module.mosip_infra.module.aws_infra[0].module.aws_infrastructure.module.nginx-setup",
      "mode": "managed",
      "type": "null_resource",
      "name": "Nginx-setup",
      "provider": "provider[\"registry.terraform.io/hashicorp/null\"]",
      "instances": [
        {
          "schema_version": 0,
          "attributes": {
            "id": "2219612288389471944",
            "triggers": {}
          },
          "sensitive_attributes": [],
          "dependencies": [
            "module.mosip_infra.module.aws_infra.module.aws_infrastructure.data.aws_availability_zones.available",
            "module.mosip_infra.module.aws_infra.module.aws_infrastructure.data.aws_ec2_instance_type_offerings.k8s_instance_types",
            "module.mosip_infra.module.aws_infra.module.aws_infrastructure.data.aws_ec2_instance_type_offerings.nginx_instance_types",
            "module.mosip_infra.module.aws_infra.module.aws_infrastructure.data.aws_subnets.private_subnets",
            "module.mosip_infra.module.aws_infra.module.aws_infrastructure.data.aws_subnets.public_subnets",
            "module.mosip_infra.module.aws_infra.module.aws_infrastructure.data.aws_vpc.existing_vpc",
            "module.mosip_infra.module.aws_infra.module.aws_infrastructure.module.aws-resource-creation.aws_iam_instance_profile.certbot_profile",
            "module.mosip_infra.module.aws_infra.module.aws_infrastructure.module.aws-resource-creation.aws_iam_policy.certbot_policy",
            "module.mosip_infra.module.aws_infra.module.aws_infrastructure.module.aws-resource-creation.aws_iam_role.certbot_role",
            "module.mosip_infra.module.aws_infra.module.aws_infrastructure.module.aws-resource-creation.aws_iam_role_policy_attachment.certbot_policy_attachment",
            "module.mosip_infra.module.aws_infra.module.aws_infrastructure.module.aws-resource-creation.aws_instance.K8S_CLUSTER_EC2_INSTANCE",
            "module.mosip_infra.module.aws_infra.module.aws_infrastructure.module.aws-resource-creation.aws_instance.NGINX_EC2_INSTANCE",
            "module.mosip_infra.module.aws_infra.module.aws_infrastructure.module.aws-resource-creation.aws_route53_record.DNS_RECORDS",
            "module.mosip_infra.module.aws_infra.module.aws_infrastructure.module.aws-resource-creation.aws_security_group.security-group"
          ]
        }
      ]
    },
    {
      "module": "module.mosip_infra.module.aws_infra[0].module.aws_infrastructure.module.rke2-setup",
      "mode": "managed",
      "type": "null_resource",
      "name": "download-k8s-kubeconfig",
      "provider": "provider[\"registry.terraform.io/hashicorp/null\"]",
      "instances": [
        {
          "index_key": "soil3-CONTROL-PLANE-NODE-1",
          "schema_version": 0,
          "attributes": {
            "id": "5813535564107326785",
            "triggers": {
              "node_hash": "03c99999e759d0351dcc46d7d1a4b191"
            }
          },
          "sensitive_attributes": [],
          "dependencies": [
            "module.mosip_infra.module.aws_infra.module.aws_infrastructure.data.aws_availability_zones.available",
            "module.mosip_infra.module.aws_infra.module.aws_infrastructure.data.aws_ec2_instance_type_offerings.k8s_instance_types",
            "module.mosip_infra.module.aws_infra.module.aws_infrastructure.data.aws_ec2_instance_type_offerings.nginx_instance_types",
            "module.mosip_infra.module.aws_infra.module.aws_infrastructure.data.aws_subnets.private_subnets",
            "module.mosip_infra.module.aws_infra.module.aws_infrastructure.data.aws_subnets.public_subnets",
            "module.mosip_infra.module.aws_infra.module.aws_infrastructure.data.aws_vpc.existing_vpc",
            "module.mosip_infra.module.aws_infra.module.aws_infrastructure.module.aws-resource-creation.aws_iam_instance_profile.certbot_profile",
            "module.mosip_infra.module.aws_infra.module.aws_infrastructure.module.aws-resource-creation.aws_iam_policy.certbot_policy",
            "module.mosip_infra.module.aws_infra.module.aws_infrastructure.module.aws-resource-creation.aws_iam_role.certbot_role",
            "module.mosip_infra.module.aws_infra.module.aws_infrastructure.module.aws-resource-creation.aws_iam_role_policy_attachment.certbot_policy_attachment",
            "module.mosip_infra.module.aws_infra.module.aws_infrastructure.module.aws-resource-creation.aws_instance.K8S_CLUSTER_EC2_INSTANCE",
            "module.mosip_infra.module.aws_infra.module.aws_infrastructure.module.aws-resource-creation.aws_instance.NGINX_EC2_INSTANCE",
            "module.mosip_infra.module.aws_infra.module.aws_infrastructure.module.aws-resource-creation.aws_route53_record.DNS_RECORDS",
            "module.mosip_infra.module.aws_infra.module.aws_infrastructure.module.aws-resource-creation.aws_security_group.security-group",
            "module.mosip_infra.module.aws_infra.module.aws_infrastructure.module.nginx-setup.null_resource.Nginx-setup",
            "module.mosip_infra.module.aws_infra.module.aws_infrastructure.module.rke2-setup.null_resource.rke2-cluster-setup",
            "module.mosip_infra.module.aws_infra.module.aws_infrastructure.module.rke2-setup.null_resource.rke2-primary-cluster-setup",
            "module.mosip_infra.module.aws_infra.module.aws_infrastructure.module.rke2-setup.random_string.K8S_TOKEN"
          ]
        },
        {
          "index_key": "soil3-CONTROL-PLANE-NODE-2",
          "schema_version": 0,
          "attributes": {
            "id": "120254280268811407",
            "triggers": {
              "node_hash": "03c99999e759d0351dcc46d7d1a4b191"
            }
          },
          "sensitive_attributes": [],
          "dependencies": [
            "module.mosip_infra.module.aws_infra.module.aws_infrastructure.data.aws_availability_zones.available",
            "module.mosip_infra.module.aws_infra.module.aws_infrastructure.data.aws_ec2_instance_type_offerings.k8s_instance_types",
            "module.mosip_infra.module.aws_infra.module.aws_infrastructure.data.aws_ec2_instance_type_offerings.nginx_instance_types",
            "module.mosip_infra.module.aws_infra.module.aws_infrastructure.data.aws_subnets.private_subnets",
            "module.mosip_infra.module.aws_infra.module.aws_infrastructure.data.aws_subnets.public_subnets",
            "module.mosip_infra.module.aws_infra.module.aws_infrastructure.data.aws_vpc.existing_vpc",
            "module.mosip_infra.module.aws_infra.module.aws_infrastructure.module.aws-resource-creation.aws_iam_instance_profile.certbot_profile",
            "module.mosip_infra.module.aws_infra.module.aws_infrastructure.module.aws-resource-creation.aws_iam_policy.certbot_policy",
            "module.mosip_infra.module.aws_infra.module.aws_infrastructure.module.aws-resource-creation.aws_iam_role.certbot_role",
            "module.mosip_infra.module.aws_infra.module.aws_infrastructure.module.aws-resource-creation.aws_iam_role_policy_attachment.certbot_policy_attachment",
            "module.mosip_infra.module.aws_infra.module.aws_infrastructure.module.aws-resource-creation.aws_instance.K8S_CLUSTER_EC2_INSTANCE",
            "module.mosip_infra.module.aws_infra.module.aws_infrastructure.module.aws-resource-creation.aws_instance.NGINX_EC2_INSTANCE",
            "module.mosip_infra.module.aws_infra.module.aws_infrastructure.module.aws-resource-creation.aws_route53_record.DNS_RECORDS",
            "module.mosip_infra.module.aws_infra.module.aws_infrastructure.module.aws-resource-creation.aws_security_group.security-group",
            "module.mosip_infra.module.aws_infra.module.aws_infrastructure.module.nginx-setup.null_resource.Nginx-setup",
            "module.mosip_infra.module.aws_infra.module.aws_infrastructure.module.rke2-setup.null_resource.rke2-cluster-setup",
            "module.mosip_infra.module.aws_infra.module.aws_infrastructure.module.rke2-setup.null_resource.rke2-primary-cluster-setup",
            "module.mosip_infra.module.aws_infra.module.aws_infrastructure.module.rke2-setup.random_string.K8S_TOKEN"
          ]
        },
        {
          "index_key": "soil3-CONTROL-PLANE-NODE-3",
          "schema_version": 0,
          "attributes": {
            "id": "2613871301036413979",
            "triggers": {
              "node_hash": "03c99999e759d0351dcc46d7d1a4b191"
            }
          },
          "sensitive_attributes": [],
          "dependencies": [
            "module.mosip_infra.module.aws_infra.module.aws_infrastructure.data.aws_availability_zones.available",
            "module.mosip_infra.module.aws_infra.module.aws_infrastructure.data.aws_ec2_instance_type_offerings.k8s_instance_types",
            "module.mosip_infra.module.aws_infra.module.aws_infrastructure.data.aws_ec2_instance_type_offerings.nginx_instance_types",
            "module.mosip_infra.module.aws_infra.module.aws_infrastructure.data.aws_subnets.private_subnets",
            "module.mosip_infra.module.aws_infra.module.aws_infrastructure.data.aws_subnets.public_subnets",
            "module.mosip_infra.module.aws_infra.module.aws_infrastructure.data.aws_vpc.existing_vpc",
            "module.mosip_infra.module.aws_infra.module.aws_infrastructure.module.aws-resource-creation.aws_iam_instance_profile.certbot_profile",
            "module.mosip_infra.module.aws_infra.module.aws_infrastructure.module.aws-resource-creation.aws_iam_policy.certbot_policy",
            "module.mosip_infra.module.aws_infra.module.aws_infrastructure.module.aws-resource-creation.aws_iam_role.certbot_role",
            "module.mosip_infra.module.aws_infra.module.aws_infrastructure.module.aws-resource-creation.aws_iam_role_policy_attachment.certbot_policy_attachment",
            "module.mosip_infra.module.aws_infra.module.aws_infrastructure.module.aws-resource-creation.aws_instance.K8S_CLUSTER_EC2_INSTANCE",
            "module.mosip_infra.module.aws_infra.module.aws_infrastructure.module.aws-resource-creation.aws_instance.NGINX_EC2_INSTANCE",
            "module.mosip_infra.module.aws_infra.module.aws_infrastructure.module.aws-resource-creation.aws_route53_record.DNS_RECORDS",
            "module.mosip_infra.module.aws_infra.module.aws_infrastructure.module.aws-resource-creation.aws_security_group.security-group",
            "module.mosip_infra.module.aws_infra.module.aws_infrastructure.module.nginx-setup.null_resource.Nginx-setup",
            "module.mosip_infra.module.aws_infra.module.aws_infrastructure.module.rke2-setup.null_resource.rke2-cluster-setup",
            "module.mosip_infra.module.aws_infra.module.aws_infrastructure.module.rke2-setup.null_resource.rke2-primary-cluster-setup",
            "module.mosip_infra.module.aws_infra.module.aws_infrastructure.module.rke2-setup.random_string.K8S_TOKEN"
          ]
        },
        {
          "index_key": "soil3-ETCD-NODE-1",
          "schema_version": 0,
          "attributes": {
            "id": "978269293454393938",
            "triggers": {
              "node_hash": "03c99999e759d0351dcc46d7d1a4b191"
            }
          },
          "sensitive_attributes": [],
          "dependencies": [
            "module.mosip_infra.module.aws_infra.module.aws_infrastructure.data.aws_availability_zones.available",
            "module.mosip_infra.module.aws_infra.module.aws_infrastructure.data.aws_ec2_instance_type_offerings.k8s_instance_types",
            "module.mosip_infra.module.aws_infra.module.aws_infrastructure.data.aws_ec2_instance_type_offerings.nginx_instance_types",
            "module.mosip_infra.module.aws_infra.module.aws_infrastructure.data.aws_subnets.private_subnets",
            "module.mosip_infra.module.aws_infra.module.aws_infrastructure.data.aws_subnets.public_subnets",
            "module.mosip_infra.module.aws_infra.module.aws_infrastructure.data.aws_vpc.existing_vpc",
            "module.mosip_infra.module.aws_infra.module.aws_infrastructure.module.aws-resource-creation.aws_iam_instance_profile.certbot_profile",
            "module.mosip_infra.module.aws_infra.module.aws_infrastructure.module.aws-resource-creation.aws_iam_policy.certbot_policy",
            "module.mosip_infra.module.aws_infra.module.aws_infrastructure.module.aws-resource-creation.aws_iam_role.certbot_role",
            "module.mosip_infra.module.aws_infra.module.aws_infrastructure.module.aws-resource-creation.aws_iam_role_policy_attachment.certbot_policy_attachment",
            "module.mosip_infra.module.aws_infra.module.aws_infrastructure.module.aws-resource-creation.aws_instance.K8S_CLUSTER_EC2_INSTANCE",
            "module.mosip_infra.module.aws_infra.module.aws_infrastructure.module.aws-resource-creation.aws_instance.NGINX_EC2_INSTANCE",
            "module.mosip_infra.module.aws_infra.module.aws_infrastructure.module.aws-resource-creation.aws_route53_record.DNS_RECORDS",
            "module.mosip_infra.module.aws_infra.module.aws_infrastructure.module.aws-resource-creation.aws_security_group.security-group",
            "module.mosip_infra.module.aws_infra.module.aws_infrastructure.module.nginx-setup.null_resource.Nginx-setup",
            "module.mosip_infra.module.aws_infra.module.aws_infrastructure.module.rke2-setup.null_resource.rke2-cluster-setup",
            "module.mosip_infra.module.aws_infra.module.aws_infrastructure.module.rke2-setup.null_resource.rke2-primary-cluster-setup",
            "module.mosip_infra.module.aws_infra.module.aws_infrastructure.module.rke2-setup.random_string.K8S_TOKEN"
          ]
        },
        {
          "index_key": "soil3-ETCD-NODE-2",
          "schema_version": 0,
          "attributes": {
            "id": "7306593083626818371",
            "triggers": {
              "node_hash": "03c99999e759d0351dcc46d7d1a4b191"
            }
          },
          "sensitive_attributes": [],
          "dependencies": [
            "module.mosip_infra.module.aws_infra.module.aws_infrastructure.data.aws_availability_zones.available",
            "module.mosip_infra.module.aws_infra.module.aws_infrastructure.data.aws_ec2_instance_type_offerings.k8s_instance_types",
            "module.mosip_infra.module.aws_infra.module.aws_infrastructure.data.aws_ec2_instance_type_offerings.nginx_instance_types",
            "module.mosip_infra.module.aws_infra.module.aws_infrastructure.data.aws_subnets.private_subnets",
            "module.mosip_infra.module.aws_infra.module.aws_infrastructure.data.aws_subnets.public_subnets",
            "module.mosip_infra.module.aws_infra.module.aws_infrastructure.data.aws_vpc.existing_vpc",
            "module.mosip_infra.module.aws_infra.module.aws_infrastructure.module.aws-resource-creation.aws_iam_instance_profile.certbot_profile",
            "module.mosip_infra.module.aws_infra.module.aws_infrastructure.module.aws-resource-creation.aws_iam_policy.certbot_policy",
            "module.mosip_infra.module.aws_infra.module.aws_infrastructure.module.aws-resource-creation.aws_iam_role.certbot_role",
            "module.mosip_infra.module.aws_infra.module.aws_infrastructure.module.aws-resource-creation.aws_iam_role_policy_attachment.certbot_policy_attachment",
            "module.mosip_infra.module.aws_infra.module.aws_infrastructure.module.aws-resource-creation.aws_instance.K8S_CLUSTER_EC2_INSTANCE",
            "module.mosip_infra.module.aws_infra.module.aws_infrastructure.module.aws-resource-creation.aws_instance.NGINX_EC2_INSTANCE",
            "module.mosip_infra.module.aws_infra.module.aws_infrastructure.module.aws-resource-creation.aws_route53_record.DNS_RECORDS",
            "module.mosip_infra.module.aws_infra.module.aws_infrastructure.module.aws-resource-creation.aws_security_group.security-group",
            "module.mosip_infra.module.aws_infra.module.aws_infrastructure.module.nginx-setup.null_resource.Nginx-setup",
            "module.mosip_infra.module.aws_infra.module.aws_infrastructure.module.rke2-setup.null_resource.rke2-cluster-setup",
            "module.mosip_infra.module.aws_infra.module.aws_infrastructure.module.rke2-setup.null_resource.rke2-primary-cluster-setup",
            "module.mosip_infra.module.aws_infra.module.aws_infrastructure.module.rke2-setup.random_string.K8S_TOKEN"
          ]
        },
        {
          "index_key": "soil3-ETCD-NODE-3",
          "schema_version": 0,
          "attributes": {
            "id": "215042861578070019",
            "triggers": {
              "node_hash": "03c99999e759d0351dcc46d7d1a4b191"
            }
          },
          "sensitive_attributes": [],
          "dependencies": [
            "module.mosip_infra.module.aws_infra.module.aws_infrastructure.data.aws_availability_zones.available",
            "module.mosip_infra.module.aws_infra.module.aws_infrastructure.data.aws_ec2_instance_type_offerings.k8s_instance_types",
            "module.mosip_infra.module.aws_infra.module.aws_infrastructure.data.aws_ec2_instance_type_offerings.nginx_instance_types",
            "module.mosip_infra.module.aws_infra.module.aws_infrastructure.data.aws_subnets.private_subnets",
            "module.mosip_infra.module.aws_infra.module.aws_infrastructure.data.aws_subnets.public_subnets",
            "module.mosip_infra.module.aws_infra.module.aws_infrastructure.data.aws_vpc.existing_vpc",
            "module.mosip_infra.module.aws_infra.module.aws_infrastructure.module.aws-resource-creation.aws_iam_instance_profile.certbot_profile",
            "module.mosip_infra.module.aws_infra.module.aws_infrastructure.module.aws-resource-creation.aws_iam_policy.certbot_policy",
            "module.mosip_infra.module.aws_infra.module.aws_infrastructure.module.aws-resource-creation.aws_iam_role.certbot_role",
            "module.mosip_infra.module.aws_infra.module.aws_infrastructure.module.aws-resource-creation.aws_iam_role_policy_attachment.certbot_policy_attachment",
            "module.mosip_infra.module.aws_infra.module.aws_infrastructure.module.aws-resource-creation.aws_instance.K8S_CLUSTER_EC2_INSTANCE",
            "module.mosip_infra.module.aws_infra.module.aws_infrastructure.module.aws-resource-creation.aws_instance.NGINX_EC2_INSTANCE",
            "module.mosip_infra.module.aws_infra.module.aws_infrastructure.module.aws-resource-creation.aws_route53_record.DNS_RECORDS",
            "module.mosip_infra.module.aws_infra.module.aws_infrastructure.module.aws-resource-creation.aws_security_group.security-group",
            "module.mosip_infra.module.aws_infra.module.aws_infrastructure.module.nginx-setup.null_resource.Nginx-setup",
            "module.mosip_infra.module.aws_infra.module.aws_infrastructure.module.rke2-setup.null_resource.rke2-cluster-setup",
            "module.mosip_infra.module.aws_infra.module.aws_infrastructure.module.rke2-setup.null_resource.rke2-primary-cluster-setup",
            "module.mosip_infra.module.aws_infra.module.aws_infrastructure.module.rke2-setup.random_string.K8S_TOKEN"
          ]
        },
        {
          "index_key": "soil3-WORKER-NODE-1",
          "schema_version": 0,
          "attributes": {
            "id": "7056433374321545577",
            "triggers": {
              "node_hash": "03c99999e759d0351dcc46d7d1a4b191"
            }
          },
          "sensitive_attributes": [],
          "dependencies": [
            "module.mosip_infra.module.aws_infra.module.aws_infrastructure.data.aws_availability_zones.available",
            "module.mosip_infra.module.aws_infra.module.aws_infrastructure.data.aws_ec2_instance_type_offerings.k8s_instance_types",
            "module.mosip_infra.module.aws_infra.module.aws_infrastructure.data.aws_ec2_instance_type_offerings.nginx_instance_types",
            "module.mosip_infra.module.aws_infra.module.aws_infrastructure.data.aws_subnets.private_subnets",
            "module.mosip_infra.module.aws_infra.module.aws_infrastructure.data.aws_subnets.public_subnets",
            "module.mosip_infra.module.aws_infra.module.aws_infrastructure.data.aws_vpc.existing_vpc",
            "module.mosip_infra.module.aws_infra.module.aws_infrastructure.module.aws-resource-creation.aws_iam_instance_profile.certbot_profile",
            "module.mosip_infra.module.aws_infra.module.aws_infrastructure.module.aws-resource-creation.aws_iam_policy.certbot_policy",
            "module.mosip_infra.module.aws_infra.module.aws_infrastructure.module.aws-resource-creation.aws_iam_role.certbot_role",
            "module.mosip_infra.module.aws_infra.module.aws_infrastructure.module.aws-resource-creation.aws_iam_role_policy_attachment.certbot_policy_attachment",
            "module.mosip_infra.module.aws_infra.module.aws_infrastructure.module.aws-resource-creation.aws_instance.K8S_CLUSTER_EC2_INSTANCE",
            "module.mosip_infra.module.aws_infra.module.aws_infrastructure.module.aws-resource-creation.aws_instance.NGINX_EC2_INSTANCE",
            "module.mosip_infra.module.aws_infra.module.aws_infrastructure.module.aws-resource-creation.aws_route53_record.DNS_RECORDS",
            "module.mosip_infra.module.aws_infra.module.aws_infrastructure.module.aws-resource-creation.aws_security_group.security-group",
            "module.mosip_infra.module.aws_infra.module.aws_infrastructure.module.nginx-setup.null_resource.Nginx-setup",
            "module.mosip_infra.module.aws_infra.module.aws_infrastructure.module.rke2-setup.null_resource.rke2-cluster-setup",
            "module.mosip_infra.module.aws_infra.module.aws_infrastructure.module.rke2-setup.null_resource.rke2-primary-cluster-setup",
            "module.mosip_infra.module.aws_infra.module.aws_infrastructure.module.rke2-setup.random_string.K8S_TOKEN"
          ]
        },
        {
          "index_key": "soil3-WORKER-NODE-2",
          "schema_version": 0,
          "attributes": {
            "id": "8952065671438260516",
            "triggers": {
              "node_hash": "03c99999e759d0351dcc46d7d1a4b191"
            }
          },
          "sensitive_attributes": [],
          "dependencies": [
            "module.mosip_infra.module.aws_infra.module.aws_infrastructure.data.aws_availability_zones.available",
            "module.mosip_infra.module.aws_infra.module.aws_infrastructure.data.aws_ec2_instance_type_offerings.k8s_instance_types",
            "module.mosip_infra.module.aws_infra.module.aws_infrastructure.data.aws_ec2_instance_type_offerings.nginx_instance_types",
            "module.mosip_infra.module.aws_infra.module.aws_infrastructure.data.aws_subnets.private_subnets",
            "module.mosip_infra.module.aws_infra.module.aws_infrastructure.data.aws_subnets.public_subnets",
            "module.mosip_infra.module.aws_infra.module.aws_infrastructure.data.aws_vpc.existing_vpc",
            "module.mosip_infra.module.aws_infra.module.aws_infrastructure.module.aws-resource-creation.aws_iam_instance_profile.certbot_profile",
            "module.mosip_infra.module.aws_infra.module.aws_infrastructure.module.aws-resource-creation.aws_iam_policy.certbot_policy",
            "module.mosip_infra.module.aws_infra.module.aws_infrastructure.module.aws-resource-creation.aws_iam_role.certbot_role",
            "module.mosip_infra.module.aws_infra.module.aws_infrastructure.module.aws-resource-creation.aws_iam_role_policy_attachment.certbot_policy_attachment",
            "module.mosip_infra.module.aws_infra.module.aws_infrastructure.module.aws-resource-creation.aws_instance.K8S_CLUSTER_EC2_INSTANCE",
            "module.mosip_infra.module.aws_infra.module.aws_infrastructure.module.aws-resource-creation.aws_instance.NGINX_EC2_INSTANCE",
            "module.mosip_infra.module.aws_infra.module.aws_infrastructure.module.aws-resource-creation.aws_route53_record.DNS_RECORDS",
            "module.mosip_infra.module.aws_infra.module.aws_infrastructure.module.aws-resource-creation.aws_security_group.security-group",
            "module.mosip_infra.module.aws_infra.module.aws_infrastructure.module.nginx-setup.null_resource.Nginx-setup",
            "module.mosip_infra.module.aws_infra.module.aws_infrastructure.module.rke2-setup.null_resource.rke2-cluster-setup",
            "module.mosip_infra.module.aws_infra.module.aws_infrastructure.module.rke2-setup.null_resource.rke2-primary-cluster-setup",
            "module.mosip_infra.module.aws_infra.module.aws_infrastructure.module.rke2-setup.random_string.K8S_TOKEN"
          ]
        }
      ]
    },
    {
      "module": "module.mosip_infra.module.aws_infra[0].module.aws_infrastructure.module.rke2-setup",
      "mode": "managed",
      "type": "null_resource",
      "name": "download-kubectl-file",
      "provider": "provider[\"registry.terraform.io/hashicorp/null\"]",
      "instances": [
        {
          "schema_version": 0,
          "attributes": {
            "id": "3287659754023261745",
            "triggers": null
          },
          "sensitive_attributes": [],
          "dependencies": [
            "module.mosip_infra.module.aws_infra.module.aws_infrastructure.data.aws_availability_zones.available",
            "module.mosip_infra.module.aws_infra.module.aws_infrastructure.data.aws_ec2_instance_type_offerings.k8s_instance_types",
            "module.mosip_infra.module.aws_infra.module.aws_infrastructure.data.aws_ec2_instance_type_offerings.nginx_instance_types",
            "module.mosip_infra.module.aws_infra.module.aws_infrastructure.data.aws_subnets.private_subnets",
            "module.mosip_infra.module.aws_infra.module.aws_infrastructure.data.aws_subnets.public_subnets",
            "module.mosip_infra.module.aws_infra.module.aws_infrastructure.data.aws_vpc.existing_vpc",
            "module.mosip_infra.module.aws_infra.module.aws_infrastructure.module.aws-resource-creation.aws_iam_instance_profile.certbot_profile",
            "module.mosip_infra.module.aws_infra.module.aws_infrastructure.module.aws-resource-creation.aws_iam_policy.certbot_policy",
            "module.mosip_infra.module.aws_infra.module.aws_infrastructure.module.aws-resource-creation.aws_iam_role.certbot_role",
            "module.mosip_infra.module.aws_infra.module.aws_infrastructure.module.aws-resource-creation.aws_iam_role_policy_attachment.certbot_policy_attachment",
            "module.mosip_infra.module.aws_infra.module.aws_infrastructure.module.aws-resource-creation.aws_instance.K8S_CLUSTER_EC2_INSTANCE",
            "module.mosip_infra.module.aws_infra.module.aws_infrastructure.module.aws-resource-creation.aws_instance.NGINX_EC2_INSTANCE",
            "module.mosip_infra.module.aws_infra.module.aws_infrastructure.module.aws-resource-creation.aws_route53_record.DNS_RECORDS",
            "module.mosip_infra.module.aws_infra.module.aws_infrastructure.module.aws-resource-creation.aws_security_group.security-group",
            "module.mosip_infra.module.aws_infra.module.aws_infrastructure.module.nginx-setup.null_resource.Nginx-setup",
            "module.mosip_infra.module.aws_infra.module.aws_infrastructure.module.rke2-setup.null_resource.rke2-cluster-setup",
            "module.mosip_infra.module.aws_infra.module.aws_infrastructure.module.rke2-setup.null_resource.rke2-primary-cluster-setup",
            "module.mosip_infra.module.aws_infra.module.aws_infrastructure.module.rke2-setup.random_string.K8S_TOKEN"
          ]
        }
      ]
    },
    {
      "module": "module.mosip_infra.module.aws_infra[0].module.aws_infrastructure.module.rke2-setup",
      "mode": "managed",
      "type": "null_resource",
      "name": "rke2-cluster-setup",
      "provider": "provider[\"registry.terraform.io/hashicorp/null\"]",
      "instances": [
        {
          "index_key": "soil3-CONTROL-PLANE-NODE-1",
          "schema_version": 0,
          "attributes": {
            "id": "8101428890969938231",
            "triggers": {
              "node_hash": "03c99999e759d0351dcc46d7d1a4b191",
              "script_hash": "a1dcf9fcd3fb1d1efd66fa4f92341355"
            }
          },
          "sensitive_attributes": [],
          "dependencies": [
            "module.mosip_infra.module.aws_infra.module.aws_infrastructure.data.aws_availability_zones.available",
            "module.mosip_infra.module.aws_infra.module.aws_infrastructure.data.aws_ec2_instance_type_offerings.k8s_instance_types",
            "module.mosip_infra.module.aws_infra.module.aws_infrastructure.data.aws_ec2_instance_type_offerings.nginx_instance_types",
            "module.mosip_infra.module.aws_infra.module.aws_infrastructure.data.aws_subnets.private_subnets",
            "module.mosip_infra.module.aws_infra.module.aws_infrastructure.data.aws_subnets.public_subnets",
            "module.mosip_infra.module.aws_infra.module.aws_infrastructure.data.aws_vpc.existing_vpc",
            "module.mosip_infra.module.aws_infra.module.aws_infrastructure.module.aws-resource-creation.aws_iam_instance_profile.certbot_profile",
            "module.mosip_infra.module.aws_infra.module.aws_infrastructure.module.aws-resource-creation.aws_iam_policy.certbot_policy",
            "module.mosip_infra.module.aws_infra.module.aws_infrastructure.module.aws-resource-creation.aws_iam_role.certbot_role",
            "module.mosip_infra.module.aws_infra.module.aws_infrastructure.module.aws-resource-creation.aws_iam_role_policy_attachment.certbot_policy_attachment",
            "module.mosip_infra.module.aws_infra.module.aws_infrastructure.module.aws-resource-creation.aws_instance.K8S_CLUSTER_EC2_INSTANCE",
            "module.mosip_infra.module.aws_infra.module.aws_infrastructure.module.aws-resource-creation.aws_instance.NGINX_EC2_INSTANCE",
            "module.mosip_infra.module.aws_infra.module.aws_infrastructure.module.aws-resource-creation.aws_route53_record.DNS_RECORDS",
            "module.mosip_infra.module.aws_infra.module.aws_infrastructure.module.aws-resource-creation.aws_security_group.security-group",
            "module.mosip_infra.module.aws_infra.module.aws_infrastructure.module.nginx-setup.null_resource.Nginx-setup",
            "module.mosip_infra.module.aws_infra.module.aws_infrastructure.module.rke2-setup.null_resource.rke2-primary-cluster-setup",
            "module.mosip_infra.module.aws_infra.module.aws_infrastructure.module.rke2-setup.random_string.K8S_TOKEN"
          ]
        },
        {
          "index_key": "soil3-CONTROL-PLANE-NODE-2",
          "schema_version": 0,
          "attributes": {
            "id": "5337421229342511036",
            "triggers": {
              "node_hash": "03c99999e759d0351dcc46d7d1a4b191",
              "script_hash": "a1dcf9fcd3fb1d1efd66fa4f92341355"
            }
          },
          "sensitive_attributes": [],
          "dependencies": [
            "module.mosip_infra.module.aws_infra.module.aws_infrastructure.data.aws_availability_zones.available",
            "module.mosip_infra.module.aws_infra.module.aws_infrastructure.data.aws_ec2_instance_type_offerings.k8s_instance_types",
            "module.mosip_infra.module.aws_infra.module.aws_infrastructure.data.aws_ec2_instance_type_offerings.nginx_instance_types",
            "module.mosip_infra.module.aws_infra.module.aws_infrastructure.data.aws_subnets.private_subnets",
            "module.mosip_infra.module.aws_infra.module.aws_infrastructure.data.aws_subnets.public_subnets",
            "module.mosip_infra.module.aws_infra.module.aws_infrastructure.data.aws_vpc.existing_vpc",
            "module.mosip_infra.module.aws_infra.module.aws_infrastructure.module.aws-resource-creation.aws_iam_instance_profile.certbot_profile",
            "module.mosip_infra.module.aws_infra.module.aws_infrastructure.module.aws-resource-creation.aws_iam_policy.certbot_policy",
            "module.mosip_infra.module.aws_infra.module.aws_infrastructure.module.aws-resource-creation.aws_iam_role.certbot_role",
            "module.mosip_infra.module.aws_infra.module.aws_infrastructure.module.aws-resource-creation.aws_iam_role_policy_attachment.certbot_policy_attachment",
            "module.mosip_infra.module.aws_infra.module.aws_infrastructure.module.aws-resource-creation.aws_instance.K8S_CLUSTER_EC2_INSTANCE",
            "module.mosip_infra.module.aws_infra.module.aws_infrastructure.module.aws-resource-creation.aws_instance.NGINX_EC2_INSTANCE",
            "module.mosip_infra.module.aws_infra.module.aws_infrastructure.module.aws-resource-creation.aws_route53_record.DNS_RECORDS",
            "module.mosip_infra.module.aws_infra.module.aws_infrastructure.module.aws-resource-creation.aws_security_group.security-group",
            "module.mosip_infra.module.aws_infra.module.aws_infrastructure.module.nginx-setup.null_resource.Nginx-setup",
            "module.mosip_infra.module.aws_infra.module.aws_infrastructure.module.rke2-setup.null_resource.rke2-primary-cluster-setup",
            "module.mosip_infra.module.aws_infra.module.aws_infrastructure.module.rke2-setup.random_string.K8S_TOKEN"
          ]
        },
        {
          "index_key": "soil3-CONTROL-PLANE-NODE-3",
          "schema_version": 0,
          "attributes": {
            "id": "3022411253113947666",
            "triggers": {
              "node_hash": "03c99999e759d0351dcc46d7d1a4b191",
              "script_hash": "a1dcf9fcd3fb1d1efd66fa4f92341355"
            }
          },
          "sensitive_attributes": [],
          "dependencies": [
            "module.mosip_infra.module.aws_infra.module.aws_infrastructure.data.aws_availability_zones.available",
            "module.mosip_infra.module.aws_infra.module.aws_infrastructure.data.aws_ec2_instance_type_offerings.k8s_instance_types",
            "module.mosip_infra.module.aws_infra.module.aws_infrastructure.data.aws_ec2_instance_type_offerings.nginx_instance_types",
            "module.mosip_infra.module.aws_infra.module.aws_infrastructure.data.aws_subnets.private_subnets",
            "module.mosip_infra.module.aws_infra.module.aws_infrastructure.data.aws_subnets.public_subnets",
            "module.mosip_infra.module.aws_infra.module.aws_infrastructure.data.aws_vpc.existing_vpc",
            "module.mosip_infra.module.aws_infra.module.aws_infrastructure.module.aws-resource-creation.aws_iam_instance_profile.certbot_profile",
            "module.mosip_infra.module.aws_infra.module.aws_infrastructure.module.aws-resource-creation.aws_iam_policy.certbot_policy",
            "module.mosip_infra.module.aws_infra.module.aws_infrastructure.module.aws-resource-creation.aws_iam_role.certbot_role",
            "module.mosip_infra.module.aws_infra.module.aws_infrastructure.module.aws-resource-creation.aws_iam_role_policy_attachment.certbot_policy_attachment",
            "module.mosip_infra.module.aws_infra.module.aws_infrastructure.module.aws-resource-creation.aws_instance.K8S_CLUSTER_EC2_INSTANCE",
            "module.mosip_infra.module.aws_infra.module.aws_infrastructure.module.aws-resource-creation.aws_instance.NGINX_EC2_INSTANCE",
            "module.mosip_infra.module.aws_infra.module.aws_infrastructure.module.aws-resource-creation.aws_route53_record.DNS_RECORDS",
            "module.mosip_infra.module.aws_infra.module.aws_infrastructure.module.aws-resource-creation.aws_security_group.security-group",
            "module.mosip_infra.module.aws_infra.module.aws_infrastructure.module.nginx-setup.null_resource.Nginx-setup",
            "module.mosip_infra.module.aws_infra.module.aws_infrastructure.module.rke2-setup.null_resource.rke2-primary-cluster-setup",
            "module.mosip_infra.module.aws_infra.module.aws_infrastructure.module.rke2-setup.random_string.K8S_TOKEN"
          ]
        },
        {
          "index_key": "soil3-ETCD-NODE-1",
          "schema_version": 0,
          "attributes": {
            "id": "5303377846607174862",
            "triggers": {
              "node_hash": "03c99999e759d0351dcc46d7d1a4b191",
              "script_hash": "a1dcf9fcd3fb1d1efd66fa4f92341355"
            }
          },
          "sensitive_attributes": [],
          "dependencies": [
            "module.mosip_infra.module.aws_infra.module.aws_infrastructure.data.aws_availability_zones.available",
            "module.mosip_infra.module.aws_infra.module.aws_infrastructure.data.aws_ec2_instance_type_offerings.k8s_instance_types",
            "module.mosip_infra.module.aws_infra.module.aws_infrastructure.data.aws_ec2_instance_type_offerings.nginx_instance_types",
            "module.mosip_infra.module.aws_infra.module.aws_infrastructure.data.aws_subnets.private_subnets",
            "module.mosip_infra.module.aws_infra.module.aws_infrastructure.data.aws_subnets.public_subnets",
            "module.mosip_infra.module.aws_infra.module.aws_infrastructure.data.aws_vpc.existing_vpc",
            "module.mosip_infra.module.aws_infra.module.aws_infrastructure.module.aws-resource-creation.aws_iam_instance_profile.certbot_profile",
            "module.mosip_infra.module.aws_infra.module.aws_infrastructure.module.aws-resource-creation.aws_iam_policy.certbot_policy",
            "module.mosip_infra.module.aws_infra.module.aws_infrastructure.module.aws-resource-creation.aws_iam_role.certbot_role",
            "module.mosip_infra.module.aws_infra.module.aws_infrastructure.module.aws-resource-creation.aws_iam_role_policy_attachment.certbot_policy_attachment",
            "module.mosip_infra.module.aws_infra.module.aws_infrastructure.module.aws-resource-creation.aws_instance.K8S_CLUSTER_EC2_INSTANCE",
            "module.mosip_infra.module.aws_infra.module.aws_infrastructure.module.aws-resource-creation.aws_instance.NGINX_EC2_INSTANCE",
            "module.mosip_infra.module.aws_infra.module.aws_infrastructure.module.aws-resource-creation.aws_route53_record.DNS_RECORDS",
            "module.mosip_infra.module.aws_infra.module.aws_infrastructure.module.aws-resource-creation.aws_security_group.security-group",
            "module.mosip_infra.module.aws_infra.module.aws_infrastructure.module.nginx-setup.null_resource.Nginx-setup",
            "module.mosip_infra.module.aws_infra.module.aws_infrastructure.module.rke2-setup.null_resource.rke2-primary-cluster-setup",
            "module.mosip_infra.module.aws_infra.module.aws_infrastructure.module.rke2-setup.random_string.K8S_TOKEN"
          ]
        },
        {
          "index_key": "soil3-ETCD-NODE-2",
          "schema_version": 0,
          "attributes": {
            "id": "187134804895059261",
            "triggers": {
              "node_hash": "03c99999e759d0351dcc46d7d1a4b191",
              "script_hash": "a1dcf9fcd3fb1d1efd66fa4f92341355"
            }
          },
          "sensitive_attributes": [],
          "dependencies": [
            "module.mosip_infra.module.aws_infra.module.aws_infrastructure.data.aws_availability_zones.available",
            "module.mosip_infra.module.aws_infra.module.aws_infrastructure.data.aws_ec2_instance_type_offerings.k8s_instance_types",
            "module.mosip_infra.module.aws_infra.module.aws_infrastructure.data.aws_ec2_instance_type_offerings.nginx_instance_types",
            "module.mosip_infra.module.aws_infra.module.aws_infrastructure.data.aws_subnets.private_subnets",
            "module.mosip_infra.module.aws_infra.module.aws_infrastructure.data.aws_subnets.public_subnets",
            "module.mosip_infra.module.aws_infra.module.aws_infrastructure.data.aws_vpc.existing_vpc",
            "module.mosip_infra.module.aws_infra.module.aws_infrastructure.module.aws-resource-creation.aws_iam_instance_profile.certbot_profile",
            "module.mosip_infra.module.aws_infra.module.aws_infrastructure.module.aws-resource-creation.aws_iam_policy.certbot_policy",
            "module.mosip_infra.module.aws_infra.module.aws_infrastructure.module.aws-resource-creation.aws_iam_role.certbot_role",
            "module.mosip_infra.module.aws_infra.module.aws_infrastructure.module.aws-resource-creation.aws_iam_role_policy_attachment.certbot_policy_attachment",
            "module.mosip_infra.module.aws_infra.module.aws_infrastructure.module.aws-resource-creation.aws_instance.K8S_CLUSTER_EC2_INSTANCE",
            "module.mosip_infra.module.aws_infra.module.aws_infrastructure.module.aws-resource-creation.aws_instance.NGINX_EC2_INSTANCE",
            "module.mosip_infra.module.aws_infra.module.aws_infrastructure.module.aws-resource-creation.aws_route53_record.DNS_RECORDS",
            "module.mosip_infra.module.aws_infra.module.aws_infrastructure.module.aws-resource-creation.aws_security_group.security-group",
            "module.mosip_infra.module.aws_infra.module.aws_infrastructure.module.nginx-setup.null_resource.Nginx-setup",
            "module.mosip_infra.module.aws_infra.module.aws_infrastructure.module.rke2-setup.null_resource.rke2-primary-cluster-setup",
            "module.mosip_infra.module.aws_infra.module.aws_infrastructure.module.rke2-setup.random_string.K8S_TOKEN"
          ]
        },
        {
          "index_key": "soil3-ETCD-NODE-3",
          "schema_version": 0,
          "attributes": {
            "id": "2180631307380814499",
            "triggers": {
              "node_hash": "03c99999e759d0351dcc46d7d1a4b191",
              "script_hash": "a1dcf9fcd3fb1d1efd66fa4f92341355"
            }
          },
          "sensitive_attributes": [],
          "dependencies": [
            "module.mosip_infra.module.aws_infra.module.aws_infrastructure.data.aws_availability_zones.available",
            "module.mosip_infra.module.aws_infra.module.aws_infrastructure.data.aws_ec2_instance_type_offerings.k8s_instance_types",
            "module.mosip_infra.module.aws_infra.module.aws_infrastructure.data.aws_ec2_instance_type_offerings.nginx_instance_types",
            "module.mosip_infra.module.aws_infra.module.aws_infrastructure.data.aws_subnets.private_subnets",
            "module.mosip_infra.module.aws_infra.module.aws_infrastructure.data.aws_subnets.public_subnets",
            "module.mosip_infra.module.aws_infra.module.aws_infrastructure.data.aws_vpc.existing_vpc",
            "module.mosip_infra.module.aws_infra.module.aws_infrastructure.module.aws-resource-creation.aws_iam_instance_profile.certbot_profile",
            "module.mosip_infra.module.aws_infra.module.aws_infrastructure.module.aws-resource-creation.aws_iam_policy.certbot_policy",
            "module.mosip_infra.module.aws_infra.module.aws_infrastructure.module.aws-resource-creation.aws_iam_role.certbot_role",
            "module.mosip_infra.module.aws_infra.module.aws_infrastructure.module.aws-resource-creation.aws_iam_role_policy_attachment.certbot_policy_attachment",
            "module.mosip_infra.module.aws_infra.module.aws_infrastructure.module.aws-resource-creation.aws_instance.K8S_CLUSTER_EC2_INSTANCE",
            "module.mosip_infra.module.aws_infra.module.aws_infrastructure.module.aws-resource-creation.aws_instance.NGINX_EC2_INSTANCE",
            "module.mosip_infra.module.aws_infra.module.aws_infrastructure.module.aws-resource-creation.aws_route53_record.DNS_RECORDS",
            "module.mosip_infra.module.aws_infra.module.aws_infrastructure.module.aws-resource-creation.aws_security_group.security-group",
            "module.mosip_infra.module.aws_infra.module.aws_infrastructure.module.nginx-setup.null_resource.Nginx-setup",
            "module.mosip_infra.module.aws_infra.module.aws_infrastructure.module.rke2-setup.null_resource.rke2-primary-cluster-setup",
            "module.mosip_infra.module.aws_infra.module.aws_infrastructure.module.rke2-setup.random_string.K8S_TOKEN"
          ]
        },
        {
          "index_key": "soil3-WORKER-NODE-1",
          "schema_version": 0,
          "attributes": {
            "id": "3700724651570972375",
            "triggers": {
              "node_hash": "03c99999e759d0351dcc46d7d1a4b191",
              "script_hash": "a1dcf9fcd3fb1d1efd66fa4f92341355"
            }
          },
          "sensitive_attributes": [],
          "dependencies": [
            "module.mosip_infra.module.aws_infra.module.aws_infrastructure.data.aws_availability_zones.available",
            "module.mosip_infra.module.aws_infra.module.aws_infrastructure.data.aws_ec2_instance_type_offerings.k8s_instance_types",
            "module.mosip_infra.module.aws_infra.module.aws_infrastructure.data.aws_ec2_instance_type_offerings.nginx_instance_types",
            "module.mosip_infra.module.aws_infra.module.aws_infrastructure.data.aws_subnets.private_subnets",
            "module.mosip_infra.module.aws_infra.module.aws_infrastructure.data.aws_subnets.public_subnets",
            "module.mosip_infra.module.aws_infra.module.aws_infrastructure.data.aws_vpc.existing_vpc",
            "module.mosip_infra.module.aws_infra.module.aws_infrastructure.module.aws-resource-creation.aws_iam_instance_profile.certbot_profile",
            "module.mosip_infra.module.aws_infra.module.aws_infrastructure.module.aws-resource-creation.aws_iam_policy.certbot_policy",
            "module.mosip_infra.module.aws_infra.module.aws_infrastructure.module.aws-resource-creation.aws_iam_role.certbot_role",
            "module.mosip_infra.module.aws_infra.module.aws_infrastructure.module.aws-resource-creation.aws_iam_role_policy_attachment.certbot_policy_attachment",
            "module.mosip_infra.module.aws_infra.module.aws_infrastructure.module.aws-resource-creation.aws_instance.K8S_CLUSTER_EC2_INSTANCE",
            "module.mosip_infra.module.aws_infra.module.aws_infrastructure.module.aws-resource-creation.aws_instance.NGINX_EC2_INSTANCE",
            "module.mosip_infra.module.aws_infra.module.aws_infrastructure.module.aws-resource-creation.aws_route53_record.DNS_RECORDS",
            "module.mosip_infra.module.aws_infra.module.aws_infrastructure.module.aws-resource-creation.aws_security_group.security-group",
            "module.mosip_infra.module.aws_infra.module.aws_infrastructure.module.nginx-setup.null_resource.Nginx-setup",
            "module.mosip_infra.module.aws_infra.module.aws_infrastructure.module.rke2-setup.null_resource.rke2-primary-cluster-setup",
            "module.mosip_infra.module.aws_infra.module.aws_infrastructure.module.rke2-setup.random_string.K8S_TOKEN"
          ]
        },
        {
          "index_key": "soil3-WORKER-NODE-2",
          "schema_version": 0,
          "attributes": {
            "id": "8805543147394636012",
            "triggers": {
              "node_hash": "03c99999e759d0351dcc46d7d1a4b191",
              "script_hash": "a1dcf9fcd3fb1d1efd66fa4f92341355"
            }
          },
          "sensitive_attributes": [],
          "dependencies": [
            "module.mosip_infra.module.aws_infra.module.aws_infrastructure.data.aws_availability_zones.available",
            "module.mosip_infra.module.aws_infra.module.aws_infrastructure.data.aws_ec2_instance_type_offerings.k8s_instance_types",
            "module.mosip_infra.module.aws_infra.module.aws_infrastructure.data.aws_ec2_instance_type_offerings.nginx_instance_types",
            "module.mosip_infra.module.aws_infra.module.aws_infrastructure.data.aws_subnets.private_subnets",
            "module.mosip_infra.module.aws_infra.module.aws_infrastructure.data.aws_subnets.public_subnets",
            "module.mosip_infra.module.aws_infra.module.aws_infrastructure.data.aws_vpc.existing_vpc",
            "module.mosip_infra.module.aws_infra.module.aws_infrastructure.module.aws-resource-creation.aws_iam_instance_profile.certbot_profile",
            "module.mosip_infra.module.aws_infra.module.aws_infrastructure.module.aws-resource-creation.aws_iam_policy.certbot_policy",
            "module.mosip_infra.module.aws_infra.module.aws_infrastructure.module.aws-resource-creation.aws_iam_role.certbot_role",
            "module.mosip_infra.module.aws_infra.module.aws_infrastructure.module.aws-resource-creation.aws_iam_role_policy_attachment.certbot_policy_attachment",
            "module.mosip_infra.module.aws_infra.module.aws_infrastructure.module.aws-resource-creation.aws_instance.K8S_CLUSTER_EC2_INSTANCE",
            "module.mosip_infra.module.aws_infra.module.aws_infrastructure.module.aws-resource-creation.aws_instance.NGINX_EC2_INSTANCE",
            "module.mosip_infra.module.aws_infra.module.aws_infrastructure.module.aws-resource-creation.aws_route53_record.DNS_RECORDS",
            "module.mosip_infra.module.aws_infra.module.aws_infrastructure.module.aws-resource-creation.aws_security_group.security-group",
            "module.mosip_infra.module.aws_infra.module.aws_infrastructure.module.nginx-setup.null_resource.Nginx-setup",
            "module.mosip_infra.module.aws_infra.module.aws_infrastructure.module.rke2-setup.null_resource.rke2-primary-cluster-setup",
            "module.mosip_infra.module.aws_infra.module.aws_infrastructure.module.rke2-setup.random_string.K8S_TOKEN"
          ]
        }
      ]
    },
    {
      "module": "module.mosip_infra.module.aws_infra[0].module.aws_infrastructure.module.rke2-setup",
      "mode": "managed",
      "type": "null_resource",
      "name": "rke2-primary-cluster-setup",
      "provider": "provider[\"registry.terraform.io/hashicorp/null\"]",
      "instances": [
        {
          "schema_version": 0,
          "attributes": {
            "id": "640526253004584228",
            "triggers": null
          },
          "sensitive_attributes": [],
          "dependencies": [
            "module.mosip_infra.module.aws_infra.module.aws_infrastructure.data.aws_availability_zones.available",
            "module.mosip_infra.module.aws_infra.module.aws_infrastructure.data.aws_ec2_instance_type_offerings.k8s_instance_types",
            "module.mosip_infra.module.aws_infra.module.aws_infrastructure.data.aws_ec2_instance_type_offerings.nginx_instance_types",
            "module.mosip_infra.module.aws_infra.module.aws_infrastructure.data.aws_subnets.private_subnets",
            "module.mosip_infra.module.aws_infra.module.aws_infrastructure.data.aws_subnets.public_subnets",
            "module.mosip_infra.module.aws_infra.module.aws_infrastructure.data.aws_vpc.existing_vpc",
            "module.mosip_infra.module.aws_infra.module.aws_infrastructure.module.aws-resource-creation.aws_iam_instance_profile.certbot_profile",
            "module.mosip_infra.module.aws_infra.module.aws_infrastructure.module.aws-resource-creation.aws_iam_policy.certbot_policy",
            "module.mosip_infra.module.aws_infra.module.aws_infrastructure.module.aws-resource-creation.aws_iam_role.certbot_role",
            "module.mosip_infra.module.aws_infra.module.aws_infrastructure.module.aws-resource-creation.aws_iam_role_policy_attachment.certbot_policy_attachment",
            "module.mosip_infra.module.aws_infra.module.aws_infrastructure.module.aws-resource-creation.aws_instance.K8S_CLUSTER_EC2_INSTANCE",
            "module.mosip_infra.module.aws_infra.module.aws_infrastructure.module.aws-resource-creation.aws_instance.NGINX_EC2_INSTANCE",
            "module.mosip_infra.module.aws_infra.module.aws_infrastructure.module.aws-resource-creation.aws_route53_record.DNS_RECORDS",
            "module.mosip_infra.module.aws_infra.module.aws_infrastructure.module.aws-resource-creation.aws_security_group.security-group",
            "module.mosip_infra.module.aws_infra.module.aws_infrastructure.module.nginx-setup.null_resource.Nginx-setup",
            "module.mosip_infra.module.aws_infra.module.aws_infrastructure.module.rke2-setup.random_string.K8S_TOKEN"
          ]
        }
      ]
    },
    {
      "module": "module.mosip_infra.module.aws_infra[0].module.aws_infrastructure.module.rke2-setup",
      "mode": "managed",
      "type": "random_string",
      "name": "K8S_TOKEN",
      "provider": "provider[\"registry.terraform.io/hashicorp/random\"]",
      "instances": [
        {
          "schema_version": 2,
          "attributes": {
            "id": "5eSQ4e4yoSEjo04daytaHQYSnzqR2RiN",
            "keepers": null,
            "length": 32,
            "lower": true,
            "min_lower": 0,
            "min_numeric": 0,
            "min_special": 0,
            "min_upper": 0,
            "number": true,
            "numeric": true,
            "override_special": null,
            "result": "5eSQ4e4yoSEjo04daytaHQYSnzqR2RiN",
            "special": false,
            "upper": true
          },
          "sensitive_attributes": [],
          "dependencies": [
            "module.mosip_infra.module.aws_infra.module.aws_infrastructure.data.aws_availability_zones.available",
            "module.mosip_infra.module.aws_infra.module.aws_infrastructure.data.aws_ec2_instance_type_offerings.k8s_instance_types",
            "module.mosip_infra.module.aws_infra.module.aws_infrastructure.data.aws_ec2_instance_type_offerings.nginx_instance_types",
            "module.mosip_infra.module.aws_infra.module.aws_infrastructure.data.aws_subnets.private_subnets",
            "module.mosip_infra.module.aws_infra.module.aws_infrastructure.data.aws_subnets.public_subnets",
            "module.mosip_infra.module.aws_infra.module.aws_infrastructure.data.aws_vpc.existing_vpc",
            "module.mosip_infra.module.aws_infra.module.aws_infrastructure.module.aws-resource-creation.aws_iam_instance_profile.certbot_profile",
            "module.mosip_infra.module.aws_infra.module.aws_infrastructure.module.aws-resource-creation.aws_iam_policy.certbot_policy",
            "module.mosip_infra.module.aws_infra.module.aws_infrastructure.module.aws-resource-creation.aws_iam_role.certbot_role",
            "module.mosip_infra.module.aws_infra.module.aws_infrastructure.module.aws-resource-creation.aws_iam_role_policy_attachment.certbot_policy_attachment",
            "module.mosip_infra.module.aws_infra.module.aws_infrastructure.module.aws-resource-creation.aws_instance.K8S_CLUSTER_EC2_INSTANCE",
            "module.mosip_infra.module.aws_infra.module.aws_infrastructure.module.aws-resource-creation.aws_instance.NGINX_EC2_INSTANCE",
            "module.mosip_infra.module.aws_infra.module.aws_infrastructure.module.aws-resource-creation.aws_route53_record.DNS_RECORDS",
            "module.mosip_infra.module.aws_infra.module.aws_infrastructure.module.aws-resource-creation.aws_security_group.security-group",
            "module.mosip_infra.module.aws_infra.module.aws_infrastructure.module.nginx-setup.null_resource.Nginx-setup"
          ]
        }
      ]
    }
  ],
  "check_results": null
}
