{
  "version": 4,
  "terraform_version": "1.8.5",
  "serial": 363,
  "lineage": "ab5af1f3-dc3e-638e-3fb5-fd8345685862",
  "outputs": {
    "cluster_info": {
      "value": {
        "cloud_provider": "aws",
        "cluster_env_domain": "soil.mosip.net",
        "cluster_name": "soil"
      },
      "type": [
        "object",
        {
          "cloud_provider": "string",
          "cluster_env_domain": "string",
          "cluster_name": "string"
        }
      ]
    },
    "vpc_id": {
      "value": "vpc-034f89e7c01cabf74",
      "type": "string"
    }
  },
  "resources": [
    {
      "module": "module.mosip_infra.module.aws_infra[0].module.aws_infrastructure",
      "mode": "data",
      "type": "aws_availability_zones",
      "name": "available",
      "provider": "provider[\"registry.terraform.io/hashicorp/aws\"]",
      "instances": [
        {
          "schema_version": 0,
          "attributes": {
            "all_availability_zones": null,
            "exclude_names": null,
            "exclude_zone_ids": null,
            "filter": null,
            "group_names": [
              "ap-south-1-zg-1"
            ],
            "id": "ap-south-1",
            "names": [
              "ap-south-1a",
              "ap-south-1b",
              "ap-south-1c"
            ],
            "state": "available",
            "timeouts": null,
            "zone_ids": [
              "aps1-az1",
              "aps1-az3",
              "aps1-az2"
            ]
          },
          "sensitive_attributes": []
        }
      ]
    },
    {
      "module": "module.mosip_infra.module.aws_infra[0].module.aws_infrastructure",
      "mode": "data",
      "type": "aws_ec2_instance_type_offerings",
      "name": "k8s_instance_types",
      "provider": "provider[\"registry.terraform.io/hashicorp/aws\"]",
      "instances": [
        {
          "index_key": "ap-south-1a",
          "schema_version": 0,
          "attributes": {
            "filter": [
              {
                "name": "instance-type",
                "values": [
                  "t3a.2xlarge"
                ]
              },
              {
                "name": "location",
                "values": [
                  "ap-south-1a"
                ]
              }
            ],
            "id": "ap-south-1",
            "instance_types": [
              "t3a.2xlarge"
            ],
            "location_type": "availability-zone",
            "location_types": [
              "availability-zone"
            ],
            "locations": [
              "ap-south-1a"
            ],
            "timeouts": null
          },
          "sensitive_attributes": []
        },
        {
          "index_key": "ap-south-1b",
          "schema_version": 0,
          "attributes": {
            "filter": [
              {
                "name": "instance-type",
                "values": [
                  "t3a.2xlarge"
                ]
              },
              {
                "name": "location",
                "values": [
                  "ap-south-1b"
                ]
              }
            ],
            "id": "ap-south-1",
            "instance_types": [
              "t3a.2xlarge"
            ],
            "location_type": "availability-zone",
            "location_types": [
              "availability-zone"
            ],
            "locations": [
              "ap-south-1b"
            ],
            "timeouts": null
          },
          "sensitive_attributes": []
        },
        {
          "index_key": "ap-south-1c",
          "schema_version": 0,
          "attributes": {
            "filter": [
              {
                "name": "instance-type",
                "values": [
                  "t3a.2xlarge"
                ]
              },
              {
                "name": "location",
                "values": [
                  "ap-south-1c"
                ]
              }
            ],
            "id": "ap-south-1",
            "instance_types": [
              "t3a.2xlarge"
            ],
            "location_type": "availability-zone",
            "location_types": [
              "availability-zone"
            ],
            "locations": [
              "ap-south-1c"
            ],
            "timeouts": null
          },
          "sensitive_attributes": []
        }
      ]
    },
    {
      "module": "module.mosip_infra.module.aws_infra[0].module.aws_infrastructure",
      "mode": "data",
      "type": "aws_ec2_instance_type_offerings",
      "name": "nginx_instance_types",
      "provider": "provider[\"registry.terraform.io/hashicorp/aws\"]",
      "instances": [
        {
          "index_key": "ap-south-1a",
          "schema_version": 0,
          "attributes": {
            "filter": [
              {
                "name": "instance-type",
                "values": [
                  "t3a.2xlarge"
                ]
              },
              {
                "name": "location",
                "values": [
                  "ap-south-1a"
                ]
              }
            ],
            "id": "ap-south-1",
            "instance_types": [
              "t3a.2xlarge"
            ],
            "location_type": "availability-zone",
            "location_types": [
              "availability-zone"
            ],
            "locations": [
              "ap-south-1a"
            ],
            "timeouts": null
          },
          "sensitive_attributes": []
        },
        {
          "index_key": "ap-south-1b",
          "schema_version": 0,
          "attributes": {
            "filter": [
              {
                "name": "instance-type",
                "values": [
                  "t3a.2xlarge"
                ]
              },
              {
                "name": "location",
                "values": [
                  "ap-south-1b"
                ]
              }
            ],
            "id": "ap-south-1",
            "instance_types": [
              "t3a.2xlarge"
            ],
            "location_type": "availability-zone",
            "location_types": [
              "availability-zone"
            ],
            "locations": [
              "ap-south-1b"
            ],
            "timeouts": null
          },
          "sensitive_attributes": []
        },
        {
          "index_key": "ap-south-1c",
          "schema_version": 0,
          "attributes": {
            "filter": [
              {
                "name": "instance-type",
                "values": [
                  "t3a.2xlarge"
                ]
              },
              {
                "name": "location",
                "values": [
                  "ap-south-1c"
                ]
              }
            ],
            "id": "ap-south-1",
            "instance_types": [
              "t3a.2xlarge"
            ],
            "location_type": "availability-zone",
            "location_types": [
              "availability-zone"
            ],
            "locations": [
              "ap-south-1c"
            ],
            "timeouts": null
          },
          "sensitive_attributes": []
        }
      ]
    },
    {
      "module": "module.mosip_infra.module.aws_infra[0].module.aws_infrastructure",
      "mode": "data",
      "type": "aws_subnets",
      "name": "private_subnets",
      "provider": "provider[\"registry.terraform.io/hashicorp/aws\"]",
      "instances": [
        {
          "schema_version": 0,
          "attributes": {
            "filter": [
              {
                "name": "availability-zone",
                "values": [
                  "ap-south-1a",
                  "ap-south-1b",
                  "ap-south-1c"
                ]
              },
              {
                "name": "vpc-id",
                "values": [
                  "vpc-034f89e7c01cabf74"
                ]
              }
            ],
            "id": "ap-south-1",
            "ids": [
              "subnet-0cb3018e6136c52ec",
              "subnet-0ef4971136b7c1faa"
            ],
            "tags": {
              "Type": "Private"
            },
            "timeouts": null
          },
          "sensitive_attributes": []
        }
      ]
    },
    {
      "module": "module.mosip_infra.module.aws_infra[0].module.aws_infrastructure",
      "mode": "data",
      "type": "aws_subnets",
      "name": "public_subnets",
      "provider": "provider[\"registry.terraform.io/hashicorp/aws\"]",
      "instances": [
        {
          "schema_version": 0,
          "attributes": {
            "filter": [
              {
                "name": "availability-zone",
                "values": [
                  "ap-south-1a",
                  "ap-south-1b",
                  "ap-south-1c"
                ]
              },
              {
                "name": "vpc-id",
                "values": [
                  "vpc-034f89e7c01cabf74"
                ]
              }
            ],
            "id": "ap-south-1",
            "ids": [
              "subnet-0b8d2671904225d00",
              "subnet-0d12cf6c8ad0833e5"
            ],
            "tags": {
              "Type": "Public"
            },
            "timeouts": null
          },
          "sensitive_attributes": []
        }
      ]
    },
    {
      "module": "module.mosip_infra.module.aws_infra[0].module.aws_infrastructure",
      "mode": "data",
      "type": "aws_vpc",
      "name": "existing_vpc",
      "provider": "provider[\"registry.terraform.io/hashicorp/aws\"]",
      "instances": [
        {
          "schema_version": 0,
          "attributes": {
            "arn": "arn:aws:ec2:ap-south-1:931337674770:vpc/vpc-034f89e7c01cabf74",
            "cidr_block": "10.0.0.0/16",
            "cidr_block_associations": [
              {
                "association_id": "vpc-cidr-assoc-0c2e3de859e49b3e9",
                "cidr_block": "10.0.0.0/16",
                "state": "associated"
              }
            ],
            "default": false,
            "dhcp_options_id": "dopt-d617d0bd",
            "enable_dns_hostnames": true,
            "enable_dns_support": true,
            "enable_network_address_usage_metrics": false,
            "filter": null,
            "id": "vpc-034f89e7c01cabf74",
            "instance_tenancy": "default",
            "ipv6_association_id": "",
            "ipv6_cidr_block": "",
            "main_route_table_id": "rtb-020c02c5fb2fd4f86",
            "owner_id": "931337674770",
            "state": null,
            "tags": {
              "Environment": "dev",
              "Name": "mosip-boxes",
              "Project": "mosip"
            },
            "timeouts": null
          },
          "sensitive_attributes": []
        }
      ]
    },
    {
      "module": "module.mosip_infra.module.aws_infra[0].module.aws_infrastructure",
      "mode": "managed",
      "type": "null_resource",
      "name": "instance_type_validation",
      "provider": "provider[\"registry.terraform.io/hashicorp/null\"]",
      "instances": [
        {
          "schema_version": 0,
          "attributes": {
            "id": "6236219127002919523",
            "triggers": {
              "common_azs": "3",
              "k8s_available_azs": "3",
              "k8s_instance_type": "t3a.2xlarge",
              "min_azs_needed": "3",
              "nginx_available_azs": "3",
              "nginx_instance_type": "t3a.2xlarge",
              "total_k8s_nodes": "8"
            }
          },
          "sensitive_attributes": [],
          "dependencies": [
            "module.mosip_infra.module.aws_infra.module.aws_infrastructure.data.aws_availability_zones.available",
            "module.mosip_infra.module.aws_infra.module.aws_infrastructure.data.aws_ec2_instance_type_offerings.k8s_instance_types",
            "module.mosip_infra.module.aws_infra.module.aws_infrastructure.data.aws_ec2_instance_type_offerings.nginx_instance_types"
          ]
        }
      ]
    },
    {
      "module": "module.mosip_infra.module.aws_infra[0].module.aws_infrastructure.module.aws-resource-creation",
      "mode": "managed",
      "type": "aws_iam_instance_profile",
      "name": "certbot_profile",
      "provider": "provider[\"registry.terraform.io/hashicorp/aws\"]",
      "instances": [
        {
          "schema_version": 0,
          "attributes": {
            "arn": "arn:aws:iam::931337674770:instance-profile/soil-certbot-instance-profile",
            "create_date": "2025-08-18T13:36:37Z",
            "id": "soil-certbot-instance-profile",
            "name": "soil-certbot-instance-profile",
            "name_prefix": "",
            "path": "/",
            "role": "soil-certbot-route53-role",
            "tags": null,
            "tags_all": {},
            "unique_id": "AIPA5RWANEAJGKAQWBK45"
          },
          "sensitive_attributes": [],
          "private": "bnVsbA==",
          "dependencies": [
            "module.mosip_infra.module.aws_infra.module.aws_infrastructure.module.aws-resource-creation.aws_iam_role.certbot_role"
          ]
        }
      ]
    },
    {
      "module": "module.mosip_infra.module.aws_infra[0].module.aws_infrastructure.module.aws-resource-creation",
      "mode": "managed",
      "type": "aws_iam_policy",
      "name": "certbot_policy",
      "provider": "provider[\"registry.terraform.io/hashicorp/aws\"]",
      "instances": [
        {
          "schema_version": 0,
          "attributes": {
            "arn": "arn:aws:iam::931337674770:policy/soil-certbot-route53-policy",
            "attachment_count": 0,
            "description": "Allow Certbot to modify Route 53 records",
            "id": "arn:aws:iam::931337674770:policy/soil-certbot-route53-policy",
            "name": "soil-certbot-route53-policy",
            "name_prefix": "",
            "path": "/",
            "policy": "{\"Statement\":[{\"Action\":[\"route53:ListHostedZones\",\"route53:GetChange\",\"route53:ChangeResourceRecordSets\"],\"Effect\":\"Allow\",\"Resource\":\"*\"}],\"Version\":\"2012-10-17\"}",
            "policy_id": "ANPA5RWANEAJEMPHGWCFE",
            "tags": {
              "Cluster": "soil",
              "Name": "soil-certbot-route53-policy"
            },
            "tags_all": {
              "Cluster": "soil",
              "Name": "soil-certbot-route53-policy"
            }
          },
          "sensitive_attributes": [],
          "private": "bnVsbA=="
        }
      ]
    },
    {
      "module": "module.mosip_infra.module.aws_infra[0].module.aws_infrastructure.module.aws-resource-creation",
      "mode": "managed",
      "type": "aws_iam_role",
      "name": "certbot_role",
      "provider": "provider[\"registry.terraform.io/hashicorp/aws\"]",
      "instances": [
        {
          "schema_version": 0,
          "attributes": {
            "arn": "arn:aws:iam::931337674770:role/soil-certbot-route53-role",
            "assume_role_policy": "{\"Statement\":[{\"Action\":\"sts:AssumeRole\",\"Effect\":\"Allow\",\"Principal\":{\"Service\":\"ec2.amazonaws.com\"}}],\"Version\":\"2012-10-17\"}",
            "create_date": "2025-08-18T13:36:36Z",
            "description": "",
            "force_detach_policies": false,
            "id": "soil-certbot-route53-role",
            "inline_policy": [],
            "managed_policy_arns": [],
            "max_session_duration": 3600,
            "name": "soil-certbot-route53-role",
            "name_prefix": "",
            "path": "/",
            "permissions_boundary": "",
            "tags": {
              "Cluster": "soil",
              "Name": "soil-certbot-route53-role"
            },
            "tags_all": {
              "Cluster": "soil",
              "Name": "soil-certbot-route53-role"
            },
            "unique_id": "AROA5RWANEAJNDNHGHQX3"
          },
          "sensitive_attributes": [],
          "private": "bnVsbA=="
        }
      ]
    },
    {
      "module": "module.mosip_infra.module.aws_infra[0].module.aws_infrastructure.module.aws-resource-creation",
      "mode": "managed",
      "type": "aws_iam_role_policy_attachment",
      "name": "certbot_policy_attachment",
      "provider": "provider[\"registry.terraform.io/hashicorp/aws\"]",
      "instances": [
        {
          "schema_version": 0,
          "attributes": {
            "id": "soil-certbot-route53-role-20250818133637448900000005",
            "policy_arn": "arn:aws:iam::931337674770:policy/soil-certbot-route53-policy",
            "role": "soil-certbot-route53-role"
          },
          "sensitive_attributes": [],
          "private": "bnVsbA==",
          "dependencies": [
            "module.mosip_infra.module.aws_infra.module.aws_infrastructure.module.aws-resource-creation.aws_iam_policy.certbot_policy",
            "module.mosip_infra.module.aws_infra.module.aws_infrastructure.module.aws-resource-creation.aws_iam_role.certbot_role"
          ]
        }
      ]
    },
    {
      "module": "module.mosip_infra.module.aws_infra[0].module.aws_infrastructure.module.aws-resource-creation",
      "mode": "managed",
      "type": "aws_instance",
      "name": "K8S_CLUSTER_EC2_INSTANCE",
      "provider": "provider[\"registry.terraform.io/hashicorp/aws\"]",
      "instances": [
        {
          "index_key": "CONTROL-PLANE-NODE-1",
          "schema_version": 1,
          "attributes": {
            "ami": "ami-0ad21ae1d0696ad58",
            "arn": "arn:aws:ec2:ap-south-1:931337674770:instance/i-03b4195903cdcbc38",
            "associate_public_ip_address": false,
            "availability_zone": "ap-south-1a",
            "capacity_reservation_specification": [
              {
                "capacity_reservation_preference": "open",
                "capacity_reservation_target": []
              }
            ],
            "cpu_core_count": 4,
            "cpu_options": [
              {
                "amd_sev_snp": "",
                "core_count": 4,
                "threads_per_core": 2
              }
            ],
            "cpu_threads_per_core": 2,
            "credit_specification": [
              {
                "cpu_credits": "unlimited"
              }
            ],
            "disable_api_stop": false,
            "disable_api_termination": false,
            "ebs_block_device": [],
            "ebs_optimized": false,
            "enclave_options": [
              {
                "enabled": false
              }
            ],
            "ephemeral_block_device": [],
            "get_password_data": false,
            "hibernation": false,
            "host_id": "",
            "host_resource_group_arn": null,
            "iam_instance_profile": "",
            "id": "i-03b4195903cdcbc38",
            "instance_initiated_shutdown_behavior": "stop",
            "instance_lifecycle": "",
            "instance_market_options": [],
            "instance_state": "running",
            "instance_type": "t3a.2xlarge",
            "ipv6_address_count": 0,
            "ipv6_addresses": [],
            "key_name": "mosip-aws",
            "launch_template": [],
            "maintenance_options": [
              {
                "auto_recovery": "default"
              }
            ],
            "metadata_options": [
              {
                "http_endpoint": "enabled",
                "http_protocol_ipv6": "disabled",
                "http_put_response_hop_limit": 2,
                "http_tokens": "required",
                "instance_metadata_tags": "disabled"
              }
            ],
            "monitoring": false,
            "network_interface": [],
            "outpost_arn": "",
            "password_data": "",
            "placement_group": "",
            "placement_partition_number": 0,
            "primary_network_interface_id": "eni-05f4d0f30055da451",
            "private_dns": "ip-10-0-3-29.ap-south-1.compute.internal",
            "private_dns_name_options": [
              {
                "enable_resource_name_dns_a_record": false,
                "enable_resource_name_dns_aaaa_record": false,
                "hostname_type": "ip-name"
              }
            ],
            "private_ip": "10.0.3.29",
            "public_dns": "",
            "public_ip": "",
            "root_block_device": [
              {
                "delete_on_termination": true,
                "device_name": "/dev/sda1",
                "encrypted": false,
                "iops": 3000,
                "kms_key_id": "",
                "tags": {
                  "Cluster": "soil",
                  "Name": "soil-CONTROL-PLANE-NODE-1"
                },
                "tags_all": {
                  "Cluster": "soil",
                  "Name": "soil-CONTROL-PLANE-NODE-1"
                },
                "throughput": 125,
                "volume_id": "vol-0661f17147b19a345",
                "volume_size": 64,
                "volume_type": "gp3"
              }
            ],
            "secondary_private_ips": [],
            "security_groups": [],
            "source_dest_check": true,
            "spot_instance_request_id": "",
            "subnet_id": "subnet-0cb3018e6136c52ec",
            "tags": {
              "Cluster": "soil",
              "Name": "soil-CONTROL-PLANE-NODE-1"
            },
            "tags_all": {
              "Cluster": "soil",
              "Name": "soil-CONTROL-PLANE-NODE-1"
            },
            "tenancy": "default",
            "timeouts": null,
            "user_data": "d0a752face7eab3a8ebb5e00c63c109890f75dac",
            "user_data_base64": null,
            "user_data_replace_on_change": false,
            "volume_tags": null,
            "vpc_security_group_ids": [
              "sg-0e72a64f76770f511"
            ]
          },
          "sensitive_attributes": [],
          "private": "eyJlMmJmYjczMC1lY2FhLTExZTYtOGY4OC0zNDM2M2JjN2M0YzAiOnsiY3JlYXRlIjo2MDAwMDAwMDAwMDAsImRlbGV0ZSI6MTIwMDAwMDAwMDAwMCwicmVhZCI6OTAwMDAwMDAwMDAwLCJ1cGRhdGUiOjYwMDAwMDAwMDAwMH0sInNjaGVtYV92ZXJzaW9uIjoiMSJ9",
          "dependencies": [
            "module.mosip_infra.module.aws_infra.module.aws_infrastructure.data.aws_availability_zones.available",
            "module.mosip_infra.module.aws_infra.module.aws_infrastructure.data.aws_ec2_instance_type_offerings.k8s_instance_types",
            "module.mosip_infra.module.aws_infra.module.aws_infrastructure.data.aws_ec2_instance_type_offerings.nginx_instance_types",
            "module.mosip_infra.module.aws_infra.module.aws_infrastructure.data.aws_subnets.private_subnets",
            "module.mosip_infra.module.aws_infra.module.aws_infrastructure.data.aws_vpc.existing_vpc",
            "module.mosip_infra.module.aws_infra.module.aws_infrastructure.module.aws-resource-creation.aws_security_group.security-group"
          ]
        },
        {
          "index_key": "CONTROL-PLANE-NODE-2",
          "schema_version": 1,
          "attributes": {
            "ami": "ami-0ad21ae1d0696ad58",
            "arn": "arn:aws:ec2:ap-south-1:931337674770:instance/i-0fa40df4c1cb538a0",
            "associate_public_ip_address": false,
            "availability_zone": "ap-south-1b",
            "capacity_reservation_specification": [
              {
                "capacity_reservation_preference": "open",
                "capacity_reservation_target": []
              }
            ],
            "cpu_core_count": 4,
            "cpu_options": [
              {
                "amd_sev_snp": "",
                "core_count": 4,
                "threads_per_core": 2
              }
            ],
            "cpu_threads_per_core": 2,
            "credit_specification": [
              {
                "cpu_credits": "unlimited"
              }
            ],
            "disable_api_stop": false,
            "disable_api_termination": false,
            "ebs_block_device": [],
            "ebs_optimized": false,
            "enclave_options": [
              {
                "enabled": false
              }
            ],
            "ephemeral_block_device": [],
            "get_password_data": false,
            "hibernation": false,
            "host_id": "",
            "host_resource_group_arn": null,
            "iam_instance_profile": "",
            "id": "i-0fa40df4c1cb538a0",
            "instance_initiated_shutdown_behavior": "stop",
            "instance_lifecycle": "",
            "instance_market_options": [],
            "instance_state": "running",
            "instance_type": "t3a.2xlarge",
            "ipv6_address_count": 0,
            "ipv6_addresses": [],
            "key_name": "mosip-aws",
            "launch_template": [],
            "maintenance_options": [
              {
                "auto_recovery": "default"
              }
            ],
            "metadata_options": [
              {
                "http_endpoint": "enabled",
                "http_protocol_ipv6": "disabled",
                "http_put_response_hop_limit": 2,
                "http_tokens": "required",
                "instance_metadata_tags": "disabled"
              }
            ],
            "monitoring": false,
            "network_interface": [],
            "outpost_arn": "",
            "password_data": "",
            "placement_group": "",
            "placement_partition_number": 0,
            "primary_network_interface_id": "eni-0cea999cf238c68c8",
            "private_dns": "ip-10-0-4-99.ap-south-1.compute.internal",
            "private_dns_name_options": [
              {
                "enable_resource_name_dns_a_record": false,
                "enable_resource_name_dns_aaaa_record": false,
                "hostname_type": "ip-name"
              }
            ],
            "private_ip": "10.0.4.99",
            "public_dns": "",
            "public_ip": "",
            "root_block_device": [
              {
                "delete_on_termination": true,
                "device_name": "/dev/sda1",
                "encrypted": false,
                "iops": 3000,
                "kms_key_id": "",
                "tags": {
                  "Cluster": "soil",
                  "Name": "soil-CONTROL-PLANE-NODE-2"
                },
                "tags_all": {
                  "Cluster": "soil",
                  "Name": "soil-CONTROL-PLANE-NODE-2"
                },
                "throughput": 125,
                "volume_id": "vol-03c4d2bcd34f164d8",
                "volume_size": 64,
                "volume_type": "gp3"
              }
            ],
            "secondary_private_ips": [],
            "security_groups": [],
            "source_dest_check": true,
            "spot_instance_request_id": "",
            "subnet_id": "subnet-0ef4971136b7c1faa",
            "tags": {
              "Cluster": "soil",
              "Name": "soil-CONTROL-PLANE-NODE-2"
            },
            "tags_all": {
              "Cluster": "soil",
              "Name": "soil-CONTROL-PLANE-NODE-2"
            },
            "tenancy": "default",
            "timeouts": null,
            "user_data": "7a9f43761874a2c49a5dfeea0260dcee8f838969",
            "user_data_base64": null,
            "user_data_replace_on_change": false,
            "volume_tags": null,
            "vpc_security_group_ids": [
              "sg-0e72a64f76770f511"
            ]
          },
          "sensitive_attributes": [],
          "private": "eyJlMmJmYjczMC1lY2FhLTExZTYtOGY4OC0zNDM2M2JjN2M0YzAiOnsiY3JlYXRlIjo2MDAwMDAwMDAwMDAsImRlbGV0ZSI6MTIwMDAwMDAwMDAwMCwicmVhZCI6OTAwMDAwMDAwMDAwLCJ1cGRhdGUiOjYwMDAwMDAwMDAwMH0sInNjaGVtYV92ZXJzaW9uIjoiMSJ9",
          "dependencies": [
            "module.mosip_infra.module.aws_infra.module.aws_infrastructure.data.aws_availability_zones.available",
            "module.mosip_infra.module.aws_infra.module.aws_infrastructure.data.aws_ec2_instance_type_offerings.k8s_instance_types",
            "module.mosip_infra.module.aws_infra.module.aws_infrastructure.data.aws_ec2_instance_type_offerings.nginx_instance_types",
            "module.mosip_infra.module.aws_infra.module.aws_infrastructure.data.aws_subnets.private_subnets",
            "module.mosip_infra.module.aws_infra.module.aws_infrastructure.data.aws_vpc.existing_vpc",
            "module.mosip_infra.module.aws_infra.module.aws_infrastructure.module.aws-resource-creation.aws_security_group.security-group"
          ]
        },
        {
          "index_key": "CONTROL-PLANE-NODE-3",
          "schema_version": 1,
          "attributes": {
            "ami": "ami-0ad21ae1d0696ad58",
            "arn": "arn:aws:ec2:ap-south-1:931337674770:instance/i-0a7e13ec0b76a9d85",
            "associate_public_ip_address": false,
            "availability_zone": "ap-south-1a",
            "capacity_reservation_specification": [
              {
                "capacity_reservation_preference": "open",
                "capacity_reservation_target": []
              }
            ],
            "cpu_core_count": 4,
            "cpu_options": [
              {
                "amd_sev_snp": "",
                "core_count": 4,
                "threads_per_core": 2
              }
            ],
            "cpu_threads_per_core": 2,
            "credit_specification": [
              {
                "cpu_credits": "unlimited"
              }
            ],
            "disable_api_stop": false,
            "disable_api_termination": false,
            "ebs_block_device": [],
            "ebs_optimized": false,
            "enclave_options": [
              {
                "enabled": false
              }
            ],
            "ephemeral_block_device": [],
            "get_password_data": false,
            "hibernation": false,
            "host_id": "",
            "host_resource_group_arn": null,
            "iam_instance_profile": "",
            "id": "i-0a7e13ec0b76a9d85",
            "instance_initiated_shutdown_behavior": "stop",
            "instance_lifecycle": "",
            "instance_market_options": [],
            "instance_state": "running",
            "instance_type": "t3a.2xlarge",
            "ipv6_address_count": 0,
            "ipv6_addresses": [],
            "key_name": "mosip-aws",
            "launch_template": [],
            "maintenance_options": [
              {
                "auto_recovery": "default"
              }
            ],
            "metadata_options": [
              {
                "http_endpoint": "enabled",
                "http_protocol_ipv6": "disabled",
                "http_put_response_hop_limit": 2,
                "http_tokens": "required",
                "instance_metadata_tags": "disabled"
              }
            ],
            "monitoring": false,
            "network_interface": [],
            "outpost_arn": "",
            "password_data": "",
            "placement_group": "",
            "placement_partition_number": 0,
            "primary_network_interface_id": "eni-0a8ccfb1b9ec64e5f",
            "private_dns": "ip-10-0-3-58.ap-south-1.compute.internal",
            "private_dns_name_options": [
              {
                "enable_resource_name_dns_a_record": false,
                "enable_resource_name_dns_aaaa_record": false,
                "hostname_type": "ip-name"
              }
            ],
            "private_ip": "10.0.3.58",
            "public_dns": "",
            "public_ip": "",
            "root_block_device": [
              {
                "delete_on_termination": true,
                "device_name": "/dev/sda1",
                "encrypted": false,
                "iops": 3000,
                "kms_key_id": "",
                "tags": {
                  "Cluster": "soil",
                  "Name": "soil-CONTROL-PLANE-NODE-3"
                },
                "tags_all": {
                  "Cluster": "soil",
                  "Name": "soil-CONTROL-PLANE-NODE-3"
                },
                "throughput": 125,
                "volume_id": "vol-0d80fe66911c295ae",
                "volume_size": 64,
                "volume_type": "gp3"
              }
            ],
            "secondary_private_ips": [],
            "security_groups": [],
            "source_dest_check": true,
            "spot_instance_request_id": "",
            "subnet_id": "subnet-0cb3018e6136c52ec",
            "tags": {
              "Cluster": "soil",
              "Name": "soil-CONTROL-PLANE-NODE-3"
            },
            "tags_all": {
              "Cluster": "soil",
              "Name": "soil-CONTROL-PLANE-NODE-3"
            },
            "tenancy": "default",
            "timeouts": null,
            "user_data": "7089569948326d568f6d8cc727f4556939444b89",
            "user_data_base64": null,
            "user_data_replace_on_change": false,
            "volume_tags": null,
            "vpc_security_group_ids": [
              "sg-0e72a64f76770f511"
            ]
          },
          "sensitive_attributes": [],
          "private": "eyJlMmJmYjczMC1lY2FhLTExZTYtOGY4OC0zNDM2M2JjN2M0YzAiOnsiY3JlYXRlIjo2MDAwMDAwMDAwMDAsImRlbGV0ZSI6MTIwMDAwMDAwMDAwMCwicmVhZCI6OTAwMDAwMDAwMDAwLCJ1cGRhdGUiOjYwMDAwMDAwMDAwMH0sInNjaGVtYV92ZXJzaW9uIjoiMSJ9",
          "dependencies": [
            "module.mosip_infra.module.aws_infra.module.aws_infrastructure.data.aws_availability_zones.available",
            "module.mosip_infra.module.aws_infra.module.aws_infrastructure.data.aws_ec2_instance_type_offerings.k8s_instance_types",
            "module.mosip_infra.module.aws_infra.module.aws_infrastructure.data.aws_ec2_instance_type_offerings.nginx_instance_types",
            "module.mosip_infra.module.aws_infra.module.aws_infrastructure.data.aws_subnets.private_subnets",
            "module.mosip_infra.module.aws_infra.module.aws_infrastructure.data.aws_vpc.existing_vpc",
            "module.mosip_infra.module.aws_infra.module.aws_infrastructure.module.aws-resource-creation.aws_security_group.security-group"
          ]
        },
        {
          "index_key": "ETCD-NODE-1",
          "schema_version": 1,
          "attributes": {
            "ami": "ami-0ad21ae1d0696ad58",
            "arn": "arn:aws:ec2:ap-south-1:931337674770:instance/i-08122ca532b2e8c0f",
            "associate_public_ip_address": false,
            "availability_zone": "ap-south-1a",
            "capacity_reservation_specification": [
              {
                "capacity_reservation_preference": "open",
                "capacity_reservation_target": []
              }
            ],
            "cpu_core_count": 4,
            "cpu_options": [
              {
                "amd_sev_snp": "",
                "core_count": 4,
                "threads_per_core": 2
              }
            ],
            "cpu_threads_per_core": 2,
            "credit_specification": [
              {
                "cpu_credits": "unlimited"
              }
            ],
            "disable_api_stop": false,
            "disable_api_termination": false,
            "ebs_block_device": [],
            "ebs_optimized": false,
            "enclave_options": [
              {
                "enabled": false
              }
            ],
            "ephemeral_block_device": [],
            "get_password_data": false,
            "hibernation": false,
            "host_id": "",
            "host_resource_group_arn": null,
            "iam_instance_profile": "",
            "id": "i-08122ca532b2e8c0f",
            "instance_initiated_shutdown_behavior": "stop",
            "instance_lifecycle": "",
            "instance_market_options": [],
            "instance_state": "running",
            "instance_type": "t3a.2xlarge",
            "ipv6_address_count": 0,
            "ipv6_addresses": [],
            "key_name": "mosip-aws",
            "launch_template": [],
            "maintenance_options": [
              {
                "auto_recovery": "default"
              }
            ],
            "metadata_options": [
              {
                "http_endpoint": "enabled",
                "http_protocol_ipv6": "disabled",
                "http_put_response_hop_limit": 2,
                "http_tokens": "required",
                "instance_metadata_tags": "disabled"
              }
            ],
            "monitoring": false,
            "network_interface": [],
            "outpost_arn": "",
            "password_data": "",
            "placement_group": "",
            "placement_partition_number": 0,
            "primary_network_interface_id": "eni-0310cd1069e3d1274",
            "private_dns": "ip-10-0-3-115.ap-south-1.compute.internal",
            "private_dns_name_options": [
              {
                "enable_resource_name_dns_a_record": false,
                "enable_resource_name_dns_aaaa_record": false,
                "hostname_type": "ip-name"
              }
            ],
            "private_ip": "10.0.3.115",
            "public_dns": "",
            "public_ip": "",
            "root_block_device": [
              {
                "delete_on_termination": true,
                "device_name": "/dev/sda1",
                "encrypted": false,
                "iops": 3000,
                "kms_key_id": "",
                "tags": {
                  "Cluster": "soil",
                  "Name": "soil-ETCD-NODE-1"
                },
                "tags_all": {
                  "Cluster": "soil",
                  "Name": "soil-ETCD-NODE-1"
                },
                "throughput": 125,
                "volume_id": "vol-096a3597ad1b1f6b7",
                "volume_size": 64,
                "volume_type": "gp3"
              }
            ],
            "secondary_private_ips": [],
            "security_groups": [],
            "source_dest_check": true,
            "spot_instance_request_id": "",
            "subnet_id": "subnet-0cb3018e6136c52ec",
            "tags": {
              "Cluster": "soil",
              "Name": "soil-ETCD-NODE-1"
            },
            "tags_all": {
              "Cluster": "soil",
              "Name": "soil-ETCD-NODE-1"
            },
            "tenancy": "default",
            "timeouts": null,
            "user_data": "9683088367a7046f5da03d857dd4c22c8b3fe57f",
            "user_data_base64": null,
            "user_data_replace_on_change": false,
            "volume_tags": null,
            "vpc_security_group_ids": [
              "sg-0157cbaa9d4ad9c44"
            ]
          },
          "sensitive_attributes": [],
          "private": "eyJlMmJmYjczMC1lY2FhLTExZTYtOGY4OC0zNDM2M2JjN2M0YzAiOnsiY3JlYXRlIjo2MDAwMDAwMDAwMDAsImRlbGV0ZSI6MTIwMDAwMDAwMDAwMCwicmVhZCI6OTAwMDAwMDAwMDAwLCJ1cGRhdGUiOjYwMDAwMDAwMDAwMH0sInNjaGVtYV92ZXJzaW9uIjoiMSJ9",
          "dependencies": [
            "module.mosip_infra.module.aws_infra.module.aws_infrastructure.data.aws_availability_zones.available",
            "module.mosip_infra.module.aws_infra.module.aws_infrastructure.data.aws_ec2_instance_type_offerings.k8s_instance_types",
            "module.mosip_infra.module.aws_infra.module.aws_infrastructure.data.aws_ec2_instance_type_offerings.nginx_instance_types",
            "module.mosip_infra.module.aws_infra.module.aws_infrastructure.data.aws_subnets.private_subnets",
            "module.mosip_infra.module.aws_infra.module.aws_infrastructure.data.aws_vpc.existing_vpc",
            "module.mosip_infra.module.aws_infra.module.aws_infrastructure.module.aws-resource-creation.aws_security_group.security-group"
          ]
        },
        {
          "index_key": "ETCD-NODE-2",
          "schema_version": 1,
          "attributes": {
            "ami": "ami-0ad21ae1d0696ad58",
            "arn": "arn:aws:ec2:ap-south-1:931337674770:instance/i-0930958e20505c3c0",
            "associate_public_ip_address": false,
            "availability_zone": "ap-south-1b",
            "capacity_reservation_specification": [
              {
                "capacity_reservation_preference": "open",
                "capacity_reservation_target": []
              }
            ],
            "cpu_core_count": 4,
            "cpu_options": [
              {
                "amd_sev_snp": "",
                "core_count": 4,
                "threads_per_core": 2
              }
            ],
            "cpu_threads_per_core": 2,
            "credit_specification": [
              {
                "cpu_credits": "unlimited"
              }
            ],
            "disable_api_stop": false,
            "disable_api_termination": false,
            "ebs_block_device": [],
            "ebs_optimized": false,
            "enclave_options": [
              {
                "enabled": false
              }
            ],
            "ephemeral_block_device": [],
            "get_password_data": false,
            "hibernation": false,
            "host_id": "",
            "host_resource_group_arn": null,
            "iam_instance_profile": "",
            "id": "i-0930958e20505c3c0",
            "instance_initiated_shutdown_behavior": "stop",
            "instance_lifecycle": "",
            "instance_market_options": [],
            "instance_state": "running",
            "instance_type": "t3a.2xlarge",
            "ipv6_address_count": 0,
            "ipv6_addresses": [],
            "key_name": "mosip-aws",
            "launch_template": [],
            "maintenance_options": [
              {
                "auto_recovery": "default"
              }
            ],
            "metadata_options": [
              {
                "http_endpoint": "enabled",
                "http_protocol_ipv6": "disabled",
                "http_put_response_hop_limit": 2,
                "http_tokens": "required",
                "instance_metadata_tags": "disabled"
              }
            ],
            "monitoring": false,
            "network_interface": [],
            "outpost_arn": "",
            "password_data": "",
            "placement_group": "",
            "placement_partition_number": 0,
            "primary_network_interface_id": "eni-0cc30ecd9fbd4d99f",
            "private_dns": "ip-10-0-4-72.ap-south-1.compute.internal",
            "private_dns_name_options": [
              {
                "enable_resource_name_dns_a_record": false,
                "enable_resource_name_dns_aaaa_record": false,
                "hostname_type": "ip-name"
              }
            ],
            "private_ip": "10.0.4.72",
            "public_dns": "",
            "public_ip": "",
            "root_block_device": [
              {
                "delete_on_termination": true,
                "device_name": "/dev/sda1",
                "encrypted": false,
                "iops": 3000,
                "kms_key_id": "",
                "tags": {
                  "Cluster": "soil",
                  "Name": "soil-ETCD-NODE-2"
                },
                "tags_all": {
                  "Cluster": "soil",
                  "Name": "soil-ETCD-NODE-2"
                },
                "throughput": 125,
                "volume_id": "vol-00601164933b6bbe9",
                "volume_size": 64,
                "volume_type": "gp3"
              }
            ],
            "secondary_private_ips": [],
            "security_groups": [],
            "source_dest_check": true,
            "spot_instance_request_id": "",
            "subnet_id": "subnet-0ef4971136b7c1faa",
            "tags": {
              "Cluster": "soil",
              "Name": "soil-ETCD-NODE-2"
            },
            "tags_all": {
              "Cluster": "soil",
              "Name": "soil-ETCD-NODE-2"
            },
            "tenancy": "default",
            "timeouts": null,
            "user_data": "4d903d56d302442d8486070381b3605a14262c6d",
            "user_data_base64": null,
            "user_data_replace_on_change": false,
            "volume_tags": null,
            "vpc_security_group_ids": [
              "sg-0157cbaa9d4ad9c44"
            ]
          },
          "sensitive_attributes": [],
          "private": "eyJlMmJmYjczMC1lY2FhLTExZTYtOGY4OC0zNDM2M2JjN2M0YzAiOnsiY3JlYXRlIjo2MDAwMDAwMDAwMDAsImRlbGV0ZSI6MTIwMDAwMDAwMDAwMCwicmVhZCI6OTAwMDAwMDAwMDAwLCJ1cGRhdGUiOjYwMDAwMDAwMDAwMH0sInNjaGVtYV92ZXJzaW9uIjoiMSJ9",
          "dependencies": [
            "module.mosip_infra.module.aws_infra.module.aws_infrastructure.data.aws_availability_zones.available",
            "module.mosip_infra.module.aws_infra.module.aws_infrastructure.data.aws_ec2_instance_type_offerings.k8s_instance_types",
            "module.mosip_infra.module.aws_infra.module.aws_infrastructure.data.aws_ec2_instance_type_offerings.nginx_instance_types",
            "module.mosip_infra.module.aws_infra.module.aws_infrastructure.data.aws_subnets.private_subnets",
            "module.mosip_infra.module.aws_infra.module.aws_infrastructure.data.aws_vpc.existing_vpc",
            "module.mosip_infra.module.aws_infra.module.aws_infrastructure.module.aws-resource-creation.aws_security_group.security-group"
          ]
        },
        {
          "index_key": "ETCD-NODE-3",
          "schema_version": 1,
          "attributes": {
            "ami": "ami-0ad21ae1d0696ad58",
            "arn": "arn:aws:ec2:ap-south-1:931337674770:instance/i-070619f1dcd9b9b3c",
            "associate_public_ip_address": false,
            "availability_zone": "ap-south-1a",
            "capacity_reservation_specification": [
              {
                "capacity_reservation_preference": "open",
                "capacity_reservation_target": []
              }
            ],
            "cpu_core_count": 4,
            "cpu_options": [
              {
                "amd_sev_snp": "",
                "core_count": 4,
                "threads_per_core": 2
              }
            ],
            "cpu_threads_per_core": 2,
            "credit_specification": [
              {
                "cpu_credits": "unlimited"
              }
            ],
            "disable_api_stop": false,
            "disable_api_termination": false,
            "ebs_block_device": [],
            "ebs_optimized": false,
            "enclave_options": [
              {
                "enabled": false
              }
            ],
            "ephemeral_block_device": [],
            "get_password_data": false,
            "hibernation": false,
            "host_id": "",
            "host_resource_group_arn": null,
            "iam_instance_profile": "",
            "id": "i-070619f1dcd9b9b3c",
            "instance_initiated_shutdown_behavior": "stop",
            "instance_lifecycle": "",
            "instance_market_options": [],
            "instance_state": "running",
            "instance_type": "t3a.2xlarge",
            "ipv6_address_count": 0,
            "ipv6_addresses": [],
            "key_name": "mosip-aws",
            "launch_template": [],
            "maintenance_options": [
              {
                "auto_recovery": "default"
              }
            ],
            "metadata_options": [
              {
                "http_endpoint": "enabled",
                "http_protocol_ipv6": "disabled",
                "http_put_response_hop_limit": 2,
                "http_tokens": "required",
                "instance_metadata_tags": "disabled"
              }
            ],
            "monitoring": false,
            "network_interface": [],
            "outpost_arn": "",
            "password_data": "",
            "placement_group": "",
            "placement_partition_number": 0,
            "primary_network_interface_id": "eni-04f50885537f2bda9",
            "private_dns": "ip-10-0-3-217.ap-south-1.compute.internal",
            "private_dns_name_options": [
              {
                "enable_resource_name_dns_a_record": false,
                "enable_resource_name_dns_aaaa_record": false,
                "hostname_type": "ip-name"
              }
            ],
            "private_ip": "10.0.3.217",
            "public_dns": "",
            "public_ip": "",
            "root_block_device": [
              {
                "delete_on_termination": true,
                "device_name": "/dev/sda1",
                "encrypted": false,
                "iops": 3000,
                "kms_key_id": "",
                "tags": {
                  "Cluster": "soil",
                  "Name": "soil-ETCD-NODE-3"
                },
                "tags_all": {
                  "Cluster": "soil",
                  "Name": "soil-ETCD-NODE-3"
                },
                "throughput": 125,
                "volume_id": "vol-0f679e47906d286b5",
                "volume_size": 64,
                "volume_type": "gp3"
              }
            ],
            "secondary_private_ips": [],
            "security_groups": [],
            "source_dest_check": true,
            "spot_instance_request_id": "",
            "subnet_id": "subnet-0cb3018e6136c52ec",
            "tags": {
              "Cluster": "soil",
              "Name": "soil-ETCD-NODE-3"
            },
            "tags_all": {
              "Cluster": "soil",
              "Name": "soil-ETCD-NODE-3"
            },
            "tenancy": "default",
            "timeouts": null,
            "user_data": "b16a5398560764c689831a7aa7f168aba1e42bf4",
            "user_data_base64": null,
            "user_data_replace_on_change": false,
            "volume_tags": null,
            "vpc_security_group_ids": [
              "sg-0157cbaa9d4ad9c44"
            ]
          },
          "sensitive_attributes": [],
          "private": "eyJlMmJmYjczMC1lY2FhLTExZTYtOGY4OC0zNDM2M2JjN2M0YzAiOnsiY3JlYXRlIjo2MDAwMDAwMDAwMDAsImRlbGV0ZSI6MTIwMDAwMDAwMDAwMCwicmVhZCI6OTAwMDAwMDAwMDAwLCJ1cGRhdGUiOjYwMDAwMDAwMDAwMH0sInNjaGVtYV92ZXJzaW9uIjoiMSJ9",
          "dependencies": [
            "module.mosip_infra.module.aws_infra.module.aws_infrastructure.data.aws_availability_zones.available",
            "module.mosip_infra.module.aws_infra.module.aws_infrastructure.data.aws_ec2_instance_type_offerings.k8s_instance_types",
            "module.mosip_infra.module.aws_infra.module.aws_infrastructure.data.aws_ec2_instance_type_offerings.nginx_instance_types",
            "module.mosip_infra.module.aws_infra.module.aws_infrastructure.data.aws_subnets.private_subnets",
            "module.mosip_infra.module.aws_infra.module.aws_infrastructure.data.aws_vpc.existing_vpc",
            "module.mosip_infra.module.aws_infra.module.aws_infrastructure.module.aws-resource-creation.aws_security_group.security-group"
          ]
        },
        {
          "index_key": "WORKER-NODE-1",
          "schema_version": 1,
          "attributes": {
            "ami": "ami-0ad21ae1d0696ad58",
            "arn": "arn:aws:ec2:ap-south-1:931337674770:instance/i-002666237ce28184b",
            "associate_public_ip_address": false,
            "availability_zone": "ap-south-1a",
            "capacity_reservation_specification": [
              {
                "capacity_reservation_preference": "open",
                "capacity_reservation_target": []
              }
            ],
            "cpu_core_count": 4,
            "cpu_options": [
              {
                "amd_sev_snp": "",
                "core_count": 4,
                "threads_per_core": 2
              }
            ],
            "cpu_threads_per_core": 2,
            "credit_specification": [
              {
                "cpu_credits": "unlimited"
              }
            ],
            "disable_api_stop": false,
            "disable_api_termination": false,
            "ebs_block_device": [],
            "ebs_optimized": false,
            "enclave_options": [
              {
                "enabled": false
              }
            ],
            "ephemeral_block_device": [],
            "get_password_data": false,
            "hibernation": false,
            "host_id": "",
            "host_resource_group_arn": null,
            "iam_instance_profile": "",
            "id": "i-002666237ce28184b",
            "instance_initiated_shutdown_behavior": "stop",
            "instance_lifecycle": "",
            "instance_market_options": [],
            "instance_state": "running",
            "instance_type": "t3a.2xlarge",
            "ipv6_address_count": 0,
            "ipv6_addresses": [],
            "key_name": "mosip-aws",
            "launch_template": [],
            "maintenance_options": [
              {
                "auto_recovery": "default"
              }
            ],
            "metadata_options": [
              {
                "http_endpoint": "enabled",
                "http_protocol_ipv6": "disabled",
                "http_put_response_hop_limit": 2,
                "http_tokens": "required",
                "instance_metadata_tags": "disabled"
              }
            ],
            "monitoring": false,
            "network_interface": [],
            "outpost_arn": "",
            "password_data": "",
            "placement_group": "",
            "placement_partition_number": 0,
            "primary_network_interface_id": "eni-0e3db1ddec4a3bc35",
            "private_dns": "ip-10-0-3-14.ap-south-1.compute.internal",
            "private_dns_name_options": [
              {
                "enable_resource_name_dns_a_record": false,
                "enable_resource_name_dns_aaaa_record": false,
                "hostname_type": "ip-name"
              }
            ],
            "private_ip": "10.0.3.14",
            "public_dns": "",
            "public_ip": "",
            "root_block_device": [
              {
                "delete_on_termination": true,
                "device_name": "/dev/sda1",
                "encrypted": false,
                "iops": 3000,
                "kms_key_id": "",
                "tags": {
                  "Cluster": "soil",
                  "Name": "soil-WORKER-NODE-1"
                },
                "tags_all": {
                  "Cluster": "soil",
                  "Name": "soil-WORKER-NODE-1"
                },
                "throughput": 125,
                "volume_id": "vol-0c3fa1a73918f4d0e",
                "volume_size": 64,
                "volume_type": "gp3"
              }
            ],
            "secondary_private_ips": [],
            "security_groups": [],
            "source_dest_check": true,
            "spot_instance_request_id": "",
            "subnet_id": "subnet-0cb3018e6136c52ec",
            "tags": {
              "Cluster": "soil",
              "Name": "soil-WORKER-NODE-1"
            },
            "tags_all": {
              "Cluster": "soil",
              "Name": "soil-WORKER-NODE-1"
            },
            "tenancy": "default",
            "timeouts": null,
            "user_data": "997728df8231bbf3483820b424168000d31fa6e1",
            "user_data_base64": null,
            "user_data_replace_on_change": false,
            "volume_tags": null,
            "vpc_security_group_ids": [
              "sg-0d391ac026620d162"
            ]
          },
          "sensitive_attributes": [],
          "private": "eyJlMmJmYjczMC1lY2FhLTExZTYtOGY4OC0zNDM2M2JjN2M0YzAiOnsiY3JlYXRlIjo2MDAwMDAwMDAwMDAsImRlbGV0ZSI6MTIwMDAwMDAwMDAwMCwicmVhZCI6OTAwMDAwMDAwMDAwLCJ1cGRhdGUiOjYwMDAwMDAwMDAwMH0sInNjaGVtYV92ZXJzaW9uIjoiMSJ9",
          "dependencies": [
            "module.mosip_infra.module.aws_infra.module.aws_infrastructure.data.aws_availability_zones.available",
            "module.mosip_infra.module.aws_infra.module.aws_infrastructure.data.aws_ec2_instance_type_offerings.k8s_instance_types",
            "module.mosip_infra.module.aws_infra.module.aws_infrastructure.data.aws_ec2_instance_type_offerings.nginx_instance_types",
            "module.mosip_infra.module.aws_infra.module.aws_infrastructure.data.aws_subnets.private_subnets",
            "module.mosip_infra.module.aws_infra.module.aws_infrastructure.data.aws_vpc.existing_vpc",
            "module.mosip_infra.module.aws_infra.module.aws_infrastructure.module.aws-resource-creation.aws_security_group.security-group"
          ]
        },
        {
          "index_key": "WORKER-NODE-2",
          "schema_version": 1,
          "attributes": {
            "ami": "ami-0ad21ae1d0696ad58",
            "arn": "arn:aws:ec2:ap-south-1:931337674770:instance/i-087bd450527630645",
            "associate_public_ip_address": false,
            "availability_zone": "ap-south-1b",
            "capacity_reservation_specification": [
              {
                "capacity_reservation_preference": "open",
                "capacity_reservation_target": []
              }
            ],
            "cpu_core_count": 4,
            "cpu_options": [
              {
                "amd_sev_snp": "",
                "core_count": 4,
                "threads_per_core": 2
              }
            ],
            "cpu_threads_per_core": 2,
            "credit_specification": [
              {
                "cpu_credits": "unlimited"
              }
            ],
            "disable_api_stop": false,
            "disable_api_termination": false,
            "ebs_block_device": [],
            "ebs_optimized": false,
            "enclave_options": [
              {
                "enabled": false
              }
            ],
            "ephemeral_block_device": [],
            "get_password_data": false,
            "hibernation": false,
            "host_id": "",
            "host_resource_group_arn": null,
            "iam_instance_profile": "",
            "id": "i-087bd450527630645",
            "instance_initiated_shutdown_behavior": "stop",
            "instance_lifecycle": "",
            "instance_market_options": [],
            "instance_state": "running",
            "instance_type": "t3a.2xlarge",
            "ipv6_address_count": 0,
            "ipv6_addresses": [],
            "key_name": "mosip-aws",
            "launch_template": [],
            "maintenance_options": [
              {
                "auto_recovery": "default"
              }
            ],
            "metadata_options": [
              {
                "http_endpoint": "enabled",
                "http_protocol_ipv6": "disabled",
                "http_put_response_hop_limit": 2,
                "http_tokens": "required",
                "instance_metadata_tags": "disabled"
              }
            ],
            "monitoring": false,
            "network_interface": [],
            "outpost_arn": "",
            "password_data": "",
            "placement_group": "",
            "placement_partition_number": 0,
            "primary_network_interface_id": "eni-05261d88b5e703f40",
            "private_dns": "ip-10-0-4-15.ap-south-1.compute.internal",
            "private_dns_name_options": [
              {
                "enable_resource_name_dns_a_record": false,
                "enable_resource_name_dns_aaaa_record": false,
                "hostname_type": "ip-name"
              }
            ],
            "private_ip": "10.0.4.15",
            "public_dns": "",
            "public_ip": "",
            "root_block_device": [
              {
                "delete_on_termination": true,
                "device_name": "/dev/sda1",
                "encrypted": false,
                "iops": 3000,
                "kms_key_id": "",
                "tags": {
                  "Cluster": "soil",
                  "Name": "soil-WORKER-NODE-2"
                },
                "tags_all": {
                  "Cluster": "soil",
                  "Name": "soil-WORKER-NODE-2"
                },
                "throughput": 125,
                "volume_id": "vol-04383b0828b9df7ca",
                "volume_size": 64,
                "volume_type": "gp3"
              }
            ],
            "secondary_private_ips": [],
            "security_groups": [],
            "source_dest_check": true,
            "spot_instance_request_id": "",
            "subnet_id": "subnet-0ef4971136b7c1faa",
            "tags": {
              "Cluster": "soil",
              "Name": "soil-WORKER-NODE-2"
            },
            "tags_all": {
              "Cluster": "soil",
              "Name": "soil-WORKER-NODE-2"
            },
            "tenancy": "default",
            "timeouts": null,
            "user_data": "221998a14b2ad4ede7aba9d01ec014761935a01d",
            "user_data_base64": null,
            "user_data_replace_on_change": false,
            "volume_tags": null,
            "vpc_security_group_ids": [
              "sg-0d391ac026620d162"
            ]
          },
          "sensitive_attributes": [],
          "private": "eyJlMmJmYjczMC1lY2FhLTExZTYtOGY4OC0zNDM2M2JjN2M0YzAiOnsiY3JlYXRlIjo2MDAwMDAwMDAwMDAsImRlbGV0ZSI6MTIwMDAwMDAwMDAwMCwicmVhZCI6OTAwMDAwMDAwMDAwLCJ1cGRhdGUiOjYwMDAwMDAwMDAwMH0sInNjaGVtYV92ZXJzaW9uIjoiMSJ9",
          "dependencies": [
            "module.mosip_infra.module.aws_infra.module.aws_infrastructure.data.aws_availability_zones.available",
            "module.mosip_infra.module.aws_infra.module.aws_infrastructure.data.aws_ec2_instance_type_offerings.k8s_instance_types",
            "module.mosip_infra.module.aws_infra.module.aws_infrastructure.data.aws_ec2_instance_type_offerings.nginx_instance_types",
            "module.mosip_infra.module.aws_infra.module.aws_infrastructure.data.aws_subnets.private_subnets",
            "module.mosip_infra.module.aws_infra.module.aws_infrastructure.data.aws_vpc.existing_vpc",
            "module.mosip_infra.module.aws_infra.module.aws_infrastructure.module.aws-resource-creation.aws_security_group.security-group"
          ]
        }
      ]
    },
    {
      "module": "module.mosip_infra.module.aws_infra[0].module.aws_infrastructure.module.aws-resource-creation",
      "mode": "managed",
      "type": "aws_instance",
      "name": "NGINX_EC2_INSTANCE",
      "provider": "provider[\"registry.terraform.io/hashicorp/aws\"]",
      "instances": [
        {
          "schema_version": 1,
          "attributes": {
            "ami": "ami-0ad21ae1d0696ad58",
            "arn": "arn:aws:ec2:ap-south-1:931337674770:instance/i-08029e4af561bb280",
            "associate_public_ip_address": true,
            "availability_zone": "ap-south-1b",
            "capacity_reservation_specification": [
              {
                "capacity_reservation_preference": "open",
                "capacity_reservation_target": []
              }
            ],
            "cpu_core_count": 4,
            "cpu_options": [
              {
                "amd_sev_snp": "",
                "core_count": 4,
                "threads_per_core": 2
              }
            ],
            "cpu_threads_per_core": 2,
            "credit_specification": [
              {
                "cpu_credits": "unlimited"
              }
            ],
            "disable_api_stop": false,
            "disable_api_termination": false,
            "ebs_block_device": [
              {
                "delete_on_termination": true,
                "device_name": "/dev/sdb",
                "encrypted": false,
                "iops": 3000,
                "kms_key_id": "",
                "snapshot_id": "",
                "tags": {
                  "Cluster": "soil",
                  "Name": "soil-NGINX-NODE"
                },
                "tags_all": {
                  "Cluster": "soil",
                  "Name": "soil-NGINX-NODE"
                },
                "throughput": 125,
                "volume_id": "vol-01bae208f5f3e8341",
                "volume_size": 300,
                "volume_type": "gp3"
              }
            ],
            "ebs_optimized": false,
            "enclave_options": [
              {
                "enabled": false
              }
            ],
            "ephemeral_block_device": [],
            "get_password_data": false,
            "hibernation": false,
            "host_id": "",
            "host_resource_group_arn": null,
            "iam_instance_profile": "soil-certbot-instance-profile",
            "id": "i-08029e4af561bb280",
            "instance_initiated_shutdown_behavior": "stop",
            "instance_lifecycle": "",
            "instance_market_options": [],
            "instance_state": "running",
            "instance_type": "t3a.2xlarge",
            "ipv6_address_count": 0,
            "ipv6_addresses": [],
            "key_name": "mosip-aws",
            "launch_template": [],
            "maintenance_options": [
              {
                "auto_recovery": "default"
              }
            ],
            "metadata_options": [
              {
                "http_endpoint": "enabled",
                "http_protocol_ipv6": "disabled",
                "http_put_response_hop_limit": 2,
                "http_tokens": "required",
                "instance_metadata_tags": "disabled"
              }
            ],
            "monitoring": false,
            "network_interface": [],
            "outpost_arn": "",
            "password_data": "",
            "placement_group": "",
            "placement_partition_number": 0,
            "primary_network_interface_id": "eni-03946192da7820906",
            "private_dns": "ip-10-0-2-103.ap-south-1.compute.internal",
            "private_dns_name_options": [
              {
                "enable_resource_name_dns_a_record": false,
                "enable_resource_name_dns_aaaa_record": false,
                "hostname_type": "ip-name"
              }
            ],
            "private_ip": "10.0.2.103",
            "public_dns": "ec2-43-204-236-197.ap-south-1.compute.amazonaws.com",
            "public_ip": "43.204.236.197",
            "root_block_device": [
              {
                "delete_on_termination": true,
                "device_name": "/dev/sda1",
                "encrypted": false,
                "iops": 3000,
                "kms_key_id": "",
                "tags": {
                  "Cluster": "soil",
                  "Name": "soil-NGINX-NODE"
                },
                "tags_all": {
                  "Cluster": "soil",
                  "Name": "soil-NGINX-NODE"
                },
                "throughput": 125,
                "volume_id": "vol-01448363bd26ed68c",
                "volume_size": 24,
                "volume_type": "gp3"
              }
            ],
            "secondary_private_ips": [],
            "security_groups": [],
            "source_dest_check": true,
            "spot_instance_request_id": "",
            "subnet_id": "subnet-0b8d2671904225d00",
            "tags": {
              "Cluster": "soil",
              "Name": "soil-NGINX-NODE"
            },
            "tags_all": {
              "Cluster": "soil",
              "Name": "soil-NGINX-NODE"
            },
            "tenancy": "default",
            "timeouts": null,
            "user_data": "9242d4705ece1f20691b760c660dcc58719041c6",
            "user_data_base64": null,
            "user_data_replace_on_change": false,
            "volume_tags": null,
            "vpc_security_group_ids": [
              "sg-01317df0fb74b3341"
            ]
          },
          "sensitive_attributes": [],
          "private": "eyJlMmJmYjczMC1lY2FhLTExZTYtOGY4OC0zNDM2M2JjN2M0YzAiOnsiY3JlYXRlIjo2MDAwMDAwMDAwMDAsImRlbGV0ZSI6MTIwMDAwMDAwMDAwMCwicmVhZCI6OTAwMDAwMDAwMDAwLCJ1cGRhdGUiOjYwMDAwMDAwMDAwMH0sInNjaGVtYV92ZXJzaW9uIjoiMSJ9",
          "dependencies": [
            "module.mosip_infra.module.aws_infra.module.aws_infrastructure.data.aws_availability_zones.available",
            "module.mosip_infra.module.aws_infra.module.aws_infrastructure.data.aws_ec2_instance_type_offerings.k8s_instance_types",
            "module.mosip_infra.module.aws_infra.module.aws_infrastructure.data.aws_ec2_instance_type_offerings.nginx_instance_types",
            "module.mosip_infra.module.aws_infra.module.aws_infrastructure.data.aws_subnets.public_subnets",
            "module.mosip_infra.module.aws_infra.module.aws_infrastructure.data.aws_vpc.existing_vpc",
            "module.mosip_infra.module.aws_infra.module.aws_infrastructure.module.aws-resource-creation.aws_iam_instance_profile.certbot_profile",
            "module.mosip_infra.module.aws_infra.module.aws_infrastructure.module.aws-resource-creation.aws_iam_role.certbot_role",
            "module.mosip_infra.module.aws_infra.module.aws_infrastructure.module.aws-resource-creation.aws_security_group.security-group"
          ]
        }
      ]
    },
    {
      "module": "module.mosip_infra.module.aws_infra[0].module.aws_infrastructure.module.aws-resource-creation",
      "mode": "managed",
      "type": "aws_route53_record",
      "name": "DNS_RECORDS",
      "provider": "provider[\"registry.terraform.io/hashicorp/aws\"]",
      "instances": [
        {
          "index_key": "API_DNS",
          "schema_version": 2,
          "attributes": {
            "alias": [],
            "allow_overwrite": true,
            "cidr_routing_policy": [],
            "failover_routing_policy": [],
            "fqdn": "api.soil.mosip.net",
            "geolocation_routing_policy": [],
            "geoproximity_routing_policy": [],
            "health_check_id": "",
            "id": "Z090954828SJIEL6P5406_api.soil.mosip.net_A",
            "latency_routing_policy": [],
            "multivalue_answer_routing_policy": false,
            "name": "api.soil.mosip.net",
            "records": [
              "43.204.236.197"
            ],
            "set_identifier": "",
            "ttl": 300,
            "type": "A",
            "weighted_routing_policy": [],
            "zone_id": "Z090954828SJIEL6P5406"
          },
          "sensitive_attributes": [],
          "private": "eyJzY2hlbWFfdmVyc2lvbiI6IjIifQ==",
          "dependencies": [
            "module.mosip_infra.module.aws_infra.module.aws_infrastructure.data.aws_availability_zones.available",
            "module.mosip_infra.module.aws_infra.module.aws_infrastructure.data.aws_ec2_instance_type_offerings.k8s_instance_types",
            "module.mosip_infra.module.aws_infra.module.aws_infrastructure.data.aws_ec2_instance_type_offerings.nginx_instance_types",
            "module.mosip_infra.module.aws_infra.module.aws_infrastructure.data.aws_subnets.public_subnets",
            "module.mosip_infra.module.aws_infra.module.aws_infrastructure.data.aws_vpc.existing_vpc",
            "module.mosip_infra.module.aws_infra.module.aws_infrastructure.module.aws-resource-creation.aws_iam_instance_profile.certbot_profile",
            "module.mosip_infra.module.aws_infra.module.aws_infrastructure.module.aws-resource-creation.aws_iam_role.certbot_role",
            "module.mosip_infra.module.aws_infra.module.aws_infrastructure.module.aws-resource-creation.aws_instance.NGINX_EC2_INSTANCE",
            "module.mosip_infra.module.aws_infra.module.aws_infrastructure.module.aws-resource-creation.aws_security_group.security-group"
          ]
        },
        {
          "index_key": "API_INTERNAL_DNS",
          "schema_version": 2,
          "attributes": {
            "alias": [],
            "allow_overwrite": true,
            "cidr_routing_policy": [],
            "failover_routing_policy": [],
            "fqdn": "api-internal.soil.mosip.net",
            "geolocation_routing_policy": [],
            "geoproximity_routing_policy": [],
            "health_check_id": "",
            "id": "Z090954828SJIEL6P5406_api-internal.soil.mosip.net_A",
            "latency_routing_policy": [],
            "multivalue_answer_routing_policy": false,
            "name": "api-internal.soil.mosip.net",
            "records": [
              "10.0.2.103"
            ],
            "set_identifier": "",
            "ttl": 300,
            "type": "A",
            "weighted_routing_policy": [],
            "zone_id": "Z090954828SJIEL6P5406"
          },
          "sensitive_attributes": [],
          "private": "eyJzY2hlbWFfdmVyc2lvbiI6IjIifQ==",
          "dependencies": [
            "module.mosip_infra.module.aws_infra.module.aws_infrastructure.data.aws_availability_zones.available",
            "module.mosip_infra.module.aws_infra.module.aws_infrastructure.data.aws_ec2_instance_type_offerings.k8s_instance_types",
            "module.mosip_infra.module.aws_infra.module.aws_infrastructure.data.aws_ec2_instance_type_offerings.nginx_instance_types",
            "module.mosip_infra.module.aws_infra.module.aws_infrastructure.data.aws_subnets.public_subnets",
            "module.mosip_infra.module.aws_infra.module.aws_infrastructure.data.aws_vpc.existing_vpc",
            "module.mosip_infra.module.aws_infra.module.aws_infrastructure.module.aws-resource-creation.aws_iam_instance_profile.certbot_profile",
            "module.mosip_infra.module.aws_infra.module.aws_infrastructure.module.aws-resource-creation.aws_iam_role.certbot_role",
            "module.mosip_infra.module.aws_infra.module.aws_infrastructure.module.aws-resource-creation.aws_instance.NGINX_EC2_INSTANCE",
            "module.mosip_infra.module.aws_infra.module.aws_infrastructure.module.aws-resource-creation.aws_security_group.security-group"
          ]
        },
        {
          "index_key": "activemq",
          "schema_version": 2,
          "attributes": {
            "alias": [],
            "allow_overwrite": true,
            "cidr_routing_policy": [],
            "failover_routing_policy": [],
            "fqdn": "activemq.soil.mosip.net",
            "geolocation_routing_policy": [],
            "geoproximity_routing_policy": [],
            "health_check_id": "",
            "id": "Z090954828SJIEL6P5406_activemq.soil.mosip.net_CNAME",
            "latency_routing_policy": [],
            "multivalue_answer_routing_policy": false,
            "name": "activemq.soil.mosip.net",
            "records": [
              "api-internal.soil.mosip.net"
            ],
            "set_identifier": "",
            "ttl": 300,
            "type": "CNAME",
            "weighted_routing_policy": [],
            "zone_id": "Z090954828SJIEL6P5406"
          },
          "sensitive_attributes": [],
          "private": "eyJzY2hlbWFfdmVyc2lvbiI6IjIifQ==",
          "dependencies": [
            "module.mosip_infra.module.aws_infra.module.aws_infrastructure.data.aws_availability_zones.available",
            "module.mosip_infra.module.aws_infra.module.aws_infrastructure.data.aws_ec2_instance_type_offerings.k8s_instance_types",
            "module.mosip_infra.module.aws_infra.module.aws_infrastructure.data.aws_ec2_instance_type_offerings.nginx_instance_types",
            "module.mosip_infra.module.aws_infra.module.aws_infrastructure.data.aws_subnets.public_subnets",
            "module.mosip_infra.module.aws_infra.module.aws_infrastructure.data.aws_vpc.existing_vpc",
            "module.mosip_infra.module.aws_infra.module.aws_infrastructure.module.aws-resource-creation.aws_iam_instance_profile.certbot_profile",
            "module.mosip_infra.module.aws_infra.module.aws_infrastructure.module.aws-resource-creation.aws_iam_role.certbot_role",
            "module.mosip_infra.module.aws_infra.module.aws_infrastructure.module.aws-resource-creation.aws_instance.NGINX_EC2_INSTANCE",
            "module.mosip_infra.module.aws_infra.module.aws_infrastructure.module.aws-resource-creation.aws_security_group.security-group"
          ]
        },
        {
          "index_key": "admin",
          "schema_version": 2,
          "attributes": {
            "alias": [],
            "allow_overwrite": true,
            "cidr_routing_policy": [],
            "failover_routing_policy": [],
            "fqdn": "admin.soil.mosip.net",
            "geolocation_routing_policy": [],
            "geoproximity_routing_policy": [],
            "health_check_id": "",
            "id": "Z090954828SJIEL6P5406_admin.soil.mosip.net_CNAME",
            "latency_routing_policy": [],
            "multivalue_answer_routing_policy": false,
            "name": "admin.soil.mosip.net",
            "records": [
              "api-internal.soil.mosip.net"
            ],
            "set_identifier": "",
            "ttl": 300,
            "type": "CNAME",
            "weighted_routing_policy": [],
            "zone_id": "Z090954828SJIEL6P5406"
          },
          "sensitive_attributes": [],
          "private": "eyJzY2hlbWFfdmVyc2lvbiI6IjIifQ==",
          "dependencies": [
            "module.mosip_infra.module.aws_infra.module.aws_infrastructure.data.aws_availability_zones.available",
            "module.mosip_infra.module.aws_infra.module.aws_infrastructure.data.aws_ec2_instance_type_offerings.k8s_instance_types",
            "module.mosip_infra.module.aws_infra.module.aws_infrastructure.data.aws_ec2_instance_type_offerings.nginx_instance_types",
            "module.mosip_infra.module.aws_infra.module.aws_infrastructure.data.aws_subnets.public_subnets",
            "module.mosip_infra.module.aws_infra.module.aws_infrastructure.data.aws_vpc.existing_vpc",
            "module.mosip_infra.module.aws_infra.module.aws_infrastructure.module.aws-resource-creation.aws_iam_instance_profile.certbot_profile",
            "module.mosip_infra.module.aws_infra.module.aws_infrastructure.module.aws-resource-creation.aws_iam_role.certbot_role",
            "module.mosip_infra.module.aws_infra.module.aws_infrastructure.module.aws-resource-creation.aws_instance.NGINX_EC2_INSTANCE",
            "module.mosip_infra.module.aws_infra.module.aws_infrastructure.module.aws-resource-creation.aws_security_group.security-group"
          ]
        },
        {
          "index_key": "compliance",
          "schema_version": 2,
          "attributes": {
            "alias": [],
            "allow_overwrite": true,
            "cidr_routing_policy": [],
            "failover_routing_policy": [],
            "fqdn": "compliance.soil.mosip.net",
            "geolocation_routing_policy": [],
            "geoproximity_routing_policy": [],
            "health_check_id": "",
            "id": "Z090954828SJIEL6P5406_compliance.soil.mosip.net_CNAME",
            "latency_routing_policy": [],
            "multivalue_answer_routing_policy": false,
            "name": "compliance.soil.mosip.net",
            "records": [
              "api-internal.soil.mosip.net"
            ],
            "set_identifier": "",
            "ttl": 300,
            "type": "CNAME",
            "weighted_routing_policy": [],
            "zone_id": "Z090954828SJIEL6P5406"
          },
          "sensitive_attributes": [],
          "private": "eyJzY2hlbWFfdmVyc2lvbiI6IjIifQ==",
          "dependencies": [
            "module.mosip_infra.module.aws_infra.module.aws_infrastructure.data.aws_availability_zones.available",
            "module.mosip_infra.module.aws_infra.module.aws_infrastructure.data.aws_ec2_instance_type_offerings.k8s_instance_types",
            "module.mosip_infra.module.aws_infra.module.aws_infrastructure.data.aws_ec2_instance_type_offerings.nginx_instance_types",
            "module.mosip_infra.module.aws_infra.module.aws_infrastructure.data.aws_subnets.public_subnets",
            "module.mosip_infra.module.aws_infra.module.aws_infrastructure.data.aws_vpc.existing_vpc",
            "module.mosip_infra.module.aws_infra.module.aws_infrastructure.module.aws-resource-creation.aws_iam_instance_profile.certbot_profile",
            "module.mosip_infra.module.aws_infra.module.aws_infrastructure.module.aws-resource-creation.aws_iam_role.certbot_role",
            "module.mosip_infra.module.aws_infra.module.aws_infrastructure.module.aws-resource-creation.aws_instance.NGINX_EC2_INSTANCE",
            "module.mosip_infra.module.aws_infra.module.aws_infrastructure.module.aws-resource-creation.aws_security_group.security-group"
          ]
        },
        {
          "index_key": "esignet",
          "schema_version": 2,
          "attributes": {
            "alias": [],
            "allow_overwrite": true,
            "cidr_routing_policy": [],
            "failover_routing_policy": [],
            "fqdn": "esignet.soil.mosip.net",
            "geolocation_routing_policy": [],
            "geoproximity_routing_policy": [],
            "health_check_id": "",
            "id": "Z090954828SJIEL6P5406_esignet.soil.mosip.net_CNAME",
            "latency_routing_policy": [],
            "multivalue_answer_routing_policy": false,
            "name": "esignet.soil.mosip.net",
            "records": [
              "api.soil.mosip.net"
            ],
            "set_identifier": "",
            "ttl": 300,
            "type": "CNAME",
            "weighted_routing_policy": [],
            "zone_id": "Z090954828SJIEL6P5406"
          },
          "sensitive_attributes": [],
          "private": "eyJzY2hlbWFfdmVyc2lvbiI6IjIifQ==",
          "dependencies": [
            "module.mosip_infra.module.aws_infra.module.aws_infrastructure.data.aws_availability_zones.available",
            "module.mosip_infra.module.aws_infra.module.aws_infrastructure.data.aws_ec2_instance_type_offerings.k8s_instance_types",
            "module.mosip_infra.module.aws_infra.module.aws_infrastructure.data.aws_ec2_instance_type_offerings.nginx_instance_types",
            "module.mosip_infra.module.aws_infra.module.aws_infrastructure.data.aws_subnets.public_subnets",
            "module.mosip_infra.module.aws_infra.module.aws_infrastructure.data.aws_vpc.existing_vpc",
            "module.mosip_infra.module.aws_infra.module.aws_infrastructure.module.aws-resource-creation.aws_iam_instance_profile.certbot_profile",
            "module.mosip_infra.module.aws_infra.module.aws_infrastructure.module.aws-resource-creation.aws_iam_role.certbot_role",
            "module.mosip_infra.module.aws_infra.module.aws_infrastructure.module.aws-resource-creation.aws_instance.NGINX_EC2_INSTANCE",
            "module.mosip_infra.module.aws_infra.module.aws_infrastructure.module.aws-resource-creation.aws_security_group.security-group"
          ]
        },
        {
          "index_key": "healthservices",
          "schema_version": 2,
          "attributes": {
            "alias": [],
            "allow_overwrite": true,
            "cidr_routing_policy": [],
            "failover_routing_policy": [],
            "fqdn": "healthservices.soil.mosip.net",
            "geolocation_routing_policy": [],
            "geoproximity_routing_policy": [],
            "health_check_id": "",
            "id": "Z090954828SJIEL6P5406_healthservices.soil.mosip.net_CNAME",
            "latency_routing_policy": [],
            "multivalue_answer_routing_policy": false,
            "name": "healthservices.soil.mosip.net",
            "records": [
              "api.soil.mosip.net"
            ],
            "set_identifier": "",
            "ttl": 300,
            "type": "CNAME",
            "weighted_routing_policy": [],
            "zone_id": "Z090954828SJIEL6P5406"
          },
          "sensitive_attributes": [],
          "private": "eyJzY2hlbWFfdmVyc2lvbiI6IjIifQ==",
          "dependencies": [
            "module.mosip_infra.module.aws_infra.module.aws_infrastructure.data.aws_availability_zones.available",
            "module.mosip_infra.module.aws_infra.module.aws_infrastructure.data.aws_ec2_instance_type_offerings.k8s_instance_types",
            "module.mosip_infra.module.aws_infra.module.aws_infrastructure.data.aws_ec2_instance_type_offerings.nginx_instance_types",
            "module.mosip_infra.module.aws_infra.module.aws_infrastructure.data.aws_subnets.public_subnets",
            "module.mosip_infra.module.aws_infra.module.aws_infrastructure.data.aws_vpc.existing_vpc",
            "module.mosip_infra.module.aws_infra.module.aws_infrastructure.module.aws-resource-creation.aws_iam_instance_profile.certbot_profile",
            "module.mosip_infra.module.aws_infra.module.aws_infrastructure.module.aws-resource-creation.aws_iam_role.certbot_role",
            "module.mosip_infra.module.aws_infra.module.aws_infrastructure.module.aws-resource-creation.aws_instance.NGINX_EC2_INSTANCE",
            "module.mosip_infra.module.aws_infra.module.aws_infrastructure.module.aws-resource-creation.aws_security_group.security-group"
          ]
        },
        {
          "index_key": "iam",
          "schema_version": 2,
          "attributes": {
            "alias": [],
            "allow_overwrite": true,
            "cidr_routing_policy": [],
            "failover_routing_policy": [],
            "fqdn": "iam.soil.mosip.net",
            "geolocation_routing_policy": [],
            "geoproximity_routing_policy": [],
            "health_check_id": "",
            "id": "Z090954828SJIEL6P5406_iam.soil.mosip.net_CNAME",
            "latency_routing_policy": [],
            "multivalue_answer_routing_policy": false,
            "name": "iam.soil.mosip.net",
            "records": [
              "api-internal.soil.mosip.net"
            ],
            "set_identifier": "",
            "ttl": 300,
            "type": "CNAME",
            "weighted_routing_policy": [],
            "zone_id": "Z090954828SJIEL6P5406"
          },
          "sensitive_attributes": [],
          "private": "eyJzY2hlbWFfdmVyc2lvbiI6IjIifQ==",
          "dependencies": [
            "module.mosip_infra.module.aws_infra.module.aws_infrastructure.data.aws_availability_zones.available",
            "module.mosip_infra.module.aws_infra.module.aws_infrastructure.data.aws_ec2_instance_type_offerings.k8s_instance_types",
            "module.mosip_infra.module.aws_infra.module.aws_infrastructure.data.aws_ec2_instance_type_offerings.nginx_instance_types",
            "module.mosip_infra.module.aws_infra.module.aws_infrastructure.data.aws_subnets.public_subnets",
            "module.mosip_infra.module.aws_infra.module.aws_infrastructure.data.aws_vpc.existing_vpc",
            "module.mosip_infra.module.aws_infra.module.aws_infrastructure.module.aws-resource-creation.aws_iam_instance_profile.certbot_profile",
            "module.mosip_infra.module.aws_infra.module.aws_infrastructure.module.aws-resource-creation.aws_iam_role.certbot_role",
            "module.mosip_infra.module.aws_infra.module.aws_infrastructure.module.aws-resource-creation.aws_instance.NGINX_EC2_INSTANCE",
            "module.mosip_infra.module.aws_infra.module.aws_infrastructure.module.aws-resource-creation.aws_security_group.security-group"
          ]
        },
        {
          "index_key": "kafka",
          "schema_version": 2,
          "attributes": {
            "alias": [],
            "allow_overwrite": true,
            "cidr_routing_policy": [],
            "failover_routing_policy": [],
            "fqdn": "kafka.soil.mosip.net",
            "geolocation_routing_policy": [],
            "geoproximity_routing_policy": [],
            "health_check_id": "",
            "id": "Z090954828SJIEL6P5406_kafka.soil.mosip.net_CNAME",
            "latency_routing_policy": [],
            "multivalue_answer_routing_policy": false,
            "name": "kafka.soil.mosip.net",
            "records": [
              "api-internal.soil.mosip.net"
            ],
            "set_identifier": "",
            "ttl": 300,
            "type": "CNAME",
            "weighted_routing_policy": [],
            "zone_id": "Z090954828SJIEL6P5406"
          },
          "sensitive_attributes": [],
          "private": "eyJzY2hlbWFfdmVyc2lvbiI6IjIifQ==",
          "dependencies": [
            "module.mosip_infra.module.aws_infra.module.aws_infrastructure.data.aws_availability_zones.available",
            "module.mosip_infra.module.aws_infra.module.aws_infrastructure.data.aws_ec2_instance_type_offerings.k8s_instance_types",
            "module.mosip_infra.module.aws_infra.module.aws_infrastructure.data.aws_ec2_instance_type_offerings.nginx_instance_types",
            "module.mosip_infra.module.aws_infra.module.aws_infrastructure.data.aws_subnets.public_subnets",
            "module.mosip_infra.module.aws_infra.module.aws_infrastructure.data.aws_vpc.existing_vpc",
            "module.mosip_infra.module.aws_infra.module.aws_infrastructure.module.aws-resource-creation.aws_iam_instance_profile.certbot_profile",
            "module.mosip_infra.module.aws_infra.module.aws_infrastructure.module.aws-resource-creation.aws_iam_role.certbot_role",
            "module.mosip_infra.module.aws_infra.module.aws_infrastructure.module.aws-resource-creation.aws_instance.NGINX_EC2_INSTANCE",
            "module.mosip_infra.module.aws_infra.module.aws_infrastructure.module.aws-resource-creation.aws_security_group.security-group"
          ]
        },
        {
          "index_key": "kibana",
          "schema_version": 2,
          "attributes": {
            "alias": [],
            "allow_overwrite": true,
            "cidr_routing_policy": [],
            "failover_routing_policy": [],
            "fqdn": "kibana.soil.mosip.net",
            "geolocation_routing_policy": [],
            "geoproximity_routing_policy": [],
            "health_check_id": "",
            "id": "Z090954828SJIEL6P5406_kibana.soil.mosip.net_CNAME",
            "latency_routing_policy": [],
            "multivalue_answer_routing_policy": false,
            "name": "kibana.soil.mosip.net",
            "records": [
              "api-internal.soil.mosip.net"
            ],
            "set_identifier": "",
            "ttl": 300,
            "type": "CNAME",
            "weighted_routing_policy": [],
            "zone_id": "Z090954828SJIEL6P5406"
          },
          "sensitive_attributes": [],
          "private": "eyJzY2hlbWFfdmVyc2lvbiI6IjIifQ==",
          "dependencies": [
            "module.mosip_infra.module.aws_infra.module.aws_infrastructure.data.aws_availability_zones.available",
            "module.mosip_infra.module.aws_infra.module.aws_infrastructure.data.aws_ec2_instance_type_offerings.k8s_instance_types",
            "module.mosip_infra.module.aws_infra.module.aws_infrastructure.data.aws_ec2_instance_type_offerings.nginx_instance_types",
            "module.mosip_infra.module.aws_infra.module.aws_infrastructure.data.aws_subnets.public_subnets",
            "module.mosip_infra.module.aws_infra.module.aws_infrastructure.data.aws_vpc.existing_vpc",
            "module.mosip_infra.module.aws_infra.module.aws_infrastructure.module.aws-resource-creation.aws_iam_instance_profile.certbot_profile",
            "module.mosip_infra.module.aws_infra.module.aws_infrastructure.module.aws-resource-creation.aws_iam_role.certbot_role",
            "module.mosip_infra.module.aws_infra.module.aws_infrastructure.module.aws-resource-creation.aws_instance.NGINX_EC2_INSTANCE",
            "module.mosip_infra.module.aws_infra.module.aws_infrastructure.module.aws-resource-creation.aws_security_group.security-group"
          ]
        },
        {
          "index_key": "minio",
          "schema_version": 2,
          "attributes": {
            "alias": [],
            "allow_overwrite": true,
            "cidr_routing_policy": [],
            "failover_routing_policy": [],
            "fqdn": "minio.soil.mosip.net",
            "geolocation_routing_policy": [],
            "geoproximity_routing_policy": [],
            "health_check_id": "",
            "id": "Z090954828SJIEL6P5406_minio.soil.mosip.net_CNAME",
            "latency_routing_policy": [],
            "multivalue_answer_routing_policy": false,
            "name": "minio.soil.mosip.net",
            "records": [
              "api-internal.soil.mosip.net"
            ],
            "set_identifier": "",
            "ttl": 300,
            "type": "CNAME",
            "weighted_routing_policy": [],
            "zone_id": "Z090954828SJIEL6P5406"
          },
          "sensitive_attributes": [],
          "private": "eyJzY2hlbWFfdmVyc2lvbiI6IjIifQ==",
          "dependencies": [
            "module.mosip_infra.module.aws_infra.module.aws_infrastructure.data.aws_availability_zones.available",
            "module.mosip_infra.module.aws_infra.module.aws_infrastructure.data.aws_ec2_instance_type_offerings.k8s_instance_types",
            "module.mosip_infra.module.aws_infra.module.aws_infrastructure.data.aws_ec2_instance_type_offerings.nginx_instance_types",
            "module.mosip_infra.module.aws_infra.module.aws_infrastructure.data.aws_subnets.public_subnets",
            "module.mosip_infra.module.aws_infra.module.aws_infrastructure.data.aws_vpc.existing_vpc",
            "module.mosip_infra.module.aws_infra.module.aws_infrastructure.module.aws-resource-creation.aws_iam_instance_profile.certbot_profile",
            "module.mosip_infra.module.aws_infra.module.aws_infrastructure.module.aws-resource-creation.aws_iam_role.certbot_role",
            "module.mosip_infra.module.aws_infra.module.aws_infrastructure.module.aws-resource-creation.aws_instance.NGINX_EC2_INSTANCE",
            "module.mosip_infra.module.aws_infra.module.aws_infrastructure.module.aws-resource-creation.aws_security_group.security-group"
          ]
        },
        {
          "index_key": "pmp",
          "schema_version": 2,
          "attributes": {
            "alias": [],
            "allow_overwrite": true,
            "cidr_routing_policy": [],
            "failover_routing_policy": [],
            "fqdn": "pmp.soil.mosip.net",
            "geolocation_routing_policy": [],
            "geoproximity_routing_policy": [],
            "health_check_id": "",
            "id": "Z090954828SJIEL6P5406_pmp.soil.mosip.net_CNAME",
            "latency_routing_policy": [],
            "multivalue_answer_routing_policy": false,
            "name": "pmp.soil.mosip.net",
            "records": [
              "api-internal.soil.mosip.net"
            ],
            "set_identifier": "",
            "ttl": 300,
            "type": "CNAME",
            "weighted_routing_policy": [],
            "zone_id": "Z090954828SJIEL6P5406"
          },
          "sensitive_attributes": [],
          "private": "eyJzY2hlbWFfdmVyc2lvbiI6IjIifQ==",
          "dependencies": [
            "module.mosip_infra.module.aws_infra.module.aws_infrastructure.data.aws_availability_zones.available",
            "module.mosip_infra.module.aws_infra.module.aws_infrastructure.data.aws_ec2_instance_type_offerings.k8s_instance_types",
            "module.mosip_infra.module.aws_infra.module.aws_infrastructure.data.aws_ec2_instance_type_offerings.nginx_instance_types",
            "module.mosip_infra.module.aws_infra.module.aws_infrastructure.data.aws_subnets.public_subnets",
            "module.mosip_infra.module.aws_infra.module.aws_infrastructure.data.aws_vpc.existing_vpc",
            "module.mosip_infra.module.aws_infra.module.aws_infrastructure.module.aws-resource-creation.aws_iam_instance_profile.certbot_profile",
            "module.mosip_infra.module.aws_infra.module.aws_infrastructure.module.aws-resource-creation.aws_iam_role.certbot_role",
            "module.mosip_infra.module.aws_infra.module.aws_infrastructure.module.aws-resource-creation.aws_instance.NGINX_EC2_INSTANCE",
            "module.mosip_infra.module.aws_infra.module.aws_infrastructure.module.aws-resource-creation.aws_security_group.security-group"
          ]
        },
        {
          "index_key": "postgres",
          "schema_version": 2,
          "attributes": {
            "alias": [],
            "allow_overwrite": true,
            "cidr_routing_policy": [],
            "failover_routing_policy": [],
            "fqdn": "postgres.soil.mosip.net",
            "geolocation_routing_policy": [],
            "geoproximity_routing_policy": [],
            "health_check_id": "",
            "id": "Z090954828SJIEL6P5406_postgres.soil.mosip.net_CNAME",
            "latency_routing_policy": [],
            "multivalue_answer_routing_policy": false,
            "name": "postgres.soil.mosip.net",
            "records": [
              "api-internal.soil.mosip.net"
            ],
            "set_identifier": "",
            "ttl": 300,
            "type": "CNAME",
            "weighted_routing_policy": [],
            "zone_id": "Z090954828SJIEL6P5406"
          },
          "sensitive_attributes": [],
          "private": "eyJzY2hlbWFfdmVyc2lvbiI6IjIifQ==",
          "dependencies": [
            "module.mosip_infra.module.aws_infra.module.aws_infrastructure.data.aws_availability_zones.available",
            "module.mosip_infra.module.aws_infra.module.aws_infrastructure.data.aws_ec2_instance_type_offerings.k8s_instance_types",
            "module.mosip_infra.module.aws_infra.module.aws_infrastructure.data.aws_ec2_instance_type_offerings.nginx_instance_types",
            "module.mosip_infra.module.aws_infra.module.aws_infrastructure.data.aws_subnets.public_subnets",
            "module.mosip_infra.module.aws_infra.module.aws_infrastructure.data.aws_vpc.existing_vpc",
            "module.mosip_infra.module.aws_infra.module.aws_infrastructure.module.aws-resource-creation.aws_iam_instance_profile.certbot_profile",
            "module.mosip_infra.module.aws_infra.module.aws_infrastructure.module.aws-resource-creation.aws_iam_role.certbot_role",
            "module.mosip_infra.module.aws_infra.module.aws_infrastructure.module.aws-resource-creation.aws_instance.NGINX_EC2_INSTANCE",
            "module.mosip_infra.module.aws_infra.module.aws_infrastructure.module.aws-resource-creation.aws_security_group.security-group"
          ]
        },
        {
          "index_key": "prereg",
          "schema_version": 2,
          "attributes": {
            "alias": [],
            "allow_overwrite": true,
            "cidr_routing_policy": [],
            "failover_routing_policy": [],
            "fqdn": "prereg.soil.mosip.net",
            "geolocation_routing_policy": [],
            "geoproximity_routing_policy": [],
            "health_check_id": "",
            "id": "Z090954828SJIEL6P5406_prereg.soil.mosip.net_CNAME",
            "latency_routing_policy": [],
            "multivalue_answer_routing_policy": false,
            "name": "prereg.soil.mosip.net",
            "records": [
              "api.soil.mosip.net"
            ],
            "set_identifier": "",
            "ttl": 300,
            "type": "CNAME",
            "weighted_routing_policy": [],
            "zone_id": "Z090954828SJIEL6P5406"
          },
          "sensitive_attributes": [],
          "private": "eyJzY2hlbWFfdmVyc2lvbiI6IjIifQ==",
          "dependencies": [
            "module.mosip_infra.module.aws_infra.module.aws_infrastructure.data.aws_availability_zones.available",
            "module.mosip_infra.module.aws_infra.module.aws_infrastructure.data.aws_ec2_instance_type_offerings.k8s_instance_types",
            "module.mosip_infra.module.aws_infra.module.aws_infrastructure.data.aws_ec2_instance_type_offerings.nginx_instance_types",
            "module.mosip_infra.module.aws_infra.module.aws_infrastructure.data.aws_subnets.public_subnets",
            "module.mosip_infra.module.aws_infra.module.aws_infrastructure.data.aws_vpc.existing_vpc",
            "module.mosip_infra.module.aws_infra.module.aws_infrastructure.module.aws-resource-creation.aws_iam_instance_profile.certbot_profile",
            "module.mosip_infra.module.aws_infra.module.aws_infrastructure.module.aws-resource-creation.aws_iam_role.certbot_role",
            "module.mosip_infra.module.aws_infra.module.aws_infrastructure.module.aws-resource-creation.aws_instance.NGINX_EC2_INSTANCE",
            "module.mosip_infra.module.aws_infra.module.aws_infrastructure.module.aws-resource-creation.aws_security_group.security-group"
          ]
        },
        {
          "index_key": "regclient",
          "schema_version": 2,
          "attributes": {
            "alias": [],
            "allow_overwrite": true,
            "cidr_routing_policy": [],
            "failover_routing_policy": [],
            "fqdn": "regclient.soil.mosip.net",
            "geolocation_routing_policy": [],
            "geoproximity_routing_policy": [],
            "health_check_id": "",
            "id": "Z090954828SJIEL6P5406_regclient.soil.mosip.net_CNAME",
            "latency_routing_policy": [],
            "multivalue_answer_routing_policy": false,
            "name": "regclient.soil.mosip.net",
            "records": [
              "api-internal.soil.mosip.net"
            ],
            "set_identifier": "",
            "ttl": 300,
            "type": "CNAME",
            "weighted_routing_policy": [],
            "zone_id": "Z090954828SJIEL6P5406"
          },
          "sensitive_attributes": [],
          "private": "eyJzY2hlbWFfdmVyc2lvbiI6IjIifQ==",
          "dependencies": [
            "module.mosip_infra.module.aws_infra.module.aws_infrastructure.data.aws_availability_zones.available",
            "module.mosip_infra.module.aws_infra.module.aws_infrastructure.data.aws_ec2_instance_type_offerings.k8s_instance_types",
            "module.mosip_infra.module.aws_infra.module.aws_infrastructure.data.aws_ec2_instance_type_offerings.nginx_instance_types",
            "module.mosip_infra.module.aws_infra.module.aws_infrastructure.data.aws_subnets.public_subnets",
            "module.mosip_infra.module.aws_infra.module.aws_infrastructure.data.aws_vpc.existing_vpc",
            "module.mosip_infra.module.aws_infra.module.aws_infrastructure.module.aws-resource-creation.aws_iam_instance_profile.certbot_profile",
            "module.mosip_infra.module.aws_infra.module.aws_infrastructure.module.aws-resource-creation.aws_iam_role.certbot_role",
            "module.mosip_infra.module.aws_infra.module.aws_infrastructure.module.aws-resource-creation.aws_instance.NGINX_EC2_INSTANCE",
            "module.mosip_infra.module.aws_infra.module.aws_infrastructure.module.aws-resource-creation.aws_security_group.security-group"
          ]
        },
        {
          "index_key": "resident",
          "schema_version": 2,
          "attributes": {
            "alias": [],
            "allow_overwrite": true,
            "cidr_routing_policy": [],
            "failover_routing_policy": [],
            "fqdn": "resident.soil.mosip.net",
            "geolocation_routing_policy": [],
            "geoproximity_routing_policy": [],
            "health_check_id": "",
            "id": "Z090954828SJIEL6P5406_resident.soil.mosip.net_CNAME",
            "latency_routing_policy": [],
            "multivalue_answer_routing_policy": false,
            "name": "resident.soil.mosip.net",
            "records": [
              "api.soil.mosip.net"
            ],
            "set_identifier": "",
            "ttl": 300,
            "type": "CNAME",
            "weighted_routing_policy": [],
            "zone_id": "Z090954828SJIEL6P5406"
          },
          "sensitive_attributes": [],
          "private": "eyJzY2hlbWFfdmVyc2lvbiI6IjIifQ==",
          "dependencies": [
            "module.mosip_infra.module.aws_infra.module.aws_infrastructure.data.aws_availability_zones.available",
            "module.mosip_infra.module.aws_infra.module.aws_infrastructure.data.aws_ec2_instance_type_offerings.k8s_instance_types",
            "module.mosip_infra.module.aws_infra.module.aws_infrastructure.data.aws_ec2_instance_type_offerings.nginx_instance_types",
            "module.mosip_infra.module.aws_infra.module.aws_infrastructure.data.aws_subnets.public_subnets",
            "module.mosip_infra.module.aws_infra.module.aws_infrastructure.data.aws_vpc.existing_vpc",
            "module.mosip_infra.module.aws_infra.module.aws_infrastructure.module.aws-resource-creation.aws_iam_instance_profile.certbot_profile",
            "module.mosip_infra.module.aws_infra.module.aws_infrastructure.module.aws-resource-creation.aws_iam_role.certbot_role",
            "module.mosip_infra.module.aws_infra.module.aws_infrastructure.module.aws-resource-creation.aws_instance.NGINX_EC2_INSTANCE",
            "module.mosip_infra.module.aws_infra.module.aws_infrastructure.module.aws-resource-creation.aws_security_group.security-group"
          ]
        },
        {
          "index_key": "signup",
          "schema_version": 2,
          "attributes": {
            "alias": [],
            "allow_overwrite": true,
            "cidr_routing_policy": [],
            "failover_routing_policy": [],
            "fqdn": "signup.soil.mosip.net",
            "geolocation_routing_policy": [],
            "geoproximity_routing_policy": [],
            "health_check_id": "",
            "id": "Z090954828SJIEL6P5406_signup.soil.mosip.net_CNAME",
            "latency_routing_policy": [],
            "multivalue_answer_routing_policy": false,
            "name": "signup.soil.mosip.net",
            "records": [
              "api.soil.mosip.net"
            ],
            "set_identifier": "",
            "ttl": 300,
            "type": "CNAME",
            "weighted_routing_policy": [],
            "zone_id": "Z090954828SJIEL6P5406"
          },
          "sensitive_attributes": [],
          "private": "eyJzY2hlbWFfdmVyc2lvbiI6IjIifQ==",
          "dependencies": [
            "module.mosip_infra.module.aws_infra.module.aws_infrastructure.data.aws_availability_zones.available",
            "module.mosip_infra.module.aws_infra.module.aws_infrastructure.data.aws_ec2_instance_type_offerings.k8s_instance_types",
            "module.mosip_infra.module.aws_infra.module.aws_infrastructure.data.aws_ec2_instance_type_offerings.nginx_instance_types",
            "module.mosip_infra.module.aws_infra.module.aws_infrastructure.data.aws_subnets.public_subnets",
            "module.mosip_infra.module.aws_infra.module.aws_infrastructure.data.aws_vpc.existing_vpc",
            "module.mosip_infra.module.aws_infra.module.aws_infrastructure.module.aws-resource-creation.aws_iam_instance_profile.certbot_profile",
            "module.mosip_infra.module.aws_infra.module.aws_infrastructure.module.aws-resource-creation.aws_iam_role.certbot_role",
            "module.mosip_infra.module.aws_infra.module.aws_infrastructure.module.aws-resource-creation.aws_instance.NGINX_EC2_INSTANCE",
            "module.mosip_infra.module.aws_infra.module.aws_infrastructure.module.aws-resource-creation.aws_security_group.security-group"
          ]
        },
        {
          "index_key": "smtp",
          "schema_version": 2,
          "attributes": {
            "alias": [],
            "allow_overwrite": true,
            "cidr_routing_policy": [],
            "failover_routing_policy": [],
            "fqdn": "smtp.soil.mosip.net",
            "geolocation_routing_policy": [],
            "geoproximity_routing_policy": [],
            "health_check_id": "",
            "id": "Z090954828SJIEL6P5406_smtp.soil.mosip.net_CNAME",
            "latency_routing_policy": [],
            "multivalue_answer_routing_policy": false,
            "name": "smtp.soil.mosip.net",
            "records": [
              "api-internal.soil.mosip.net"
            ],
            "set_identifier": "",
            "ttl": 300,
            "type": "CNAME",
            "weighted_routing_policy": [],
            "zone_id": "Z090954828SJIEL6P5406"
          },
          "sensitive_attributes": [],
          "private": "eyJzY2hlbWFfdmVyc2lvbiI6IjIifQ==",
          "dependencies": [
            "module.mosip_infra.module.aws_infra.module.aws_infrastructure.data.aws_availability_zones.available",
            "module.mosip_infra.module.aws_infra.module.aws_infrastructure.data.aws_ec2_instance_type_offerings.k8s_instance_types",
            "module.mosip_infra.module.aws_infra.module.aws_infrastructure.data.aws_ec2_instance_type_offerings.nginx_instance_types",
            "module.mosip_infra.module.aws_infra.module.aws_infrastructure.data.aws_subnets.public_subnets",
            "module.mosip_infra.module.aws_infra.module.aws_infrastructure.data.aws_vpc.existing_vpc",
            "module.mosip_infra.module.aws_infra.module.aws_infrastructure.module.aws-resource-creation.aws_iam_instance_profile.certbot_profile",
            "module.mosip_infra.module.aws_infra.module.aws_infrastructure.module.aws-resource-creation.aws_iam_role.certbot_role",
            "module.mosip_infra.module.aws_infra.module.aws_infrastructure.module.aws-resource-creation.aws_instance.NGINX_EC2_INSTANCE",
            "module.mosip_infra.module.aws_infra.module.aws_infrastructure.module.aws-resource-creation.aws_security_group.security-group"
          ]
        },
        {
          "index_key": "soil.mosip.net",
          "schema_version": 2,
          "attributes": {
            "alias": [],
            "allow_overwrite": true,
            "cidr_routing_policy": [],
            "failover_routing_policy": [],
            "fqdn": "soil.mosip.net",
            "geolocation_routing_policy": [],
            "geoproximity_routing_policy": [],
            "health_check_id": "",
            "id": "Z090954828SJIEL6P5406_soil.mosip.net_CNAME",
            "latency_routing_policy": [],
            "multivalue_answer_routing_policy": false,
            "name": "soil.mosip.net",
            "records": [
              "api-internal.soil.mosip.net"
            ],
            "set_identifier": "",
            "ttl": 300,
            "type": "CNAME",
            "weighted_routing_policy": [],
            "zone_id": "Z090954828SJIEL6P5406"
          },
          "sensitive_attributes": [],
          "private": "eyJzY2hlbWFfdmVyc2lvbiI6IjIifQ==",
          "dependencies": [
            "module.mosip_infra.module.aws_infra.module.aws_infrastructure.data.aws_availability_zones.available",
            "module.mosip_infra.module.aws_infra.module.aws_infrastructure.data.aws_ec2_instance_type_offerings.k8s_instance_types",
            "module.mosip_infra.module.aws_infra.module.aws_infrastructure.data.aws_ec2_instance_type_offerings.nginx_instance_types",
            "module.mosip_infra.module.aws_infra.module.aws_infrastructure.data.aws_subnets.public_subnets",
            "module.mosip_infra.module.aws_infra.module.aws_infrastructure.data.aws_vpc.existing_vpc",
            "module.mosip_infra.module.aws_infra.module.aws_infrastructure.module.aws-resource-creation.aws_iam_instance_profile.certbot_profile",
            "module.mosip_infra.module.aws_infra.module.aws_infrastructure.module.aws-resource-creation.aws_iam_role.certbot_role",
            "module.mosip_infra.module.aws_infra.module.aws_infrastructure.module.aws-resource-creation.aws_instance.NGINX_EC2_INSTANCE",
            "module.mosip_infra.module.aws_infra.module.aws_infrastructure.module.aws-resource-creation.aws_security_group.security-group"
          ]
        }
      ]
    },
    {
      "module": "module.mosip_infra.module.aws_infra[0].module.aws_infrastructure.module.aws-resource-creation",
      "mode": "managed",
      "type": "aws_security_group",
      "name": "security-group",
      "provider": "provider[\"registry.terraform.io/hashicorp/aws\"]",
      "instances": [
        {
          "index_key": "K8S_CONTROL_PLANE_SECURITY_GROUP",
          "schema_version": 1,
          "attributes": {
            "arn": "arn:aws:ec2:ap-south-1:931337674770:security-group/sg-0e72a64f76770f511",
            "description": "Rules which allow the outgoing traffic from the instances associated with the security group K8S_CONTROL_PLANE_SECURITY_GROUP",
            "egress": [
              {
                "cidr_blocks": [
                  "0.0.0.0/0"
                ],
                "description": "Allow HTTPS outbound to anywhere",
                "from_port": 443,
                "ipv6_cidr_blocks": [],
                "prefix_list_ids": [],
                "protocol": "tcp",
                "security_groups": [],
                "self": false,
                "to_port": 443
              },
              {
                "cidr_blocks": [
                  "10.0.0.0/16"
                ],
                "description": "Allow DNS TCP outbound to VPC CIDR",
                "from_port": 53,
                "ipv6_cidr_blocks": [],
                "prefix_list_ids": [],
                "protocol": "tcp",
                "security_groups": [],
                "self": false,
                "to_port": 53
              },
              {
                "cidr_blocks": [
                  "10.0.0.0/16"
                ],
                "description": "Allow DNS UDP outbound to VPC CIDR",
                "from_port": 53,
                "ipv6_cidr_blocks": [],
                "prefix_list_ids": [],
                "protocol": "udp",
                "security_groups": [],
                "self": false,
                "to_port": 53
              },
              {
                "cidr_blocks": [
                  "10.0.0.0/16"
                ],
                "description": "Allow all required internal communication to VPC CIDR",
                "from_port": 0,
                "ipv6_cidr_blocks": [],
                "prefix_list_ids": [],
                "protocol": "-1",
                "security_groups": [],
                "self": false,
                "to_port": 0
              },
              {
                "cidr_blocks": [
                  "10.13.13.0/24"
                ],
                "description": "Allow WireGuard VPN outbound to VPN CIDR",
                "from_port": 51820,
                "ipv6_cidr_blocks": [],
                "prefix_list_ids": [],
                "protocol": "udp",
                "security_groups": [],
                "self": false,
                "to_port": 51820
              }
            ],
            "id": "sg-0e72a64f76770f511",
            "ingress": [
              {
                "cidr_blocks": [
                  "10.0.0.0/16"
                ],
                "description": "Allow ICMP only within VPC CIDR",
                "from_port": -1,
                "ipv6_cidr_blocks": [],
                "prefix_list_ids": [],
                "protocol": "icmp",
                "security_groups": [],
                "self": false,
                "to_port": -1
              },
              {
                "cidr_blocks": [
                  "10.0.0.0/16"
                ],
                "description": "Canal CNI health checks (internal only)",
                "from_port": 9099,
                "ipv6_cidr_blocks": [],
                "prefix_list_ids": [],
                "protocol": "tcp",
                "security_groups": [],
                "self": false,
                "to_port": 9099
              },
              {
                "cidr_blocks": [
                  "10.0.0.0/16"
                ],
                "description": "Canal CNI with VXLAN (internal only)",
                "from_port": 8472,
                "ipv6_cidr_blocks": [],
                "prefix_list_ids": [],
                "protocol": "udp",
                "security_groups": [],
                "self": false,
                "to_port": 8472
              },
              {
                "cidr_blocks": [
                  "10.0.0.0/16"
                ],
                "description": "ETCD client port (internal only)",
                "from_port": 2379,
                "ipv6_cidr_blocks": [],
                "prefix_list_ids": [],
                "protocol": "tcp",
                "security_groups": [],
                "self": false,
                "to_port": 2379
              },
              {
                "cidr_blocks": [
                  "10.0.0.0/16"
                ],
                "description": "ETCD metrics port (internal only)",
                "from_port": 2381,
                "ipv6_cidr_blocks": [],
                "prefix_list_ids": [],
                "protocol": "tcp",
                "security_groups": [],
                "self": false,
                "to_port": 2381
              },
              {
                "cidr_blocks": [
                  "10.0.0.0/16"
                ],
                "description": "ETCD peer port (internal only)",
                "from_port": 2380,
                "ipv6_cidr_blocks": [],
                "prefix_list_ids": [],
                "protocol": "tcp",
                "security_groups": [],
                "self": false,
                "to_port": 2380
              },
              {
                "cidr_blocks": [
                  "10.0.0.0/16"
                ],
                "description": "Kubelet metrics (internal only)",
                "from_port": 10250,
                "ipv6_cidr_blocks": [],
                "prefix_list_ids": [],
                "protocol": "tcp",
                "security_groups": [],
                "self": false,
                "to_port": 10250
              },
              {
                "cidr_blocks": [
                  "10.0.0.0/16"
                ],
                "description": "Kubernetes API (internal only)",
                "from_port": 6443,
                "ipv6_cidr_blocks": [],
                "prefix_list_ids": [],
                "protocol": "tcp",
                "security_groups": [],
                "self": false,
                "to_port": 6443
              },
              {
                "cidr_blocks": [
                  "10.0.0.0/16"
                ],
                "description": "NodePort port range (internal only)",
                "from_port": 30000,
                "ipv6_cidr_blocks": [],
                "prefix_list_ids": [],
                "protocol": "tcp",
                "security_groups": [],
                "self": false,
                "to_port": 32767
              },
              {
                "cidr_blocks": [
                  "10.0.0.0/16"
                ],
                "description": "RKE2 supervisor API (internal only)",
                "from_port": 9345,
                "ipv6_cidr_blocks": [],
                "prefix_list_ids": [],
                "protocol": "tcp",
                "security_groups": [],
                "self": false,
                "to_port": 9345
              },
              {
                "cidr_blocks": [
                  "10.0.0.0/16"
                ],
                "description": "SSH login port (restricted to VPC CIDR)",
                "from_port": 22,
                "ipv6_cidr_blocks": [],
                "prefix_list_ids": [],
                "protocol": "tcp",
                "security_groups": [],
                "self": false,
                "to_port": 22
              }
            ],
            "name": "terraform-20250818133636699800000003",
            "name_prefix": "terraform-",
            "owner_id": "931337674770",
            "revoke_rules_on_delete": false,
            "tags": {
              "Cluster": "soil",
              "Name": "soil-K8S_CONTROL_PLANE_SECURITY_GROUP"
            },
            "tags_all": {
              "Cluster": "soil",
              "Name": "soil-K8S_CONTROL_PLANE_SECURITY_GROUP"
            },
            "timeouts": null,
            "vpc_id": "vpc-034f89e7c01cabf74"
          },
          "sensitive_attributes": [],
          "private": "eyJlMmJmYjczMC1lY2FhLTExZTYtOGY4OC0zNDM2M2JjN2M0YzAiOnsiY3JlYXRlIjo2MDAwMDAwMDAwMDAsImRlbGV0ZSI6OTAwMDAwMDAwMDAwfSwic2NoZW1hX3ZlcnNpb24iOiIxIn0=",
          "dependencies": [
            "module.mosip_infra.module.aws_infra.module.aws_infrastructure.data.aws_vpc.existing_vpc"
          ]
        },
        {
          "index_key": "K8S_ETCD_SECURITY_GROUP",
          "schema_version": 1,
          "attributes": {
            "arn": "arn:aws:ec2:ap-south-1:931337674770:security-group/sg-0157cbaa9d4ad9c44",
            "description": "Rules which allow the outgoing traffic from the instances associated with the security group K8S_ETCD_SECURITY_GROUP",
            "egress": [
              {
                "cidr_blocks": [
                  "0.0.0.0/0"
                ],
                "description": "Allow HTTPS outbound to anywhere",
                "from_port": 443,
                "ipv6_cidr_blocks": [],
                "prefix_list_ids": [],
                "protocol": "tcp",
                "security_groups": [],
                "self": false,
                "to_port": 443
              },
              {
                "cidr_blocks": [
                  "10.0.0.0/16"
                ],
                "description": "Allow DNS TCP outbound to VPC CIDR",
                "from_port": 53,
                "ipv6_cidr_blocks": [],
                "prefix_list_ids": [],
                "protocol": "tcp",
                "security_groups": [],
                "self": false,
                "to_port": 53
              },
              {
                "cidr_blocks": [
                  "10.0.0.0/16"
                ],
                "description": "Allow DNS UDP outbound to VPC CIDR",
                "from_port": 53,
                "ipv6_cidr_blocks": [],
                "prefix_list_ids": [],
                "protocol": "udp",
                "security_groups": [],
                "self": false,
                "to_port": 53
              },
              {
                "cidr_blocks": [
                  "10.0.0.0/16"
                ],
                "description": "Allow all required internal communication to VPC CIDR",
                "from_port": 0,
                "ipv6_cidr_blocks": [],
                "prefix_list_ids": [],
                "protocol": "-1",
                "security_groups": [],
                "self": false,
                "to_port": 0
              },
              {
                "cidr_blocks": [
                  "10.13.13.0/24"
                ],
                "description": "Allow WireGuard VPN outbound to VPN CIDR",
                "from_port": 51820,
                "ipv6_cidr_blocks": [],
                "prefix_list_ids": [],
                "protocol": "udp",
                "security_groups": [],
                "self": false,
                "to_port": 51820
              }
            ],
            "id": "sg-0157cbaa9d4ad9c44",
            "ingress": [
              {
                "cidr_blocks": [
                  "0.0.0.0/0"
                ],
                "description": "Allow all incoming ICMP IPv4 and IPv6 traffic",
                "from_port": -1,
                "ipv6_cidr_blocks": [
                  "::/0"
                ],
                "prefix_list_ids": [],
                "protocol": "icmp",
                "security_groups": [],
                "self": false,
                "to_port": -1
              },
              {
                "cidr_blocks": [
                  "0.0.0.0/0"
                ],
                "description": "Canal CNI health checks",
                "from_port": 9099,
                "ipv6_cidr_blocks": [
                  "::/0"
                ],
                "prefix_list_ids": [],
                "protocol": "tcp",
                "security_groups": [],
                "self": false,
                "to_port": 9099
              },
              {
                "cidr_blocks": [
                  "0.0.0.0/0"
                ],
                "description": "Canal CNI with VXLAN",
                "from_port": 8472,
                "ipv6_cidr_blocks": [
                  "::/0"
                ],
                "prefix_list_ids": [],
                "protocol": "udp",
                "security_groups": [],
                "self": false,
                "to_port": 8472
              },
              {
                "cidr_blocks": [
                  "0.0.0.0/0"
                ],
                "description": "ETCD client port",
                "from_port": 2379,
                "ipv6_cidr_blocks": [
                  "::/0"
                ],
                "prefix_list_ids": [],
                "protocol": "tcp",
                "security_groups": [],
                "self": false,
                "to_port": 2379
              },
              {
                "cidr_blocks": [
                  "0.0.0.0/0"
                ],
                "description": "ETCD metrics port",
                "from_port": 2381,
                "ipv6_cidr_blocks": [
                  "::/0"
                ],
                "prefix_list_ids": [],
                "protocol": "tcp",
                "security_groups": [],
                "self": false,
                "to_port": 2381
              },
              {
                "cidr_blocks": [
                  "0.0.0.0/0"
                ],
                "description": "ETCD peer port",
                "from_port": 2380,
                "ipv6_cidr_blocks": [
                  "::/0"
                ],
                "prefix_list_ids": [],
                "protocol": "tcp",
                "security_groups": [],
                "self": false,
                "to_port": 2380
              },
              {
                "cidr_blocks": [
                  "0.0.0.0/0"
                ],
                "description": "Kubelet metrics",
                "from_port": 10250,
                "ipv6_cidr_blocks": [
                  "::/0"
                ],
                "prefix_list_ids": [],
                "protocol": "tcp",
                "security_groups": [],
                "self": false,
                "to_port": 10250
              },
              {
                "cidr_blocks": [
                  "0.0.0.0/0"
                ],
                "description": "NodePort port range",
                "from_port": 30000,
                "ipv6_cidr_blocks": [
                  "::/0"
                ],
                "prefix_list_ids": [],
                "protocol": "tcp",
                "security_groups": [],
                "self": false,
                "to_port": 32767
              },
              {
                "cidr_blocks": [
                  "0.0.0.0/0"
                ],
                "description": "SSH login port",
                "from_port": 22,
                "ipv6_cidr_blocks": [
                  "::/0"
                ],
                "prefix_list_ids": [],
                "protocol": "tcp",
                "security_groups": [],
                "self": false,
                "to_port": 22
              }
            ],
            "name": "terraform-20250818133636697400000002",
            "name_prefix": "terraform-",
            "owner_id": "931337674770",
            "revoke_rules_on_delete": false,
            "tags": {
              "Cluster": "soil",
              "Name": "soil-K8S_ETCD_SECURITY_GROUP"
            },
            "tags_all": {
              "Cluster": "soil",
              "Name": "soil-K8S_ETCD_SECURITY_GROUP"
            },
            "timeouts": null,
            "vpc_id": "vpc-034f89e7c01cabf74"
          },
          "sensitive_attributes": [],
          "private": "eyJlMmJmYjczMC1lY2FhLTExZTYtOGY4OC0zNDM2M2JjN2M0YzAiOnsiY3JlYXRlIjo2MDAwMDAwMDAwMDAsImRlbGV0ZSI6OTAwMDAwMDAwMDAwfSwic2NoZW1hX3ZlcnNpb24iOiIxIn0=",
          "dependencies": [
            "module.mosip_infra.module.aws_infra.module.aws_infrastructure.data.aws_vpc.existing_vpc"
          ]
        },
        {
          "index_key": "K8S_WORKER_SECURITY_GROUP",
          "schema_version": 1,
          "attributes": {
            "arn": "arn:aws:ec2:ap-south-1:931337674770:security-group/sg-0d391ac026620d162",
            "description": "Rules which allow the outgoing traffic from the instances associated with the security group K8S_WORKER_SECURITY_GROUP",
            "egress": [
              {
                "cidr_blocks": [
                  "0.0.0.0/0"
                ],
                "description": "Allow HTTPS outbound to anywhere",
                "from_port": 443,
                "ipv6_cidr_blocks": [],
                "prefix_list_ids": [],
                "protocol": "tcp",
                "security_groups": [],
                "self": false,
                "to_port": 443
              },
              {
                "cidr_blocks": [
                  "10.0.0.0/16"
                ],
                "description": "Allow DNS TCP outbound to VPC CIDR",
                "from_port": 53,
                "ipv6_cidr_blocks": [],
                "prefix_list_ids": [],
                "protocol": "tcp",
                "security_groups": [],
                "self": false,
                "to_port": 53
              },
              {
                "cidr_blocks": [
                  "10.0.0.0/16"
                ],
                "description": "Allow DNS UDP outbound to VPC CIDR",
                "from_port": 53,
                "ipv6_cidr_blocks": [],
                "prefix_list_ids": [],
                "protocol": "udp",
                "security_groups": [],
                "self": false,
                "to_port": 53
              },
              {
                "cidr_blocks": [
                  "10.0.0.0/16"
                ],
                "description": "Allow all required internal communication to VPC CIDR",
                "from_port": 0,
                "ipv6_cidr_blocks": [],
                "prefix_list_ids": [],
                "protocol": "-1",
                "security_groups": [],
                "self": false,
                "to_port": 0
              },
              {
                "cidr_blocks": [
                  "10.13.13.0/24"
                ],
                "description": "Allow WireGuard VPN outbound to VPN CIDR",
                "from_port": 51820,
                "ipv6_cidr_blocks": [],
                "prefix_list_ids": [],
                "protocol": "udp",
                "security_groups": [],
                "self": false,
                "to_port": 51820
              }
            ],
            "id": "sg-0d391ac026620d162",
            "ingress": [
              {
                "cidr_blocks": [
                  "0.0.0.0/0"
                ],
                "description": "Allow all incoming ICMP IPv4 and IPv6 traffic",
                "from_port": -1,
                "ipv6_cidr_blocks": [
                  "::/0"
                ],
                "prefix_list_ids": [],
                "protocol": "icmp",
                "security_groups": [],
                "self": false,
                "to_port": -1
              },
              {
                "cidr_blocks": [
                  "0.0.0.0/0"
                ],
                "description": "Canal CNI health checks",
                "from_port": 9099,
                "ipv6_cidr_blocks": [
                  "::/0"
                ],
                "prefix_list_ids": [],
                "protocol": "tcp",
                "security_groups": [],
                "self": false,
                "to_port": 9099
              },
              {
                "cidr_blocks": [
                  "0.0.0.0/0"
                ],
                "description": "Canal CNI with VXLAN",
                "from_port": 8472,
                "ipv6_cidr_blocks": [
                  "::/0"
                ],
                "prefix_list_ids": [],
                "protocol": "udp",
                "security_groups": [],
                "self": false,
                "to_port": 8472
              },
              {
                "cidr_blocks": [
                  "0.0.0.0/0"
                ],
                "description": "Kubelet metrics",
                "from_port": 10250,
                "ipv6_cidr_blocks": [
                  "::/0"
                ],
                "prefix_list_ids": [],
                "protocol": "tcp",
                "security_groups": [],
                "self": false,
                "to_port": 10250
              },
              {
                "cidr_blocks": [
                  "0.0.0.0/0"
                ],
                "description": "NodePort port range",
                "from_port": 30000,
                "ipv6_cidr_blocks": [
                  "::/0"
                ],
                "prefix_list_ids": [],
                "protocol": "tcp",
                "security_groups": [],
                "self": false,
                "to_port": 32767
              },
              {
                "cidr_blocks": [
                  "0.0.0.0/0"
                ],
                "description": "SSH login port",
                "from_port": 22,
                "ipv6_cidr_blocks": [
                  "::/0"
                ],
                "prefix_list_ids": [],
                "protocol": "tcp",
                "security_groups": [],
                "self": false,
                "to_port": 22
              }
            ],
            "name": "terraform-20250818133636678200000001",
            "name_prefix": "terraform-",
            "owner_id": "931337674770",
            "revoke_rules_on_delete": false,
            "tags": {
              "Cluster": "soil",
              "Name": "soil-K8S_WORKER_SECURITY_GROUP"
            },
            "tags_all": {
              "Cluster": "soil",
              "Name": "soil-K8S_WORKER_SECURITY_GROUP"
            },
            "timeouts": null,
            "vpc_id": "vpc-034f89e7c01cabf74"
          },
          "sensitive_attributes": [],
          "private": "eyJlMmJmYjczMC1lY2FhLTExZTYtOGY4OC0zNDM2M2JjN2M0YzAiOnsiY3JlYXRlIjo2MDAwMDAwMDAwMDAsImRlbGV0ZSI6OTAwMDAwMDAwMDAwfSwic2NoZW1hX3ZlcnNpb24iOiIxIn0=",
          "dependencies": [
            "module.mosip_infra.module.aws_infra.module.aws_infrastructure.data.aws_vpc.existing_vpc"
          ]
        },
        {
          "index_key": "NGINX_SECURITY_GROUP",
          "schema_version": 1,
          "attributes": {
            "arn": "arn:aws:ec2:ap-south-1:931337674770:security-group/sg-01317df0fb74b3341",
            "description": "Rules which allow the outgoing traffic from the instances associated with the security group NGINX_SECURITY_GROUP",
            "egress": [
              {
                "cidr_blocks": [
                  "0.0.0.0/0"
                ],
                "description": "Allow HTTPS outbound to anywhere",
                "from_port": 443,
                "ipv6_cidr_blocks": [],
                "prefix_list_ids": [],
                "protocol": "tcp",
                "security_groups": [],
                "self": false,
                "to_port": 443
              },
              {
                "cidr_blocks": [
                  "10.0.0.0/16"
                ],
                "description": "Allow DNS TCP outbound to VPC CIDR",
                "from_port": 53,
                "ipv6_cidr_blocks": [],
                "prefix_list_ids": [],
                "protocol": "tcp",
                "security_groups": [],
                "self": false,
                "to_port": 53
              },
              {
                "cidr_blocks": [
                  "10.0.0.0/16"
                ],
                "description": "Allow DNS UDP outbound to VPC CIDR",
                "from_port": 53,
                "ipv6_cidr_blocks": [],
                "prefix_list_ids": [],
                "protocol": "udp",
                "security_groups": [],
                "self": false,
                "to_port": 53
              },
              {
                "cidr_blocks": [
                  "10.0.0.0/16"
                ],
                "description": "Allow all required internal communication to VPC CIDR",
                "from_port": 0,
                "ipv6_cidr_blocks": [],
                "prefix_list_ids": [],
                "protocol": "-1",
                "security_groups": [],
                "self": false,
                "to_port": 0
              },
              {
                "cidr_blocks": [
                  "10.13.13.0/24"
                ],
                "description": "Allow WireGuard VPN outbound to VPN CIDR",
                "from_port": 51820,
                "ipv6_cidr_blocks": [],
                "prefix_list_ids": [],
                "protocol": "udp",
                "security_groups": [],
                "self": false,
                "to_port": 51820
              }
            ],
            "id": "sg-01317df0fb74b3341",
            "ingress": [
              {
                "cidr_blocks": [
                  "0.0.0.0/0"
                ],
                "description": "HTTP port (public)",
                "from_port": 80,
                "ipv6_cidr_blocks": [],
                "prefix_list_ids": [],
                "protocol": "tcp",
                "security_groups": [],
                "self": false,
                "to_port": 80
              },
              {
                "cidr_blocks": [
                  "0.0.0.0/0"
                ],
                "description": "HTTPS port (public)",
                "from_port": 443,
                "ipv6_cidr_blocks": [],
                "prefix_list_ids": [],
                "protocol": "tcp",
                "security_groups": [],
                "self": false,
                "to_port": 443
              },
              {
                "cidr_blocks": [
                  "10.0.0.0/16"
                ],
                "description": "ActiveMQ port (internal only)",
                "from_port": 61616,
                "ipv6_cidr_blocks": [],
                "prefix_list_ids": [],
                "protocol": "tcp",
                "security_groups": [],
                "self": false,
                "to_port": 61616
              },
              {
                "cidr_blocks": [
                  "10.0.0.0/16"
                ],
                "description": "Allow ICMP only within VPC CIDR",
                "from_port": -1,
                "ipv6_cidr_blocks": [],
                "prefix_list_ids": [],
                "protocol": "icmp",
                "security_groups": [],
                "self": false,
                "to_port": -1
              },
              {
                "cidr_blocks": [
                  "10.0.0.0/16"
                ],
                "description": "Minio console port (internal only)",
                "from_port": 9000,
                "ipv6_cidr_blocks": [],
                "prefix_list_ids": [],
                "protocol": "tcp",
                "security_groups": [],
                "self": false,
                "to_port": 9000
              },
              {
                "cidr_blocks": [
                  "10.0.0.0/16"
                ],
                "description": "NFS server port tcp (internal only)",
                "from_port": 2049,
                "ipv6_cidr_blocks": [],
                "prefix_list_ids": [],
                "protocol": "tcp",
                "security_groups": [],
                "self": false,
                "to_port": 2049
              },
              {
                "cidr_blocks": [
                  "10.0.0.0/16"
                ],
                "description": "NFS server port udp (internal only)",
                "from_port": 2049,
                "ipv6_cidr_blocks": [],
                "prefix_list_ids": [],
                "protocol": "udp",
                "security_groups": [],
                "self": false,
                "to_port": 2049
              },
              {
                "cidr_blocks": [
                  "10.0.0.0/16"
                ],
                "description": "Postgres port (internal only)",
                "from_port": 5432,
                "ipv6_cidr_blocks": [],
                "prefix_list_ids": [],
                "protocol": "tcp",
                "security_groups": [],
                "self": false,
                "to_port": 5432
              },
              {
                "cidr_blocks": [
                  "10.0.0.0/16"
                ],
                "description": "SSH login port (restricted to VPC CIDR)",
                "from_port": 22,
                "ipv6_cidr_blocks": [],
                "prefix_list_ids": [],
                "protocol": "tcp",
                "security_groups": [],
                "self": false,
                "to_port": 22
              }
            ],
            "name": "terraform-20250818133636702500000004",
            "name_prefix": "terraform-",
            "owner_id": "931337674770",
            "revoke_rules_on_delete": false,
            "tags": {
              "Cluster": "soil",
              "Name": "soil-NGINX_SECURITY_GROUP"
            },
            "tags_all": {
              "Cluster": "soil",
              "Name": "soil-NGINX_SECURITY_GROUP"
            },
            "timeouts": null,
            "vpc_id": "vpc-034f89e7c01cabf74"
          },
          "sensitive_attributes": [],
          "private": "eyJlMmJmYjczMC1lY2FhLTExZTYtOGY4OC0zNDM2M2JjN2M0YzAiOnsiY3JlYXRlIjo2MDAwMDAwMDAwMDAsImRlbGV0ZSI6OTAwMDAwMDAwMDAwfSwic2NoZW1hX3ZlcnNpb24iOiIxIn0=",
          "dependencies": [
            "module.mosip_infra.module.aws_infra.module.aws_infrastructure.data.aws_vpc.existing_vpc"
          ]
        }
      ]
    },
    {
      "module": "module.mosip_infra.module.aws_infra[0].module.aws_infrastructure.module.nfs-setup",
      "mode": "managed",
      "type": "null_resource",
      "name": "nfs-csi-setup",
      "provider": "provider[\"registry.terraform.io/hashicorp/null\"]",
      "instances": [
        {
          "schema_version": 0,
          "attributes": {
            "id": "429933873176129917",
            "triggers": null
          },
          "sensitive_attributes": [],
          "dependencies": [
            "module.mosip_infra.module.aws_infra.module.aws_infrastructure.data.aws_availability_zones.available",
            "module.mosip_infra.module.aws_infra.module.aws_infrastructure.data.aws_ec2_instance_type_offerings.k8s_instance_types",
            "module.mosip_infra.module.aws_infra.module.aws_infrastructure.data.aws_ec2_instance_type_offerings.nginx_instance_types",
            "module.mosip_infra.module.aws_infra.module.aws_infrastructure.data.aws_subnets.private_subnets",
            "module.mosip_infra.module.aws_infra.module.aws_infrastructure.data.aws_subnets.public_subnets",
            "module.mosip_infra.module.aws_infra.module.aws_infrastructure.data.aws_vpc.existing_vpc",
            "module.mosip_infra.module.aws_infra.module.aws_infrastructure.module.aws-resource-creation.aws_iam_instance_profile.certbot_profile",
            "module.mosip_infra.module.aws_infra.module.aws_infrastructure.module.aws-resource-creation.aws_iam_policy.certbot_policy",
            "module.mosip_infra.module.aws_infra.module.aws_infrastructure.module.aws-resource-creation.aws_iam_role.certbot_role",
            "module.mosip_infra.module.aws_infra.module.aws_infrastructure.module.aws-resource-creation.aws_iam_role_policy_attachment.certbot_policy_attachment",
            "module.mosip_infra.module.aws_infra.module.aws_infrastructure.module.aws-resource-creation.aws_instance.K8S_CLUSTER_EC2_INSTANCE",
            "module.mosip_infra.module.aws_infra.module.aws_infrastructure.module.aws-resource-creation.aws_instance.NGINX_EC2_INSTANCE",
            "module.mosip_infra.module.aws_infra.module.aws_infrastructure.module.aws-resource-creation.aws_route53_record.DNS_RECORDS",
            "module.mosip_infra.module.aws_infra.module.aws_infrastructure.module.aws-resource-creation.aws_security_group.security-group",
            "module.mosip_infra.module.aws_infra.module.aws_infrastructure.module.nfs-setup.null_resource.nfs-server-setup",
            "module.mosip_infra.module.aws_infra.module.aws_infrastructure.module.rke2-setup.null_resource.download-k8s-kubeconfig",
            "module.mosip_infra.module.aws_infra.module.aws_infrastructure.module.rke2-setup.null_resource.download-kubectl-file",
            "module.mosip_infra.module.aws_infra.module.aws_infrastructure.module.rke2-setup.null_resource.rancher-import",
            "module.mosip_infra.module.aws_infra.module.aws_infrastructure.module.rke2-setup.null_resource.rke2-cluster-setup",
            "module.mosip_infra.module.aws_infra.module.aws_infrastructure.module.rke2-setup.null_resource.rke2-primary-cluster-setup",
            "module.mosip_infra.module.aws_infra.module.aws_infrastructure.module.rke2-setup.random_string.K8S_TOKEN"
          ]
        }
      ]
    },
    {
      "module": "module.mosip_infra.module.aws_infra[0].module.aws_infrastructure.module.nfs-setup",
      "mode": "managed",
      "type": "null_resource",
      "name": "nfs-server-setup",
      "provider": "provider[\"registry.terraform.io/hashicorp/null\"]",
      "instances": [
        {
          "schema_version": 0,
          "attributes": {
            "id": "3901070410138169314",
            "triggers": null
          },
          "sensitive_attributes": [],
          "dependencies": [
            "module.mosip_infra.module.aws_infra.module.aws_infrastructure.data.aws_availability_zones.available",
            "module.mosip_infra.module.aws_infra.module.aws_infrastructure.data.aws_ec2_instance_type_offerings.k8s_instance_types",
            "module.mosip_infra.module.aws_infra.module.aws_infrastructure.data.aws_ec2_instance_type_offerings.nginx_instance_types",
            "module.mosip_infra.module.aws_infra.module.aws_infrastructure.data.aws_subnets.private_subnets",
            "module.mosip_infra.module.aws_infra.module.aws_infrastructure.data.aws_subnets.public_subnets",
            "module.mosip_infra.module.aws_infra.module.aws_infrastructure.data.aws_vpc.existing_vpc",
            "module.mosip_infra.module.aws_infra.module.aws_infrastructure.module.aws-resource-creation.aws_iam_instance_profile.certbot_profile",
            "module.mosip_infra.module.aws_infra.module.aws_infrastructure.module.aws-resource-creation.aws_iam_policy.certbot_policy",
            "module.mosip_infra.module.aws_infra.module.aws_infrastructure.module.aws-resource-creation.aws_iam_role.certbot_role",
            "module.mosip_infra.module.aws_infra.module.aws_infrastructure.module.aws-resource-creation.aws_iam_role_policy_attachment.certbot_policy_attachment",
            "module.mosip_infra.module.aws_infra.module.aws_infrastructure.module.aws-resource-creation.aws_instance.K8S_CLUSTER_EC2_INSTANCE",
            "module.mosip_infra.module.aws_infra.module.aws_infrastructure.module.aws-resource-creation.aws_instance.NGINX_EC2_INSTANCE",
            "module.mosip_infra.module.aws_infra.module.aws_infrastructure.module.aws-resource-creation.aws_route53_record.DNS_RECORDS",
            "module.mosip_infra.module.aws_infra.module.aws_infrastructure.module.aws-resource-creation.aws_security_group.security-group",
            "module.mosip_infra.module.aws_infra.module.aws_infrastructure.module.rke2-setup.null_resource.download-k8s-kubeconfig",
            "module.mosip_infra.module.aws_infra.module.aws_infrastructure.module.rke2-setup.null_resource.download-kubectl-file",
            "module.mosip_infra.module.aws_infra.module.aws_infrastructure.module.rke2-setup.null_resource.rancher-import",
            "module.mosip_infra.module.aws_infra.module.aws_infrastructure.module.rke2-setup.null_resource.rke2-cluster-setup",
            "module.mosip_infra.module.aws_infra.module.aws_infrastructure.module.rke2-setup.null_resource.rke2-primary-cluster-setup",
            "module.mosip_infra.module.aws_infra.module.aws_infrastructure.module.rke2-setup.random_string.K8S_TOKEN"
          ]
        }
      ]
    },
    {
      "module": "module.mosip_infra.module.aws_infra[0].module.aws_infrastructure.module.nginx-setup",
      "mode": "managed",
      "type": "null_resource",
      "name": "Nginx-setup",
      "provider": "provider[\"registry.terraform.io/hashicorp/null\"]",
      "instances": [
        {
          "status": "tainted",
          "schema_version": 0,
          "attributes": {
            "id": "6018305544709698369",
            "triggers": {}
          },
          "sensitive_attributes": [],
          "dependencies": [
            "module.mosip_infra.module.aws_infra.module.aws_infrastructure.data.aws_availability_zones.available",
            "module.mosip_infra.module.aws_infra.module.aws_infrastructure.data.aws_ec2_instance_type_offerings.k8s_instance_types",
            "module.mosip_infra.module.aws_infra.module.aws_infrastructure.data.aws_ec2_instance_type_offerings.nginx_instance_types",
            "module.mosip_infra.module.aws_infra.module.aws_infrastructure.data.aws_subnets.private_subnets",
            "module.mosip_infra.module.aws_infra.module.aws_infrastructure.data.aws_subnets.public_subnets",
            "module.mosip_infra.module.aws_infra.module.aws_infrastructure.data.aws_vpc.existing_vpc",
            "module.mosip_infra.module.aws_infra.module.aws_infrastructure.module.aws-resource-creation.aws_iam_instance_profile.certbot_profile",
            "module.mosip_infra.module.aws_infra.module.aws_infrastructure.module.aws-resource-creation.aws_iam_policy.certbot_policy",
            "module.mosip_infra.module.aws_infra.module.aws_infrastructure.module.aws-resource-creation.aws_iam_role.certbot_role",
            "module.mosip_infra.module.aws_infra.module.aws_infrastructure.module.aws-resource-creation.aws_iam_role_policy_attachment.certbot_policy_attachment",
            "module.mosip_infra.module.aws_infra.module.aws_infrastructure.module.aws-resource-creation.aws_instance.K8S_CLUSTER_EC2_INSTANCE",
            "module.mosip_infra.module.aws_infra.module.aws_infrastructure.module.aws-resource-creation.aws_instance.NGINX_EC2_INSTANCE",
            "module.mosip_infra.module.aws_infra.module.aws_infrastructure.module.aws-resource-creation.aws_route53_record.DNS_RECORDS",
            "module.mosip_infra.module.aws_infra.module.aws_infrastructure.module.aws-resource-creation.aws_security_group.security-group"
          ]
        }
      ]
    },
    {
      "module": "module.mosip_infra.module.aws_infra[0].module.aws_infrastructure.module.rke2-setup",
      "mode": "managed",
      "type": "null_resource",
      "name": "download-k8s-kubeconfig",
      "provider": "provider[\"registry.terraform.io/hashicorp/null\"]",
      "instances": [
        {
          "index_key": "soil-CONTROL-PLANE-NODE-1",
          "schema_version": 0,
          "attributes": {
            "id": "6950573882785793209",
            "triggers": {
              "node_hash": "ce7ae76e99e2f58bfc8c3d5484c3d069"
            }
          },
          "sensitive_attributes": [],
          "dependencies": [
            "module.mosip_infra.module.aws_infra.module.aws_infrastructure.data.aws_availability_zones.available",
            "module.mosip_infra.module.aws_infra.module.aws_infrastructure.data.aws_ec2_instance_type_offerings.k8s_instance_types",
            "module.mosip_infra.module.aws_infra.module.aws_infrastructure.data.aws_ec2_instance_type_offerings.nginx_instance_types",
            "module.mosip_infra.module.aws_infra.module.aws_infrastructure.data.aws_subnets.private_subnets",
            "module.mosip_infra.module.aws_infra.module.aws_infrastructure.data.aws_subnets.public_subnets",
            "module.mosip_infra.module.aws_infra.module.aws_infrastructure.data.aws_vpc.existing_vpc",
            "module.mosip_infra.module.aws_infra.module.aws_infrastructure.module.aws-resource-creation.aws_iam_instance_profile.certbot_profile",
            "module.mosip_infra.module.aws_infra.module.aws_infrastructure.module.aws-resource-creation.aws_iam_policy.certbot_policy",
            "module.mosip_infra.module.aws_infra.module.aws_infrastructure.module.aws-resource-creation.aws_iam_role.certbot_role",
            "module.mosip_infra.module.aws_infra.module.aws_infrastructure.module.aws-resource-creation.aws_iam_role_policy_attachment.certbot_policy_attachment",
            "module.mosip_infra.module.aws_infra.module.aws_infrastructure.module.aws-resource-creation.aws_instance.K8S_CLUSTER_EC2_INSTANCE",
            "module.mosip_infra.module.aws_infra.module.aws_infrastructure.module.aws-resource-creation.aws_instance.NGINX_EC2_INSTANCE",
            "module.mosip_infra.module.aws_infra.module.aws_infrastructure.module.aws-resource-creation.aws_route53_record.DNS_RECORDS",
            "module.mosip_infra.module.aws_infra.module.aws_infrastructure.module.aws-resource-creation.aws_security_group.security-group",
            "module.mosip_infra.module.aws_infra.module.aws_infrastructure.module.rke2-setup.null_resource.rke2-cluster-setup",
            "module.mosip_infra.module.aws_infra.module.aws_infrastructure.module.rke2-setup.null_resource.rke2-primary-cluster-setup",
            "module.mosip_infra.module.aws_infra.module.aws_infrastructure.module.rke2-setup.random_string.K8S_TOKEN"
          ]
        },
        {
          "index_key": "soil-CONTROL-PLANE-NODE-2",
          "schema_version": 0,
          "attributes": {
            "id": "8281934729977613021",
            "triggers": {
              "node_hash": "ce7ae76e99e2f58bfc8c3d5484c3d069"
            }
          },
          "sensitive_attributes": [],
          "dependencies": [
            "module.mosip_infra.module.aws_infra.module.aws_infrastructure.data.aws_availability_zones.available",
            "module.mosip_infra.module.aws_infra.module.aws_infrastructure.data.aws_ec2_instance_type_offerings.k8s_instance_types",
            "module.mosip_infra.module.aws_infra.module.aws_infrastructure.data.aws_ec2_instance_type_offerings.nginx_instance_types",
            "module.mosip_infra.module.aws_infra.module.aws_infrastructure.data.aws_subnets.private_subnets",
            "module.mosip_infra.module.aws_infra.module.aws_infrastructure.data.aws_subnets.public_subnets",
            "module.mosip_infra.module.aws_infra.module.aws_infrastructure.data.aws_vpc.existing_vpc",
            "module.mosip_infra.module.aws_infra.module.aws_infrastructure.module.aws-resource-creation.aws_iam_instance_profile.certbot_profile",
            "module.mosip_infra.module.aws_infra.module.aws_infrastructure.module.aws-resource-creation.aws_iam_policy.certbot_policy",
            "module.mosip_infra.module.aws_infra.module.aws_infrastructure.module.aws-resource-creation.aws_iam_role.certbot_role",
            "module.mosip_infra.module.aws_infra.module.aws_infrastructure.module.aws-resource-creation.aws_iam_role_policy_attachment.certbot_policy_attachment",
            "module.mosip_infra.module.aws_infra.module.aws_infrastructure.module.aws-resource-creation.aws_instance.K8S_CLUSTER_EC2_INSTANCE",
            "module.mosip_infra.module.aws_infra.module.aws_infrastructure.module.aws-resource-creation.aws_instance.NGINX_EC2_INSTANCE",
            "module.mosip_infra.module.aws_infra.module.aws_infrastructure.module.aws-resource-creation.aws_route53_record.DNS_RECORDS",
            "module.mosip_infra.module.aws_infra.module.aws_infrastructure.module.aws-resource-creation.aws_security_group.security-group",
            "module.mosip_infra.module.aws_infra.module.aws_infrastructure.module.rke2-setup.null_resource.rke2-cluster-setup",
            "module.mosip_infra.module.aws_infra.module.aws_infrastructure.module.rke2-setup.null_resource.rke2-primary-cluster-setup",
            "module.mosip_infra.module.aws_infra.module.aws_infrastructure.module.rke2-setup.random_string.K8S_TOKEN"
          ]
        },
        {
          "index_key": "soil-CONTROL-PLANE-NODE-3",
          "schema_version": 0,
          "attributes": {
            "id": "4241075634849655507",
            "triggers": {
              "node_hash": "ce7ae76e99e2f58bfc8c3d5484c3d069"
            }
          },
          "sensitive_attributes": [],
          "dependencies": [
            "module.mosip_infra.module.aws_infra.module.aws_infrastructure.data.aws_availability_zones.available",
            "module.mosip_infra.module.aws_infra.module.aws_infrastructure.data.aws_ec2_instance_type_offerings.k8s_instance_types",
            "module.mosip_infra.module.aws_infra.module.aws_infrastructure.data.aws_ec2_instance_type_offerings.nginx_instance_types",
            "module.mosip_infra.module.aws_infra.module.aws_infrastructure.data.aws_subnets.private_subnets",
            "module.mosip_infra.module.aws_infra.module.aws_infrastructure.data.aws_subnets.public_subnets",
            "module.mosip_infra.module.aws_infra.module.aws_infrastructure.data.aws_vpc.existing_vpc",
            "module.mosip_infra.module.aws_infra.module.aws_infrastructure.module.aws-resource-creation.aws_iam_instance_profile.certbot_profile",
            "module.mosip_infra.module.aws_infra.module.aws_infrastructure.module.aws-resource-creation.aws_iam_policy.certbot_policy",
            "module.mosip_infra.module.aws_infra.module.aws_infrastructure.module.aws-resource-creation.aws_iam_role.certbot_role",
            "module.mosip_infra.module.aws_infra.module.aws_infrastructure.module.aws-resource-creation.aws_iam_role_policy_attachment.certbot_policy_attachment",
            "module.mosip_infra.module.aws_infra.module.aws_infrastructure.module.aws-resource-creation.aws_instance.K8S_CLUSTER_EC2_INSTANCE",
            "module.mosip_infra.module.aws_infra.module.aws_infrastructure.module.aws-resource-creation.aws_instance.NGINX_EC2_INSTANCE",
            "module.mosip_infra.module.aws_infra.module.aws_infrastructure.module.aws-resource-creation.aws_route53_record.DNS_RECORDS",
            "module.mosip_infra.module.aws_infra.module.aws_infrastructure.module.aws-resource-creation.aws_security_group.security-group",
            "module.mosip_infra.module.aws_infra.module.aws_infrastructure.module.rke2-setup.null_resource.rke2-cluster-setup",
            "module.mosip_infra.module.aws_infra.module.aws_infrastructure.module.rke2-setup.null_resource.rke2-primary-cluster-setup",
            "module.mosip_infra.module.aws_infra.module.aws_infrastructure.module.rke2-setup.random_string.K8S_TOKEN"
          ]
        },
        {
          "index_key": "soil-ETCD-NODE-1",
          "schema_version": 0,
          "attributes": {
            "id": "5266083867938591883",
            "triggers": {
              "node_hash": "ce7ae76e99e2f58bfc8c3d5484c3d069"
            }
          },
          "sensitive_attributes": [],
          "dependencies": [
            "module.mosip_infra.module.aws_infra.module.aws_infrastructure.data.aws_availability_zones.available",
            "module.mosip_infra.module.aws_infra.module.aws_infrastructure.data.aws_ec2_instance_type_offerings.k8s_instance_types",
            "module.mosip_infra.module.aws_infra.module.aws_infrastructure.data.aws_ec2_instance_type_offerings.nginx_instance_types",
            "module.mosip_infra.module.aws_infra.module.aws_infrastructure.data.aws_subnets.private_subnets",
            "module.mosip_infra.module.aws_infra.module.aws_infrastructure.data.aws_subnets.public_subnets",
            "module.mosip_infra.module.aws_infra.module.aws_infrastructure.data.aws_vpc.existing_vpc",
            "module.mosip_infra.module.aws_infra.module.aws_infrastructure.module.aws-resource-creation.aws_iam_instance_profile.certbot_profile",
            "module.mosip_infra.module.aws_infra.module.aws_infrastructure.module.aws-resource-creation.aws_iam_policy.certbot_policy",
            "module.mosip_infra.module.aws_infra.module.aws_infrastructure.module.aws-resource-creation.aws_iam_role.certbot_role",
            "module.mosip_infra.module.aws_infra.module.aws_infrastructure.module.aws-resource-creation.aws_iam_role_policy_attachment.certbot_policy_attachment",
            "module.mosip_infra.module.aws_infra.module.aws_infrastructure.module.aws-resource-creation.aws_instance.K8S_CLUSTER_EC2_INSTANCE",
            "module.mosip_infra.module.aws_infra.module.aws_infrastructure.module.aws-resource-creation.aws_instance.NGINX_EC2_INSTANCE",
            "module.mosip_infra.module.aws_infra.module.aws_infrastructure.module.aws-resource-creation.aws_route53_record.DNS_RECORDS",
            "module.mosip_infra.module.aws_infra.module.aws_infrastructure.module.aws-resource-creation.aws_security_group.security-group",
            "module.mosip_infra.module.aws_infra.module.aws_infrastructure.module.rke2-setup.null_resource.rke2-cluster-setup",
            "module.mosip_infra.module.aws_infra.module.aws_infrastructure.module.rke2-setup.null_resource.rke2-primary-cluster-setup",
            "module.mosip_infra.module.aws_infra.module.aws_infrastructure.module.rke2-setup.random_string.K8S_TOKEN"
          ]
        },
        {
          "index_key": "soil-ETCD-NODE-2",
          "schema_version": 0,
          "attributes": {
            "id": "4247568484560550735",
            "triggers": {
              "node_hash": "ce7ae76e99e2f58bfc8c3d5484c3d069"
            }
          },
          "sensitive_attributes": [],
          "dependencies": [
            "module.mosip_infra.module.aws_infra.module.aws_infrastructure.data.aws_availability_zones.available",
            "module.mosip_infra.module.aws_infra.module.aws_infrastructure.data.aws_ec2_instance_type_offerings.k8s_instance_types",
            "module.mosip_infra.module.aws_infra.module.aws_infrastructure.data.aws_ec2_instance_type_offerings.nginx_instance_types",
            "module.mosip_infra.module.aws_infra.module.aws_infrastructure.data.aws_subnets.private_subnets",
            "module.mosip_infra.module.aws_infra.module.aws_infrastructure.data.aws_subnets.public_subnets",
            "module.mosip_infra.module.aws_infra.module.aws_infrastructure.data.aws_vpc.existing_vpc",
            "module.mosip_infra.module.aws_infra.module.aws_infrastructure.module.aws-resource-creation.aws_iam_instance_profile.certbot_profile",
            "module.mosip_infra.module.aws_infra.module.aws_infrastructure.module.aws-resource-creation.aws_iam_policy.certbot_policy",
            "module.mosip_infra.module.aws_infra.module.aws_infrastructure.module.aws-resource-creation.aws_iam_role.certbot_role",
            "module.mosip_infra.module.aws_infra.module.aws_infrastructure.module.aws-resource-creation.aws_iam_role_policy_attachment.certbot_policy_attachment",
            "module.mosip_infra.module.aws_infra.module.aws_infrastructure.module.aws-resource-creation.aws_instance.K8S_CLUSTER_EC2_INSTANCE",
            "module.mosip_infra.module.aws_infra.module.aws_infrastructure.module.aws-resource-creation.aws_instance.NGINX_EC2_INSTANCE",
            "module.mosip_infra.module.aws_infra.module.aws_infrastructure.module.aws-resource-creation.aws_route53_record.DNS_RECORDS",
            "module.mosip_infra.module.aws_infra.module.aws_infrastructure.module.aws-resource-creation.aws_security_group.security-group",
            "module.mosip_infra.module.aws_infra.module.aws_infrastructure.module.rke2-setup.null_resource.rke2-cluster-setup",
            "module.mosip_infra.module.aws_infra.module.aws_infrastructure.module.rke2-setup.null_resource.rke2-primary-cluster-setup",
            "module.mosip_infra.module.aws_infra.module.aws_infrastructure.module.rke2-setup.random_string.K8S_TOKEN"
          ]
        },
        {
          "index_key": "soil-ETCD-NODE-3",
          "schema_version": 0,
          "attributes": {
            "id": "1238655635475207340",
            "triggers": {
              "node_hash": "ce7ae76e99e2f58bfc8c3d5484c3d069"
            }
          },
          "sensitive_attributes": [],
          "dependencies": [
            "module.mosip_infra.module.aws_infra.module.aws_infrastructure.data.aws_availability_zones.available",
            "module.mosip_infra.module.aws_infra.module.aws_infrastructure.data.aws_ec2_instance_type_offerings.k8s_instance_types",
            "module.mosip_infra.module.aws_infra.module.aws_infrastructure.data.aws_ec2_instance_type_offerings.nginx_instance_types",
            "module.mosip_infra.module.aws_infra.module.aws_infrastructure.data.aws_subnets.private_subnets",
            "module.mosip_infra.module.aws_infra.module.aws_infrastructure.data.aws_subnets.public_subnets",
            "module.mosip_infra.module.aws_infra.module.aws_infrastructure.data.aws_vpc.existing_vpc",
            "module.mosip_infra.module.aws_infra.module.aws_infrastructure.module.aws-resource-creation.aws_iam_instance_profile.certbot_profile",
            "module.mosip_infra.module.aws_infra.module.aws_infrastructure.module.aws-resource-creation.aws_iam_policy.certbot_policy",
            "module.mosip_infra.module.aws_infra.module.aws_infrastructure.module.aws-resource-creation.aws_iam_role.certbot_role",
            "module.mosip_infra.module.aws_infra.module.aws_infrastructure.module.aws-resource-creation.aws_iam_role_policy_attachment.certbot_policy_attachment",
            "module.mosip_infra.module.aws_infra.module.aws_infrastructure.module.aws-resource-creation.aws_instance.K8S_CLUSTER_EC2_INSTANCE",
            "module.mosip_infra.module.aws_infra.module.aws_infrastructure.module.aws-resource-creation.aws_instance.NGINX_EC2_INSTANCE",
            "module.mosip_infra.module.aws_infra.module.aws_infrastructure.module.aws-resource-creation.aws_route53_record.DNS_RECORDS",
            "module.mosip_infra.module.aws_infra.module.aws_infrastructure.module.aws-resource-creation.aws_security_group.security-group",
            "module.mosip_infra.module.aws_infra.module.aws_infrastructure.module.rke2-setup.null_resource.rke2-cluster-setup",
            "module.mosip_infra.module.aws_infra.module.aws_infrastructure.module.rke2-setup.null_resource.rke2-primary-cluster-setup",
            "module.mosip_infra.module.aws_infra.module.aws_infrastructure.module.rke2-setup.random_string.K8S_TOKEN"
          ]
        },
        {
          "index_key": "soil-WORKER-NODE-1",
          "schema_version": 0,
          "attributes": {
            "id": "2614485316782634347",
            "triggers": {
              "node_hash": "ce7ae76e99e2f58bfc8c3d5484c3d069"
            }
          },
          "sensitive_attributes": [],
          "dependencies": [
            "module.mosip_infra.module.aws_infra.module.aws_infrastructure.data.aws_availability_zones.available",
            "module.mosip_infra.module.aws_infra.module.aws_infrastructure.data.aws_ec2_instance_type_offerings.k8s_instance_types",
            "module.mosip_infra.module.aws_infra.module.aws_infrastructure.data.aws_ec2_instance_type_offerings.nginx_instance_types",
            "module.mosip_infra.module.aws_infra.module.aws_infrastructure.data.aws_subnets.private_subnets",
            "module.mosip_infra.module.aws_infra.module.aws_infrastructure.data.aws_subnets.public_subnets",
            "module.mosip_infra.module.aws_infra.module.aws_infrastructure.data.aws_vpc.existing_vpc",
            "module.mosip_infra.module.aws_infra.module.aws_infrastructure.module.aws-resource-creation.aws_iam_instance_profile.certbot_profile",
            "module.mosip_infra.module.aws_infra.module.aws_infrastructure.module.aws-resource-creation.aws_iam_policy.certbot_policy",
            "module.mosip_infra.module.aws_infra.module.aws_infrastructure.module.aws-resource-creation.aws_iam_role.certbot_role",
            "module.mosip_infra.module.aws_infra.module.aws_infrastructure.module.aws-resource-creation.aws_iam_role_policy_attachment.certbot_policy_attachment",
            "module.mosip_infra.module.aws_infra.module.aws_infrastructure.module.aws-resource-creation.aws_instance.K8S_CLUSTER_EC2_INSTANCE",
            "module.mosip_infra.module.aws_infra.module.aws_infrastructure.module.aws-resource-creation.aws_instance.NGINX_EC2_INSTANCE",
            "module.mosip_infra.module.aws_infra.module.aws_infrastructure.module.aws-resource-creation.aws_route53_record.DNS_RECORDS",
            "module.mosip_infra.module.aws_infra.module.aws_infrastructure.module.aws-resource-creation.aws_security_group.security-group",
            "module.mosip_infra.module.aws_infra.module.aws_infrastructure.module.rke2-setup.null_resource.rke2-cluster-setup",
            "module.mosip_infra.module.aws_infra.module.aws_infrastructure.module.rke2-setup.null_resource.rke2-primary-cluster-setup",
            "module.mosip_infra.module.aws_infra.module.aws_infrastructure.module.rke2-setup.random_string.K8S_TOKEN"
          ]
        },
        {
          "index_key": "soil-WORKER-NODE-2",
          "schema_version": 0,
          "attributes": {
            "id": "5004208822704914843",
            "triggers": {
              "node_hash": "ce7ae76e99e2f58bfc8c3d5484c3d069"
            }
          },
          "sensitive_attributes": [],
          "dependencies": [
            "module.mosip_infra.module.aws_infra.module.aws_infrastructure.data.aws_availability_zones.available",
            "module.mosip_infra.module.aws_infra.module.aws_infrastructure.data.aws_ec2_instance_type_offerings.k8s_instance_types",
            "module.mosip_infra.module.aws_infra.module.aws_infrastructure.data.aws_ec2_instance_type_offerings.nginx_instance_types",
            "module.mosip_infra.module.aws_infra.module.aws_infrastructure.data.aws_subnets.private_subnets",
            "module.mosip_infra.module.aws_infra.module.aws_infrastructure.data.aws_subnets.public_subnets",
            "module.mosip_infra.module.aws_infra.module.aws_infrastructure.data.aws_vpc.existing_vpc",
            "module.mosip_infra.module.aws_infra.module.aws_infrastructure.module.aws-resource-creation.aws_iam_instance_profile.certbot_profile",
            "module.mosip_infra.module.aws_infra.module.aws_infrastructure.module.aws-resource-creation.aws_iam_policy.certbot_policy",
            "module.mosip_infra.module.aws_infra.module.aws_infrastructure.module.aws-resource-creation.aws_iam_role.certbot_role",
            "module.mosip_infra.module.aws_infra.module.aws_infrastructure.module.aws-resource-creation.aws_iam_role_policy_attachment.certbot_policy_attachment",
            "module.mosip_infra.module.aws_infra.module.aws_infrastructure.module.aws-resource-creation.aws_instance.K8S_CLUSTER_EC2_INSTANCE",
            "module.mosip_infra.module.aws_infra.module.aws_infrastructure.module.aws-resource-creation.aws_instance.NGINX_EC2_INSTANCE",
            "module.mosip_infra.module.aws_infra.module.aws_infrastructure.module.aws-resource-creation.aws_route53_record.DNS_RECORDS",
            "module.mosip_infra.module.aws_infra.module.aws_infrastructure.module.aws-resource-creation.aws_security_group.security-group",
            "module.mosip_infra.module.aws_infra.module.aws_infrastructure.module.rke2-setup.null_resource.rke2-cluster-setup",
            "module.mosip_infra.module.aws_infra.module.aws_infrastructure.module.rke2-setup.null_resource.rke2-primary-cluster-setup",
            "module.mosip_infra.module.aws_infra.module.aws_infrastructure.module.rke2-setup.random_string.K8S_TOKEN"
          ]
        }
      ]
    },
    {
      "module": "module.mosip_infra.module.aws_infra[0].module.aws_infrastructure.module.rke2-setup",
      "mode": "managed",
      "type": "null_resource",
      "name": "download-kubectl-file",
      "provider": "provider[\"registry.terraform.io/hashicorp/null\"]",
      "instances": [
        {
          "schema_version": 0,
          "attributes": {
            "id": "8208806564837530575",
            "triggers": null
          },
          "sensitive_attributes": [],
          "dependencies": [
            "module.mosip_infra.module.aws_infra.module.aws_infrastructure.data.aws_availability_zones.available",
            "module.mosip_infra.module.aws_infra.module.aws_infrastructure.data.aws_ec2_instance_type_offerings.k8s_instance_types",
            "module.mosip_infra.module.aws_infra.module.aws_infrastructure.data.aws_ec2_instance_type_offerings.nginx_instance_types",
            "module.mosip_infra.module.aws_infra.module.aws_infrastructure.data.aws_subnets.private_subnets",
            "module.mosip_infra.module.aws_infra.module.aws_infrastructure.data.aws_subnets.public_subnets",
            "module.mosip_infra.module.aws_infra.module.aws_infrastructure.data.aws_vpc.existing_vpc",
            "module.mosip_infra.module.aws_infra.module.aws_infrastructure.module.aws-resource-creation.aws_iam_instance_profile.certbot_profile",
            "module.mosip_infra.module.aws_infra.module.aws_infrastructure.module.aws-resource-creation.aws_iam_policy.certbot_policy",
            "module.mosip_infra.module.aws_infra.module.aws_infrastructure.module.aws-resource-creation.aws_iam_role.certbot_role",
            "module.mosip_infra.module.aws_infra.module.aws_infrastructure.module.aws-resource-creation.aws_iam_role_policy_attachment.certbot_policy_attachment",
            "module.mosip_infra.module.aws_infra.module.aws_infrastructure.module.aws-resource-creation.aws_instance.K8S_CLUSTER_EC2_INSTANCE",
            "module.mosip_infra.module.aws_infra.module.aws_infrastructure.module.aws-resource-creation.aws_instance.NGINX_EC2_INSTANCE",
            "module.mosip_infra.module.aws_infra.module.aws_infrastructure.module.aws-resource-creation.aws_route53_record.DNS_RECORDS",
            "module.mosip_infra.module.aws_infra.module.aws_infrastructure.module.aws-resource-creation.aws_security_group.security-group",
            "module.mosip_infra.module.aws_infra.module.aws_infrastructure.module.rke2-setup.null_resource.rke2-cluster-setup",
            "module.mosip_infra.module.aws_infra.module.aws_infrastructure.module.rke2-setup.null_resource.rke2-primary-cluster-setup",
            "module.mosip_infra.module.aws_infra.module.aws_infrastructure.module.rke2-setup.random_string.K8S_TOKEN"
          ]
        }
      ]
    },
    {
      "module": "module.mosip_infra.module.aws_infra[0].module.aws_infrastructure.module.rke2-setup",
      "mode": "managed",
      "type": "null_resource",
      "name": "rke2-cluster-setup",
      "provider": "provider[\"registry.terraform.io/hashicorp/null\"]",
      "instances": [
        {
          "index_key": "soil-CONTROL-PLANE-NODE-1",
          "schema_version": 0,
          "attributes": {
            "id": "7036639266025550148",
            "triggers": {
              "node_hash": "ce7ae76e99e2f58bfc8c3d5484c3d069",
              "script_hash": "a94a3ff55e15526e6aed02674e2b596e"
            }
          },
          "sensitive_attributes": [],
          "dependencies": [
            "module.mosip_infra.module.aws_infra.module.aws_infrastructure.data.aws_availability_zones.available",
            "module.mosip_infra.module.aws_infra.module.aws_infrastructure.data.aws_ec2_instance_type_offerings.k8s_instance_types",
            "module.mosip_infra.module.aws_infra.module.aws_infrastructure.data.aws_ec2_instance_type_offerings.nginx_instance_types",
            "module.mosip_infra.module.aws_infra.module.aws_infrastructure.data.aws_subnets.private_subnets",
            "module.mosip_infra.module.aws_infra.module.aws_infrastructure.data.aws_subnets.public_subnets",
            "module.mosip_infra.module.aws_infra.module.aws_infrastructure.data.aws_vpc.existing_vpc",
            "module.mosip_infra.module.aws_infra.module.aws_infrastructure.module.aws-resource-creation.aws_iam_instance_profile.certbot_profile",
            "module.mosip_infra.module.aws_infra.module.aws_infrastructure.module.aws-resource-creation.aws_iam_policy.certbot_policy",
            "module.mosip_infra.module.aws_infra.module.aws_infrastructure.module.aws-resource-creation.aws_iam_role.certbot_role",
            "module.mosip_infra.module.aws_infra.module.aws_infrastructure.module.aws-resource-creation.aws_iam_role_policy_attachment.certbot_policy_attachment",
            "module.mosip_infra.module.aws_infra.module.aws_infrastructure.module.aws-resource-creation.aws_instance.K8S_CLUSTER_EC2_INSTANCE",
            "module.mosip_infra.module.aws_infra.module.aws_infrastructure.module.aws-resource-creation.aws_instance.NGINX_EC2_INSTANCE",
            "module.mosip_infra.module.aws_infra.module.aws_infrastructure.module.aws-resource-creation.aws_route53_record.DNS_RECORDS",
            "module.mosip_infra.module.aws_infra.module.aws_infrastructure.module.aws-resource-creation.aws_security_group.security-group",
            "module.mosip_infra.module.aws_infra.module.aws_infrastructure.module.rke2-setup.null_resource.rke2-primary-cluster-setup",
            "module.mosip_infra.module.aws_infra.module.aws_infrastructure.module.rke2-setup.random_string.K8S_TOKEN"
          ]
        },
        {
          "index_key": "soil-CONTROL-PLANE-NODE-2",
          "schema_version": 0,
          "attributes": {
            "id": "6336779816810108131",
            "triggers": {
              "node_hash": "ce7ae76e99e2f58bfc8c3d5484c3d069",
              "script_hash": "a94a3ff55e15526e6aed02674e2b596e"
            }
          },
          "sensitive_attributes": [],
          "dependencies": [
            "module.mosip_infra.module.aws_infra.module.aws_infrastructure.data.aws_availability_zones.available",
            "module.mosip_infra.module.aws_infra.module.aws_infrastructure.data.aws_ec2_instance_type_offerings.k8s_instance_types",
            "module.mosip_infra.module.aws_infra.module.aws_infrastructure.data.aws_ec2_instance_type_offerings.nginx_instance_types",
            "module.mosip_infra.module.aws_infra.module.aws_infrastructure.data.aws_subnets.private_subnets",
            "module.mosip_infra.module.aws_infra.module.aws_infrastructure.data.aws_subnets.public_subnets",
            "module.mosip_infra.module.aws_infra.module.aws_infrastructure.data.aws_vpc.existing_vpc",
            "module.mosip_infra.module.aws_infra.module.aws_infrastructure.module.aws-resource-creation.aws_iam_instance_profile.certbot_profile",
            "module.mosip_infra.module.aws_infra.module.aws_infrastructure.module.aws-resource-creation.aws_iam_policy.certbot_policy",
            "module.mosip_infra.module.aws_infra.module.aws_infrastructure.module.aws-resource-creation.aws_iam_role.certbot_role",
            "module.mosip_infra.module.aws_infra.module.aws_infrastructure.module.aws-resource-creation.aws_iam_role_policy_attachment.certbot_policy_attachment",
            "module.mosip_infra.module.aws_infra.module.aws_infrastructure.module.aws-resource-creation.aws_instance.K8S_CLUSTER_EC2_INSTANCE",
            "module.mosip_infra.module.aws_infra.module.aws_infrastructure.module.aws-resource-creation.aws_instance.NGINX_EC2_INSTANCE",
            "module.mosip_infra.module.aws_infra.module.aws_infrastructure.module.aws-resource-creation.aws_route53_record.DNS_RECORDS",
            "module.mosip_infra.module.aws_infra.module.aws_infrastructure.module.aws-resource-creation.aws_security_group.security-group",
            "module.mosip_infra.module.aws_infra.module.aws_infrastructure.module.rke2-setup.null_resource.rke2-primary-cluster-setup",
            "module.mosip_infra.module.aws_infra.module.aws_infrastructure.module.rke2-setup.random_string.K8S_TOKEN"
          ]
        },
        {
          "index_key": "soil-CONTROL-PLANE-NODE-3",
          "schema_version": 0,
          "attributes": {
            "id": "2305044424386924030",
            "triggers": {
              "node_hash": "ce7ae76e99e2f58bfc8c3d5484c3d069",
              "script_hash": "a94a3ff55e15526e6aed02674e2b596e"
            }
          },
          "sensitive_attributes": [],
          "dependencies": [
            "module.mosip_infra.module.aws_infra.module.aws_infrastructure.data.aws_availability_zones.available",
            "module.mosip_infra.module.aws_infra.module.aws_infrastructure.data.aws_ec2_instance_type_offerings.k8s_instance_types",
            "module.mosip_infra.module.aws_infra.module.aws_infrastructure.data.aws_ec2_instance_type_offerings.nginx_instance_types",
            "module.mosip_infra.module.aws_infra.module.aws_infrastructure.data.aws_subnets.private_subnets",
            "module.mosip_infra.module.aws_infra.module.aws_infrastructure.data.aws_subnets.public_subnets",
            "module.mosip_infra.module.aws_infra.module.aws_infrastructure.data.aws_vpc.existing_vpc",
            "module.mosip_infra.module.aws_infra.module.aws_infrastructure.module.aws-resource-creation.aws_iam_instance_profile.certbot_profile",
            "module.mosip_infra.module.aws_infra.module.aws_infrastructure.module.aws-resource-creation.aws_iam_policy.certbot_policy",
            "module.mosip_infra.module.aws_infra.module.aws_infrastructure.module.aws-resource-creation.aws_iam_role.certbot_role",
            "module.mosip_infra.module.aws_infra.module.aws_infrastructure.module.aws-resource-creation.aws_iam_role_policy_attachment.certbot_policy_attachment",
            "module.mosip_infra.module.aws_infra.module.aws_infrastructure.module.aws-resource-creation.aws_instance.K8S_CLUSTER_EC2_INSTANCE",
            "module.mosip_infra.module.aws_infra.module.aws_infrastructure.module.aws-resource-creation.aws_instance.NGINX_EC2_INSTANCE",
            "module.mosip_infra.module.aws_infra.module.aws_infrastructure.module.aws-resource-creation.aws_route53_record.DNS_RECORDS",
            "module.mosip_infra.module.aws_infra.module.aws_infrastructure.module.aws-resource-creation.aws_security_group.security-group",
            "module.mosip_infra.module.aws_infra.module.aws_infrastructure.module.rke2-setup.null_resource.rke2-primary-cluster-setup",
            "module.mosip_infra.module.aws_infra.module.aws_infrastructure.module.rke2-setup.random_string.K8S_TOKEN"
          ]
        },
        {
          "index_key": "soil-ETCD-NODE-1",
          "schema_version": 0,
          "attributes": {
            "id": "2649680739597674163",
            "triggers": {
              "node_hash": "ce7ae76e99e2f58bfc8c3d5484c3d069",
              "script_hash": "a94a3ff55e15526e6aed02674e2b596e"
            }
          },
          "sensitive_attributes": [],
          "dependencies": [
            "module.mosip_infra.module.aws_infra.module.aws_infrastructure.data.aws_availability_zones.available",
            "module.mosip_infra.module.aws_infra.module.aws_infrastructure.data.aws_ec2_instance_type_offerings.k8s_instance_types",
            "module.mosip_infra.module.aws_infra.module.aws_infrastructure.data.aws_ec2_instance_type_offerings.nginx_instance_types",
            "module.mosip_infra.module.aws_infra.module.aws_infrastructure.data.aws_subnets.private_subnets",
            "module.mosip_infra.module.aws_infra.module.aws_infrastructure.data.aws_subnets.public_subnets",
            "module.mosip_infra.module.aws_infra.module.aws_infrastructure.data.aws_vpc.existing_vpc",
            "module.mosip_infra.module.aws_infra.module.aws_infrastructure.module.aws-resource-creation.aws_iam_instance_profile.certbot_profile",
            "module.mosip_infra.module.aws_infra.module.aws_infrastructure.module.aws-resource-creation.aws_iam_policy.certbot_policy",
            "module.mosip_infra.module.aws_infra.module.aws_infrastructure.module.aws-resource-creation.aws_iam_role.certbot_role",
            "module.mosip_infra.module.aws_infra.module.aws_infrastructure.module.aws-resource-creation.aws_iam_role_policy_attachment.certbot_policy_attachment",
            "module.mosip_infra.module.aws_infra.module.aws_infrastructure.module.aws-resource-creation.aws_instance.K8S_CLUSTER_EC2_INSTANCE",
            "module.mosip_infra.module.aws_infra.module.aws_infrastructure.module.aws-resource-creation.aws_instance.NGINX_EC2_INSTANCE",
            "module.mosip_infra.module.aws_infra.module.aws_infrastructure.module.aws-resource-creation.aws_route53_record.DNS_RECORDS",
            "module.mosip_infra.module.aws_infra.module.aws_infrastructure.module.aws-resource-creation.aws_security_group.security-group",
            "module.mosip_infra.module.aws_infra.module.aws_infrastructure.module.rke2-setup.null_resource.rke2-primary-cluster-setup",
            "module.mosip_infra.module.aws_infra.module.aws_infrastructure.module.rke2-setup.random_string.K8S_TOKEN"
          ]
        },
        {
          "index_key": "soil-ETCD-NODE-2",
          "schema_version": 0,
          "attributes": {
            "id": "3472263227033019948",
            "triggers": {
              "node_hash": "ce7ae76e99e2f58bfc8c3d5484c3d069",
              "script_hash": "a94a3ff55e15526e6aed02674e2b596e"
            }
          },
          "sensitive_attributes": [],
          "dependencies": [
            "module.mosip_infra.module.aws_infra.module.aws_infrastructure.data.aws_availability_zones.available",
            "module.mosip_infra.module.aws_infra.module.aws_infrastructure.data.aws_ec2_instance_type_offerings.k8s_instance_types",
            "module.mosip_infra.module.aws_infra.module.aws_infrastructure.data.aws_ec2_instance_type_offerings.nginx_instance_types",
            "module.mosip_infra.module.aws_infra.module.aws_infrastructure.data.aws_subnets.private_subnets",
            "module.mosip_infra.module.aws_infra.module.aws_infrastructure.data.aws_subnets.public_subnets",
            "module.mosip_infra.module.aws_infra.module.aws_infrastructure.data.aws_vpc.existing_vpc",
            "module.mosip_infra.module.aws_infra.module.aws_infrastructure.module.aws-resource-creation.aws_iam_instance_profile.certbot_profile",
            "module.mosip_infra.module.aws_infra.module.aws_infrastructure.module.aws-resource-creation.aws_iam_policy.certbot_policy",
            "module.mosip_infra.module.aws_infra.module.aws_infrastructure.module.aws-resource-creation.aws_iam_role.certbot_role",
            "module.mosip_infra.module.aws_infra.module.aws_infrastructure.module.aws-resource-creation.aws_iam_role_policy_attachment.certbot_policy_attachment",
            "module.mosip_infra.module.aws_infra.module.aws_infrastructure.module.aws-resource-creation.aws_instance.K8S_CLUSTER_EC2_INSTANCE",
            "module.mosip_infra.module.aws_infra.module.aws_infrastructure.module.aws-resource-creation.aws_instance.NGINX_EC2_INSTANCE",
            "module.mosip_infra.module.aws_infra.module.aws_infrastructure.module.aws-resource-creation.aws_route53_record.DNS_RECORDS",
            "module.mosip_infra.module.aws_infra.module.aws_infrastructure.module.aws-resource-creation.aws_security_group.security-group",
            "module.mosip_infra.module.aws_infra.module.aws_infrastructure.module.rke2-setup.null_resource.rke2-primary-cluster-setup",
            "module.mosip_infra.module.aws_infra.module.aws_infrastructure.module.rke2-setup.random_string.K8S_TOKEN"
          ]
        },
        {
          "index_key": "soil-ETCD-NODE-3",
          "schema_version": 0,
          "attributes": {
            "id": "501696218855550073",
            "triggers": {
              "node_hash": "ce7ae76e99e2f58bfc8c3d5484c3d069",
              "script_hash": "a94a3ff55e15526e6aed02674e2b596e"
            }
          },
          "sensitive_attributes": [],
          "dependencies": [
            "module.mosip_infra.module.aws_infra.module.aws_infrastructure.data.aws_availability_zones.available",
            "module.mosip_infra.module.aws_infra.module.aws_infrastructure.data.aws_ec2_instance_type_offerings.k8s_instance_types",
            "module.mosip_infra.module.aws_infra.module.aws_infrastructure.data.aws_ec2_instance_type_offerings.nginx_instance_types",
            "module.mosip_infra.module.aws_infra.module.aws_infrastructure.data.aws_subnets.private_subnets",
            "module.mosip_infra.module.aws_infra.module.aws_infrastructure.data.aws_subnets.public_subnets",
            "module.mosip_infra.module.aws_infra.module.aws_infrastructure.data.aws_vpc.existing_vpc",
            "module.mosip_infra.module.aws_infra.module.aws_infrastructure.module.aws-resource-creation.aws_iam_instance_profile.certbot_profile",
            "module.mosip_infra.module.aws_infra.module.aws_infrastructure.module.aws-resource-creation.aws_iam_policy.certbot_policy",
            "module.mosip_infra.module.aws_infra.module.aws_infrastructure.module.aws-resource-creation.aws_iam_role.certbot_role",
            "module.mosip_infra.module.aws_infra.module.aws_infrastructure.module.aws-resource-creation.aws_iam_role_policy_attachment.certbot_policy_attachment",
            "module.mosip_infra.module.aws_infra.module.aws_infrastructure.module.aws-resource-creation.aws_instance.K8S_CLUSTER_EC2_INSTANCE",
            "module.mosip_infra.module.aws_infra.module.aws_infrastructure.module.aws-resource-creation.aws_instance.NGINX_EC2_INSTANCE",
            "module.mosip_infra.module.aws_infra.module.aws_infrastructure.module.aws-resource-creation.aws_route53_record.DNS_RECORDS",
            "module.mosip_infra.module.aws_infra.module.aws_infrastructure.module.aws-resource-creation.aws_security_group.security-group",
            "module.mosip_infra.module.aws_infra.module.aws_infrastructure.module.rke2-setup.null_resource.rke2-primary-cluster-setup",
            "module.mosip_infra.module.aws_infra.module.aws_infrastructure.module.rke2-setup.random_string.K8S_TOKEN"
          ]
        },
        {
          "index_key": "soil-WORKER-NODE-1",
          "schema_version": 0,
          "attributes": {
            "id": "2568524331208283759",
            "triggers": {
              "node_hash": "ce7ae76e99e2f58bfc8c3d5484c3d069",
              "script_hash": "a94a3ff55e15526e6aed02674e2b596e"
            }
          },
          "sensitive_attributes": [],
          "dependencies": [
            "module.mosip_infra.module.aws_infra.module.aws_infrastructure.data.aws_availability_zones.available",
            "module.mosip_infra.module.aws_infra.module.aws_infrastructure.data.aws_ec2_instance_type_offerings.k8s_instance_types",
            "module.mosip_infra.module.aws_infra.module.aws_infrastructure.data.aws_ec2_instance_type_offerings.nginx_instance_types",
            "module.mosip_infra.module.aws_infra.module.aws_infrastructure.data.aws_subnets.private_subnets",
            "module.mosip_infra.module.aws_infra.module.aws_infrastructure.data.aws_subnets.public_subnets",
            "module.mosip_infra.module.aws_infra.module.aws_infrastructure.data.aws_vpc.existing_vpc",
            "module.mosip_infra.module.aws_infra.module.aws_infrastructure.module.aws-resource-creation.aws_iam_instance_profile.certbot_profile",
            "module.mosip_infra.module.aws_infra.module.aws_infrastructure.module.aws-resource-creation.aws_iam_policy.certbot_policy",
            "module.mosip_infra.module.aws_infra.module.aws_infrastructure.module.aws-resource-creation.aws_iam_role.certbot_role",
            "module.mosip_infra.module.aws_infra.module.aws_infrastructure.module.aws-resource-creation.aws_iam_role_policy_attachment.certbot_policy_attachment",
            "module.mosip_infra.module.aws_infra.module.aws_infrastructure.module.aws-resource-creation.aws_instance.K8S_CLUSTER_EC2_INSTANCE",
            "module.mosip_infra.module.aws_infra.module.aws_infrastructure.module.aws-resource-creation.aws_instance.NGINX_EC2_INSTANCE",
            "module.mosip_infra.module.aws_infra.module.aws_infrastructure.module.aws-resource-creation.aws_route53_record.DNS_RECORDS",
            "module.mosip_infra.module.aws_infra.module.aws_infrastructure.module.aws-resource-creation.aws_security_group.security-group",
            "module.mosip_infra.module.aws_infra.module.aws_infrastructure.module.rke2-setup.null_resource.rke2-primary-cluster-setup",
            "module.mosip_infra.module.aws_infra.module.aws_infrastructure.module.rke2-setup.random_string.K8S_TOKEN"
          ]
        },
        {
          "index_key": "soil-WORKER-NODE-2",
          "schema_version": 0,
          "attributes": {
            "id": "2824289412245776767",
            "triggers": {
              "node_hash": "ce7ae76e99e2f58bfc8c3d5484c3d069",
              "script_hash": "a94a3ff55e15526e6aed02674e2b596e"
            }
          },
          "sensitive_attributes": [],
          "dependencies": [
            "module.mosip_infra.module.aws_infra.module.aws_infrastructure.data.aws_availability_zones.available",
            "module.mosip_infra.module.aws_infra.module.aws_infrastructure.data.aws_ec2_instance_type_offerings.k8s_instance_types",
            "module.mosip_infra.module.aws_infra.module.aws_infrastructure.data.aws_ec2_instance_type_offerings.nginx_instance_types",
            "module.mosip_infra.module.aws_infra.module.aws_infrastructure.data.aws_subnets.private_subnets",
            "module.mosip_infra.module.aws_infra.module.aws_infrastructure.data.aws_subnets.public_subnets",
            "module.mosip_infra.module.aws_infra.module.aws_infrastructure.data.aws_vpc.existing_vpc",
            "module.mosip_infra.module.aws_infra.module.aws_infrastructure.module.aws-resource-creation.aws_iam_instance_profile.certbot_profile",
            "module.mosip_infra.module.aws_infra.module.aws_infrastructure.module.aws-resource-creation.aws_iam_policy.certbot_policy",
            "module.mosip_infra.module.aws_infra.module.aws_infrastructure.module.aws-resource-creation.aws_iam_role.certbot_role",
            "module.mosip_infra.module.aws_infra.module.aws_infrastructure.module.aws-resource-creation.aws_iam_role_policy_attachment.certbot_policy_attachment",
            "module.mosip_infra.module.aws_infra.module.aws_infrastructure.module.aws-resource-creation.aws_instance.K8S_CLUSTER_EC2_INSTANCE",
            "module.mosip_infra.module.aws_infra.module.aws_infrastructure.module.aws-resource-creation.aws_instance.NGINX_EC2_INSTANCE",
            "module.mosip_infra.module.aws_infra.module.aws_infrastructure.module.aws-resource-creation.aws_route53_record.DNS_RECORDS",
            "module.mosip_infra.module.aws_infra.module.aws_infrastructure.module.aws-resource-creation.aws_security_group.security-group",
            "module.mosip_infra.module.aws_infra.module.aws_infrastructure.module.rke2-setup.null_resource.rke2-primary-cluster-setup",
            "module.mosip_infra.module.aws_infra.module.aws_infrastructure.module.rke2-setup.random_string.K8S_TOKEN"
          ]
        }
      ]
    },
    {
      "module": "module.mosip_infra.module.aws_infra[0].module.aws_infrastructure.module.rke2-setup",
      "mode": "managed",
      "type": "null_resource",
      "name": "rke2-primary-cluster-setup",
      "provider": "provider[\"registry.terraform.io/hashicorp/null\"]",
      "instances": [
        {
          "schema_version": 0,
          "attributes": {
            "id": "1788698773699147195",
            "triggers": null
          },
          "sensitive_attributes": [],
          "dependencies": [
            "module.mosip_infra.module.aws_infra.module.aws_infrastructure.data.aws_availability_zones.available",
            "module.mosip_infra.module.aws_infra.module.aws_infrastructure.data.aws_ec2_instance_type_offerings.k8s_instance_types",
            "module.mosip_infra.module.aws_infra.module.aws_infrastructure.data.aws_ec2_instance_type_offerings.nginx_instance_types",
            "module.mosip_infra.module.aws_infra.module.aws_infrastructure.data.aws_subnets.private_subnets",
            "module.mosip_infra.module.aws_infra.module.aws_infrastructure.data.aws_subnets.public_subnets",
            "module.mosip_infra.module.aws_infra.module.aws_infrastructure.data.aws_vpc.existing_vpc",
            "module.mosip_infra.module.aws_infra.module.aws_infrastructure.module.aws-resource-creation.aws_iam_instance_profile.certbot_profile",
            "module.mosip_infra.module.aws_infra.module.aws_infrastructure.module.aws-resource-creation.aws_iam_policy.certbot_policy",
            "module.mosip_infra.module.aws_infra.module.aws_infrastructure.module.aws-resource-creation.aws_iam_role.certbot_role",
            "module.mosip_infra.module.aws_infra.module.aws_infrastructure.module.aws-resource-creation.aws_iam_role_policy_attachment.certbot_policy_attachment",
            "module.mosip_infra.module.aws_infra.module.aws_infrastructure.module.aws-resource-creation.aws_instance.K8S_CLUSTER_EC2_INSTANCE",
            "module.mosip_infra.module.aws_infra.module.aws_infrastructure.module.aws-resource-creation.aws_instance.NGINX_EC2_INSTANCE",
            "module.mosip_infra.module.aws_infra.module.aws_infrastructure.module.aws-resource-creation.aws_route53_record.DNS_RECORDS",
            "module.mosip_infra.module.aws_infra.module.aws_infrastructure.module.aws-resource-creation.aws_security_group.security-group",
            "module.mosip_infra.module.aws_infra.module.aws_infrastructure.module.rke2-setup.random_string.K8S_TOKEN"
          ]
        }
      ]
    },
    {
      "module": "module.mosip_infra.module.aws_infra[0].module.aws_infrastructure.module.rke2-setup",
      "mode": "managed",
      "type": "random_string",
      "name": "K8S_TOKEN",
      "provider": "provider[\"registry.terraform.io/hashicorp/random\"]",
      "instances": [
        {
          "schema_version": 2,
          "attributes": {
            "id": "lUUtc0Vdok4duhCvlKp38ij6TrYkA8FJ",
            "keepers": null,
            "length": 32,
            "lower": true,
            "min_lower": 0,
            "min_numeric": 0,
            "min_special": 0,
            "min_upper": 0,
            "number": true,
            "numeric": true,
            "override_special": null,
            "result": "lUUtc0Vdok4duhCvlKp38ij6TrYkA8FJ",
            "special": false,
            "upper": true
          },
          "sensitive_attributes": [],
          "dependencies": [
            "module.mosip_infra.module.aws_infra.module.aws_infrastructure.data.aws_availability_zones.available",
            "module.mosip_infra.module.aws_infra.module.aws_infrastructure.data.aws_ec2_instance_type_offerings.k8s_instance_types",
            "module.mosip_infra.module.aws_infra.module.aws_infrastructure.data.aws_ec2_instance_type_offerings.nginx_instance_types",
            "module.mosip_infra.module.aws_infra.module.aws_infrastructure.data.aws_subnets.private_subnets",
            "module.mosip_infra.module.aws_infra.module.aws_infrastructure.data.aws_subnets.public_subnets",
            "module.mosip_infra.module.aws_infra.module.aws_infrastructure.data.aws_vpc.existing_vpc",
            "module.mosip_infra.module.aws_infra.module.aws_infrastructure.module.aws-resource-creation.aws_iam_instance_profile.certbot_profile",
            "module.mosip_infra.module.aws_infra.module.aws_infrastructure.module.aws-resource-creation.aws_iam_policy.certbot_policy",
            "module.mosip_infra.module.aws_infra.module.aws_infrastructure.module.aws-resource-creation.aws_iam_role.certbot_role",
            "module.mosip_infra.module.aws_infra.module.aws_infrastructure.module.aws-resource-creation.aws_iam_role_policy_attachment.certbot_policy_attachment",
            "module.mosip_infra.module.aws_infra.module.aws_infrastructure.module.aws-resource-creation.aws_instance.K8S_CLUSTER_EC2_INSTANCE",
            "module.mosip_infra.module.aws_infra.module.aws_infrastructure.module.aws-resource-creation.aws_instance.NGINX_EC2_INSTANCE",
            "module.mosip_infra.module.aws_infra.module.aws_infrastructure.module.aws-resource-creation.aws_route53_record.DNS_RECORDS",
            "module.mosip_infra.module.aws_infra.module.aws_infrastructure.module.aws-resource-creation.aws_security_group.security-group"
          ]
        }
      ]
    }
  ],
  "check_results": [
    {
      "object_kind": "var",
      "config_addr": "module.mosip_infra.module.aws_infra.module.aws_infrastructure.module.rke2-setup.var.K8S_INFRA_REPO_URL",
      "status": "pass",
      "objects": [
        {
          "object_addr": "module.mosip_infra.module.aws_infra[0].module.aws_infrastructure.module.rke2-setup.var.K8S_INFRA_REPO_URL",
          "status": "pass"
        }
      ]
    },
    {
      "object_kind": "var",
      "config_addr": "module.mosip_infra.module.aws_infra.module.aws_infrastructure.module.nfs-setup.var.NFS_SERVER",
      "status": "pass",
      "objects": [
        {
          "object_addr": "module.mosip_infra.module.aws_infra[0].module.aws_infrastructure.module.nfs-setup.var.NFS_SERVER",
          "status": "pass"
        }
      ]
    },
    {
      "object_kind": "var",
      "config_addr": "var.mosip_email_id",
      "status": "pass",
      "objects": [
        {
          "object_addr": "var.mosip_email_id",
          "status": "pass"
        }
      ]
    },
    {
      "object_kind": "var",
      "config_addr": "module.mosip_infra.module.aws_infra.module.aws_infrastructure.var.MOSIP_EMAIL_ID",
      "status": "pass",
      "objects": [
        {
          "object_addr": "module.mosip_infra.module.aws_infra[0].module.aws_infrastructure.var.MOSIP_EMAIL_ID",
          "status": "pass"
        }
      ]
    },
    {
      "object_kind": "var",
      "config_addr": "module.mosip_infra.module.aws_infra.module.aws_infrastructure.module.rke2-setup.var.RANCHER_IMPORT_URL",
      "status": "pass",
      "objects": [
        {
          "object_addr": "module.mosip_infra.module.aws_infra[0].module.aws_infrastructure.module.rke2-setup.var.RANCHER_IMPORT_URL",
          "status": "pass"
        }
      ]
    },
    {
      "object_kind": "var",
      "config_addr": "module.mosip_infra.module.aws_infra.module.aws_infrastructure.var.AMI",
      "status": "pass",
      "objects": [
        {
          "object_addr": "module.mosip_infra.module.aws_infra[0].module.aws_infrastructure.var.AMI",
          "status": "pass"
        }
      ]
    },
    {
      "object_kind": "var",
      "config_addr": "var.k8s_instance_type",
      "status": "pass",
      "objects": [
        {
          "object_addr": "var.k8s_instance_type",
          "status": "pass"
        }
      ]
    },
    {
      "object_kind": "var",
      "config_addr": "module.mosip_infra.module.aws_infra.module.aws_infrastructure.var.NGINX_INSTANCE_TYPE",
      "status": "pass",
      "objects": [
        {
          "object_addr": "module.mosip_infra.module.aws_infra[0].module.aws_infrastructure.var.NGINX_INSTANCE_TYPE",
          "status": "pass"
        }
      ]
    },
    {
      "object_kind": "var",
      "config_addr": "module.mosip_infra.module.aws_infra.module.aws_infrastructure.module.aws-resource-creation.var.K8S_INSTANCE_TYPE",
      "status": "pass",
      "objects": [
        {
          "object_addr": "module.mosip_infra.module.aws_infra[0].module.aws_infrastructure.module.aws-resource-creation.var.K8S_INSTANCE_TYPE",
          "status": "pass"
        }
      ]
    },
    {
      "object_kind": "var",
      "config_addr": "var.rancher_import_url",
      "status": "pass",
      "objects": [
        {
          "object_addr": "var.rancher_import_url",
          "status": "pass"
        }
      ]
    },
    {
      "object_kind": "var",
      "config_addr": "module.mosip_infra.module.aws_infra.module.aws_infrastructure.module.nginx-setup.var.K8S_INFRA_REPO_URL",
      "status": "pass",
      "objects": [
        {
          "object_addr": "module.mosip_infra.module.aws_infra[0].module.aws_infrastructure.module.nginx-setup.var.K8S_INFRA_REPO_URL",
          "status": "pass"
        }
      ]
    },
    {
      "object_kind": "var",
      "config_addr": "module.mosip_infra.module.aws_infra.module.aws_infrastructure.var.RANCHER_IMPORT_URL",
      "status": "pass",
      "objects": [
        {
          "object_addr": "module.mosip_infra.module.aws_infra[0].module.aws_infrastructure.var.RANCHER_IMPORT_URL",
          "status": "pass"
        }
      ]
    },
    {
      "object_kind": "var",
      "config_addr": "module.mosip_infra.module.aws_infra.module.aws_infrastructure.module.nfs-setup.var.K8S_INFRA_REPO_URL",
      "status": "pass",
      "objects": [
        {
          "object_addr": "module.mosip_infra.module.aws_infra[0].module.aws_infrastructure.module.nfs-setup.var.K8S_INFRA_REPO_URL",
          "status": "pass"
        }
      ]
    },
    {
      "object_kind": "var",
      "config_addr": "module.mosip_infra.module.aws_infra.module.aws_infrastructure.module.nfs-setup.var.NFS_SERVER_LOCATION",
      "status": "pass",
      "objects": [
        {
          "object_addr": "module.mosip_infra.module.aws_infra[0].module.aws_infrastructure.module.nfs-setup.var.NFS_SERVER_LOCATION",
          "status": "pass"
        }
      ]
    },
    {
      "object_kind": "var",
      "config_addr": "var.cluster_env_domain",
      "status": "pass",
      "objects": [
        {
          "object_addr": "var.cluster_env_domain",
          "status": "pass"
        }
      ]
    },
    {
      "object_kind": "var",
      "config_addr": "var.k8s_infra_repo_url",
      "status": "pass",
      "objects": [
        {
          "object_addr": "var.k8s_infra_repo_url",
          "status": "pass"
        }
      ]
    },
    {
      "object_kind": "var",
      "config_addr": "module.mosip_infra.module.aws_infra.module.aws_infrastructure.module.aws-resource-creation.var.AMI",
      "status": "pass",
      "objects": [
        {
          "object_addr": "module.mosip_infra.module.aws_infra[0].module.aws_infrastructure.module.aws-resource-creation.var.AMI",
          "status": "pass"
        }
      ]
    },
    {
      "object_kind": "var",
      "config_addr": "module.mosip_infra.module.aws_infra.module.aws_infrastructure.var.K8S_INSTANCE_TYPE",
      "status": "pass",
      "objects": [
        {
          "object_addr": "module.mosip_infra.module.aws_infra[0].module.aws_infrastructure.var.K8S_INSTANCE_TYPE",
          "status": "pass"
        }
      ]
    },
    {
      "object_kind": "var",
      "config_addr": "module.mosip_infra.var.mosip_email_id",
      "status": "pass",
      "objects": [
        {
          "object_addr": "module.mosip_infra.var.mosip_email_id",
          "status": "pass"
        }
      ]
    },
    {
      "object_kind": "var",
      "config_addr": "var.nginx_instance_type",
      "status": "pass",
      "objects": [
        {
          "object_addr": "var.nginx_instance_type",
          "status": "pass"
        }
      ]
    },
    {
      "object_kind": "var",
      "config_addr": "module.mosip_infra.var.k8s_infra_repo_url",
      "status": "pass",
      "objects": [
        {
          "object_addr": "module.mosip_infra.var.k8s_infra_repo_url",
          "status": "pass"
        }
      ]
    },
    {
      "object_kind": "var",
      "config_addr": "var.ami",
      "status": "pass",
      "objects": [
        {
          "object_addr": "var.ami",
          "status": "pass"
        }
      ]
    },
    {
      "object_kind": "var",
      "config_addr": "module.mosip_infra.var.rancher_import_url",
      "status": "pass",
      "objects": [
        {
          "object_addr": "module.mosip_infra.var.rancher_import_url",
          "status": "pass"
        }
      ]
    },
    {
      "object_kind": "var",
      "config_addr": "module.mosip_infra.var.cloud_provider",
      "status": "pass",
      "objects": [
        {
          "object_addr": "module.mosip_infra.var.cloud_provider",
          "status": "pass"
        }
      ]
    },
    {
      "object_kind": "var",
      "config_addr": "module.mosip_infra.module.aws_infra.module.aws_infrastructure.module.aws-resource-creation.var.NGINX_INSTANCE_TYPE",
      "status": "pass",
      "objects": [
        {
          "object_addr": "module.mosip_infra.module.aws_infra[0].module.aws_infrastructure.module.aws-resource-creation.var.NGINX_INSTANCE_TYPE",
          "status": "pass"
        }
      ]
    },
    {
      "object_kind": "var",
      "config_addr": "module.mosip_infra.module.aws_infra.module.aws_infrastructure.var.K8S_INFRA_REPO_URL",
      "status": "pass",
      "objects": [
        {
          "object_addr": "module.mosip_infra.module.aws_infra[0].module.aws_infrastructure.var.K8S_INFRA_REPO_URL",
          "status": "pass"
        }
      ]
    },
    {
      "object_kind": "var",
      "config_addr": "module.mosip_infra.module.aws_infra.module.aws_infrastructure.var.CLUSTER_ENV_DOMAIN",
      "status": "pass",
      "objects": [
        {
          "object_addr": "module.mosip_infra.module.aws_infra[0].module.aws_infrastructure.var.CLUSTER_ENV_DOMAIN",
          "status": "pass"
        }
      ]
    },
    {
      "object_kind": "var",
      "config_addr": "module.mosip_infra.var.cluster_env_domain",
      "status": "pass",
      "objects": [
        {
          "object_addr": "module.mosip_infra.var.cluster_env_domain",
          "status": "pass"
        }
      ]
    }
  ]
}
