{
  "version": 4,
  "terraform_version": "1.8.5",
  "serial": 410,
  "lineage": "3d1faf52-14eb-2e0d-ace6-cdafad1531a2",
  "outputs": {
    "cluster_info": {
      "value": {
        "cloud_provider": "aws",
        "cluster_env_domain": "soil2.mosip.net",
        "cluster_name": "soil"
      },
      "type": [
        "object",
        {
          "cloud_provider": "string",
          "cluster_env_domain": "string",
          "cluster_name": "string"
        }
      ]
    },
    "control_plane_node_1": {
      "value": "10.0.3.165",
      "type": "string"
    },
    "k8s_cluster_private_ips": {
      "value": {
        "soil-CONTROL-PLANE-NODE-1": "10.0.3.165",
        "soil-CONTROL-PLANE-NODE-2": "10.0.4.240",
        "soil-CONTROL-PLANE-NODE-3": "10.0.3.86",
        "soil-ETCD-NODE-1": "10.0.3.230",
        "soil-ETCD-NODE-2": "10.0.4.29",
        "soil-ETCD-NODE-3": "10.0.3.26",
        "soil-WORKER-NODE-1": "10.0.3.117",
        "soil-WORKER-NODE-2": "10.0.4.208"
      },
      "type": [
        "map",
        "string"
      ]
    },
    "k8s_cluster_public_ips": {
      "value": {
        "soil-CONTROL-PLANE-NODE-1": "",
        "soil-CONTROL-PLANE-NODE-2": "",
        "soil-CONTROL-PLANE-NODE-3": "",
        "soil-ETCD-NODE-1": "",
        "soil-ETCD-NODE-2": "",
        "soil-ETCD-NODE-3": "",
        "soil-WORKER-NODE-1": "",
        "soil-WORKER-NODE-2": ""
      },
      "type": [
        "map",
        "string"
      ]
    },
    "k8s_token": {
      "value": "xXMOYRiiP0LE01up42BjtXowneiOnoeu",
      "type": "string",
      "sensitive": true
    },
    "nginx_private_ip": {
      "value": "10.0.2.137",
      "type": "string"
    },
    "nginx_public_ip": {
      "value": "35.154.150.179",
      "type": "string"
    },
    "vpc_id": {
      "value": "vpc-034f89e7c01cabf74",
      "type": "string"
    }
  },
  "resources": [
    {
      "module": "module.mosip_infra.module.aws_infra[0].module.aws_infrastructure",
      "mode": "data",
      "type": "aws_availability_zones",
      "name": "available",
      "provider": "provider[\"registry.terraform.io/hashicorp/aws\"]",
      "instances": [
        {
          "schema_version": 0,
          "attributes": {
            "all_availability_zones": null,
            "exclude_names": null,
            "exclude_zone_ids": null,
            "filter": null,
            "group_names": [
              "ap-south-1-zg-1"
            ],
            "id": "ap-south-1",
            "names": [
              "ap-south-1a",
              "ap-south-1b",
              "ap-south-1c"
            ],
            "state": "available",
            "timeouts": null,
            "zone_ids": [
              "aps1-az1",
              "aps1-az3",
              "aps1-az2"
            ]
          },
          "sensitive_attributes": []
        }
      ]
    },
    {
      "module": "module.mosip_infra.module.aws_infra[0].module.aws_infrastructure",
      "mode": "data",
      "type": "aws_ec2_instance_type_offerings",
      "name": "k8s_instance_types",
      "provider": "provider[\"registry.terraform.io/hashicorp/aws\"]",
      "instances": [
        {
          "index_key": "ap-south-1a",
          "schema_version": 0,
          "attributes": {
            "filter": [
              {
                "name": "instance-type",
                "values": [
                  "t3a.2xlarge"
                ]
              },
              {
                "name": "location",
                "values": [
                  "ap-south-1a"
                ]
              }
            ],
            "id": "ap-south-1",
            "instance_types": [
              "t3a.2xlarge"
            ],
            "location_type": "availability-zone",
            "location_types": [
              "availability-zone"
            ],
            "locations": [
              "ap-south-1a"
            ],
            "timeouts": null
          },
          "sensitive_attributes": []
        },
        {
          "index_key": "ap-south-1b",
          "schema_version": 0,
          "attributes": {
            "filter": [
              {
                "name": "instance-type",
                "values": [
                  "t3a.2xlarge"
                ]
              },
              {
                "name": "location",
                "values": [
                  "ap-south-1b"
                ]
              }
            ],
            "id": "ap-south-1",
            "instance_types": [
              "t3a.2xlarge"
            ],
            "location_type": "availability-zone",
            "location_types": [
              "availability-zone"
            ],
            "locations": [
              "ap-south-1b"
            ],
            "timeouts": null
          },
          "sensitive_attributes": []
        },
        {
          "index_key": "ap-south-1c",
          "schema_version": 0,
          "attributes": {
            "filter": [
              {
                "name": "instance-type",
                "values": [
                  "t3a.2xlarge"
                ]
              },
              {
                "name": "location",
                "values": [
                  "ap-south-1c"
                ]
              }
            ],
            "id": "ap-south-1",
            "instance_types": [
              "t3a.2xlarge"
            ],
            "location_type": "availability-zone",
            "location_types": [
              "availability-zone"
            ],
            "locations": [
              "ap-south-1c"
            ],
            "timeouts": null
          },
          "sensitive_attributes": []
        }
      ]
    },
    {
      "module": "module.mosip_infra.module.aws_infra[0].module.aws_infrastructure",
      "mode": "data",
      "type": "aws_ec2_instance_type_offerings",
      "name": "nginx_instance_types",
      "provider": "provider[\"registry.terraform.io/hashicorp/aws\"]",
      "instances": [
        {
          "index_key": "ap-south-1a",
          "schema_version": 0,
          "attributes": {
            "filter": [
              {
                "name": "instance-type",
                "values": [
                  "t3a.2xlarge"
                ]
              },
              {
                "name": "location",
                "values": [
                  "ap-south-1a"
                ]
              }
            ],
            "id": "ap-south-1",
            "instance_types": [
              "t3a.2xlarge"
            ],
            "location_type": "availability-zone",
            "location_types": [
              "availability-zone"
            ],
            "locations": [
              "ap-south-1a"
            ],
            "timeouts": null
          },
          "sensitive_attributes": []
        },
        {
          "index_key": "ap-south-1b",
          "schema_version": 0,
          "attributes": {
            "filter": [
              {
                "name": "instance-type",
                "values": [
                  "t3a.2xlarge"
                ]
              },
              {
                "name": "location",
                "values": [
                  "ap-south-1b"
                ]
              }
            ],
            "id": "ap-south-1",
            "instance_types": [
              "t3a.2xlarge"
            ],
            "location_type": "availability-zone",
            "location_types": [
              "availability-zone"
            ],
            "locations": [
              "ap-south-1b"
            ],
            "timeouts": null
          },
          "sensitive_attributes": []
        },
        {
          "index_key": "ap-south-1c",
          "schema_version": 0,
          "attributes": {
            "filter": [
              {
                "name": "instance-type",
                "values": [
                  "t3a.2xlarge"
                ]
              },
              {
                "name": "location",
                "values": [
                  "ap-south-1c"
                ]
              }
            ],
            "id": "ap-south-1",
            "instance_types": [
              "t3a.2xlarge"
            ],
            "location_type": "availability-zone",
            "location_types": [
              "availability-zone"
            ],
            "locations": [
              "ap-south-1c"
            ],
            "timeouts": null
          },
          "sensitive_attributes": []
        }
      ]
    },
    {
      "module": "module.mosip_infra.module.aws_infra[0].module.aws_infrastructure",
      "mode": "data",
      "type": "aws_subnets",
      "name": "private_subnets",
      "provider": "provider[\"registry.terraform.io/hashicorp/aws\"]",
      "instances": [
        {
          "schema_version": 0,
          "attributes": {
            "filter": [
              {
                "name": "availability-zone",
                "values": [
                  "ap-south-1a",
                  "ap-south-1b",
                  "ap-south-1c"
                ]
              },
              {
                "name": "vpc-id",
                "values": [
                  "vpc-034f89e7c01cabf74"
                ]
              }
            ],
            "id": "ap-south-1",
            "ids": [
              "subnet-0cb3018e6136c52ec",
              "subnet-0ef4971136b7c1faa"
            ],
            "tags": {
              "Type": "Private"
            },
            "timeouts": null
          },
          "sensitive_attributes": []
        }
      ]
    },
    {
      "module": "module.mosip_infra.module.aws_infra[0].module.aws_infrastructure",
      "mode": "data",
      "type": "aws_subnets",
      "name": "public_subnets",
      "provider": "provider[\"registry.terraform.io/hashicorp/aws\"]",
      "instances": [
        {
          "schema_version": 0,
          "attributes": {
            "filter": [
              {
                "name": "availability-zone",
                "values": [
                  "ap-south-1a",
                  "ap-south-1b",
                  "ap-south-1c"
                ]
              },
              {
                "name": "vpc-id",
                "values": [
                  "vpc-034f89e7c01cabf74"
                ]
              }
            ],
            "id": "ap-south-1",
            "ids": [
              "subnet-0b8d2671904225d00",
              "subnet-0d12cf6c8ad0833e5"
            ],
            "tags": {
              "Type": "Public"
            },
            "timeouts": null
          },
          "sensitive_attributes": []
        }
      ]
    },
    {
      "module": "module.mosip_infra.module.aws_infra[0].module.aws_infrastructure",
      "mode": "data",
      "type": "aws_vpc",
      "name": "existing_vpc",
      "provider": "provider[\"registry.terraform.io/hashicorp/aws\"]",
      "instances": [
        {
          "schema_version": 0,
          "attributes": {
            "arn": "arn:aws:ec2:ap-south-1:931337674770:vpc/vpc-034f89e7c01cabf74",
            "cidr_block": "10.0.0.0/16",
            "cidr_block_associations": [
              {
                "association_id": "vpc-cidr-assoc-0c2e3de859e49b3e9",
                "cidr_block": "10.0.0.0/16",
                "state": "associated"
              }
            ],
            "default": false,
            "dhcp_options_id": "dopt-d617d0bd",
            "enable_dns_hostnames": true,
            "enable_dns_support": true,
            "enable_network_address_usage_metrics": false,
            "filter": null,
            "id": "vpc-034f89e7c01cabf74",
            "instance_tenancy": "default",
            "ipv6_association_id": "",
            "ipv6_cidr_block": "",
            "main_route_table_id": "rtb-020c02c5fb2fd4f86",
            "owner_id": "931337674770",
            "state": null,
            "tags": {
              "Environment": "dev",
              "Name": "mosip-boxes",
              "Project": "mosip"
            },
            "timeouts": null
          },
          "sensitive_attributes": []
        }
      ]
    },
    {
      "module": "module.mosip_infra.module.aws_infra[0].module.aws_infrastructure",
      "mode": "managed",
      "type": "null_resource",
      "name": "instance_type_validation",
      "provider": "provider[\"registry.terraform.io/hashicorp/null\"]",
      "instances": [
        {
          "schema_version": 0,
          "attributes": {
            "id": "5969821785184267454",
            "triggers": {
              "common_azs": "3",
              "k8s_available_azs": "3",
              "k8s_instance_type": "t3a.2xlarge",
              "min_azs_needed": "3",
              "nginx_available_azs": "3",
              "nginx_instance_type": "t3a.2xlarge",
              "total_k8s_nodes": "8"
            }
          },
          "sensitive_attributes": [],
          "dependencies": [
            "module.mosip_infra.module.aws_infra.module.aws_infrastructure.data.aws_availability_zones.available",
            "module.mosip_infra.module.aws_infra.module.aws_infrastructure.data.aws_ec2_instance_type_offerings.k8s_instance_types",
            "module.mosip_infra.module.aws_infra.module.aws_infrastructure.data.aws_ec2_instance_type_offerings.nginx_instance_types"
          ]
        }
      ]
    },
    {
      "module": "module.mosip_infra.module.aws_infra[0].module.aws_infrastructure.module.aws-resource-creation",
      "mode": "managed",
      "type": "aws_iam_instance_profile",
      "name": "certbot_profile",
      "provider": "provider[\"registry.terraform.io/hashicorp/aws\"]",
      "instances": [
        {
          "schema_version": 0,
          "attributes": {
            "arn": "arn:aws:iam::931337674770:instance-profile/soil-certbot-instance-profile",
            "create_date": "2025-08-27T12:12:13Z",
            "id": "soil-certbot-instance-profile",
            "name": "soil-certbot-instance-profile",
            "name_prefix": "",
            "path": "/",
            "role": "soil-certbot-route53-role",
            "tags": {},
            "tags_all": {},
            "unique_id": "AIPA5RWANEAJNWXUXZDOD"
          },
          "sensitive_attributes": [],
          "private": "bnVsbA==",
          "dependencies": [
            "module.mosip_infra.module.aws_infra.module.aws_infrastructure.module.aws-resource-creation.aws_iam_role.certbot_role"
          ]
        }
      ]
    },
    {
      "module": "module.mosip_infra.module.aws_infra[0].module.aws_infrastructure.module.aws-resource-creation",
      "mode": "managed",
      "type": "aws_iam_policy",
      "name": "certbot_policy",
      "provider": "provider[\"registry.terraform.io/hashicorp/aws\"]",
      "instances": [
        {
          "schema_version": 0,
          "attributes": {
            "arn": "arn:aws:iam::931337674770:policy/soil-certbot-route53-policy",
            "attachment_count": 1,
            "description": "Allow Certbot to modify Route 53 records",
            "id": "arn:aws:iam::931337674770:policy/soil-certbot-route53-policy",
            "name": "soil-certbot-route53-policy",
            "name_prefix": "",
            "path": "/",
            "policy": "{\"Statement\":[{\"Action\":[\"route53:ListHostedZones\",\"route53:GetChange\",\"route53:ChangeResourceRecordSets\"],\"Effect\":\"Allow\",\"Resource\":\"*\"}],\"Version\":\"2012-10-17\"}",
            "policy_id": "ANPA5RWANEAJJ6ZVDECCU",
            "tags": {
              "Cluster": "soil",
              "Name": "soil-certbot-route53-policy"
            },
            "tags_all": {
              "Cluster": "soil",
              "Name": "soil-certbot-route53-policy"
            }
          },
          "sensitive_attributes": [],
          "private": "bnVsbA=="
        }
      ]
    },
    {
      "module": "module.mosip_infra.module.aws_infra[0].module.aws_infrastructure.module.aws-resource-creation",
      "mode": "managed",
      "type": "aws_iam_role",
      "name": "certbot_role",
      "provider": "provider[\"registry.terraform.io/hashicorp/aws\"]",
      "instances": [
        {
          "schema_version": 0,
          "attributes": {
            "arn": "arn:aws:iam::931337674770:role/soil-certbot-route53-role",
            "assume_role_policy": "{\"Statement\":[{\"Action\":\"sts:AssumeRole\",\"Effect\":\"Allow\",\"Principal\":{\"Service\":\"ec2.amazonaws.com\"}}],\"Version\":\"2012-10-17\"}",
            "create_date": "2025-08-27T12:12:12Z",
            "description": "",
            "force_detach_policies": false,
            "id": "soil-certbot-route53-role",
            "inline_policy": [],
            "managed_policy_arns": [
              "arn:aws:iam::931337674770:policy/soil-certbot-route53-policy"
            ],
            "max_session_duration": 3600,
            "name": "soil-certbot-route53-role",
            "name_prefix": "",
            "path": "/",
            "permissions_boundary": "",
            "tags": {
              "Cluster": "soil",
              "Name": "soil-certbot-route53-role"
            },
            "tags_all": {
              "Cluster": "soil",
              "Name": "soil-certbot-route53-role"
            },
            "unique_id": "AROA5RWANEAJK5CMP3PVW"
          },
          "sensitive_attributes": [],
          "private": "bnVsbA=="
        }
      ]
    },
    {
      "module": "module.mosip_infra.module.aws_infra[0].module.aws_infrastructure.module.aws-resource-creation",
      "mode": "managed",
      "type": "aws_iam_role_policy_attachment",
      "name": "certbot_policy_attachment",
      "provider": "provider[\"registry.terraform.io/hashicorp/aws\"]",
      "instances": [
        {
          "schema_version": 0,
          "attributes": {
            "id": "soil-certbot-route53-role-20250827121213145600000005",
            "policy_arn": "arn:aws:iam::931337674770:policy/soil-certbot-route53-policy",
            "role": "soil-certbot-route53-role"
          },
          "sensitive_attributes": [],
          "private": "bnVsbA==",
          "dependencies": [
            "module.mosip_infra.module.aws_infra.module.aws_infrastructure.module.aws-resource-creation.aws_iam_policy.certbot_policy",
            "module.mosip_infra.module.aws_infra.module.aws_infrastructure.module.aws-resource-creation.aws_iam_role.certbot_role"
          ]
        }
      ]
    },
    {
      "module": "module.mosip_infra.module.aws_infra[0].module.aws_infrastructure.module.aws-resource-creation",
      "mode": "managed",
      "type": "aws_instance",
      "name": "K8S_CLUSTER_EC2_INSTANCE",
      "provider": "provider[\"registry.terraform.io/hashicorp/aws\"]",
      "instances": [
        {
          "index_key": "CONTROL-PLANE-NODE-1",
          "schema_version": 1,
          "attributes": {
            "ami": "ami-0ad21ae1d0696ad58",
            "arn": "arn:aws:ec2:ap-south-1:931337674770:instance/i-075a422015050d0f2",
            "associate_public_ip_address": false,
            "availability_zone": "ap-south-1a",
            "capacity_reservation_specification": [
              {
                "capacity_reservation_preference": "open",
                "capacity_reservation_target": []
              }
            ],
            "cpu_core_count": 4,
            "cpu_options": [
              {
                "amd_sev_snp": "",
                "core_count": 4,
                "threads_per_core": 2
              }
            ],
            "cpu_threads_per_core": 2,
            "credit_specification": [
              {
                "cpu_credits": "unlimited"
              }
            ],
            "disable_api_stop": false,
            "disable_api_termination": false,
            "ebs_block_device": [],
            "ebs_optimized": false,
            "enclave_options": [
              {
                "enabled": false
              }
            ],
            "ephemeral_block_device": [],
            "get_password_data": false,
            "hibernation": false,
            "host_id": "",
            "host_resource_group_arn": null,
            "iam_instance_profile": "",
            "id": "i-075a422015050d0f2",
            "instance_initiated_shutdown_behavior": "stop",
            "instance_lifecycle": "",
            "instance_market_options": [],
            "instance_state": "running",
            "instance_type": "t3a.2xlarge",
            "ipv6_address_count": 0,
            "ipv6_addresses": [],
            "key_name": "mosip-aws",
            "launch_template": [],
            "maintenance_options": [
              {
                "auto_recovery": "default"
              }
            ],
            "metadata_options": [
              {
                "http_endpoint": "enabled",
                "http_protocol_ipv6": "disabled",
                "http_put_response_hop_limit": 2,
                "http_tokens": "required",
                "instance_metadata_tags": "disabled"
              }
            ],
            "monitoring": false,
            "network_interface": [],
            "outpost_arn": "",
            "password_data": "",
            "placement_group": "",
            "placement_partition_number": 0,
            "primary_network_interface_id": "eni-06f19e2901528c3a8",
            "private_dns": "ip-10-0-3-165.ap-south-1.compute.internal",
            "private_dns_name_options": [
              {
                "enable_resource_name_dns_a_record": false,
                "enable_resource_name_dns_aaaa_record": false,
                "hostname_type": "ip-name"
              }
            ],
            "private_ip": "10.0.3.165",
            "public_dns": "",
            "public_ip": "",
            "root_block_device": [
              {
                "delete_on_termination": true,
                "device_name": "/dev/sda1",
                "encrypted": false,
                "iops": 3000,
                "kms_key_id": "",
                "tags": {
                  "Cluster": "soil",
                  "Component": "soil",
                  "Name": "soil-CONTROL-PLANE-NODE-1"
                },
                "tags_all": {
                  "Cluster": "soil",
                  "Component": "soil",
                  "Name": "soil-CONTROL-PLANE-NODE-1"
                },
                "throughput": 125,
                "volume_id": "vol-0daf7b18b0669d81f",
                "volume_size": 64,
                "volume_type": "gp3"
              }
            ],
            "secondary_private_ips": [],
            "security_groups": [],
            "source_dest_check": true,
            "spot_instance_request_id": "",
            "subnet_id": "subnet-0cb3018e6136c52ec",
            "tags": {
              "Cluster": "soil",
              "Component": "soil",
              "Name": "soil-CONTROL-PLANE-NODE-1"
            },
            "tags_all": {
              "Cluster": "soil",
              "Component": "soil",
              "Name": "soil-CONTROL-PLANE-NODE-1"
            },
            "tenancy": "default",
            "timeouts": null,
            "user_data": "d0a752face7eab3a8ebb5e00c63c109890f75dac",
            "user_data_base64": null,
            "user_data_replace_on_change": false,
            "volume_tags": null,
            "vpc_security_group_ids": [
              "sg-0f53715e08f30957f"
            ]
          },
          "sensitive_attributes": [],
          "private": "eyJlMmJmYjczMC1lY2FhLTExZTYtOGY4OC0zNDM2M2JjN2M0YzAiOnsiY3JlYXRlIjo2MDAwMDAwMDAwMDAsImRlbGV0ZSI6MTIwMDAwMDAwMDAwMCwicmVhZCI6OTAwMDAwMDAwMDAwLCJ1cGRhdGUiOjYwMDAwMDAwMDAwMH0sInNjaGVtYV92ZXJzaW9uIjoiMSJ9",
          "dependencies": [
            "module.mosip_infra.module.aws_infra.module.aws_infrastructure.data.aws_availability_zones.available",
            "module.mosip_infra.module.aws_infra.module.aws_infrastructure.data.aws_ec2_instance_type_offerings.k8s_instance_types",
            "module.mosip_infra.module.aws_infra.module.aws_infrastructure.data.aws_ec2_instance_type_offerings.nginx_instance_types",
            "module.mosip_infra.module.aws_infra.module.aws_infrastructure.data.aws_subnets.private_subnets",
            "module.mosip_infra.module.aws_infra.module.aws_infrastructure.data.aws_vpc.existing_vpc",
            "module.mosip_infra.module.aws_infra.module.aws_infrastructure.module.aws-resource-creation.aws_security_group.security-group"
          ]
        },
        {
          "index_key": "CONTROL-PLANE-NODE-2",
          "schema_version": 1,
          "attributes": {
            "ami": "ami-0ad21ae1d0696ad58",
            "arn": "arn:aws:ec2:ap-south-1:931337674770:instance/i-057854441e6fef81b",
            "associate_public_ip_address": false,
            "availability_zone": "ap-south-1b",
            "capacity_reservation_specification": [
              {
                "capacity_reservation_preference": "open",
                "capacity_reservation_target": []
              }
            ],
            "cpu_core_count": 4,
            "cpu_options": [
              {
                "amd_sev_snp": "",
                "core_count": 4,
                "threads_per_core": 2
              }
            ],
            "cpu_threads_per_core": 2,
            "credit_specification": [
              {
                "cpu_credits": "unlimited"
              }
            ],
            "disable_api_stop": false,
            "disable_api_termination": false,
            "ebs_block_device": [],
            "ebs_optimized": false,
            "enclave_options": [
              {
                "enabled": false
              }
            ],
            "ephemeral_block_device": [],
            "get_password_data": false,
            "hibernation": false,
            "host_id": "",
            "host_resource_group_arn": null,
            "iam_instance_profile": "",
            "id": "i-057854441e6fef81b",
            "instance_initiated_shutdown_behavior": "stop",
            "instance_lifecycle": "",
            "instance_market_options": [],
            "instance_state": "running",
            "instance_type": "t3a.2xlarge",
            "ipv6_address_count": 0,
            "ipv6_addresses": [],
            "key_name": "mosip-aws",
            "launch_template": [],
            "maintenance_options": [
              {
                "auto_recovery": "default"
              }
            ],
            "metadata_options": [
              {
                "http_endpoint": "enabled",
                "http_protocol_ipv6": "disabled",
                "http_put_response_hop_limit": 2,
                "http_tokens": "required",
                "instance_metadata_tags": "disabled"
              }
            ],
            "monitoring": false,
            "network_interface": [],
            "outpost_arn": "",
            "password_data": "",
            "placement_group": "",
            "placement_partition_number": 0,
            "primary_network_interface_id": "eni-06ea8880e79efcf83",
            "private_dns": "ip-10-0-4-240.ap-south-1.compute.internal",
            "private_dns_name_options": [
              {
                "enable_resource_name_dns_a_record": false,
                "enable_resource_name_dns_aaaa_record": false,
                "hostname_type": "ip-name"
              }
            ],
            "private_ip": "10.0.4.240",
            "public_dns": "",
            "public_ip": "",
            "root_block_device": [
              {
                "delete_on_termination": true,
                "device_name": "/dev/sda1",
                "encrypted": false,
                "iops": 3000,
                "kms_key_id": "",
                "tags": {
                  "Cluster": "soil",
                  "Component": "soil",
                  "Name": "soil-CONTROL-PLANE-NODE-2"
                },
                "tags_all": {
                  "Cluster": "soil",
                  "Component": "soil",
                  "Name": "soil-CONTROL-PLANE-NODE-2"
                },
                "throughput": 125,
                "volume_id": "vol-0019048b72cd649c9",
                "volume_size": 64,
                "volume_type": "gp3"
              }
            ],
            "secondary_private_ips": [],
            "security_groups": [],
            "source_dest_check": true,
            "spot_instance_request_id": "",
            "subnet_id": "subnet-0ef4971136b7c1faa",
            "tags": {
              "Cluster": "soil",
              "Component": "soil",
              "Name": "soil-CONTROL-PLANE-NODE-2"
            },
            "tags_all": {
              "Cluster": "soil",
              "Component": "soil",
              "Name": "soil-CONTROL-PLANE-NODE-2"
            },
            "tenancy": "default",
            "timeouts": null,
            "user_data": "7a9f43761874a2c49a5dfeea0260dcee8f838969",
            "user_data_base64": null,
            "user_data_replace_on_change": false,
            "volume_tags": null,
            "vpc_security_group_ids": [
              "sg-0f53715e08f30957f"
            ]
          },
          "sensitive_attributes": [],
          "private": "eyJlMmJmYjczMC1lY2FhLTExZTYtOGY4OC0zNDM2M2JjN2M0YzAiOnsiY3JlYXRlIjo2MDAwMDAwMDAwMDAsImRlbGV0ZSI6MTIwMDAwMDAwMDAwMCwicmVhZCI6OTAwMDAwMDAwMDAwLCJ1cGRhdGUiOjYwMDAwMDAwMDAwMH0sInNjaGVtYV92ZXJzaW9uIjoiMSJ9",
          "dependencies": [
            "module.mosip_infra.module.aws_infra.module.aws_infrastructure.data.aws_availability_zones.available",
            "module.mosip_infra.module.aws_infra.module.aws_infrastructure.data.aws_ec2_instance_type_offerings.k8s_instance_types",
            "module.mosip_infra.module.aws_infra.module.aws_infrastructure.data.aws_ec2_instance_type_offerings.nginx_instance_types",
            "module.mosip_infra.module.aws_infra.module.aws_infrastructure.data.aws_subnets.private_subnets",
            "module.mosip_infra.module.aws_infra.module.aws_infrastructure.data.aws_vpc.existing_vpc",
            "module.mosip_infra.module.aws_infra.module.aws_infrastructure.module.aws-resource-creation.aws_security_group.security-group"
          ]
        },
        {
          "index_key": "CONTROL-PLANE-NODE-3",
          "schema_version": 1,
          "attributes": {
            "ami": "ami-0ad21ae1d0696ad58",
            "arn": "arn:aws:ec2:ap-south-1:931337674770:instance/i-09405b6497dc3f819",
            "associate_public_ip_address": false,
            "availability_zone": "ap-south-1a",
            "capacity_reservation_specification": [
              {
                "capacity_reservation_preference": "open",
                "capacity_reservation_target": []
              }
            ],
            "cpu_core_count": 4,
            "cpu_options": [
              {
                "amd_sev_snp": "",
                "core_count": 4,
                "threads_per_core": 2
              }
            ],
            "cpu_threads_per_core": 2,
            "credit_specification": [
              {
                "cpu_credits": "unlimited"
              }
            ],
            "disable_api_stop": false,
            "disable_api_termination": false,
            "ebs_block_device": [],
            "ebs_optimized": false,
            "enclave_options": [
              {
                "enabled": false
              }
            ],
            "ephemeral_block_device": [],
            "get_password_data": false,
            "hibernation": false,
            "host_id": "",
            "host_resource_group_arn": null,
            "iam_instance_profile": "",
            "id": "i-09405b6497dc3f819",
            "instance_initiated_shutdown_behavior": "stop",
            "instance_lifecycle": "",
            "instance_market_options": [],
            "instance_state": "running",
            "instance_type": "t3a.2xlarge",
            "ipv6_address_count": 0,
            "ipv6_addresses": [],
            "key_name": "mosip-aws",
            "launch_template": [],
            "maintenance_options": [
              {
                "auto_recovery": "default"
              }
            ],
            "metadata_options": [
              {
                "http_endpoint": "enabled",
                "http_protocol_ipv6": "disabled",
                "http_put_response_hop_limit": 2,
                "http_tokens": "required",
                "instance_metadata_tags": "disabled"
              }
            ],
            "monitoring": false,
            "network_interface": [],
            "outpost_arn": "",
            "password_data": "",
            "placement_group": "",
            "placement_partition_number": 0,
            "primary_network_interface_id": "eni-0d005f2d455d8a57b",
            "private_dns": "ip-10-0-3-86.ap-south-1.compute.internal",
            "private_dns_name_options": [
              {
                "enable_resource_name_dns_a_record": false,
                "enable_resource_name_dns_aaaa_record": false,
                "hostname_type": "ip-name"
              }
            ],
            "private_ip": "10.0.3.86",
            "public_dns": "",
            "public_ip": "",
            "root_block_device": [
              {
                "delete_on_termination": true,
                "device_name": "/dev/sda1",
                "encrypted": false,
                "iops": 3000,
                "kms_key_id": "",
                "tags": {
                  "Cluster": "soil",
                  "Component": "soil",
                  "Name": "soil-CONTROL-PLANE-NODE-3"
                },
                "tags_all": {
                  "Cluster": "soil",
                  "Component": "soil",
                  "Name": "soil-CONTROL-PLANE-NODE-3"
                },
                "throughput": 125,
                "volume_id": "vol-0c73a86ebcfb5636f",
                "volume_size": 64,
                "volume_type": "gp3"
              }
            ],
            "secondary_private_ips": [],
            "security_groups": [],
            "source_dest_check": true,
            "spot_instance_request_id": "",
            "subnet_id": "subnet-0cb3018e6136c52ec",
            "tags": {
              "Cluster": "soil",
              "Component": "soil",
              "Name": "soil-CONTROL-PLANE-NODE-3"
            },
            "tags_all": {
              "Cluster": "soil",
              "Component": "soil",
              "Name": "soil-CONTROL-PLANE-NODE-3"
            },
            "tenancy": "default",
            "timeouts": null,
            "user_data": "7089569948326d568f6d8cc727f4556939444b89",
            "user_data_base64": null,
            "user_data_replace_on_change": false,
            "volume_tags": null,
            "vpc_security_group_ids": [
              "sg-0f53715e08f30957f"
            ]
          },
          "sensitive_attributes": [],
          "private": "eyJlMmJmYjczMC1lY2FhLTExZTYtOGY4OC0zNDM2M2JjN2M0YzAiOnsiY3JlYXRlIjo2MDAwMDAwMDAwMDAsImRlbGV0ZSI6MTIwMDAwMDAwMDAwMCwicmVhZCI6OTAwMDAwMDAwMDAwLCJ1cGRhdGUiOjYwMDAwMDAwMDAwMH0sInNjaGVtYV92ZXJzaW9uIjoiMSJ9",
          "dependencies": [
            "module.mosip_infra.module.aws_infra.module.aws_infrastructure.data.aws_availability_zones.available",
            "module.mosip_infra.module.aws_infra.module.aws_infrastructure.data.aws_ec2_instance_type_offerings.k8s_instance_types",
            "module.mosip_infra.module.aws_infra.module.aws_infrastructure.data.aws_ec2_instance_type_offerings.nginx_instance_types",
            "module.mosip_infra.module.aws_infra.module.aws_infrastructure.data.aws_subnets.private_subnets",
            "module.mosip_infra.module.aws_infra.module.aws_infrastructure.data.aws_vpc.existing_vpc",
            "module.mosip_infra.module.aws_infra.module.aws_infrastructure.module.aws-resource-creation.aws_security_group.security-group"
          ]
        },
        {
          "index_key": "ETCD-NODE-1",
          "schema_version": 1,
          "attributes": {
            "ami": "ami-0ad21ae1d0696ad58",
            "arn": "arn:aws:ec2:ap-south-1:931337674770:instance/i-02b5f4cb0632842be",
            "associate_public_ip_address": false,
            "availability_zone": "ap-south-1a",
            "capacity_reservation_specification": [
              {
                "capacity_reservation_preference": "open",
                "capacity_reservation_target": []
              }
            ],
            "cpu_core_count": 4,
            "cpu_options": [
              {
                "amd_sev_snp": "",
                "core_count": 4,
                "threads_per_core": 2
              }
            ],
            "cpu_threads_per_core": 2,
            "credit_specification": [
              {
                "cpu_credits": "unlimited"
              }
            ],
            "disable_api_stop": false,
            "disable_api_termination": false,
            "ebs_block_device": [],
            "ebs_optimized": false,
            "enclave_options": [
              {
                "enabled": false
              }
            ],
            "ephemeral_block_device": [],
            "get_password_data": false,
            "hibernation": false,
            "host_id": "",
            "host_resource_group_arn": null,
            "iam_instance_profile": "",
            "id": "i-02b5f4cb0632842be",
            "instance_initiated_shutdown_behavior": "stop",
            "instance_lifecycle": "",
            "instance_market_options": [],
            "instance_state": "running",
            "instance_type": "t3a.2xlarge",
            "ipv6_address_count": 0,
            "ipv6_addresses": [],
            "key_name": "mosip-aws",
            "launch_template": [],
            "maintenance_options": [
              {
                "auto_recovery": "default"
              }
            ],
            "metadata_options": [
              {
                "http_endpoint": "enabled",
                "http_protocol_ipv6": "disabled",
                "http_put_response_hop_limit": 2,
                "http_tokens": "required",
                "instance_metadata_tags": "disabled"
              }
            ],
            "monitoring": false,
            "network_interface": [],
            "outpost_arn": "",
            "password_data": "",
            "placement_group": "",
            "placement_partition_number": 0,
            "primary_network_interface_id": "eni-0dd0666f5e82053fc",
            "private_dns": "ip-10-0-3-230.ap-south-1.compute.internal",
            "private_dns_name_options": [
              {
                "enable_resource_name_dns_a_record": false,
                "enable_resource_name_dns_aaaa_record": false,
                "hostname_type": "ip-name"
              }
            ],
            "private_ip": "10.0.3.230",
            "public_dns": "",
            "public_ip": "",
            "root_block_device": [
              {
                "delete_on_termination": true,
                "device_name": "/dev/sda1",
                "encrypted": false,
                "iops": 3000,
                "kms_key_id": "",
                "tags": {
                  "Cluster": "soil",
                  "Component": "soil",
                  "Name": "soil-ETCD-NODE-1"
                },
                "tags_all": {
                  "Cluster": "soil",
                  "Component": "soil",
                  "Name": "soil-ETCD-NODE-1"
                },
                "throughput": 125,
                "volume_id": "vol-08524b3be6454d4db",
                "volume_size": 64,
                "volume_type": "gp3"
              }
            ],
            "secondary_private_ips": [],
            "security_groups": [],
            "source_dest_check": true,
            "spot_instance_request_id": "",
            "subnet_id": "subnet-0cb3018e6136c52ec",
            "tags": {
              "Cluster": "soil",
              "Component": "soil",
              "Name": "soil-ETCD-NODE-1"
            },
            "tags_all": {
              "Cluster": "soil",
              "Component": "soil",
              "Name": "soil-ETCD-NODE-1"
            },
            "tenancy": "default",
            "timeouts": null,
            "user_data": "9683088367a7046f5da03d857dd4c22c8b3fe57f",
            "user_data_base64": null,
            "user_data_replace_on_change": false,
            "volume_tags": null,
            "vpc_security_group_ids": [
              "sg-04a506260886e73ad"
            ]
          },
          "sensitive_attributes": [],
          "private": "eyJlMmJmYjczMC1lY2FhLTExZTYtOGY4OC0zNDM2M2JjN2M0YzAiOnsiY3JlYXRlIjo2MDAwMDAwMDAwMDAsImRlbGV0ZSI6MTIwMDAwMDAwMDAwMCwicmVhZCI6OTAwMDAwMDAwMDAwLCJ1cGRhdGUiOjYwMDAwMDAwMDAwMH0sInNjaGVtYV92ZXJzaW9uIjoiMSJ9",
          "dependencies": [
            "module.mosip_infra.module.aws_infra.module.aws_infrastructure.data.aws_availability_zones.available",
            "module.mosip_infra.module.aws_infra.module.aws_infrastructure.data.aws_ec2_instance_type_offerings.k8s_instance_types",
            "module.mosip_infra.module.aws_infra.module.aws_infrastructure.data.aws_ec2_instance_type_offerings.nginx_instance_types",
            "module.mosip_infra.module.aws_infra.module.aws_infrastructure.data.aws_subnets.private_subnets",
            "module.mosip_infra.module.aws_infra.module.aws_infrastructure.data.aws_vpc.existing_vpc",
            "module.mosip_infra.module.aws_infra.module.aws_infrastructure.module.aws-resource-creation.aws_security_group.security-group"
          ]
        },
        {
          "index_key": "ETCD-NODE-2",
          "schema_version": 1,
          "attributes": {
            "ami": "ami-0ad21ae1d0696ad58",
            "arn": "arn:aws:ec2:ap-south-1:931337674770:instance/i-08ec2090b58610e36",
            "associate_public_ip_address": false,
            "availability_zone": "ap-south-1b",
            "capacity_reservation_specification": [
              {
                "capacity_reservation_preference": "open",
                "capacity_reservation_target": []
              }
            ],
            "cpu_core_count": 4,
            "cpu_options": [
              {
                "amd_sev_snp": "",
                "core_count": 4,
                "threads_per_core": 2
              }
            ],
            "cpu_threads_per_core": 2,
            "credit_specification": [
              {
                "cpu_credits": "unlimited"
              }
            ],
            "disable_api_stop": false,
            "disable_api_termination": false,
            "ebs_block_device": [],
            "ebs_optimized": false,
            "enclave_options": [
              {
                "enabled": false
              }
            ],
            "ephemeral_block_device": [],
            "get_password_data": false,
            "hibernation": false,
            "host_id": "",
            "host_resource_group_arn": null,
            "iam_instance_profile": "",
            "id": "i-08ec2090b58610e36",
            "instance_initiated_shutdown_behavior": "stop",
            "instance_lifecycle": "",
            "instance_market_options": [],
            "instance_state": "running",
            "instance_type": "t3a.2xlarge",
            "ipv6_address_count": 0,
            "ipv6_addresses": [],
            "key_name": "mosip-aws",
            "launch_template": [],
            "maintenance_options": [
              {
                "auto_recovery": "default"
              }
            ],
            "metadata_options": [
              {
                "http_endpoint": "enabled",
                "http_protocol_ipv6": "disabled",
                "http_put_response_hop_limit": 2,
                "http_tokens": "required",
                "instance_metadata_tags": "disabled"
              }
            ],
            "monitoring": false,
            "network_interface": [],
            "outpost_arn": "",
            "password_data": "",
            "placement_group": "",
            "placement_partition_number": 0,
            "primary_network_interface_id": "eni-08e2377243f8add44",
            "private_dns": "ip-10-0-4-29.ap-south-1.compute.internal",
            "private_dns_name_options": [
              {
                "enable_resource_name_dns_a_record": false,
                "enable_resource_name_dns_aaaa_record": false,
                "hostname_type": "ip-name"
              }
            ],
            "private_ip": "10.0.4.29",
            "public_dns": "",
            "public_ip": "",
            "root_block_device": [
              {
                "delete_on_termination": true,
                "device_name": "/dev/sda1",
                "encrypted": false,
                "iops": 3000,
                "kms_key_id": "",
                "tags": {
                  "Cluster": "soil",
                  "Component": "soil",
                  "Name": "soil-ETCD-NODE-2"
                },
                "tags_all": {
                  "Cluster": "soil",
                  "Component": "soil",
                  "Name": "soil-ETCD-NODE-2"
                },
                "throughput": 125,
                "volume_id": "vol-0e4918d6b50b468b9",
                "volume_size": 64,
                "volume_type": "gp3"
              }
            ],
            "secondary_private_ips": [],
            "security_groups": [],
            "source_dest_check": true,
            "spot_instance_request_id": "",
            "subnet_id": "subnet-0ef4971136b7c1faa",
            "tags": {
              "Cluster": "soil",
              "Component": "soil",
              "Name": "soil-ETCD-NODE-2"
            },
            "tags_all": {
              "Cluster": "soil",
              "Component": "soil",
              "Name": "soil-ETCD-NODE-2"
            },
            "tenancy": "default",
            "timeouts": null,
            "user_data": "4d903d56d302442d8486070381b3605a14262c6d",
            "user_data_base64": null,
            "user_data_replace_on_change": false,
            "volume_tags": null,
            "vpc_security_group_ids": [
              "sg-04a506260886e73ad"
            ]
          },
          "sensitive_attributes": [],
          "private": "eyJlMmJmYjczMC1lY2FhLTExZTYtOGY4OC0zNDM2M2JjN2M0YzAiOnsiY3JlYXRlIjo2MDAwMDAwMDAwMDAsImRlbGV0ZSI6MTIwMDAwMDAwMDAwMCwicmVhZCI6OTAwMDAwMDAwMDAwLCJ1cGRhdGUiOjYwMDAwMDAwMDAwMH0sInNjaGVtYV92ZXJzaW9uIjoiMSJ9",
          "dependencies": [
            "module.mosip_infra.module.aws_infra.module.aws_infrastructure.data.aws_availability_zones.available",
            "module.mosip_infra.module.aws_infra.module.aws_infrastructure.data.aws_ec2_instance_type_offerings.k8s_instance_types",
            "module.mosip_infra.module.aws_infra.module.aws_infrastructure.data.aws_ec2_instance_type_offerings.nginx_instance_types",
            "module.mosip_infra.module.aws_infra.module.aws_infrastructure.data.aws_subnets.private_subnets",
            "module.mosip_infra.module.aws_infra.module.aws_infrastructure.data.aws_vpc.existing_vpc",
            "module.mosip_infra.module.aws_infra.module.aws_infrastructure.module.aws-resource-creation.aws_security_group.security-group"
          ]
        },
        {
          "index_key": "ETCD-NODE-3",
          "schema_version": 1,
          "attributes": {
            "ami": "ami-0ad21ae1d0696ad58",
            "arn": "arn:aws:ec2:ap-south-1:931337674770:instance/i-06a3017193624a1bf",
            "associate_public_ip_address": false,
            "availability_zone": "ap-south-1a",
            "capacity_reservation_specification": [
              {
                "capacity_reservation_preference": "open",
                "capacity_reservation_target": []
              }
            ],
            "cpu_core_count": 4,
            "cpu_options": [
              {
                "amd_sev_snp": "",
                "core_count": 4,
                "threads_per_core": 2
              }
            ],
            "cpu_threads_per_core": 2,
            "credit_specification": [
              {
                "cpu_credits": "unlimited"
              }
            ],
            "disable_api_stop": false,
            "disable_api_termination": false,
            "ebs_block_device": [],
            "ebs_optimized": false,
            "enclave_options": [
              {
                "enabled": false
              }
            ],
            "ephemeral_block_device": [],
            "get_password_data": false,
            "hibernation": false,
            "host_id": "",
            "host_resource_group_arn": null,
            "iam_instance_profile": "",
            "id": "i-06a3017193624a1bf",
            "instance_initiated_shutdown_behavior": "stop",
            "instance_lifecycle": "",
            "instance_market_options": [],
            "instance_state": "running",
            "instance_type": "t3a.2xlarge",
            "ipv6_address_count": 0,
            "ipv6_addresses": [],
            "key_name": "mosip-aws",
            "launch_template": [],
            "maintenance_options": [
              {
                "auto_recovery": "default"
              }
            ],
            "metadata_options": [
              {
                "http_endpoint": "enabled",
                "http_protocol_ipv6": "disabled",
                "http_put_response_hop_limit": 2,
                "http_tokens": "required",
                "instance_metadata_tags": "disabled"
              }
            ],
            "monitoring": false,
            "network_interface": [],
            "outpost_arn": "",
            "password_data": "",
            "placement_group": "",
            "placement_partition_number": 0,
            "primary_network_interface_id": "eni-00e0c3805e9abe767",
            "private_dns": "ip-10-0-3-26.ap-south-1.compute.internal",
            "private_dns_name_options": [
              {
                "enable_resource_name_dns_a_record": false,
                "enable_resource_name_dns_aaaa_record": false,
                "hostname_type": "ip-name"
              }
            ],
            "private_ip": "10.0.3.26",
            "public_dns": "",
            "public_ip": "",
            "root_block_device": [
              {
                "delete_on_termination": true,
                "device_name": "/dev/sda1",
                "encrypted": false,
                "iops": 3000,
                "kms_key_id": "",
                "tags": {
                  "Cluster": "soil",
                  "Component": "soil",
                  "Name": "soil-ETCD-NODE-3"
                },
                "tags_all": {
                  "Cluster": "soil",
                  "Component": "soil",
                  "Name": "soil-ETCD-NODE-3"
                },
                "throughput": 125,
                "volume_id": "vol-0e7789e167748136f",
                "volume_size": 64,
                "volume_type": "gp3"
              }
            ],
            "secondary_private_ips": [],
            "security_groups": [],
            "source_dest_check": true,
            "spot_instance_request_id": "",
            "subnet_id": "subnet-0cb3018e6136c52ec",
            "tags": {
              "Cluster": "soil",
              "Component": "soil",
              "Name": "soil-ETCD-NODE-3"
            },
            "tags_all": {
              "Cluster": "soil",
              "Component": "soil",
              "Name": "soil-ETCD-NODE-3"
            },
            "tenancy": "default",
            "timeouts": null,
            "user_data": "b16a5398560764c689831a7aa7f168aba1e42bf4",
            "user_data_base64": null,
            "user_data_replace_on_change": false,
            "volume_tags": null,
            "vpc_security_group_ids": [
              "sg-04a506260886e73ad"
            ]
          },
          "sensitive_attributes": [],
          "private": "eyJlMmJmYjczMC1lY2FhLTExZTYtOGY4OC0zNDM2M2JjN2M0YzAiOnsiY3JlYXRlIjo2MDAwMDAwMDAwMDAsImRlbGV0ZSI6MTIwMDAwMDAwMDAwMCwicmVhZCI6OTAwMDAwMDAwMDAwLCJ1cGRhdGUiOjYwMDAwMDAwMDAwMH0sInNjaGVtYV92ZXJzaW9uIjoiMSJ9",
          "dependencies": [
            "module.mosip_infra.module.aws_infra.module.aws_infrastructure.data.aws_availability_zones.available",
            "module.mosip_infra.module.aws_infra.module.aws_infrastructure.data.aws_ec2_instance_type_offerings.k8s_instance_types",
            "module.mosip_infra.module.aws_infra.module.aws_infrastructure.data.aws_ec2_instance_type_offerings.nginx_instance_types",
            "module.mosip_infra.module.aws_infra.module.aws_infrastructure.data.aws_subnets.private_subnets",
            "module.mosip_infra.module.aws_infra.module.aws_infrastructure.data.aws_vpc.existing_vpc",
            "module.mosip_infra.module.aws_infra.module.aws_infrastructure.module.aws-resource-creation.aws_security_group.security-group"
          ]
        },
        {
          "index_key": "WORKER-NODE-1",
          "schema_version": 1,
          "attributes": {
            "ami": "ami-0ad21ae1d0696ad58",
            "arn": "arn:aws:ec2:ap-south-1:931337674770:instance/i-09dae692f994b6910",
            "associate_public_ip_address": false,
            "availability_zone": "ap-south-1a",
            "capacity_reservation_specification": [
              {
                "capacity_reservation_preference": "open",
                "capacity_reservation_target": []
              }
            ],
            "cpu_core_count": 4,
            "cpu_options": [
              {
                "amd_sev_snp": "",
                "core_count": 4,
                "threads_per_core": 2
              }
            ],
            "cpu_threads_per_core": 2,
            "credit_specification": [
              {
                "cpu_credits": "unlimited"
              }
            ],
            "disable_api_stop": false,
            "disable_api_termination": false,
            "ebs_block_device": [],
            "ebs_optimized": false,
            "enclave_options": [
              {
                "enabled": false
              }
            ],
            "ephemeral_block_device": [],
            "get_password_data": false,
            "hibernation": false,
            "host_id": "",
            "host_resource_group_arn": null,
            "iam_instance_profile": "",
            "id": "i-09dae692f994b6910",
            "instance_initiated_shutdown_behavior": "stop",
            "instance_lifecycle": "",
            "instance_market_options": [],
            "instance_state": "running",
            "instance_type": "t3a.2xlarge",
            "ipv6_address_count": 0,
            "ipv6_addresses": [],
            "key_name": "mosip-aws",
            "launch_template": [],
            "maintenance_options": [
              {
                "auto_recovery": "default"
              }
            ],
            "metadata_options": [
              {
                "http_endpoint": "enabled",
                "http_protocol_ipv6": "disabled",
                "http_put_response_hop_limit": 2,
                "http_tokens": "required",
                "instance_metadata_tags": "disabled"
              }
            ],
            "monitoring": false,
            "network_interface": [],
            "outpost_arn": "",
            "password_data": "",
            "placement_group": "",
            "placement_partition_number": 0,
            "primary_network_interface_id": "eni-0c005e0df0e3e80d8",
            "private_dns": "ip-10-0-3-117.ap-south-1.compute.internal",
            "private_dns_name_options": [
              {
                "enable_resource_name_dns_a_record": false,
                "enable_resource_name_dns_aaaa_record": false,
                "hostname_type": "ip-name"
              }
            ],
            "private_ip": "10.0.3.117",
            "public_dns": "",
            "public_ip": "",
            "root_block_device": [
              {
                "delete_on_termination": true,
                "device_name": "/dev/sda1",
                "encrypted": false,
                "iops": 3000,
                "kms_key_id": "",
                "tags": {
                  "Cluster": "soil",
                  "Component": "soil",
                  "Name": "soil-WORKER-NODE-1"
                },
                "tags_all": {
                  "Cluster": "soil",
                  "Component": "soil",
                  "Name": "soil-WORKER-NODE-1"
                },
                "throughput": 125,
                "volume_id": "vol-06b9dbd8cafcc2535",
                "volume_size": 64,
                "volume_type": "gp3"
              }
            ],
            "secondary_private_ips": [],
            "security_groups": [],
            "source_dest_check": true,
            "spot_instance_request_id": "",
            "subnet_id": "subnet-0cb3018e6136c52ec",
            "tags": {
              "Cluster": "soil",
              "Component": "soil",
              "Name": "soil-WORKER-NODE-1"
            },
            "tags_all": {
              "Cluster": "soil",
              "Component": "soil",
              "Name": "soil-WORKER-NODE-1"
            },
            "tenancy": "default",
            "timeouts": null,
            "user_data": "997728df8231bbf3483820b424168000d31fa6e1",
            "user_data_base64": null,
            "user_data_replace_on_change": false,
            "volume_tags": null,
            "vpc_security_group_ids": [
              "sg-0038b9f5301fad150"
            ]
          },
          "sensitive_attributes": [],
          "private": "eyJlMmJmYjczMC1lY2FhLTExZTYtOGY4OC0zNDM2M2JjN2M0YzAiOnsiY3JlYXRlIjo2MDAwMDAwMDAwMDAsImRlbGV0ZSI6MTIwMDAwMDAwMDAwMCwicmVhZCI6OTAwMDAwMDAwMDAwLCJ1cGRhdGUiOjYwMDAwMDAwMDAwMH0sInNjaGVtYV92ZXJzaW9uIjoiMSJ9",
          "dependencies": [
            "module.mosip_infra.module.aws_infra.module.aws_infrastructure.data.aws_availability_zones.available",
            "module.mosip_infra.module.aws_infra.module.aws_infrastructure.data.aws_ec2_instance_type_offerings.k8s_instance_types",
            "module.mosip_infra.module.aws_infra.module.aws_infrastructure.data.aws_ec2_instance_type_offerings.nginx_instance_types",
            "module.mosip_infra.module.aws_infra.module.aws_infrastructure.data.aws_subnets.private_subnets",
            "module.mosip_infra.module.aws_infra.module.aws_infrastructure.data.aws_vpc.existing_vpc",
            "module.mosip_infra.module.aws_infra.module.aws_infrastructure.module.aws-resource-creation.aws_security_group.security-group"
          ]
        },
        {
          "index_key": "WORKER-NODE-2",
          "schema_version": 1,
          "attributes": {
            "ami": "ami-0ad21ae1d0696ad58",
            "arn": "arn:aws:ec2:ap-south-1:931337674770:instance/i-0e229f455bcf44ae0",
            "associate_public_ip_address": false,
            "availability_zone": "ap-south-1b",
            "capacity_reservation_specification": [
              {
                "capacity_reservation_preference": "open",
                "capacity_reservation_target": []
              }
            ],
            "cpu_core_count": 4,
            "cpu_options": [
              {
                "amd_sev_snp": "",
                "core_count": 4,
                "threads_per_core": 2
              }
            ],
            "cpu_threads_per_core": 2,
            "credit_specification": [
              {
                "cpu_credits": "unlimited"
              }
            ],
            "disable_api_stop": false,
            "disable_api_termination": false,
            "ebs_block_device": [],
            "ebs_optimized": false,
            "enclave_options": [
              {
                "enabled": false
              }
            ],
            "ephemeral_block_device": [],
            "get_password_data": false,
            "hibernation": false,
            "host_id": "",
            "host_resource_group_arn": null,
            "iam_instance_profile": "",
            "id": "i-0e229f455bcf44ae0",
            "instance_initiated_shutdown_behavior": "stop",
            "instance_lifecycle": "",
            "instance_market_options": [],
            "instance_state": "running",
            "instance_type": "t3a.2xlarge",
            "ipv6_address_count": 0,
            "ipv6_addresses": [],
            "key_name": "mosip-aws",
            "launch_template": [],
            "maintenance_options": [
              {
                "auto_recovery": "default"
              }
            ],
            "metadata_options": [
              {
                "http_endpoint": "enabled",
                "http_protocol_ipv6": "disabled",
                "http_put_response_hop_limit": 2,
                "http_tokens": "required",
                "instance_metadata_tags": "disabled"
              }
            ],
            "monitoring": false,
            "network_interface": [],
            "outpost_arn": "",
            "password_data": "",
            "placement_group": "",
            "placement_partition_number": 0,
            "primary_network_interface_id": "eni-0c56beca1b670aaa4",
            "private_dns": "ip-10-0-4-208.ap-south-1.compute.internal",
            "private_dns_name_options": [
              {
                "enable_resource_name_dns_a_record": false,
                "enable_resource_name_dns_aaaa_record": false,
                "hostname_type": "ip-name"
              }
            ],
            "private_ip": "10.0.4.208",
            "public_dns": "",
            "public_ip": "",
            "root_block_device": [
              {
                "delete_on_termination": true,
                "device_name": "/dev/sda1",
                "encrypted": false,
                "iops": 3000,
                "kms_key_id": "",
                "tags": {
                  "Cluster": "soil",
                  "Component": "soil",
                  "Name": "soil-WORKER-NODE-2"
                },
                "tags_all": {
                  "Cluster": "soil",
                  "Component": "soil",
                  "Name": "soil-WORKER-NODE-2"
                },
                "throughput": 125,
                "volume_id": "vol-0c96cd17270acd64a",
                "volume_size": 64,
                "volume_type": "gp3"
              }
            ],
            "secondary_private_ips": [],
            "security_groups": [],
            "source_dest_check": true,
            "spot_instance_request_id": "",
            "subnet_id": "subnet-0ef4971136b7c1faa",
            "tags": {
              "Cluster": "soil",
              "Component": "soil",
              "Name": "soil-WORKER-NODE-2"
            },
            "tags_all": {
              "Cluster": "soil",
              "Component": "soil",
              "Name": "soil-WORKER-NODE-2"
            },
            "tenancy": "default",
            "timeouts": null,
            "user_data": "221998a14b2ad4ede7aba9d01ec014761935a01d",
            "user_data_base64": null,
            "user_data_replace_on_change": false,
            "volume_tags": null,
            "vpc_security_group_ids": [
              "sg-0038b9f5301fad150"
            ]
          },
          "sensitive_attributes": [],
          "private": "eyJlMmJmYjczMC1lY2FhLTExZTYtOGY4OC0zNDM2M2JjN2M0YzAiOnsiY3JlYXRlIjo2MDAwMDAwMDAwMDAsImRlbGV0ZSI6MTIwMDAwMDAwMDAwMCwicmVhZCI6OTAwMDAwMDAwMDAwLCJ1cGRhdGUiOjYwMDAwMDAwMDAwMH0sInNjaGVtYV92ZXJzaW9uIjoiMSJ9",
          "dependencies": [
            "module.mosip_infra.module.aws_infra.module.aws_infrastructure.data.aws_availability_zones.available",
            "module.mosip_infra.module.aws_infra.module.aws_infrastructure.data.aws_ec2_instance_type_offerings.k8s_instance_types",
            "module.mosip_infra.module.aws_infra.module.aws_infrastructure.data.aws_ec2_instance_type_offerings.nginx_instance_types",
            "module.mosip_infra.module.aws_infra.module.aws_infrastructure.data.aws_subnets.private_subnets",
            "module.mosip_infra.module.aws_infra.module.aws_infrastructure.data.aws_vpc.existing_vpc",
            "module.mosip_infra.module.aws_infra.module.aws_infrastructure.module.aws-resource-creation.aws_security_group.security-group"
          ]
        }
      ]
    },
    {
      "module": "module.mosip_infra.module.aws_infra[0].module.aws_infrastructure.module.aws-resource-creation",
      "mode": "managed",
      "type": "aws_instance",
      "name": "NGINX_EC2_INSTANCE",
      "provider": "provider[\"registry.terraform.io/hashicorp/aws\"]",
      "instances": [
        {
          "schema_version": 1,
          "attributes": {
            "ami": "ami-0ad21ae1d0696ad58",
            "arn": "arn:aws:ec2:ap-south-1:931337674770:instance/i-08b162ab597bca695",
            "associate_public_ip_address": true,
            "availability_zone": "ap-south-1b",
            "capacity_reservation_specification": [
              {
                "capacity_reservation_preference": "open",
                "capacity_reservation_target": []
              }
            ],
            "cpu_core_count": 4,
            "cpu_options": [
              {
                "amd_sev_snp": "",
                "core_count": 4,
                "threads_per_core": 2
              }
            ],
            "cpu_threads_per_core": 2,
            "credit_specification": [
              {
                "cpu_credits": "unlimited"
              }
            ],
            "disable_api_stop": false,
            "disable_api_termination": false,
            "ebs_block_device": [
              {
                "delete_on_termination": true,
                "device_name": "/dev/sdb",
                "encrypted": false,
                "iops": 3000,
                "kms_key_id": "",
                "snapshot_id": "",
                "tags": {
                  "Cluster": "soil",
                  "Component": "soil",
                  "Name": "soil-NGINX-NODE-vol1"
                },
                "tags_all": {
                  "Cluster": "soil",
                  "Component": "soil",
                  "Name": "soil-NGINX-NODE-vol1"
                },
                "throughput": 125,
                "volume_id": "vol-0452d398f30976c86",
                "volume_size": 300,
                "volume_type": "gp3"
              },
              {
                "delete_on_termination": true,
                "device_name": "/dev/sdc",
                "encrypted": false,
                "iops": 3000,
                "kms_key_id": "",
                "snapshot_id": "",
                "tags": {
                  "Cluster": "soil",
                  "Component": "soil",
                  "Name": "soil-NGINX-NODE-vol2"
                },
                "tags_all": {
                  "Cluster": "soil",
                  "Component": "soil",
                  "Name": "soil-NGINX-NODE-vol2"
                },
                "throughput": 125,
                "volume_id": "vol-0ea0314e44fcd96f9",
                "volume_size": 200,
                "volume_type": "gp3"
              }
            ],
            "ebs_optimized": false,
            "enclave_options": [
              {
                "enabled": false
              }
            ],
            "ephemeral_block_device": [],
            "get_password_data": false,
            "hibernation": false,
            "host_id": "",
            "host_resource_group_arn": null,
            "iam_instance_profile": "soil-certbot-instance-profile",
            "id": "i-08b162ab597bca695",
            "instance_initiated_shutdown_behavior": "stop",
            "instance_lifecycle": "",
            "instance_market_options": [],
            "instance_state": "running",
            "instance_type": "t3a.2xlarge",
            "ipv6_address_count": 0,
            "ipv6_addresses": [],
            "key_name": "mosip-aws",
            "launch_template": [],
            "maintenance_options": [
              {
                "auto_recovery": "default"
              }
            ],
            "metadata_options": [
              {
                "http_endpoint": "enabled",
                "http_protocol_ipv6": "disabled",
                "http_put_response_hop_limit": 2,
                "http_tokens": "required",
                "instance_metadata_tags": "disabled"
              }
            ],
            "monitoring": false,
            "network_interface": [],
            "outpost_arn": "",
            "password_data": "",
            "placement_group": "",
            "placement_partition_number": 0,
            "primary_network_interface_id": "eni-0383e5c2d2dcee360",
            "private_dns": "ip-10-0-2-137.ap-south-1.compute.internal",
            "private_dns_name_options": [
              {
                "enable_resource_name_dns_a_record": false,
                "enable_resource_name_dns_aaaa_record": false,
                "hostname_type": "ip-name"
              }
            ],
            "private_ip": "10.0.2.137",
            "public_dns": "ec2-35-154-150-179.ap-south-1.compute.amazonaws.com",
            "public_ip": "35.154.150.179",
            "root_block_device": [
              {
                "delete_on_termination": true,
                "device_name": "/dev/sda1",
                "encrypted": false,
                "iops": 3000,
                "kms_key_id": "",
                "tags": {
                  "Cluster": "soil",
                  "Component": "soil",
                  "Name": "soil-NGINX-NODE"
                },
                "tags_all": {
                  "Cluster": "soil",
                  "Component": "soil",
                  "Name": "soil-NGINX-NODE"
                },
                "throughput": 125,
                "volume_id": "vol-05d01b409e610136f",
                "volume_size": 24,
                "volume_type": "gp3"
              }
            ],
            "secondary_private_ips": [],
            "security_groups": [],
            "source_dest_check": true,
            "spot_instance_request_id": "",
            "subnet_id": "subnet-0b8d2671904225d00",
            "tags": {
              "Cluster": "soil",
              "Component": "soil",
              "Name": "soil-NGINX-NODE"
            },
            "tags_all": {
              "Cluster": "soil",
              "Component": "soil",
              "Name": "soil-NGINX-NODE"
            },
            "tenancy": "default",
            "timeouts": null,
            "user_data": "9242d4705ece1f20691b760c660dcc58719041c6",
            "user_data_base64": null,
            "user_data_replace_on_change": false,
            "volume_tags": null,
            "vpc_security_group_ids": [
              "sg-0dce6cee00130c7bc"
            ]
          },
          "sensitive_attributes": [],
          "private": "eyJlMmJmYjczMC1lY2FhLTExZTYtOGY4OC0zNDM2M2JjN2M0YzAiOnsiY3JlYXRlIjo2MDAwMDAwMDAwMDAsImRlbGV0ZSI6MTIwMDAwMDAwMDAwMCwicmVhZCI6OTAwMDAwMDAwMDAwLCJ1cGRhdGUiOjYwMDAwMDAwMDAwMH0sInNjaGVtYV92ZXJzaW9uIjoiMSJ9",
          "dependencies": [
            "module.mosip_infra.module.aws_infra.module.aws_infrastructure.data.aws_availability_zones.available",
            "module.mosip_infra.module.aws_infra.module.aws_infrastructure.data.aws_ec2_instance_type_offerings.k8s_instance_types",
            "module.mosip_infra.module.aws_infra.module.aws_infrastructure.data.aws_ec2_instance_type_offerings.nginx_instance_types",
            "module.mosip_infra.module.aws_infra.module.aws_infrastructure.data.aws_subnets.public_subnets",
            "module.mosip_infra.module.aws_infra.module.aws_infrastructure.data.aws_vpc.existing_vpc",
            "module.mosip_infra.module.aws_infra.module.aws_infrastructure.module.aws-resource-creation.aws_iam_instance_profile.certbot_profile",
            "module.mosip_infra.module.aws_infra.module.aws_infrastructure.module.aws-resource-creation.aws_iam_role.certbot_role",
            "module.mosip_infra.module.aws_infra.module.aws_infrastructure.module.aws-resource-creation.aws_security_group.security-group"
          ]
        }
      ]
    },
    {
      "module": "module.mosip_infra.module.aws_infra[0].module.aws_infrastructure.module.aws-resource-creation",
      "mode": "managed",
      "type": "aws_route53_record",
      "name": "DNS_RECORDS",
      "provider": "provider[\"registry.terraform.io/hashicorp/aws\"]",
      "instances": [
        {
          "index_key": "API_DNS",
          "schema_version": 2,
          "attributes": {
            "alias": [],
            "allow_overwrite": true,
            "cidr_routing_policy": [],
            "failover_routing_policy": [],
            "fqdn": "api.soil2.mosip.net",
            "geolocation_routing_policy": [],
            "geoproximity_routing_policy": [],
            "health_check_id": "",
            "id": "Z090954828SJIEL6P5406_api.soil2.mosip.net_A",
            "latency_routing_policy": [],
            "multivalue_answer_routing_policy": false,
            "name": "api.soil2.mosip.net",
            "records": [
              "35.154.150.179"
            ],
            "set_identifier": "",
            "ttl": 300,
            "type": "A",
            "weighted_routing_policy": [],
            "zone_id": "Z090954828SJIEL6P5406"
          },
          "sensitive_attributes": [],
          "private": "eyJzY2hlbWFfdmVyc2lvbiI6IjIifQ==",
          "dependencies": [
            "module.mosip_infra.module.aws_infra.module.aws_infrastructure.data.aws_availability_zones.available",
            "module.mosip_infra.module.aws_infra.module.aws_infrastructure.data.aws_ec2_instance_type_offerings.k8s_instance_types",
            "module.mosip_infra.module.aws_infra.module.aws_infrastructure.data.aws_ec2_instance_type_offerings.nginx_instance_types",
            "module.mosip_infra.module.aws_infra.module.aws_infrastructure.data.aws_subnets.public_subnets",
            "module.mosip_infra.module.aws_infra.module.aws_infrastructure.data.aws_vpc.existing_vpc",
            "module.mosip_infra.module.aws_infra.module.aws_infrastructure.module.aws-resource-creation.aws_iam_instance_profile.certbot_profile",
            "module.mosip_infra.module.aws_infra.module.aws_infrastructure.module.aws-resource-creation.aws_iam_role.certbot_role",
            "module.mosip_infra.module.aws_infra.module.aws_infrastructure.module.aws-resource-creation.aws_instance.NGINX_EC2_INSTANCE",
            "module.mosip_infra.module.aws_infra.module.aws_infrastructure.module.aws-resource-creation.aws_security_group.security-group"
          ]
        },
        {
          "index_key": "API_INTERNAL_DNS",
          "schema_version": 2,
          "attributes": {
            "alias": [],
            "allow_overwrite": true,
            "cidr_routing_policy": [],
            "failover_routing_policy": [],
            "fqdn": "api-internal.soil2.mosip.net",
            "geolocation_routing_policy": [],
            "geoproximity_routing_policy": [],
            "health_check_id": "",
            "id": "Z090954828SJIEL6P5406_api-internal.soil2.mosip.net_A",
            "latency_routing_policy": [],
            "multivalue_answer_routing_policy": false,
            "name": "api-internal.soil2.mosip.net",
            "records": [
              "10.0.2.137"
            ],
            "set_identifier": "",
            "ttl": 300,
            "type": "A",
            "weighted_routing_policy": [],
            "zone_id": "Z090954828SJIEL6P5406"
          },
          "sensitive_attributes": [],
          "private": "eyJzY2hlbWFfdmVyc2lvbiI6IjIifQ==",
          "dependencies": [
            "module.mosip_infra.module.aws_infra.module.aws_infrastructure.data.aws_availability_zones.available",
            "module.mosip_infra.module.aws_infra.module.aws_infrastructure.data.aws_ec2_instance_type_offerings.k8s_instance_types",
            "module.mosip_infra.module.aws_infra.module.aws_infrastructure.data.aws_ec2_instance_type_offerings.nginx_instance_types",
            "module.mosip_infra.module.aws_infra.module.aws_infrastructure.data.aws_subnets.public_subnets",
            "module.mosip_infra.module.aws_infra.module.aws_infrastructure.data.aws_vpc.existing_vpc",
            "module.mosip_infra.module.aws_infra.module.aws_infrastructure.module.aws-resource-creation.aws_iam_instance_profile.certbot_profile",
            "module.mosip_infra.module.aws_infra.module.aws_infrastructure.module.aws-resource-creation.aws_iam_role.certbot_role",
            "module.mosip_infra.module.aws_infra.module.aws_infrastructure.module.aws-resource-creation.aws_instance.NGINX_EC2_INSTANCE",
            "module.mosip_infra.module.aws_infra.module.aws_infrastructure.module.aws-resource-creation.aws_security_group.security-group"
          ]
        },
        {
          "index_key": "activemq",
          "schema_version": 2,
          "attributes": {
            "alias": [],
            "allow_overwrite": true,
            "cidr_routing_policy": [],
            "failover_routing_policy": [],
            "fqdn": "activemq.soil2.mosip.net",
            "geolocation_routing_policy": [],
            "geoproximity_routing_policy": [],
            "health_check_id": "",
            "id": "Z090954828SJIEL6P5406_activemq.soil2.mosip.net_CNAME",
            "latency_routing_policy": [],
            "multivalue_answer_routing_policy": false,
            "name": "activemq.soil2.mosip.net",
            "records": [
              "api-internal.soil2.mosip.net"
            ],
            "set_identifier": "",
            "ttl": 300,
            "type": "CNAME",
            "weighted_routing_policy": [],
            "zone_id": "Z090954828SJIEL6P5406"
          },
          "sensitive_attributes": [],
          "private": "eyJzY2hlbWFfdmVyc2lvbiI6IjIifQ==",
          "dependencies": [
            "module.mosip_infra.module.aws_infra.module.aws_infrastructure.data.aws_availability_zones.available",
            "module.mosip_infra.module.aws_infra.module.aws_infrastructure.data.aws_ec2_instance_type_offerings.k8s_instance_types",
            "module.mosip_infra.module.aws_infra.module.aws_infrastructure.data.aws_ec2_instance_type_offerings.nginx_instance_types",
            "module.mosip_infra.module.aws_infra.module.aws_infrastructure.data.aws_subnets.public_subnets",
            "module.mosip_infra.module.aws_infra.module.aws_infrastructure.data.aws_vpc.existing_vpc",
            "module.mosip_infra.module.aws_infra.module.aws_infrastructure.module.aws-resource-creation.aws_iam_instance_profile.certbot_profile",
            "module.mosip_infra.module.aws_infra.module.aws_infrastructure.module.aws-resource-creation.aws_iam_role.certbot_role",
            "module.mosip_infra.module.aws_infra.module.aws_infrastructure.module.aws-resource-creation.aws_instance.NGINX_EC2_INSTANCE",
            "module.mosip_infra.module.aws_infra.module.aws_infrastructure.module.aws-resource-creation.aws_security_group.security-group"
          ]
        },
        {
          "index_key": "admin",
          "schema_version": 2,
          "attributes": {
            "alias": [],
            "allow_overwrite": true,
            "cidr_routing_policy": [],
            "failover_routing_policy": [],
            "fqdn": "admin.soil2.mosip.net",
            "geolocation_routing_policy": [],
            "geoproximity_routing_policy": [],
            "health_check_id": "",
            "id": "Z090954828SJIEL6P5406_admin.soil2.mosip.net_CNAME",
            "latency_routing_policy": [],
            "multivalue_answer_routing_policy": false,
            "name": "admin.soil2.mosip.net",
            "records": [
              "api-internal.soil2.mosip.net"
            ],
            "set_identifier": "",
            "ttl": 300,
            "type": "CNAME",
            "weighted_routing_policy": [],
            "zone_id": "Z090954828SJIEL6P5406"
          },
          "sensitive_attributes": [],
          "private": "eyJzY2hlbWFfdmVyc2lvbiI6IjIifQ==",
          "dependencies": [
            "module.mosip_infra.module.aws_infra.module.aws_infrastructure.data.aws_availability_zones.available",
            "module.mosip_infra.module.aws_infra.module.aws_infrastructure.data.aws_ec2_instance_type_offerings.k8s_instance_types",
            "module.mosip_infra.module.aws_infra.module.aws_infrastructure.data.aws_ec2_instance_type_offerings.nginx_instance_types",
            "module.mosip_infra.module.aws_infra.module.aws_infrastructure.data.aws_subnets.public_subnets",
            "module.mosip_infra.module.aws_infra.module.aws_infrastructure.data.aws_vpc.existing_vpc",
            "module.mosip_infra.module.aws_infra.module.aws_infrastructure.module.aws-resource-creation.aws_iam_instance_profile.certbot_profile",
            "module.mosip_infra.module.aws_infra.module.aws_infrastructure.module.aws-resource-creation.aws_iam_role.certbot_role",
            "module.mosip_infra.module.aws_infra.module.aws_infrastructure.module.aws-resource-creation.aws_instance.NGINX_EC2_INSTANCE",
            "module.mosip_infra.module.aws_infra.module.aws_infrastructure.module.aws-resource-creation.aws_security_group.security-group"
          ]
        },
        {
          "index_key": "compliance",
          "schema_version": 2,
          "attributes": {
            "alias": [],
            "allow_overwrite": true,
            "cidr_routing_policy": [],
            "failover_routing_policy": [],
            "fqdn": "compliance.soil2.mosip.net",
            "geolocation_routing_policy": [],
            "geoproximity_routing_policy": [],
            "health_check_id": "",
            "id": "Z090954828SJIEL6P5406_compliance.soil2.mosip.net_CNAME",
            "latency_routing_policy": [],
            "multivalue_answer_routing_policy": false,
            "name": "compliance.soil2.mosip.net",
            "records": [
              "api-internal.soil2.mosip.net"
            ],
            "set_identifier": "",
            "ttl": 300,
            "type": "CNAME",
            "weighted_routing_policy": [],
            "zone_id": "Z090954828SJIEL6P5406"
          },
          "sensitive_attributes": [],
          "private": "eyJzY2hlbWFfdmVyc2lvbiI6IjIifQ==",
          "dependencies": [
            "module.mosip_infra.module.aws_infra.module.aws_infrastructure.data.aws_availability_zones.available",
            "module.mosip_infra.module.aws_infra.module.aws_infrastructure.data.aws_ec2_instance_type_offerings.k8s_instance_types",
            "module.mosip_infra.module.aws_infra.module.aws_infrastructure.data.aws_ec2_instance_type_offerings.nginx_instance_types",
            "module.mosip_infra.module.aws_infra.module.aws_infrastructure.data.aws_subnets.public_subnets",
            "module.mosip_infra.module.aws_infra.module.aws_infrastructure.data.aws_vpc.existing_vpc",
            "module.mosip_infra.module.aws_infra.module.aws_infrastructure.module.aws-resource-creation.aws_iam_instance_profile.certbot_profile",
            "module.mosip_infra.module.aws_infra.module.aws_infrastructure.module.aws-resource-creation.aws_iam_role.certbot_role",
            "module.mosip_infra.module.aws_infra.module.aws_infrastructure.module.aws-resource-creation.aws_instance.NGINX_EC2_INSTANCE",
            "module.mosip_infra.module.aws_infra.module.aws_infrastructure.module.aws-resource-creation.aws_security_group.security-group"
          ]
        },
        {
          "index_key": "esignet",
          "schema_version": 2,
          "attributes": {
            "alias": [],
            "allow_overwrite": true,
            "cidr_routing_policy": [],
            "failover_routing_policy": [],
            "fqdn": "esignet.soil2.mosip.net",
            "geolocation_routing_policy": [],
            "geoproximity_routing_policy": [],
            "health_check_id": "",
            "id": "Z090954828SJIEL6P5406_esignet.soil2.mosip.net_CNAME",
            "latency_routing_policy": [],
            "multivalue_answer_routing_policy": false,
            "name": "esignet.soil2.mosip.net",
            "records": [
              "api.soil2.mosip.net"
            ],
            "set_identifier": "",
            "ttl": 300,
            "type": "CNAME",
            "weighted_routing_policy": [],
            "zone_id": "Z090954828SJIEL6P5406"
          },
          "sensitive_attributes": [],
          "private": "eyJzY2hlbWFfdmVyc2lvbiI6IjIifQ==",
          "dependencies": [
            "module.mosip_infra.module.aws_infra.module.aws_infrastructure.data.aws_availability_zones.available",
            "module.mosip_infra.module.aws_infra.module.aws_infrastructure.data.aws_ec2_instance_type_offerings.k8s_instance_types",
            "module.mosip_infra.module.aws_infra.module.aws_infrastructure.data.aws_ec2_instance_type_offerings.nginx_instance_types",
            "module.mosip_infra.module.aws_infra.module.aws_infrastructure.data.aws_subnets.public_subnets",
            "module.mosip_infra.module.aws_infra.module.aws_infrastructure.data.aws_vpc.existing_vpc",
            "module.mosip_infra.module.aws_infra.module.aws_infrastructure.module.aws-resource-creation.aws_iam_instance_profile.certbot_profile",
            "module.mosip_infra.module.aws_infra.module.aws_infrastructure.module.aws-resource-creation.aws_iam_role.certbot_role",
            "module.mosip_infra.module.aws_infra.module.aws_infrastructure.module.aws-resource-creation.aws_instance.NGINX_EC2_INSTANCE",
            "module.mosip_infra.module.aws_infra.module.aws_infrastructure.module.aws-resource-creation.aws_security_group.security-group"
          ]
        },
        {
          "index_key": "healthservices",
          "schema_version": 2,
          "attributes": {
            "alias": [],
            "allow_overwrite": true,
            "cidr_routing_policy": [],
            "failover_routing_policy": [],
            "fqdn": "healthservices.soil2.mosip.net",
            "geolocation_routing_policy": [],
            "geoproximity_routing_policy": [],
            "health_check_id": "",
            "id": "Z090954828SJIEL6P5406_healthservices.soil2.mosip.net_CNAME",
            "latency_routing_policy": [],
            "multivalue_answer_routing_policy": false,
            "name": "healthservices.soil2.mosip.net",
            "records": [
              "api.soil2.mosip.net"
            ],
            "set_identifier": "",
            "ttl": 300,
            "type": "CNAME",
            "weighted_routing_policy": [],
            "zone_id": "Z090954828SJIEL6P5406"
          },
          "sensitive_attributes": [],
          "private": "eyJzY2hlbWFfdmVyc2lvbiI6IjIifQ==",
          "dependencies": [
            "module.mosip_infra.module.aws_infra.module.aws_infrastructure.data.aws_availability_zones.available",
            "module.mosip_infra.module.aws_infra.module.aws_infrastructure.data.aws_ec2_instance_type_offerings.k8s_instance_types",
            "module.mosip_infra.module.aws_infra.module.aws_infrastructure.data.aws_ec2_instance_type_offerings.nginx_instance_types",
            "module.mosip_infra.module.aws_infra.module.aws_infrastructure.data.aws_subnets.public_subnets",
            "module.mosip_infra.module.aws_infra.module.aws_infrastructure.data.aws_vpc.existing_vpc",
            "module.mosip_infra.module.aws_infra.module.aws_infrastructure.module.aws-resource-creation.aws_iam_instance_profile.certbot_profile",
            "module.mosip_infra.module.aws_infra.module.aws_infrastructure.module.aws-resource-creation.aws_iam_role.certbot_role",
            "module.mosip_infra.module.aws_infra.module.aws_infrastructure.module.aws-resource-creation.aws_instance.NGINX_EC2_INSTANCE",
            "module.mosip_infra.module.aws_infra.module.aws_infrastructure.module.aws-resource-creation.aws_security_group.security-group"
          ]
        },
        {
          "index_key": "iam",
          "schema_version": 2,
          "attributes": {
            "alias": [],
            "allow_overwrite": true,
            "cidr_routing_policy": [],
            "failover_routing_policy": [],
            "fqdn": "iam.soil2.mosip.net",
            "geolocation_routing_policy": [],
            "geoproximity_routing_policy": [],
            "health_check_id": "",
            "id": "Z090954828SJIEL6P5406_iam.soil2.mosip.net_CNAME",
            "latency_routing_policy": [],
            "multivalue_answer_routing_policy": false,
            "name": "iam.soil2.mosip.net",
            "records": [
              "api-internal.soil2.mosip.net"
            ],
            "set_identifier": "",
            "ttl": 300,
            "type": "CNAME",
            "weighted_routing_policy": [],
            "zone_id": "Z090954828SJIEL6P5406"
          },
          "sensitive_attributes": [],
          "private": "eyJzY2hlbWFfdmVyc2lvbiI6IjIifQ==",
          "dependencies": [
            "module.mosip_infra.module.aws_infra.module.aws_infrastructure.data.aws_availability_zones.available",
            "module.mosip_infra.module.aws_infra.module.aws_infrastructure.data.aws_ec2_instance_type_offerings.k8s_instance_types",
            "module.mosip_infra.module.aws_infra.module.aws_infrastructure.data.aws_ec2_instance_type_offerings.nginx_instance_types",
            "module.mosip_infra.module.aws_infra.module.aws_infrastructure.data.aws_subnets.public_subnets",
            "module.mosip_infra.module.aws_infra.module.aws_infrastructure.data.aws_vpc.existing_vpc",
            "module.mosip_infra.module.aws_infra.module.aws_infrastructure.module.aws-resource-creation.aws_iam_instance_profile.certbot_profile",
            "module.mosip_infra.module.aws_infra.module.aws_infrastructure.module.aws-resource-creation.aws_iam_role.certbot_role",
            "module.mosip_infra.module.aws_infra.module.aws_infrastructure.module.aws-resource-creation.aws_instance.NGINX_EC2_INSTANCE",
            "module.mosip_infra.module.aws_infra.module.aws_infrastructure.module.aws-resource-creation.aws_security_group.security-group"
          ]
        },
        {
          "index_key": "kafka",
          "schema_version": 2,
          "attributes": {
            "alias": [],
            "allow_overwrite": true,
            "cidr_routing_policy": [],
            "failover_routing_policy": [],
            "fqdn": "kafka.soil2.mosip.net",
            "geolocation_routing_policy": [],
            "geoproximity_routing_policy": [],
            "health_check_id": "",
            "id": "Z090954828SJIEL6P5406_kafka.soil2.mosip.net_CNAME",
            "latency_routing_policy": [],
            "multivalue_answer_routing_policy": false,
            "name": "kafka.soil2.mosip.net",
            "records": [
              "api-internal.soil2.mosip.net"
            ],
            "set_identifier": "",
            "ttl": 300,
            "type": "CNAME",
            "weighted_routing_policy": [],
            "zone_id": "Z090954828SJIEL6P5406"
          },
          "sensitive_attributes": [],
          "private": "eyJzY2hlbWFfdmVyc2lvbiI6IjIifQ==",
          "dependencies": [
            "module.mosip_infra.module.aws_infra.module.aws_infrastructure.data.aws_availability_zones.available",
            "module.mosip_infra.module.aws_infra.module.aws_infrastructure.data.aws_ec2_instance_type_offerings.k8s_instance_types",
            "module.mosip_infra.module.aws_infra.module.aws_infrastructure.data.aws_ec2_instance_type_offerings.nginx_instance_types",
            "module.mosip_infra.module.aws_infra.module.aws_infrastructure.data.aws_subnets.public_subnets",
            "module.mosip_infra.module.aws_infra.module.aws_infrastructure.data.aws_vpc.existing_vpc",
            "module.mosip_infra.module.aws_infra.module.aws_infrastructure.module.aws-resource-creation.aws_iam_instance_profile.certbot_profile",
            "module.mosip_infra.module.aws_infra.module.aws_infrastructure.module.aws-resource-creation.aws_iam_role.certbot_role",
            "module.mosip_infra.module.aws_infra.module.aws_infrastructure.module.aws-resource-creation.aws_instance.NGINX_EC2_INSTANCE",
            "module.mosip_infra.module.aws_infra.module.aws_infrastructure.module.aws-resource-creation.aws_security_group.security-group"
          ]
        },
        {
          "index_key": "kibana",
          "schema_version": 2,
          "attributes": {
            "alias": [],
            "allow_overwrite": true,
            "cidr_routing_policy": [],
            "failover_routing_policy": [],
            "fqdn": "kibana.soil2.mosip.net",
            "geolocation_routing_policy": [],
            "geoproximity_routing_policy": [],
            "health_check_id": "",
            "id": "Z090954828SJIEL6P5406_kibana.soil2.mosip.net_CNAME",
            "latency_routing_policy": [],
            "multivalue_answer_routing_policy": false,
            "name": "kibana.soil2.mosip.net",
            "records": [
              "api-internal.soil2.mosip.net"
            ],
            "set_identifier": "",
            "ttl": 300,
            "type": "CNAME",
            "weighted_routing_policy": [],
            "zone_id": "Z090954828SJIEL6P5406"
          },
          "sensitive_attributes": [],
          "private": "eyJzY2hlbWFfdmVyc2lvbiI6IjIifQ==",
          "dependencies": [
            "module.mosip_infra.module.aws_infra.module.aws_infrastructure.data.aws_availability_zones.available",
            "module.mosip_infra.module.aws_infra.module.aws_infrastructure.data.aws_ec2_instance_type_offerings.k8s_instance_types",
            "module.mosip_infra.module.aws_infra.module.aws_infrastructure.data.aws_ec2_instance_type_offerings.nginx_instance_types",
            "module.mosip_infra.module.aws_infra.module.aws_infrastructure.data.aws_subnets.public_subnets",
            "module.mosip_infra.module.aws_infra.module.aws_infrastructure.data.aws_vpc.existing_vpc",
            "module.mosip_infra.module.aws_infra.module.aws_infrastructure.module.aws-resource-creation.aws_iam_instance_profile.certbot_profile",
            "module.mosip_infra.module.aws_infra.module.aws_infrastructure.module.aws-resource-creation.aws_iam_role.certbot_role",
            "module.mosip_infra.module.aws_infra.module.aws_infrastructure.module.aws-resource-creation.aws_instance.NGINX_EC2_INSTANCE",
            "module.mosip_infra.module.aws_infra.module.aws_infrastructure.module.aws-resource-creation.aws_security_group.security-group"
          ]
        },
        {
          "index_key": "minio",
          "schema_version": 2,
          "attributes": {
            "alias": [],
            "allow_overwrite": true,
            "cidr_routing_policy": [],
            "failover_routing_policy": [],
            "fqdn": "minio.soil2.mosip.net",
            "geolocation_routing_policy": [],
            "geoproximity_routing_policy": [],
            "health_check_id": "",
            "id": "Z090954828SJIEL6P5406_minio.soil2.mosip.net_CNAME",
            "latency_routing_policy": [],
            "multivalue_answer_routing_policy": false,
            "name": "minio.soil2.mosip.net",
            "records": [
              "api-internal.soil2.mosip.net"
            ],
            "set_identifier": "",
            "ttl": 300,
            "type": "CNAME",
            "weighted_routing_policy": [],
            "zone_id": "Z090954828SJIEL6P5406"
          },
          "sensitive_attributes": [],
          "private": "eyJzY2hlbWFfdmVyc2lvbiI6IjIifQ==",
          "dependencies": [
            "module.mosip_infra.module.aws_infra.module.aws_infrastructure.data.aws_availability_zones.available",
            "module.mosip_infra.module.aws_infra.module.aws_infrastructure.data.aws_ec2_instance_type_offerings.k8s_instance_types",
            "module.mosip_infra.module.aws_infra.module.aws_infrastructure.data.aws_ec2_instance_type_offerings.nginx_instance_types",
            "module.mosip_infra.module.aws_infra.module.aws_infrastructure.data.aws_subnets.public_subnets",
            "module.mosip_infra.module.aws_infra.module.aws_infrastructure.data.aws_vpc.existing_vpc",
            "module.mosip_infra.module.aws_infra.module.aws_infrastructure.module.aws-resource-creation.aws_iam_instance_profile.certbot_profile",
            "module.mosip_infra.module.aws_infra.module.aws_infrastructure.module.aws-resource-creation.aws_iam_role.certbot_role",
            "module.mosip_infra.module.aws_infra.module.aws_infrastructure.module.aws-resource-creation.aws_instance.NGINX_EC2_INSTANCE",
            "module.mosip_infra.module.aws_infra.module.aws_infrastructure.module.aws-resource-creation.aws_security_group.security-group"
          ]
        },
        {
          "index_key": "pmp",
          "schema_version": 2,
          "attributes": {
            "alias": [],
            "allow_overwrite": true,
            "cidr_routing_policy": [],
            "failover_routing_policy": [],
            "fqdn": "pmp.soil2.mosip.net",
            "geolocation_routing_policy": [],
            "geoproximity_routing_policy": [],
            "health_check_id": "",
            "id": "Z090954828SJIEL6P5406_pmp.soil2.mosip.net_CNAME",
            "latency_routing_policy": [],
            "multivalue_answer_routing_policy": false,
            "name": "pmp.soil2.mosip.net",
            "records": [
              "api-internal.soil2.mosip.net"
            ],
            "set_identifier": "",
            "ttl": 300,
            "type": "CNAME",
            "weighted_routing_policy": [],
            "zone_id": "Z090954828SJIEL6P5406"
          },
          "sensitive_attributes": [],
          "private": "eyJzY2hlbWFfdmVyc2lvbiI6IjIifQ==",
          "dependencies": [
            "module.mosip_infra.module.aws_infra.module.aws_infrastructure.data.aws_availability_zones.available",
            "module.mosip_infra.module.aws_infra.module.aws_infrastructure.data.aws_ec2_instance_type_offerings.k8s_instance_types",
            "module.mosip_infra.module.aws_infra.module.aws_infrastructure.data.aws_ec2_instance_type_offerings.nginx_instance_types",
            "module.mosip_infra.module.aws_infra.module.aws_infrastructure.data.aws_subnets.public_subnets",
            "module.mosip_infra.module.aws_infra.module.aws_infrastructure.data.aws_vpc.existing_vpc",
            "module.mosip_infra.module.aws_infra.module.aws_infrastructure.module.aws-resource-creation.aws_iam_instance_profile.certbot_profile",
            "module.mosip_infra.module.aws_infra.module.aws_infrastructure.module.aws-resource-creation.aws_iam_role.certbot_role",
            "module.mosip_infra.module.aws_infra.module.aws_infrastructure.module.aws-resource-creation.aws_instance.NGINX_EC2_INSTANCE",
            "module.mosip_infra.module.aws_infra.module.aws_infrastructure.module.aws-resource-creation.aws_security_group.security-group"
          ]
        },
        {
          "index_key": "postgres",
          "schema_version": 2,
          "attributes": {
            "alias": [],
            "allow_overwrite": true,
            "cidr_routing_policy": [],
            "failover_routing_policy": [],
            "fqdn": "postgres.soil2.mosip.net",
            "geolocation_routing_policy": [],
            "geoproximity_routing_policy": [],
            "health_check_id": "",
            "id": "Z090954828SJIEL6P5406_postgres.soil2.mosip.net_CNAME",
            "latency_routing_policy": [],
            "multivalue_answer_routing_policy": false,
            "name": "postgres.soil2.mosip.net",
            "records": [
              "api-internal.soil2.mosip.net"
            ],
            "set_identifier": "",
            "ttl": 300,
            "type": "CNAME",
            "weighted_routing_policy": [],
            "zone_id": "Z090954828SJIEL6P5406"
          },
          "sensitive_attributes": [],
          "private": "eyJzY2hlbWFfdmVyc2lvbiI6IjIifQ==",
          "dependencies": [
            "module.mosip_infra.module.aws_infra.module.aws_infrastructure.data.aws_availability_zones.available",
            "module.mosip_infra.module.aws_infra.module.aws_infrastructure.data.aws_ec2_instance_type_offerings.k8s_instance_types",
            "module.mosip_infra.module.aws_infra.module.aws_infrastructure.data.aws_ec2_instance_type_offerings.nginx_instance_types",
            "module.mosip_infra.module.aws_infra.module.aws_infrastructure.data.aws_subnets.public_subnets",
            "module.mosip_infra.module.aws_infra.module.aws_infrastructure.data.aws_vpc.existing_vpc",
            "module.mosip_infra.module.aws_infra.module.aws_infrastructure.module.aws-resource-creation.aws_iam_instance_profile.certbot_profile",
            "module.mosip_infra.module.aws_infra.module.aws_infrastructure.module.aws-resource-creation.aws_iam_role.certbot_role",
            "module.mosip_infra.module.aws_infra.module.aws_infrastructure.module.aws-resource-creation.aws_instance.NGINX_EC2_INSTANCE",
            "module.mosip_infra.module.aws_infra.module.aws_infrastructure.module.aws-resource-creation.aws_security_group.security-group"
          ]
        },
        {
          "index_key": "prereg",
          "schema_version": 2,
          "attributes": {
            "alias": [],
            "allow_overwrite": true,
            "cidr_routing_policy": [],
            "failover_routing_policy": [],
            "fqdn": "prereg.soil2.mosip.net",
            "geolocation_routing_policy": [],
            "geoproximity_routing_policy": [],
            "health_check_id": "",
            "id": "Z090954828SJIEL6P5406_prereg.soil2.mosip.net_CNAME",
            "latency_routing_policy": [],
            "multivalue_answer_routing_policy": false,
            "name": "prereg.soil2.mosip.net",
            "records": [
              "api.soil2.mosip.net"
            ],
            "set_identifier": "",
            "ttl": 300,
            "type": "CNAME",
            "weighted_routing_policy": [],
            "zone_id": "Z090954828SJIEL6P5406"
          },
          "sensitive_attributes": [],
          "private": "eyJzY2hlbWFfdmVyc2lvbiI6IjIifQ==",
          "dependencies": [
            "module.mosip_infra.module.aws_infra.module.aws_infrastructure.data.aws_availability_zones.available",
            "module.mosip_infra.module.aws_infra.module.aws_infrastructure.data.aws_ec2_instance_type_offerings.k8s_instance_types",
            "module.mosip_infra.module.aws_infra.module.aws_infrastructure.data.aws_ec2_instance_type_offerings.nginx_instance_types",
            "module.mosip_infra.module.aws_infra.module.aws_infrastructure.data.aws_subnets.public_subnets",
            "module.mosip_infra.module.aws_infra.module.aws_infrastructure.data.aws_vpc.existing_vpc",
            "module.mosip_infra.module.aws_infra.module.aws_infrastructure.module.aws-resource-creation.aws_iam_instance_profile.certbot_profile",
            "module.mosip_infra.module.aws_infra.module.aws_infrastructure.module.aws-resource-creation.aws_iam_role.certbot_role",
            "module.mosip_infra.module.aws_infra.module.aws_infrastructure.module.aws-resource-creation.aws_instance.NGINX_EC2_INSTANCE",
            "module.mosip_infra.module.aws_infra.module.aws_infrastructure.module.aws-resource-creation.aws_security_group.security-group"
          ]
        },
        {
          "index_key": "regclient",
          "schema_version": 2,
          "attributes": {
            "alias": [],
            "allow_overwrite": true,
            "cidr_routing_policy": [],
            "failover_routing_policy": [],
            "fqdn": "regclient.soil2.mosip.net",
            "geolocation_routing_policy": [],
            "geoproximity_routing_policy": [],
            "health_check_id": "",
            "id": "Z090954828SJIEL6P5406_regclient.soil2.mosip.net_CNAME",
            "latency_routing_policy": [],
            "multivalue_answer_routing_policy": false,
            "name": "regclient.soil2.mosip.net",
            "records": [
              "api-internal.soil2.mosip.net"
            ],
            "set_identifier": "",
            "ttl": 300,
            "type": "CNAME",
            "weighted_routing_policy": [],
            "zone_id": "Z090954828SJIEL6P5406"
          },
          "sensitive_attributes": [],
          "private": "eyJzY2hlbWFfdmVyc2lvbiI6IjIifQ==",
          "dependencies": [
            "module.mosip_infra.module.aws_infra.module.aws_infrastructure.data.aws_availability_zones.available",
            "module.mosip_infra.module.aws_infra.module.aws_infrastructure.data.aws_ec2_instance_type_offerings.k8s_instance_types",
            "module.mosip_infra.module.aws_infra.module.aws_infrastructure.data.aws_ec2_instance_type_offerings.nginx_instance_types",
            "module.mosip_infra.module.aws_infra.module.aws_infrastructure.data.aws_subnets.public_subnets",
            "module.mosip_infra.module.aws_infra.module.aws_infrastructure.data.aws_vpc.existing_vpc",
            "module.mosip_infra.module.aws_infra.module.aws_infrastructure.module.aws-resource-creation.aws_iam_instance_profile.certbot_profile",
            "module.mosip_infra.module.aws_infra.module.aws_infrastructure.module.aws-resource-creation.aws_iam_role.certbot_role",
            "module.mosip_infra.module.aws_infra.module.aws_infrastructure.module.aws-resource-creation.aws_instance.NGINX_EC2_INSTANCE",
            "module.mosip_infra.module.aws_infra.module.aws_infrastructure.module.aws-resource-creation.aws_security_group.security-group"
          ]
        },
        {
          "index_key": "resident",
          "schema_version": 2,
          "attributes": {
            "alias": [],
            "allow_overwrite": true,
            "cidr_routing_policy": [],
            "failover_routing_policy": [],
            "fqdn": "resident.soil2.mosip.net",
            "geolocation_routing_policy": [],
            "geoproximity_routing_policy": [],
            "health_check_id": "",
            "id": "Z090954828SJIEL6P5406_resident.soil2.mosip.net_CNAME",
            "latency_routing_policy": [],
            "multivalue_answer_routing_policy": false,
            "name": "resident.soil2.mosip.net",
            "records": [
              "api.soil2.mosip.net"
            ],
            "set_identifier": "",
            "ttl": 300,
            "type": "CNAME",
            "weighted_routing_policy": [],
            "zone_id": "Z090954828SJIEL6P5406"
          },
          "sensitive_attributes": [],
          "private": "eyJzY2hlbWFfdmVyc2lvbiI6IjIifQ==",
          "dependencies": [
            "module.mosip_infra.module.aws_infra.module.aws_infrastructure.data.aws_availability_zones.available",
            "module.mosip_infra.module.aws_infra.module.aws_infrastructure.data.aws_ec2_instance_type_offerings.k8s_instance_types",
            "module.mosip_infra.module.aws_infra.module.aws_infrastructure.data.aws_ec2_instance_type_offerings.nginx_instance_types",
            "module.mosip_infra.module.aws_infra.module.aws_infrastructure.data.aws_subnets.public_subnets",
            "module.mosip_infra.module.aws_infra.module.aws_infrastructure.data.aws_vpc.existing_vpc",
            "module.mosip_infra.module.aws_infra.module.aws_infrastructure.module.aws-resource-creation.aws_iam_instance_profile.certbot_profile",
            "module.mosip_infra.module.aws_infra.module.aws_infrastructure.module.aws-resource-creation.aws_iam_role.certbot_role",
            "module.mosip_infra.module.aws_infra.module.aws_infrastructure.module.aws-resource-creation.aws_instance.NGINX_EC2_INSTANCE",
            "module.mosip_infra.module.aws_infra.module.aws_infrastructure.module.aws-resource-creation.aws_security_group.security-group"
          ]
        },
        {
          "index_key": "signup",
          "schema_version": 2,
          "attributes": {
            "alias": [],
            "allow_overwrite": true,
            "cidr_routing_policy": [],
            "failover_routing_policy": [],
            "fqdn": "signup.soil2.mosip.net",
            "geolocation_routing_policy": [],
            "geoproximity_routing_policy": [],
            "health_check_id": "",
            "id": "Z090954828SJIEL6P5406_signup.soil2.mosip.net_CNAME",
            "latency_routing_policy": [],
            "multivalue_answer_routing_policy": false,
            "name": "signup.soil2.mosip.net",
            "records": [
              "api.soil2.mosip.net"
            ],
            "set_identifier": "",
            "ttl": 300,
            "type": "CNAME",
            "weighted_routing_policy": [],
            "zone_id": "Z090954828SJIEL6P5406"
          },
          "sensitive_attributes": [],
          "private": "eyJzY2hlbWFfdmVyc2lvbiI6IjIifQ==",
          "dependencies": [
            "module.mosip_infra.module.aws_infra.module.aws_infrastructure.data.aws_availability_zones.available",
            "module.mosip_infra.module.aws_infra.module.aws_infrastructure.data.aws_ec2_instance_type_offerings.k8s_instance_types",
            "module.mosip_infra.module.aws_infra.module.aws_infrastructure.data.aws_ec2_instance_type_offerings.nginx_instance_types",
            "module.mosip_infra.module.aws_infra.module.aws_infrastructure.data.aws_subnets.public_subnets",
            "module.mosip_infra.module.aws_infra.module.aws_infrastructure.data.aws_vpc.existing_vpc",
            "module.mosip_infra.module.aws_infra.module.aws_infrastructure.module.aws-resource-creation.aws_iam_instance_profile.certbot_profile",
            "module.mosip_infra.module.aws_infra.module.aws_infrastructure.module.aws-resource-creation.aws_iam_role.certbot_role",
            "module.mosip_infra.module.aws_infra.module.aws_infrastructure.module.aws-resource-creation.aws_instance.NGINX_EC2_INSTANCE",
            "module.mosip_infra.module.aws_infra.module.aws_infrastructure.module.aws-resource-creation.aws_security_group.security-group"
          ]
        },
        {
          "index_key": "smtp",
          "schema_version": 2,
          "attributes": {
            "alias": [],
            "allow_overwrite": true,
            "cidr_routing_policy": [],
            "failover_routing_policy": [],
            "fqdn": "smtp.soil2.mosip.net",
            "geolocation_routing_policy": [],
            "geoproximity_routing_policy": [],
            "health_check_id": "",
            "id": "Z090954828SJIEL6P5406_smtp.soil2.mosip.net_CNAME",
            "latency_routing_policy": [],
            "multivalue_answer_routing_policy": false,
            "name": "smtp.soil2.mosip.net",
            "records": [
              "api-internal.soil2.mosip.net"
            ],
            "set_identifier": "",
            "ttl": 300,
            "type": "CNAME",
            "weighted_routing_policy": [],
            "zone_id": "Z090954828SJIEL6P5406"
          },
          "sensitive_attributes": [],
          "private": "eyJzY2hlbWFfdmVyc2lvbiI6IjIifQ==",
          "dependencies": [
            "module.mosip_infra.module.aws_infra.module.aws_infrastructure.data.aws_availability_zones.available",
            "module.mosip_infra.module.aws_infra.module.aws_infrastructure.data.aws_ec2_instance_type_offerings.k8s_instance_types",
            "module.mosip_infra.module.aws_infra.module.aws_infrastructure.data.aws_ec2_instance_type_offerings.nginx_instance_types",
            "module.mosip_infra.module.aws_infra.module.aws_infrastructure.data.aws_subnets.public_subnets",
            "module.mosip_infra.module.aws_infra.module.aws_infrastructure.data.aws_vpc.existing_vpc",
            "module.mosip_infra.module.aws_infra.module.aws_infrastructure.module.aws-resource-creation.aws_iam_instance_profile.certbot_profile",
            "module.mosip_infra.module.aws_infra.module.aws_infrastructure.module.aws-resource-creation.aws_iam_role.certbot_role",
            "module.mosip_infra.module.aws_infra.module.aws_infrastructure.module.aws-resource-creation.aws_instance.NGINX_EC2_INSTANCE",
            "module.mosip_infra.module.aws_infra.module.aws_infrastructure.module.aws-resource-creation.aws_security_group.security-group"
          ]
        },
        {
          "index_key": "soil2.mosip.net",
          "schema_version": 2,
          "attributes": {
            "alias": [],
            "allow_overwrite": true,
            "cidr_routing_policy": [],
            "failover_routing_policy": [],
            "fqdn": "soil2.mosip.net",
            "geolocation_routing_policy": [],
            "geoproximity_routing_policy": [],
            "health_check_id": "",
            "id": "Z090954828SJIEL6P5406_soil2.mosip.net_CNAME",
            "latency_routing_policy": [],
            "multivalue_answer_routing_policy": false,
            "name": "soil2.mosip.net",
            "records": [
              "api-internal.soil2.mosip.net"
            ],
            "set_identifier": "",
            "ttl": 300,
            "type": "CNAME",
            "weighted_routing_policy": [],
            "zone_id": "Z090954828SJIEL6P5406"
          },
          "sensitive_attributes": [],
          "private": "eyJzY2hlbWFfdmVyc2lvbiI6IjIifQ==",
          "dependencies": [
            "module.mosip_infra.module.aws_infra.module.aws_infrastructure.data.aws_availability_zones.available",
            "module.mosip_infra.module.aws_infra.module.aws_infrastructure.data.aws_ec2_instance_type_offerings.k8s_instance_types",
            "module.mosip_infra.module.aws_infra.module.aws_infrastructure.data.aws_ec2_instance_type_offerings.nginx_instance_types",
            "module.mosip_infra.module.aws_infra.module.aws_infrastructure.data.aws_subnets.public_subnets",
            "module.mosip_infra.module.aws_infra.module.aws_infrastructure.data.aws_vpc.existing_vpc",
            "module.mosip_infra.module.aws_infra.module.aws_infrastructure.module.aws-resource-creation.aws_iam_instance_profile.certbot_profile",
            "module.mosip_infra.module.aws_infra.module.aws_infrastructure.module.aws-resource-creation.aws_iam_role.certbot_role",
            "module.mosip_infra.module.aws_infra.module.aws_infrastructure.module.aws-resource-creation.aws_instance.NGINX_EC2_INSTANCE",
            "module.mosip_infra.module.aws_infra.module.aws_infrastructure.module.aws-resource-creation.aws_security_group.security-group"
          ]
        }
      ]
    },
    {
      "module": "module.mosip_infra.module.aws_infra[0].module.aws_infrastructure.module.aws-resource-creation",
      "mode": "managed",
      "type": "aws_security_group",
      "name": "security-group",
      "provider": "provider[\"registry.terraform.io/hashicorp/aws\"]",
      "instances": [
        {
          "index_key": "K8S_CONTROL_PLANE_SECURITY_GROUP",
          "schema_version": 1,
          "attributes": {
            "arn": "arn:aws:ec2:ap-south-1:931337674770:security-group/sg-0f53715e08f30957f",
            "description": "Rules which allow the outgoing traffic from the instances associated with the security group K8S_CONTROL_PLANE_SECURITY_GROUP",
            "egress": [
              {
                "cidr_blocks": [
                  "0.0.0.0/0"
                ],
                "description": "Allow DNS TCP outbound to anywhere (for public DNS resolution)",
                "from_port": 53,
                "ipv6_cidr_blocks": [],
                "prefix_list_ids": [],
                "protocol": "tcp",
                "security_groups": [],
                "self": false,
                "to_port": 53
              },
              {
                "cidr_blocks": [
                  "0.0.0.0/0"
                ],
                "description": "Allow DNS UDP outbound to anywhere (for public DNS resolution)",
                "from_port": 53,
                "ipv6_cidr_blocks": [],
                "prefix_list_ids": [],
                "protocol": "udp",
                "security_groups": [],
                "self": false,
                "to_port": 53
              },
              {
                "cidr_blocks": [
                  "0.0.0.0/0"
                ],
                "description": "Allow HTTP outbound to anywhere (for package downloads)",
                "from_port": 80,
                "ipv6_cidr_blocks": [],
                "prefix_list_ids": [],
                "protocol": "tcp",
                "security_groups": [],
                "self": false,
                "to_port": 80
              },
              {
                "cidr_blocks": [
                  "0.0.0.0/0"
                ],
                "description": "Allow HTTPS outbound to anywhere",
                "from_port": 443,
                "ipv6_cidr_blocks": [],
                "prefix_list_ids": [],
                "protocol": "tcp",
                "security_groups": [],
                "self": false,
                "to_port": 443
              },
              {
                "cidr_blocks": [
                  "10.0.0.0/16"
                ],
                "description": "Allow all required internal communication to VPC CIDR",
                "from_port": 0,
                "ipv6_cidr_blocks": [],
                "prefix_list_ids": [],
                "protocol": "-1",
                "security_groups": [],
                "self": false,
                "to_port": 0
              },
              {
                "cidr_blocks": [
                  "10.13.13.0/24"
                ],
                "description": "Allow WireGuard VPN outbound to VPN CIDR",
                "from_port": 51820,
                "ipv6_cidr_blocks": [],
                "prefix_list_ids": [],
                "protocol": "udp",
                "security_groups": [],
                "self": false,
                "to_port": 51820
              }
            ],
            "id": "sg-0f53715e08f30957f",
            "ingress": [
              {
                "cidr_blocks": [
                  "10.0.0.0/16",
                  "10.13.13.0/24"
                ],
                "description": "Allow ICMP within VPC CIDR and WireGuard CIDR",
                "from_port": -1,
                "ipv6_cidr_blocks": [],
                "prefix_list_ids": [],
                "protocol": "icmp",
                "security_groups": [],
                "self": false,
                "to_port": -1
              },
              {
                "cidr_blocks": [
                  "10.0.0.0/16",
                  "10.13.13.0/24"
                ],
                "description": "SSH login port (restricted to VPC CIDR and WireGuard CIDR)",
                "from_port": 22,
                "ipv6_cidr_blocks": [],
                "prefix_list_ids": [],
                "protocol": "tcp",
                "security_groups": [],
                "self": false,
                "to_port": 22
              },
              {
                "cidr_blocks": [
                  "10.0.0.0/16"
                ],
                "description": "Canal CNI health checks (internal only)",
                "from_port": 9099,
                "ipv6_cidr_blocks": [],
                "prefix_list_ids": [],
                "protocol": "tcp",
                "security_groups": [],
                "self": false,
                "to_port": 9099
              },
              {
                "cidr_blocks": [
                  "10.0.0.0/16"
                ],
                "description": "Canal CNI with VXLAN (internal only)",
                "from_port": 8472,
                "ipv6_cidr_blocks": [],
                "prefix_list_ids": [],
                "protocol": "udp",
                "security_groups": [],
                "self": false,
                "to_port": 8472
              },
              {
                "cidr_blocks": [
                  "10.0.0.0/16"
                ],
                "description": "ETCD client port (internal only)",
                "from_port": 2379,
                "ipv6_cidr_blocks": [],
                "prefix_list_ids": [],
                "protocol": "tcp",
                "security_groups": [],
                "self": false,
                "to_port": 2379
              },
              {
                "cidr_blocks": [
                  "10.0.0.0/16"
                ],
                "description": "ETCD metrics port (internal only)",
                "from_port": 2381,
                "ipv6_cidr_blocks": [],
                "prefix_list_ids": [],
                "protocol": "tcp",
                "security_groups": [],
                "self": false,
                "to_port": 2381
              },
              {
                "cidr_blocks": [
                  "10.0.0.0/16"
                ],
                "description": "ETCD peer port (internal only)",
                "from_port": 2380,
                "ipv6_cidr_blocks": [],
                "prefix_list_ids": [],
                "protocol": "tcp",
                "security_groups": [],
                "self": false,
                "to_port": 2380
              },
              {
                "cidr_blocks": [
                  "10.0.0.0/16"
                ],
                "description": "Kubelet metrics (internal only)",
                "from_port": 10250,
                "ipv6_cidr_blocks": [],
                "prefix_list_ids": [],
                "protocol": "tcp",
                "security_groups": [],
                "self": false,
                "to_port": 10250
              },
              {
                "cidr_blocks": [
                  "10.0.0.0/16"
                ],
                "description": "Kubernetes API (internal only)",
                "from_port": 6443,
                "ipv6_cidr_blocks": [],
                "prefix_list_ids": [],
                "protocol": "tcp",
                "security_groups": [],
                "self": false,
                "to_port": 6443
              },
              {
                "cidr_blocks": [
                  "10.0.0.0/16"
                ],
                "description": "NodePort port range (internal only)",
                "from_port": 30000,
                "ipv6_cidr_blocks": [],
                "prefix_list_ids": [],
                "protocol": "tcp",
                "security_groups": [],
                "self": false,
                "to_port": 32767
              },
              {
                "cidr_blocks": [
                  "10.0.0.0/16"
                ],
                "description": "RKE2 supervisor API (internal only)",
                "from_port": 9345,
                "ipv6_cidr_blocks": [],
                "prefix_list_ids": [],
                "protocol": "tcp",
                "security_groups": [],
                "self": false,
                "to_port": 9345
              }
            ],
            "name": "terraform-20250827121212844500000004",
            "name_prefix": "terraform-",
            "owner_id": "931337674770",
            "revoke_rules_on_delete": false,
            "tags": {
              "Cluster": "soil",
              "Component": "soil",
              "Name": "soil-K8S_CONTROL_PLANE_SECURITY_GROUP"
            },
            "tags_all": {
              "Cluster": "soil",
              "Component": "soil",
              "Name": "soil-K8S_CONTROL_PLANE_SECURITY_GROUP"
            },
            "timeouts": null,
            "vpc_id": "vpc-034f89e7c01cabf74"
          },
          "sensitive_attributes": [],
          "private": "eyJlMmJmYjczMC1lY2FhLTExZTYtOGY4OC0zNDM2M2JjN2M0YzAiOnsiY3JlYXRlIjo2MDAwMDAwMDAwMDAsImRlbGV0ZSI6OTAwMDAwMDAwMDAwfSwic2NoZW1hX3ZlcnNpb24iOiIxIn0=",
          "dependencies": [
            "module.mosip_infra.module.aws_infra.module.aws_infrastructure.data.aws_vpc.existing_vpc"
          ]
        },
        {
          "index_key": "K8S_ETCD_SECURITY_GROUP",
          "schema_version": 1,
          "attributes": {
            "arn": "arn:aws:ec2:ap-south-1:931337674770:security-group/sg-04a506260886e73ad",
            "description": "Rules which allow the outgoing traffic from the instances associated with the security group K8S_ETCD_SECURITY_GROUP",
            "egress": [
              {
                "cidr_blocks": [
                  "0.0.0.0/0"
                ],
                "description": "Allow DNS TCP outbound to anywhere (for public DNS resolution)",
                "from_port": 53,
                "ipv6_cidr_blocks": [],
                "prefix_list_ids": [],
                "protocol": "tcp",
                "security_groups": [],
                "self": false,
                "to_port": 53
              },
              {
                "cidr_blocks": [
                  "0.0.0.0/0"
                ],
                "description": "Allow DNS UDP outbound to anywhere (for public DNS resolution)",
                "from_port": 53,
                "ipv6_cidr_blocks": [],
                "prefix_list_ids": [],
                "protocol": "udp",
                "security_groups": [],
                "self": false,
                "to_port": 53
              },
              {
                "cidr_blocks": [
                  "0.0.0.0/0"
                ],
                "description": "Allow HTTP outbound to anywhere (for package downloads)",
                "from_port": 80,
                "ipv6_cidr_blocks": [],
                "prefix_list_ids": [],
                "protocol": "tcp",
                "security_groups": [],
                "self": false,
                "to_port": 80
              },
              {
                "cidr_blocks": [
                  "0.0.0.0/0"
                ],
                "description": "Allow HTTPS outbound to anywhere",
                "from_port": 443,
                "ipv6_cidr_blocks": [],
                "prefix_list_ids": [],
                "protocol": "tcp",
                "security_groups": [],
                "self": false,
                "to_port": 443
              },
              {
                "cidr_blocks": [
                  "10.0.0.0/16"
                ],
                "description": "Allow all required internal communication to VPC CIDR",
                "from_port": 0,
                "ipv6_cidr_blocks": [],
                "prefix_list_ids": [],
                "protocol": "-1",
                "security_groups": [],
                "self": false,
                "to_port": 0
              },
              {
                "cidr_blocks": [
                  "10.13.13.0/24"
                ],
                "description": "Allow WireGuard VPN outbound to VPN CIDR",
                "from_port": 51820,
                "ipv6_cidr_blocks": [],
                "prefix_list_ids": [],
                "protocol": "udp",
                "security_groups": [],
                "self": false,
                "to_port": 51820
              }
            ],
            "id": "sg-04a506260886e73ad",
            "ingress": [
              {
                "cidr_blocks": [
                  "0.0.0.0/0"
                ],
                "description": "Canal CNI health checks",
                "from_port": 9099,
                "ipv6_cidr_blocks": [
                  "::/0"
                ],
                "prefix_list_ids": [],
                "protocol": "tcp",
                "security_groups": [],
                "self": false,
                "to_port": 9099
              },
              {
                "cidr_blocks": [
                  "0.0.0.0/0"
                ],
                "description": "Canal CNI with VXLAN",
                "from_port": 8472,
                "ipv6_cidr_blocks": [
                  "::/0"
                ],
                "prefix_list_ids": [],
                "protocol": "udp",
                "security_groups": [],
                "self": false,
                "to_port": 8472
              },
              {
                "cidr_blocks": [
                  "0.0.0.0/0"
                ],
                "description": "ETCD client port",
                "from_port": 2379,
                "ipv6_cidr_blocks": [
                  "::/0"
                ],
                "prefix_list_ids": [],
                "protocol": "tcp",
                "security_groups": [],
                "self": false,
                "to_port": 2379
              },
              {
                "cidr_blocks": [
                  "0.0.0.0/0"
                ],
                "description": "ETCD metrics port",
                "from_port": 2381,
                "ipv6_cidr_blocks": [
                  "::/0"
                ],
                "prefix_list_ids": [],
                "protocol": "tcp",
                "security_groups": [],
                "self": false,
                "to_port": 2381
              },
              {
                "cidr_blocks": [
                  "0.0.0.0/0"
                ],
                "description": "ETCD peer port",
                "from_port": 2380,
                "ipv6_cidr_blocks": [
                  "::/0"
                ],
                "prefix_list_ids": [],
                "protocol": "tcp",
                "security_groups": [],
                "self": false,
                "to_port": 2380
              },
              {
                "cidr_blocks": [
                  "0.0.0.0/0"
                ],
                "description": "Kubelet metrics",
                "from_port": 10250,
                "ipv6_cidr_blocks": [
                  "::/0"
                ],
                "prefix_list_ids": [],
                "protocol": "tcp",
                "security_groups": [],
                "self": false,
                "to_port": 10250
              },
              {
                "cidr_blocks": [
                  "0.0.0.0/0"
                ],
                "description": "NodePort port range",
                "from_port": 30000,
                "ipv6_cidr_blocks": [
                  "::/0"
                ],
                "prefix_list_ids": [],
                "protocol": "tcp",
                "security_groups": [],
                "self": false,
                "to_port": 32767
              },
              {
                "cidr_blocks": [
                  "10.0.0.0/16",
                  "10.13.13.0/24"
                ],
                "description": "Allow ICMP within VPC CIDR and WireGuard CIDR",
                "from_port": -1,
                "ipv6_cidr_blocks": [],
                "prefix_list_ids": [],
                "protocol": "icmp",
                "security_groups": [],
                "self": false,
                "to_port": -1
              },
              {
                "cidr_blocks": [
                  "10.0.0.0/16",
                  "10.13.13.0/24"
                ],
                "description": "SSH login port (restricted to VPC CIDR and WireGuard CIDR)",
                "from_port": 22,
                "ipv6_cidr_blocks": [],
                "prefix_list_ids": [],
                "protocol": "tcp",
                "security_groups": [],
                "self": false,
                "to_port": 22
              }
            ],
            "name": "terraform-20250827121212837700000002",
            "name_prefix": "terraform-",
            "owner_id": "931337674770",
            "revoke_rules_on_delete": false,
            "tags": {
              "Cluster": "soil",
              "Component": "soil",
              "Name": "soil-K8S_ETCD_SECURITY_GROUP"
            },
            "tags_all": {
              "Cluster": "soil",
              "Component": "soil",
              "Name": "soil-K8S_ETCD_SECURITY_GROUP"
            },
            "timeouts": null,
            "vpc_id": "vpc-034f89e7c01cabf74"
          },
          "sensitive_attributes": [],
          "private": "eyJlMmJmYjczMC1lY2FhLTExZTYtOGY4OC0zNDM2M2JjN2M0YzAiOnsiY3JlYXRlIjo2MDAwMDAwMDAwMDAsImRlbGV0ZSI6OTAwMDAwMDAwMDAwfSwic2NoZW1hX3ZlcnNpb24iOiIxIn0=",
          "dependencies": [
            "module.mosip_infra.module.aws_infra.module.aws_infrastructure.data.aws_vpc.existing_vpc"
          ]
        },
        {
          "index_key": "K8S_WORKER_SECURITY_GROUP",
          "schema_version": 1,
          "attributes": {
            "arn": "arn:aws:ec2:ap-south-1:931337674770:security-group/sg-0038b9f5301fad150",
            "description": "Rules which allow the outgoing traffic from the instances associated with the security group K8S_WORKER_SECURITY_GROUP",
            "egress": [
              {
                "cidr_blocks": [
                  "0.0.0.0/0"
                ],
                "description": "Allow DNS TCP outbound to anywhere (for public DNS resolution)",
                "from_port": 53,
                "ipv6_cidr_blocks": [],
                "prefix_list_ids": [],
                "protocol": "tcp",
                "security_groups": [],
                "self": false,
                "to_port": 53
              },
              {
                "cidr_blocks": [
                  "0.0.0.0/0"
                ],
                "description": "Allow DNS UDP outbound to anywhere (for public DNS resolution)",
                "from_port": 53,
                "ipv6_cidr_blocks": [],
                "prefix_list_ids": [],
                "protocol": "udp",
                "security_groups": [],
                "self": false,
                "to_port": 53
              },
              {
                "cidr_blocks": [
                  "0.0.0.0/0"
                ],
                "description": "Allow HTTP outbound to anywhere (for package downloads)",
                "from_port": 80,
                "ipv6_cidr_blocks": [],
                "prefix_list_ids": [],
                "protocol": "tcp",
                "security_groups": [],
                "self": false,
                "to_port": 80
              },
              {
                "cidr_blocks": [
                  "0.0.0.0/0"
                ],
                "description": "Allow HTTPS outbound to anywhere",
                "from_port": 443,
                "ipv6_cidr_blocks": [],
                "prefix_list_ids": [],
                "protocol": "tcp",
                "security_groups": [],
                "self": false,
                "to_port": 443
              },
              {
                "cidr_blocks": [
                  "10.0.0.0/16"
                ],
                "description": "Allow all required internal communication to VPC CIDR",
                "from_port": 0,
                "ipv6_cidr_blocks": [],
                "prefix_list_ids": [],
                "protocol": "-1",
                "security_groups": [],
                "self": false,
                "to_port": 0
              },
              {
                "cidr_blocks": [
                  "10.13.13.0/24"
                ],
                "description": "Allow WireGuard VPN outbound to VPN CIDR",
                "from_port": 51820,
                "ipv6_cidr_blocks": [],
                "prefix_list_ids": [],
                "protocol": "udp",
                "security_groups": [],
                "self": false,
                "to_port": 51820
              }
            ],
            "id": "sg-0038b9f5301fad150",
            "ingress": [
              {
                "cidr_blocks": [
                  "0.0.0.0/0"
                ],
                "description": "Canal CNI health checks",
                "from_port": 9099,
                "ipv6_cidr_blocks": [
                  "::/0"
                ],
                "prefix_list_ids": [],
                "protocol": "tcp",
                "security_groups": [],
                "self": false,
                "to_port": 9099
              },
              {
                "cidr_blocks": [
                  "0.0.0.0/0"
                ],
                "description": "Canal CNI with VXLAN",
                "from_port": 8472,
                "ipv6_cidr_blocks": [
                  "::/0"
                ],
                "prefix_list_ids": [],
                "protocol": "udp",
                "security_groups": [],
                "self": false,
                "to_port": 8472
              },
              {
                "cidr_blocks": [
                  "0.0.0.0/0"
                ],
                "description": "Kubelet metrics",
                "from_port": 10250,
                "ipv6_cidr_blocks": [
                  "::/0"
                ],
                "prefix_list_ids": [],
                "protocol": "tcp",
                "security_groups": [],
                "self": false,
                "to_port": 10250
              },
              {
                "cidr_blocks": [
                  "0.0.0.0/0"
                ],
                "description": "NodePort port range",
                "from_port": 30000,
                "ipv6_cidr_blocks": [
                  "::/0"
                ],
                "prefix_list_ids": [],
                "protocol": "tcp",
                "security_groups": [],
                "self": false,
                "to_port": 32767
              },
              {
                "cidr_blocks": [
                  "10.0.0.0/16",
                  "10.13.13.0/24"
                ],
                "description": "Allow ICMP within VPC CIDR and WireGuard CIDR",
                "from_port": -1,
                "ipv6_cidr_blocks": [],
                "prefix_list_ids": [],
                "protocol": "icmp",
                "security_groups": [],
                "self": false,
                "to_port": -1
              },
              {
                "cidr_blocks": [
                  "10.0.0.0/16",
                  "10.13.13.0/24"
                ],
                "description": "SSH login port (restricted to VPC CIDR and WireGuard CIDR)",
                "from_port": 22,
                "ipv6_cidr_blocks": [],
                "prefix_list_ids": [],
                "protocol": "tcp",
                "security_groups": [],
                "self": false,
                "to_port": 22
              }
            ],
            "name": "terraform-20250827121212823400000001",
            "name_prefix": "terraform-",
            "owner_id": "931337674770",
            "revoke_rules_on_delete": false,
            "tags": {
              "Cluster": "soil",
              "Component": "soil",
              "Name": "soil-K8S_WORKER_SECURITY_GROUP"
            },
            "tags_all": {
              "Cluster": "soil",
              "Component": "soil",
              "Name": "soil-K8S_WORKER_SECURITY_GROUP"
            },
            "timeouts": null,
            "vpc_id": "vpc-034f89e7c01cabf74"
          },
          "sensitive_attributes": [],
          "private": "eyJlMmJmYjczMC1lY2FhLTExZTYtOGY4OC0zNDM2M2JjN2M0YzAiOnsiY3JlYXRlIjo2MDAwMDAwMDAwMDAsImRlbGV0ZSI6OTAwMDAwMDAwMDAwfSwic2NoZW1hX3ZlcnNpb24iOiIxIn0=",
          "dependencies": [
            "module.mosip_infra.module.aws_infra.module.aws_infrastructure.data.aws_vpc.existing_vpc"
          ]
        },
        {
          "index_key": "NGINX_SECURITY_GROUP",
          "schema_version": 1,
          "attributes": {
            "arn": "arn:aws:ec2:ap-south-1:931337674770:security-group/sg-0dce6cee00130c7bc",
            "description": "Rules which allow the outgoing traffic from the instances associated with the security group NGINX_SECURITY_GROUP",
            "egress": [
              {
                "cidr_blocks": [
                  "0.0.0.0/0"
                ],
                "description": "Allow DNS TCP outbound to anywhere (for public DNS resolution)",
                "from_port": 53,
                "ipv6_cidr_blocks": [],
                "prefix_list_ids": [],
                "protocol": "tcp",
                "security_groups": [],
                "self": false,
                "to_port": 53
              },
              {
                "cidr_blocks": [
                  "0.0.0.0/0"
                ],
                "description": "Allow DNS UDP outbound to anywhere (for public DNS resolution)",
                "from_port": 53,
                "ipv6_cidr_blocks": [],
                "prefix_list_ids": [],
                "protocol": "udp",
                "security_groups": [],
                "self": false,
                "to_port": 53
              },
              {
                "cidr_blocks": [
                  "0.0.0.0/0"
                ],
                "description": "Allow HTTP outbound to anywhere (for package downloads)",
                "from_port": 80,
                "ipv6_cidr_blocks": [],
                "prefix_list_ids": [],
                "protocol": "tcp",
                "security_groups": [],
                "self": false,
                "to_port": 80
              },
              {
                "cidr_blocks": [
                  "0.0.0.0/0"
                ],
                "description": "Allow HTTPS outbound to anywhere",
                "from_port": 443,
                "ipv6_cidr_blocks": [],
                "prefix_list_ids": [],
                "protocol": "tcp",
                "security_groups": [],
                "self": false,
                "to_port": 443
              },
              {
                "cidr_blocks": [
                  "10.0.0.0/16"
                ],
                "description": "Allow all required internal communication to VPC CIDR",
                "from_port": 0,
                "ipv6_cidr_blocks": [],
                "prefix_list_ids": [],
                "protocol": "-1",
                "security_groups": [],
                "self": false,
                "to_port": 0
              },
              {
                "cidr_blocks": [
                  "10.13.13.0/24"
                ],
                "description": "Allow WireGuard VPN outbound to VPN CIDR",
                "from_port": 51820,
                "ipv6_cidr_blocks": [],
                "prefix_list_ids": [],
                "protocol": "udp",
                "security_groups": [],
                "self": false,
                "to_port": 51820
              }
            ],
            "id": "sg-0dce6cee00130c7bc",
            "ingress": [
              {
                "cidr_blocks": [
                  "0.0.0.0/0"
                ],
                "description": "HTTP port (public)",
                "from_port": 80,
                "ipv6_cidr_blocks": [],
                "prefix_list_ids": [],
                "protocol": "tcp",
                "security_groups": [],
                "self": false,
                "to_port": 80
              },
              {
                "cidr_blocks": [
                  "0.0.0.0/0"
                ],
                "description": "HTTPS port (public)",
                "from_port": 443,
                "ipv6_cidr_blocks": [],
                "prefix_list_ids": [],
                "protocol": "tcp",
                "security_groups": [],
                "self": false,
                "to_port": 443
              },
              {
                "cidr_blocks": [
                  "10.0.0.0/16",
                  "10.13.13.0/24",
                  "0.0.0.0/0"
                ],
                "description": "SSH login port (temporary external access for deployment)",
                "from_port": 22,
                "ipv6_cidr_blocks": [],
                "prefix_list_ids": [],
                "protocol": "tcp",
                "security_groups": [],
                "self": false,
                "to_port": 22
              },
              {
                "cidr_blocks": [
                  "10.0.0.0/16",
                  "10.13.13.0/24"
                ],
                "description": "Allow ICMP within VPC CIDR and WireGuard CIDR",
                "from_port": -1,
                "ipv6_cidr_blocks": [],
                "prefix_list_ids": [],
                "protocol": "icmp",
                "security_groups": [],
                "self": false,
                "to_port": -1
              },
              {
                "cidr_blocks": [
                  "10.0.0.0/16"
                ],
                "description": "ActiveMQ port (internal only)",
                "from_port": 61616,
                "ipv6_cidr_blocks": [],
                "prefix_list_ids": [],
                "protocol": "tcp",
                "security_groups": [],
                "self": false,
                "to_port": 61616
              },
              {
                "cidr_blocks": [
                  "10.0.0.0/16"
                ],
                "description": "Minio console port (internal only)",
                "from_port": 9000,
                "ipv6_cidr_blocks": [],
                "prefix_list_ids": [],
                "protocol": "tcp",
                "security_groups": [],
                "self": false,
                "to_port": 9000
              },
              {
                "cidr_blocks": [
                  "10.0.0.0/16"
                ],
                "description": "NFS server port tcp (internal only)",
                "from_port": 2049,
                "ipv6_cidr_blocks": [],
                "prefix_list_ids": [],
                "protocol": "tcp",
                "security_groups": [],
                "self": false,
                "to_port": 2049
              },
              {
                "cidr_blocks": [
                  "10.0.0.0/16"
                ],
                "description": "NFS server port udp (internal only)",
                "from_port": 2049,
                "ipv6_cidr_blocks": [],
                "prefix_list_ids": [],
                "protocol": "udp",
                "security_groups": [],
                "self": false,
                "to_port": 2049
              },
              {
                "cidr_blocks": [
                  "10.0.0.0/16"
                ],
                "description": "Postgres alternative port (internal only)",
                "from_port": 5433,
                "ipv6_cidr_blocks": [],
                "prefix_list_ids": [],
                "protocol": "tcp",
                "security_groups": [],
                "self": false,
                "to_port": 5433
              },
              {
                "cidr_blocks": [
                  "10.0.0.0/16"
                ],
                "description": "Postgres port (internal only)",
                "from_port": 5432,
                "ipv6_cidr_blocks": [],
                "prefix_list_ids": [],
                "protocol": "tcp",
                "security_groups": [],
                "self": false,
                "to_port": 5432
              }
            ],
            "name": "terraform-20250827121212841300000003",
            "name_prefix": "terraform-",
            "owner_id": "931337674770",
            "revoke_rules_on_delete": false,
            "tags": {
              "Cluster": "soil",
              "Component": "soil",
              "Name": "soil-NGINX_SECURITY_GROUP"
            },
            "tags_all": {
              "Cluster": "soil",
              "Component": "soil",
              "Name": "soil-NGINX_SECURITY_GROUP"
            },
            "timeouts": null,
            "vpc_id": "vpc-034f89e7c01cabf74"
          },
          "sensitive_attributes": [],
          "private": "eyJlMmJmYjczMC1lY2FhLTExZTYtOGY4OC0zNDM2M2JjN2M0YzAiOnsiY3JlYXRlIjo2MDAwMDAwMDAwMDAsImRlbGV0ZSI6OTAwMDAwMDAwMDAwfSwic2NoZW1hX3ZlcnNpb24iOiIxIn0=",
          "dependencies": [
            "module.mosip_infra.module.aws_infra.module.aws_infrastructure.data.aws_vpc.existing_vpc"
          ]
        }
      ]
    },
    {
      "module": "module.mosip_infra.module.aws_infra[0].module.aws_infrastructure.module.nfs-setup",
      "mode": "managed",
      "type": "null_resource",
      "name": "nfs-csi-setup",
      "provider": "provider[\"registry.terraform.io/hashicorp/null\"]",
      "instances": [
        {
          "schema_version": 0,
          "attributes": {
            "id": "6824631647815819747",
            "triggers": null
          },
          "sensitive_attributes": [],
          "dependencies": [
            "module.mosip_infra.module.aws_infra.module.aws_infrastructure.data.aws_availability_zones.available",
            "module.mosip_infra.module.aws_infra.module.aws_infrastructure.data.aws_ec2_instance_type_offerings.k8s_instance_types",
            "module.mosip_infra.module.aws_infra.module.aws_infrastructure.data.aws_ec2_instance_type_offerings.nginx_instance_types",
            "module.mosip_infra.module.aws_infra.module.aws_infrastructure.data.aws_subnets.private_subnets",
            "module.mosip_infra.module.aws_infra.module.aws_infrastructure.data.aws_subnets.public_subnets",
            "module.mosip_infra.module.aws_infra.module.aws_infrastructure.data.aws_vpc.existing_vpc",
            "module.mosip_infra.module.aws_infra.module.aws_infrastructure.module.aws-resource-creation.aws_iam_instance_profile.certbot_profile",
            "module.mosip_infra.module.aws_infra.module.aws_infrastructure.module.aws-resource-creation.aws_iam_policy.certbot_policy",
            "module.mosip_infra.module.aws_infra.module.aws_infrastructure.module.aws-resource-creation.aws_iam_role.certbot_role",
            "module.mosip_infra.module.aws_infra.module.aws_infrastructure.module.aws-resource-creation.aws_iam_role_policy_attachment.certbot_policy_attachment",
            "module.mosip_infra.module.aws_infra.module.aws_infrastructure.module.aws-resource-creation.aws_instance.K8S_CLUSTER_EC2_INSTANCE",
            "module.mosip_infra.module.aws_infra.module.aws_infrastructure.module.aws-resource-creation.aws_instance.NGINX_EC2_INSTANCE",
            "module.mosip_infra.module.aws_infra.module.aws_infrastructure.module.aws-resource-creation.aws_route53_record.DNS_RECORDS",
            "module.mosip_infra.module.aws_infra.module.aws_infrastructure.module.aws-resource-creation.aws_security_group.security-group",
            "module.mosip_infra.module.aws_infra.module.aws_infrastructure.module.nfs-setup.null_resource.nfs-server-setup",
            "module.mosip_infra.module.aws_infra.module.aws_infrastructure.module.nginx-setup.null_resource.Nginx-setup",
            "module.mosip_infra.module.aws_infra.module.aws_infrastructure.module.nginx-setup.null_resource.PostgreSQL-ansible-setup",
            "module.mosip_infra.module.aws_infra.module.aws_infrastructure.module.rke2-setup.null_resource.download-k8s-kubeconfig",
            "module.mosip_infra.module.aws_infra.module.aws_infrastructure.module.rke2-setup.null_resource.download-kubectl-file",
            "module.mosip_infra.module.aws_infra.module.aws_infrastructure.module.rke2-setup.null_resource.rancher-import",
            "module.mosip_infra.module.aws_infra.module.aws_infrastructure.module.rke2-setup.null_resource.rke2-cluster-setup",
            "module.mosip_infra.module.aws_infra.module.aws_infrastructure.module.rke2-setup.null_resource.rke2-primary-cluster-setup",
            "module.mosip_infra.module.aws_infra.module.aws_infrastructure.module.rke2-setup.random_string.K8S_TOKEN"
          ]
        }
      ]
    },
    {
      "module": "module.mosip_infra.module.aws_infra[0].module.aws_infrastructure.module.nfs-setup",
      "mode": "managed",
      "type": "null_resource",
      "name": "nfs-server-setup",
      "provider": "provider[\"registry.terraform.io/hashicorp/null\"]",
      "instances": [
        {
          "schema_version": 0,
          "attributes": {
            "id": "7939889141537048746",
            "triggers": null
          },
          "sensitive_attributes": [],
          "dependencies": [
            "module.mosip_infra.module.aws_infra.module.aws_infrastructure.data.aws_availability_zones.available",
            "module.mosip_infra.module.aws_infra.module.aws_infrastructure.data.aws_ec2_instance_type_offerings.k8s_instance_types",
            "module.mosip_infra.module.aws_infra.module.aws_infrastructure.data.aws_ec2_instance_type_offerings.nginx_instance_types",
            "module.mosip_infra.module.aws_infra.module.aws_infrastructure.data.aws_subnets.private_subnets",
            "module.mosip_infra.module.aws_infra.module.aws_infrastructure.data.aws_subnets.public_subnets",
            "module.mosip_infra.module.aws_infra.module.aws_infrastructure.data.aws_vpc.existing_vpc",
            "module.mosip_infra.module.aws_infra.module.aws_infrastructure.module.aws-resource-creation.aws_iam_instance_profile.certbot_profile",
            "module.mosip_infra.module.aws_infra.module.aws_infrastructure.module.aws-resource-creation.aws_iam_policy.certbot_policy",
            "module.mosip_infra.module.aws_infra.module.aws_infrastructure.module.aws-resource-creation.aws_iam_role.certbot_role",
            "module.mosip_infra.module.aws_infra.module.aws_infrastructure.module.aws-resource-creation.aws_iam_role_policy_attachment.certbot_policy_attachment",
            "module.mosip_infra.module.aws_infra.module.aws_infrastructure.module.aws-resource-creation.aws_instance.K8S_CLUSTER_EC2_INSTANCE",
            "module.mosip_infra.module.aws_infra.module.aws_infrastructure.module.aws-resource-creation.aws_instance.NGINX_EC2_INSTANCE",
            "module.mosip_infra.module.aws_infra.module.aws_infrastructure.module.aws-resource-creation.aws_route53_record.DNS_RECORDS",
            "module.mosip_infra.module.aws_infra.module.aws_infrastructure.module.aws-resource-creation.aws_security_group.security-group",
            "module.mosip_infra.module.aws_infra.module.aws_infrastructure.module.nginx-setup.null_resource.Nginx-setup",
            "module.mosip_infra.module.aws_infra.module.aws_infrastructure.module.nginx-setup.null_resource.PostgreSQL-ansible-setup",
            "module.mosip_infra.module.aws_infra.module.aws_infrastructure.module.rke2-setup.null_resource.download-k8s-kubeconfig",
            "module.mosip_infra.module.aws_infra.module.aws_infrastructure.module.rke2-setup.null_resource.download-kubectl-file",
            "module.mosip_infra.module.aws_infra.module.aws_infrastructure.module.rke2-setup.null_resource.rancher-import",
            "module.mosip_infra.module.aws_infra.module.aws_infrastructure.module.rke2-setup.null_resource.rke2-cluster-setup",
            "module.mosip_infra.module.aws_infra.module.aws_infrastructure.module.rke2-setup.null_resource.rke2-primary-cluster-setup",
            "module.mosip_infra.module.aws_infra.module.aws_infrastructure.module.rke2-setup.random_string.K8S_TOKEN"
          ]
        }
      ]
    },
    {
      "module": "module.mosip_infra.module.aws_infra[0].module.aws_infrastructure.module.nginx-setup",
      "mode": "managed",
      "type": "null_resource",
      "name": "Nginx-setup",
      "provider": "provider[\"registry.terraform.io/hashicorp/null\"]",
      "instances": [
        {
          "schema_version": 0,
          "attributes": {
            "id": "4603947019725861278",
            "triggers": {}
          },
          "sensitive_attributes": [],
          "dependencies": [
            "module.mosip_infra.module.aws_infra.module.aws_infrastructure.data.aws_availability_zones.available",
            "module.mosip_infra.module.aws_infra.module.aws_infrastructure.data.aws_ec2_instance_type_offerings.k8s_instance_types",
            "module.mosip_infra.module.aws_infra.module.aws_infrastructure.data.aws_ec2_instance_type_offerings.nginx_instance_types",
            "module.mosip_infra.module.aws_infra.module.aws_infrastructure.data.aws_subnets.private_subnets",
            "module.mosip_infra.module.aws_infra.module.aws_infrastructure.data.aws_subnets.public_subnets",
            "module.mosip_infra.module.aws_infra.module.aws_infrastructure.data.aws_vpc.existing_vpc",
            "module.mosip_infra.module.aws_infra.module.aws_infrastructure.module.aws-resource-creation.aws_iam_instance_profile.certbot_profile",
            "module.mosip_infra.module.aws_infra.module.aws_infrastructure.module.aws-resource-creation.aws_iam_policy.certbot_policy",
            "module.mosip_infra.module.aws_infra.module.aws_infrastructure.module.aws-resource-creation.aws_iam_role.certbot_role",
            "module.mosip_infra.module.aws_infra.module.aws_infrastructure.module.aws-resource-creation.aws_iam_role_policy_attachment.certbot_policy_attachment",
            "module.mosip_infra.module.aws_infra.module.aws_infrastructure.module.aws-resource-creation.aws_instance.K8S_CLUSTER_EC2_INSTANCE",
            "module.mosip_infra.module.aws_infra.module.aws_infrastructure.module.aws-resource-creation.aws_instance.NGINX_EC2_INSTANCE",
            "module.mosip_infra.module.aws_infra.module.aws_infrastructure.module.aws-resource-creation.aws_route53_record.DNS_RECORDS",
            "module.mosip_infra.module.aws_infra.module.aws_infrastructure.module.aws-resource-creation.aws_security_group.security-group"
          ]
        }
      ]
    },
    {
      "module": "module.mosip_infra.module.aws_infra[0].module.aws_infrastructure.module.nginx-setup",
      "mode": "managed",
      "type": "null_resource",
      "name": "PostgreSQL-ansible-setup",
      "provider": "provider[\"registry.terraform.io/hashicorp/null\"]",
      "instances": [
        {
          "index_key": 0,
          "schema_version": 0,
          "attributes": {
            "id": "1315392245904837971",
            "triggers": {
              "postgresql_config_hash": "3632aea05c858542b97cc11936ed06fc"
            }
          },
          "sensitive_attributes": [],
          "dependencies": [
            "module.mosip_infra.module.aws_infra.module.aws_infrastructure.data.aws_availability_zones.available",
            "module.mosip_infra.module.aws_infra.module.aws_infrastructure.data.aws_ec2_instance_type_offerings.k8s_instance_types",
            "module.mosip_infra.module.aws_infra.module.aws_infrastructure.data.aws_ec2_instance_type_offerings.nginx_instance_types",
            "module.mosip_infra.module.aws_infra.module.aws_infrastructure.data.aws_subnets.private_subnets",
            "module.mosip_infra.module.aws_infra.module.aws_infrastructure.data.aws_subnets.public_subnets",
            "module.mosip_infra.module.aws_infra.module.aws_infrastructure.data.aws_vpc.existing_vpc",
            "module.mosip_infra.module.aws_infra.module.aws_infrastructure.module.aws-resource-creation.aws_iam_instance_profile.certbot_profile",
            "module.mosip_infra.module.aws_infra.module.aws_infrastructure.module.aws-resource-creation.aws_iam_policy.certbot_policy",
            "module.mosip_infra.module.aws_infra.module.aws_infrastructure.module.aws-resource-creation.aws_iam_role.certbot_role",
            "module.mosip_infra.module.aws_infra.module.aws_infrastructure.module.aws-resource-creation.aws_iam_role_policy_attachment.certbot_policy_attachment",
            "module.mosip_infra.module.aws_infra.module.aws_infrastructure.module.aws-resource-creation.aws_instance.K8S_CLUSTER_EC2_INSTANCE",
            "module.mosip_infra.module.aws_infra.module.aws_infrastructure.module.aws-resource-creation.aws_instance.NGINX_EC2_INSTANCE",
            "module.mosip_infra.module.aws_infra.module.aws_infrastructure.module.aws-resource-creation.aws_route53_record.DNS_RECORDS",
            "module.mosip_infra.module.aws_infra.module.aws_infrastructure.module.aws-resource-creation.aws_security_group.security-group",
            "module.mosip_infra.module.aws_infra.module.aws_infrastructure.module.nginx-setup.null_resource.Nginx-setup"
          ]
        }
      ]
    },
    {
      "module": "module.mosip_infra.module.aws_infra[0].module.aws_infrastructure.module.rke2-setup",
      "mode": "managed",
      "type": "null_resource",
      "name": "download-k8s-kubeconfig",
      "provider": "provider[\"registry.terraform.io/hashicorp/null\"]",
      "instances": [
        {
          "index_key": "soil-CONTROL-PLANE-NODE-1",
          "schema_version": 0,
          "attributes": {
            "id": "7732211592275757014",
            "triggers": {
              "node_hash": "37625ac2e4b5a068d9be30d00fe96882"
            }
          },
          "sensitive_attributes": [],
          "dependencies": [
            "module.mosip_infra.module.aws_infra.module.aws_infrastructure.data.aws_availability_zones.available",
            "module.mosip_infra.module.aws_infra.module.aws_infrastructure.data.aws_ec2_instance_type_offerings.k8s_instance_types",
            "module.mosip_infra.module.aws_infra.module.aws_infrastructure.data.aws_ec2_instance_type_offerings.nginx_instance_types",
            "module.mosip_infra.module.aws_infra.module.aws_infrastructure.data.aws_subnets.private_subnets",
            "module.mosip_infra.module.aws_infra.module.aws_infrastructure.data.aws_subnets.public_subnets",
            "module.mosip_infra.module.aws_infra.module.aws_infrastructure.data.aws_vpc.existing_vpc",
            "module.mosip_infra.module.aws_infra.module.aws_infrastructure.module.aws-resource-creation.aws_iam_instance_profile.certbot_profile",
            "module.mosip_infra.module.aws_infra.module.aws_infrastructure.module.aws-resource-creation.aws_iam_policy.certbot_policy",
            "module.mosip_infra.module.aws_infra.module.aws_infrastructure.module.aws-resource-creation.aws_iam_role.certbot_role",
            "module.mosip_infra.module.aws_infra.module.aws_infrastructure.module.aws-resource-creation.aws_iam_role_policy_attachment.certbot_policy_attachment",
            "module.mosip_infra.module.aws_infra.module.aws_infrastructure.module.aws-resource-creation.aws_instance.K8S_CLUSTER_EC2_INSTANCE",
            "module.mosip_infra.module.aws_infra.module.aws_infrastructure.module.aws-resource-creation.aws_instance.NGINX_EC2_INSTANCE",
            "module.mosip_infra.module.aws_infra.module.aws_infrastructure.module.aws-resource-creation.aws_route53_record.DNS_RECORDS",
            "module.mosip_infra.module.aws_infra.module.aws_infrastructure.module.aws-resource-creation.aws_security_group.security-group",
            "module.mosip_infra.module.aws_infra.module.aws_infrastructure.module.nginx-setup.null_resource.Nginx-setup",
            "module.mosip_infra.module.aws_infra.module.aws_infrastructure.module.nginx-setup.null_resource.PostgreSQL-ansible-setup",
            "module.mosip_infra.module.aws_infra.module.aws_infrastructure.module.rke2-setup.null_resource.rke2-cluster-setup",
            "module.mosip_infra.module.aws_infra.module.aws_infrastructure.module.rke2-setup.null_resource.rke2-primary-cluster-setup",
            "module.mosip_infra.module.aws_infra.module.aws_infrastructure.module.rke2-setup.random_string.K8S_TOKEN"
          ]
        },
        {
          "index_key": "soil-CONTROL-PLANE-NODE-2",
          "schema_version": 0,
          "attributes": {
            "id": "3046358493378949862",
            "triggers": {
              "node_hash": "37625ac2e4b5a068d9be30d00fe96882"
            }
          },
          "sensitive_attributes": [],
          "dependencies": [
            "module.mosip_infra.module.aws_infra.module.aws_infrastructure.data.aws_availability_zones.available",
            "module.mosip_infra.module.aws_infra.module.aws_infrastructure.data.aws_ec2_instance_type_offerings.k8s_instance_types",
            "module.mosip_infra.module.aws_infra.module.aws_infrastructure.data.aws_ec2_instance_type_offerings.nginx_instance_types",
            "module.mosip_infra.module.aws_infra.module.aws_infrastructure.data.aws_subnets.private_subnets",
            "module.mosip_infra.module.aws_infra.module.aws_infrastructure.data.aws_subnets.public_subnets",
            "module.mosip_infra.module.aws_infra.module.aws_infrastructure.data.aws_vpc.existing_vpc",
            "module.mosip_infra.module.aws_infra.module.aws_infrastructure.module.aws-resource-creation.aws_iam_instance_profile.certbot_profile",
            "module.mosip_infra.module.aws_infra.module.aws_infrastructure.module.aws-resource-creation.aws_iam_policy.certbot_policy",
            "module.mosip_infra.module.aws_infra.module.aws_infrastructure.module.aws-resource-creation.aws_iam_role.certbot_role",
            "module.mosip_infra.module.aws_infra.module.aws_infrastructure.module.aws-resource-creation.aws_iam_role_policy_attachment.certbot_policy_attachment",
            "module.mosip_infra.module.aws_infra.module.aws_infrastructure.module.aws-resource-creation.aws_instance.K8S_CLUSTER_EC2_INSTANCE",
            "module.mosip_infra.module.aws_infra.module.aws_infrastructure.module.aws-resource-creation.aws_instance.NGINX_EC2_INSTANCE",
            "module.mosip_infra.module.aws_infra.module.aws_infrastructure.module.aws-resource-creation.aws_route53_record.DNS_RECORDS",
            "module.mosip_infra.module.aws_infra.module.aws_infrastructure.module.aws-resource-creation.aws_security_group.security-group",
            "module.mosip_infra.module.aws_infra.module.aws_infrastructure.module.nginx-setup.null_resource.Nginx-setup",
            "module.mosip_infra.module.aws_infra.module.aws_infrastructure.module.nginx-setup.null_resource.PostgreSQL-ansible-setup",
            "module.mosip_infra.module.aws_infra.module.aws_infrastructure.module.rke2-setup.null_resource.rke2-cluster-setup",
            "module.mosip_infra.module.aws_infra.module.aws_infrastructure.module.rke2-setup.null_resource.rke2-primary-cluster-setup",
            "module.mosip_infra.module.aws_infra.module.aws_infrastructure.module.rke2-setup.random_string.K8S_TOKEN"
          ]
        },
        {
          "index_key": "soil-CONTROL-PLANE-NODE-3",
          "schema_version": 0,
          "attributes": {
            "id": "7267084287667357323",
            "triggers": {
              "node_hash": "37625ac2e4b5a068d9be30d00fe96882"
            }
          },
          "sensitive_attributes": [],
          "dependencies": [
            "module.mosip_infra.module.aws_infra.module.aws_infrastructure.data.aws_availability_zones.available",
            "module.mosip_infra.module.aws_infra.module.aws_infrastructure.data.aws_ec2_instance_type_offerings.k8s_instance_types",
            "module.mosip_infra.module.aws_infra.module.aws_infrastructure.data.aws_ec2_instance_type_offerings.nginx_instance_types",
            "module.mosip_infra.module.aws_infra.module.aws_infrastructure.data.aws_subnets.private_subnets",
            "module.mosip_infra.module.aws_infra.module.aws_infrastructure.data.aws_subnets.public_subnets",
            "module.mosip_infra.module.aws_infra.module.aws_infrastructure.data.aws_vpc.existing_vpc",
            "module.mosip_infra.module.aws_infra.module.aws_infrastructure.module.aws-resource-creation.aws_iam_instance_profile.certbot_profile",
            "module.mosip_infra.module.aws_infra.module.aws_infrastructure.module.aws-resource-creation.aws_iam_policy.certbot_policy",
            "module.mosip_infra.module.aws_infra.module.aws_infrastructure.module.aws-resource-creation.aws_iam_role.certbot_role",
            "module.mosip_infra.module.aws_infra.module.aws_infrastructure.module.aws-resource-creation.aws_iam_role_policy_attachment.certbot_policy_attachment",
            "module.mosip_infra.module.aws_infra.module.aws_infrastructure.module.aws-resource-creation.aws_instance.K8S_CLUSTER_EC2_INSTANCE",
            "module.mosip_infra.module.aws_infra.module.aws_infrastructure.module.aws-resource-creation.aws_instance.NGINX_EC2_INSTANCE",
            "module.mosip_infra.module.aws_infra.module.aws_infrastructure.module.aws-resource-creation.aws_route53_record.DNS_RECORDS",
            "module.mosip_infra.module.aws_infra.module.aws_infrastructure.module.aws-resource-creation.aws_security_group.security-group",
            "module.mosip_infra.module.aws_infra.module.aws_infrastructure.module.nginx-setup.null_resource.Nginx-setup",
            "module.mosip_infra.module.aws_infra.module.aws_infrastructure.module.nginx-setup.null_resource.PostgreSQL-ansible-setup",
            "module.mosip_infra.module.aws_infra.module.aws_infrastructure.module.rke2-setup.null_resource.rke2-cluster-setup",
            "module.mosip_infra.module.aws_infra.module.aws_infrastructure.module.rke2-setup.null_resource.rke2-primary-cluster-setup",
            "module.mosip_infra.module.aws_infra.module.aws_infrastructure.module.rke2-setup.random_string.K8S_TOKEN"
          ]
        },
        {
          "index_key": "soil-ETCD-NODE-1",
          "schema_version": 0,
          "attributes": {
            "id": "4711322950342550688",
            "triggers": {
              "node_hash": "37625ac2e4b5a068d9be30d00fe96882"
            }
          },
          "sensitive_attributes": [],
          "dependencies": [
            "module.mosip_infra.module.aws_infra.module.aws_infrastructure.data.aws_availability_zones.available",
            "module.mosip_infra.module.aws_infra.module.aws_infrastructure.data.aws_ec2_instance_type_offerings.k8s_instance_types",
            "module.mosip_infra.module.aws_infra.module.aws_infrastructure.data.aws_ec2_instance_type_offerings.nginx_instance_types",
            "module.mosip_infra.module.aws_infra.module.aws_infrastructure.data.aws_subnets.private_subnets",
            "module.mosip_infra.module.aws_infra.module.aws_infrastructure.data.aws_subnets.public_subnets",
            "module.mosip_infra.module.aws_infra.module.aws_infrastructure.data.aws_vpc.existing_vpc",
            "module.mosip_infra.module.aws_infra.module.aws_infrastructure.module.aws-resource-creation.aws_iam_instance_profile.certbot_profile",
            "module.mosip_infra.module.aws_infra.module.aws_infrastructure.module.aws-resource-creation.aws_iam_policy.certbot_policy",
            "module.mosip_infra.module.aws_infra.module.aws_infrastructure.module.aws-resource-creation.aws_iam_role.certbot_role",
            "module.mosip_infra.module.aws_infra.module.aws_infrastructure.module.aws-resource-creation.aws_iam_role_policy_attachment.certbot_policy_attachment",
            "module.mosip_infra.module.aws_infra.module.aws_infrastructure.module.aws-resource-creation.aws_instance.K8S_CLUSTER_EC2_INSTANCE",
            "module.mosip_infra.module.aws_infra.module.aws_infrastructure.module.aws-resource-creation.aws_instance.NGINX_EC2_INSTANCE",
            "module.mosip_infra.module.aws_infra.module.aws_infrastructure.module.aws-resource-creation.aws_route53_record.DNS_RECORDS",
            "module.mosip_infra.module.aws_infra.module.aws_infrastructure.module.aws-resource-creation.aws_security_group.security-group",
            "module.mosip_infra.module.aws_infra.module.aws_infrastructure.module.nginx-setup.null_resource.Nginx-setup",
            "module.mosip_infra.module.aws_infra.module.aws_infrastructure.module.nginx-setup.null_resource.PostgreSQL-ansible-setup",
            "module.mosip_infra.module.aws_infra.module.aws_infrastructure.module.rke2-setup.null_resource.rke2-cluster-setup",
            "module.mosip_infra.module.aws_infra.module.aws_infrastructure.module.rke2-setup.null_resource.rke2-primary-cluster-setup",
            "module.mosip_infra.module.aws_infra.module.aws_infrastructure.module.rke2-setup.random_string.K8S_TOKEN"
          ]
        },
        {
          "index_key": "soil-ETCD-NODE-2",
          "schema_version": 0,
          "attributes": {
            "id": "5198181321512886609",
            "triggers": {
              "node_hash": "37625ac2e4b5a068d9be30d00fe96882"
            }
          },
          "sensitive_attributes": [],
          "dependencies": [
            "module.mosip_infra.module.aws_infra.module.aws_infrastructure.data.aws_availability_zones.available",
            "module.mosip_infra.module.aws_infra.module.aws_infrastructure.data.aws_ec2_instance_type_offerings.k8s_instance_types",
            "module.mosip_infra.module.aws_infra.module.aws_infrastructure.data.aws_ec2_instance_type_offerings.nginx_instance_types",
            "module.mosip_infra.module.aws_infra.module.aws_infrastructure.data.aws_subnets.private_subnets",
            "module.mosip_infra.module.aws_infra.module.aws_infrastructure.data.aws_subnets.public_subnets",
            "module.mosip_infra.module.aws_infra.module.aws_infrastructure.data.aws_vpc.existing_vpc",
            "module.mosip_infra.module.aws_infra.module.aws_infrastructure.module.aws-resource-creation.aws_iam_instance_profile.certbot_profile",
            "module.mosip_infra.module.aws_infra.module.aws_infrastructure.module.aws-resource-creation.aws_iam_policy.certbot_policy",
            "module.mosip_infra.module.aws_infra.module.aws_infrastructure.module.aws-resource-creation.aws_iam_role.certbot_role",
            "module.mosip_infra.module.aws_infra.module.aws_infrastructure.module.aws-resource-creation.aws_iam_role_policy_attachment.certbot_policy_attachment",
            "module.mosip_infra.module.aws_infra.module.aws_infrastructure.module.aws-resource-creation.aws_instance.K8S_CLUSTER_EC2_INSTANCE",
            "module.mosip_infra.module.aws_infra.module.aws_infrastructure.module.aws-resource-creation.aws_instance.NGINX_EC2_INSTANCE",
            "module.mosip_infra.module.aws_infra.module.aws_infrastructure.module.aws-resource-creation.aws_route53_record.DNS_RECORDS",
            "module.mosip_infra.module.aws_infra.module.aws_infrastructure.module.aws-resource-creation.aws_security_group.security-group",
            "module.mosip_infra.module.aws_infra.module.aws_infrastructure.module.nginx-setup.null_resource.Nginx-setup",
            "module.mosip_infra.module.aws_infra.module.aws_infrastructure.module.nginx-setup.null_resource.PostgreSQL-ansible-setup",
            "module.mosip_infra.module.aws_infra.module.aws_infrastructure.module.rke2-setup.null_resource.rke2-cluster-setup",
            "module.mosip_infra.module.aws_infra.module.aws_infrastructure.module.rke2-setup.null_resource.rke2-primary-cluster-setup",
            "module.mosip_infra.module.aws_infra.module.aws_infrastructure.module.rke2-setup.random_string.K8S_TOKEN"
          ]
        },
        {
          "index_key": "soil-ETCD-NODE-3",
          "schema_version": 0,
          "attributes": {
            "id": "2978216680721756548",
            "triggers": {
              "node_hash": "37625ac2e4b5a068d9be30d00fe96882"
            }
          },
          "sensitive_attributes": [],
          "dependencies": [
            "module.mosip_infra.module.aws_infra.module.aws_infrastructure.data.aws_availability_zones.available",
            "module.mosip_infra.module.aws_infra.module.aws_infrastructure.data.aws_ec2_instance_type_offerings.k8s_instance_types",
            "module.mosip_infra.module.aws_infra.module.aws_infrastructure.data.aws_ec2_instance_type_offerings.nginx_instance_types",
            "module.mosip_infra.module.aws_infra.module.aws_infrastructure.data.aws_subnets.private_subnets",
            "module.mosip_infra.module.aws_infra.module.aws_infrastructure.data.aws_subnets.public_subnets",
            "module.mosip_infra.module.aws_infra.module.aws_infrastructure.data.aws_vpc.existing_vpc",
            "module.mosip_infra.module.aws_infra.module.aws_infrastructure.module.aws-resource-creation.aws_iam_instance_profile.certbot_profile",
            "module.mosip_infra.module.aws_infra.module.aws_infrastructure.module.aws-resource-creation.aws_iam_policy.certbot_policy",
            "module.mosip_infra.module.aws_infra.module.aws_infrastructure.module.aws-resource-creation.aws_iam_role.certbot_role",
            "module.mosip_infra.module.aws_infra.module.aws_infrastructure.module.aws-resource-creation.aws_iam_role_policy_attachment.certbot_policy_attachment",
            "module.mosip_infra.module.aws_infra.module.aws_infrastructure.module.aws-resource-creation.aws_instance.K8S_CLUSTER_EC2_INSTANCE",
            "module.mosip_infra.module.aws_infra.module.aws_infrastructure.module.aws-resource-creation.aws_instance.NGINX_EC2_INSTANCE",
            "module.mosip_infra.module.aws_infra.module.aws_infrastructure.module.aws-resource-creation.aws_route53_record.DNS_RECORDS",
            "module.mosip_infra.module.aws_infra.module.aws_infrastructure.module.aws-resource-creation.aws_security_group.security-group",
            "module.mosip_infra.module.aws_infra.module.aws_infrastructure.module.nginx-setup.null_resource.Nginx-setup",
            "module.mosip_infra.module.aws_infra.module.aws_infrastructure.module.nginx-setup.null_resource.PostgreSQL-ansible-setup",
            "module.mosip_infra.module.aws_infra.module.aws_infrastructure.module.rke2-setup.null_resource.rke2-cluster-setup",
            "module.mosip_infra.module.aws_infra.module.aws_infrastructure.module.rke2-setup.null_resource.rke2-primary-cluster-setup",
            "module.mosip_infra.module.aws_infra.module.aws_infrastructure.module.rke2-setup.random_string.K8S_TOKEN"
          ]
        },
        {
          "index_key": "soil-WORKER-NODE-1",
          "schema_version": 0,
          "attributes": {
            "id": "3189170904907149935",
            "triggers": {
              "node_hash": "37625ac2e4b5a068d9be30d00fe96882"
            }
          },
          "sensitive_attributes": [],
          "dependencies": [
            "module.mosip_infra.module.aws_infra.module.aws_infrastructure.data.aws_availability_zones.available",
            "module.mosip_infra.module.aws_infra.module.aws_infrastructure.data.aws_ec2_instance_type_offerings.k8s_instance_types",
            "module.mosip_infra.module.aws_infra.module.aws_infrastructure.data.aws_ec2_instance_type_offerings.nginx_instance_types",
            "module.mosip_infra.module.aws_infra.module.aws_infrastructure.data.aws_subnets.private_subnets",
            "module.mosip_infra.module.aws_infra.module.aws_infrastructure.data.aws_subnets.public_subnets",
            "module.mosip_infra.module.aws_infra.module.aws_infrastructure.data.aws_vpc.existing_vpc",
            "module.mosip_infra.module.aws_infra.module.aws_infrastructure.module.aws-resource-creation.aws_iam_instance_profile.certbot_profile",
            "module.mosip_infra.module.aws_infra.module.aws_infrastructure.module.aws-resource-creation.aws_iam_policy.certbot_policy",
            "module.mosip_infra.module.aws_infra.module.aws_infrastructure.module.aws-resource-creation.aws_iam_role.certbot_role",
            "module.mosip_infra.module.aws_infra.module.aws_infrastructure.module.aws-resource-creation.aws_iam_role_policy_attachment.certbot_policy_attachment",
            "module.mosip_infra.module.aws_infra.module.aws_infrastructure.module.aws-resource-creation.aws_instance.K8S_CLUSTER_EC2_INSTANCE",
            "module.mosip_infra.module.aws_infra.module.aws_infrastructure.module.aws-resource-creation.aws_instance.NGINX_EC2_INSTANCE",
            "module.mosip_infra.module.aws_infra.module.aws_infrastructure.module.aws-resource-creation.aws_route53_record.DNS_RECORDS",
            "module.mosip_infra.module.aws_infra.module.aws_infrastructure.module.aws-resource-creation.aws_security_group.security-group",
            "module.mosip_infra.module.aws_infra.module.aws_infrastructure.module.nginx-setup.null_resource.Nginx-setup",
            "module.mosip_infra.module.aws_infra.module.aws_infrastructure.module.nginx-setup.null_resource.PostgreSQL-ansible-setup",
            "module.mosip_infra.module.aws_infra.module.aws_infrastructure.module.rke2-setup.null_resource.rke2-cluster-setup",
            "module.mosip_infra.module.aws_infra.module.aws_infrastructure.module.rke2-setup.null_resource.rke2-primary-cluster-setup",
            "module.mosip_infra.module.aws_infra.module.aws_infrastructure.module.rke2-setup.random_string.K8S_TOKEN"
          ]
        },
        {
          "index_key": "soil-WORKER-NODE-2",
          "schema_version": 0,
          "attributes": {
            "id": "6253147490159087998",
            "triggers": {
              "node_hash": "37625ac2e4b5a068d9be30d00fe96882"
            }
          },
          "sensitive_attributes": [],
          "dependencies": [
            "module.mosip_infra.module.aws_infra.module.aws_infrastructure.data.aws_availability_zones.available",
            "module.mosip_infra.module.aws_infra.module.aws_infrastructure.data.aws_ec2_instance_type_offerings.k8s_instance_types",
            "module.mosip_infra.module.aws_infra.module.aws_infrastructure.data.aws_ec2_instance_type_offerings.nginx_instance_types",
            "module.mosip_infra.module.aws_infra.module.aws_infrastructure.data.aws_subnets.private_subnets",
            "module.mosip_infra.module.aws_infra.module.aws_infrastructure.data.aws_subnets.public_subnets",
            "module.mosip_infra.module.aws_infra.module.aws_infrastructure.data.aws_vpc.existing_vpc",
            "module.mosip_infra.module.aws_infra.module.aws_infrastructure.module.aws-resource-creation.aws_iam_instance_profile.certbot_profile",
            "module.mosip_infra.module.aws_infra.module.aws_infrastructure.module.aws-resource-creation.aws_iam_policy.certbot_policy",
            "module.mosip_infra.module.aws_infra.module.aws_infrastructure.module.aws-resource-creation.aws_iam_role.certbot_role",
            "module.mosip_infra.module.aws_infra.module.aws_infrastructure.module.aws-resource-creation.aws_iam_role_policy_attachment.certbot_policy_attachment",
            "module.mosip_infra.module.aws_infra.module.aws_infrastructure.module.aws-resource-creation.aws_instance.K8S_CLUSTER_EC2_INSTANCE",
            "module.mosip_infra.module.aws_infra.module.aws_infrastructure.module.aws-resource-creation.aws_instance.NGINX_EC2_INSTANCE",
            "module.mosip_infra.module.aws_infra.module.aws_infrastructure.module.aws-resource-creation.aws_route53_record.DNS_RECORDS",
            "module.mosip_infra.module.aws_infra.module.aws_infrastructure.module.aws-resource-creation.aws_security_group.security-group",
            "module.mosip_infra.module.aws_infra.module.aws_infrastructure.module.nginx-setup.null_resource.Nginx-setup",
            "module.mosip_infra.module.aws_infra.module.aws_infrastructure.module.nginx-setup.null_resource.PostgreSQL-ansible-setup",
            "module.mosip_infra.module.aws_infra.module.aws_infrastructure.module.rke2-setup.null_resource.rke2-cluster-setup",
            "module.mosip_infra.module.aws_infra.module.aws_infrastructure.module.rke2-setup.null_resource.rke2-primary-cluster-setup",
            "module.mosip_infra.module.aws_infra.module.aws_infrastructure.module.rke2-setup.random_string.K8S_TOKEN"
          ]
        }
      ]
    },
    {
      "module": "module.mosip_infra.module.aws_infra[0].module.aws_infrastructure.module.rke2-setup",
      "mode": "managed",
      "type": "null_resource",
      "name": "download-kubectl-file",
      "provider": "provider[\"registry.terraform.io/hashicorp/null\"]",
      "instances": [
        {
          "schema_version": 0,
          "attributes": {
            "id": "4311041135040316848",
            "triggers": null
          },
          "sensitive_attributes": [],
          "dependencies": [
            "module.mosip_infra.module.aws_infra.module.aws_infrastructure.data.aws_availability_zones.available",
            "module.mosip_infra.module.aws_infra.module.aws_infrastructure.data.aws_ec2_instance_type_offerings.k8s_instance_types",
            "module.mosip_infra.module.aws_infra.module.aws_infrastructure.data.aws_ec2_instance_type_offerings.nginx_instance_types",
            "module.mosip_infra.module.aws_infra.module.aws_infrastructure.data.aws_subnets.private_subnets",
            "module.mosip_infra.module.aws_infra.module.aws_infrastructure.data.aws_subnets.public_subnets",
            "module.mosip_infra.module.aws_infra.module.aws_infrastructure.data.aws_vpc.existing_vpc",
            "module.mosip_infra.module.aws_infra.module.aws_infrastructure.module.aws-resource-creation.aws_iam_instance_profile.certbot_profile",
            "module.mosip_infra.module.aws_infra.module.aws_infrastructure.module.aws-resource-creation.aws_iam_policy.certbot_policy",
            "module.mosip_infra.module.aws_infra.module.aws_infrastructure.module.aws-resource-creation.aws_iam_role.certbot_role",
            "module.mosip_infra.module.aws_infra.module.aws_infrastructure.module.aws-resource-creation.aws_iam_role_policy_attachment.certbot_policy_attachment",
            "module.mosip_infra.module.aws_infra.module.aws_infrastructure.module.aws-resource-creation.aws_instance.K8S_CLUSTER_EC2_INSTANCE",
            "module.mosip_infra.module.aws_infra.module.aws_infrastructure.module.aws-resource-creation.aws_instance.NGINX_EC2_INSTANCE",
            "module.mosip_infra.module.aws_infra.module.aws_infrastructure.module.aws-resource-creation.aws_route53_record.DNS_RECORDS",
            "module.mosip_infra.module.aws_infra.module.aws_infrastructure.module.aws-resource-creation.aws_security_group.security-group",
            "module.mosip_infra.module.aws_infra.module.aws_infrastructure.module.nginx-setup.null_resource.Nginx-setup",
            "module.mosip_infra.module.aws_infra.module.aws_infrastructure.module.nginx-setup.null_resource.PostgreSQL-ansible-setup",
            "module.mosip_infra.module.aws_infra.module.aws_infrastructure.module.rke2-setup.null_resource.rke2-cluster-setup",
            "module.mosip_infra.module.aws_infra.module.aws_infrastructure.module.rke2-setup.null_resource.rke2-primary-cluster-setup",
            "module.mosip_infra.module.aws_infra.module.aws_infrastructure.module.rke2-setup.random_string.K8S_TOKEN"
          ]
        }
      ]
    },
    {
      "module": "module.mosip_infra.module.aws_infra[0].module.aws_infrastructure.module.rke2-setup",
      "mode": "managed",
      "type": "null_resource",
      "name": "rke2-cluster-setup",
      "provider": "provider[\"registry.terraform.io/hashicorp/null\"]",
      "instances": [
        {
          "index_key": "soil-CONTROL-PLANE-NODE-1",
          "schema_version": 0,
          "attributes": {
            "id": "5677613104744005263",
            "triggers": {
              "node_hash": "37625ac2e4b5a068d9be30d00fe96882",
              "script_hash": "a1dcf9fcd3fb1d1efd66fa4f92341355"
            }
          },
          "sensitive_attributes": [],
          "dependencies": [
            "module.mosip_infra.module.aws_infra.module.aws_infrastructure.data.aws_availability_zones.available",
            "module.mosip_infra.module.aws_infra.module.aws_infrastructure.data.aws_ec2_instance_type_offerings.k8s_instance_types",
            "module.mosip_infra.module.aws_infra.module.aws_infrastructure.data.aws_ec2_instance_type_offerings.nginx_instance_types",
            "module.mosip_infra.module.aws_infra.module.aws_infrastructure.data.aws_subnets.private_subnets",
            "module.mosip_infra.module.aws_infra.module.aws_infrastructure.data.aws_subnets.public_subnets",
            "module.mosip_infra.module.aws_infra.module.aws_infrastructure.data.aws_vpc.existing_vpc",
            "module.mosip_infra.module.aws_infra.module.aws_infrastructure.module.aws-resource-creation.aws_iam_instance_profile.certbot_profile",
            "module.mosip_infra.module.aws_infra.module.aws_infrastructure.module.aws-resource-creation.aws_iam_policy.certbot_policy",
            "module.mosip_infra.module.aws_infra.module.aws_infrastructure.module.aws-resource-creation.aws_iam_role.certbot_role",
            "module.mosip_infra.module.aws_infra.module.aws_infrastructure.module.aws-resource-creation.aws_iam_role_policy_attachment.certbot_policy_attachment",
            "module.mosip_infra.module.aws_infra.module.aws_infrastructure.module.aws-resource-creation.aws_instance.K8S_CLUSTER_EC2_INSTANCE",
            "module.mosip_infra.module.aws_infra.module.aws_infrastructure.module.aws-resource-creation.aws_instance.NGINX_EC2_INSTANCE",
            "module.mosip_infra.module.aws_infra.module.aws_infrastructure.module.aws-resource-creation.aws_route53_record.DNS_RECORDS",
            "module.mosip_infra.module.aws_infra.module.aws_infrastructure.module.aws-resource-creation.aws_security_group.security-group",
            "module.mosip_infra.module.aws_infra.module.aws_infrastructure.module.nginx-setup.null_resource.Nginx-setup",
            "module.mosip_infra.module.aws_infra.module.aws_infrastructure.module.nginx-setup.null_resource.PostgreSQL-ansible-setup",
            "module.mosip_infra.module.aws_infra.module.aws_infrastructure.module.rke2-setup.null_resource.rke2-primary-cluster-setup",
            "module.mosip_infra.module.aws_infra.module.aws_infrastructure.module.rke2-setup.random_string.K8S_TOKEN"
          ]
        },
        {
          "index_key": "soil-CONTROL-PLANE-NODE-2",
          "schema_version": 0,
          "attributes": {
            "id": "6794285508560628072",
            "triggers": {
              "node_hash": "37625ac2e4b5a068d9be30d00fe96882",
              "script_hash": "a1dcf9fcd3fb1d1efd66fa4f92341355"
            }
          },
          "sensitive_attributes": [],
          "dependencies": [
            "module.mosip_infra.module.aws_infra.module.aws_infrastructure.data.aws_availability_zones.available",
            "module.mosip_infra.module.aws_infra.module.aws_infrastructure.data.aws_ec2_instance_type_offerings.k8s_instance_types",
            "module.mosip_infra.module.aws_infra.module.aws_infrastructure.data.aws_ec2_instance_type_offerings.nginx_instance_types",
            "module.mosip_infra.module.aws_infra.module.aws_infrastructure.data.aws_subnets.private_subnets",
            "module.mosip_infra.module.aws_infra.module.aws_infrastructure.data.aws_subnets.public_subnets",
            "module.mosip_infra.module.aws_infra.module.aws_infrastructure.data.aws_vpc.existing_vpc",
            "module.mosip_infra.module.aws_infra.module.aws_infrastructure.module.aws-resource-creation.aws_iam_instance_profile.certbot_profile",
            "module.mosip_infra.module.aws_infra.module.aws_infrastructure.module.aws-resource-creation.aws_iam_policy.certbot_policy",
            "module.mosip_infra.module.aws_infra.module.aws_infrastructure.module.aws-resource-creation.aws_iam_role.certbot_role",
            "module.mosip_infra.module.aws_infra.module.aws_infrastructure.module.aws-resource-creation.aws_iam_role_policy_attachment.certbot_policy_attachment",
            "module.mosip_infra.module.aws_infra.module.aws_infrastructure.module.aws-resource-creation.aws_instance.K8S_CLUSTER_EC2_INSTANCE",
            "module.mosip_infra.module.aws_infra.module.aws_infrastructure.module.aws-resource-creation.aws_instance.NGINX_EC2_INSTANCE",
            "module.mosip_infra.module.aws_infra.module.aws_infrastructure.module.aws-resource-creation.aws_route53_record.DNS_RECORDS",
            "module.mosip_infra.module.aws_infra.module.aws_infrastructure.module.aws-resource-creation.aws_security_group.security-group",
            "module.mosip_infra.module.aws_infra.module.aws_infrastructure.module.nginx-setup.null_resource.Nginx-setup",
            "module.mosip_infra.module.aws_infra.module.aws_infrastructure.module.nginx-setup.null_resource.PostgreSQL-ansible-setup",
            "module.mosip_infra.module.aws_infra.module.aws_infrastructure.module.rke2-setup.null_resource.rke2-primary-cluster-setup",
            "module.mosip_infra.module.aws_infra.module.aws_infrastructure.module.rke2-setup.random_string.K8S_TOKEN"
          ]
        },
        {
          "index_key": "soil-CONTROL-PLANE-NODE-3",
          "schema_version": 0,
          "attributes": {
            "id": "7403103429605689662",
            "triggers": {
              "node_hash": "37625ac2e4b5a068d9be30d00fe96882",
              "script_hash": "a1dcf9fcd3fb1d1efd66fa4f92341355"
            }
          },
          "sensitive_attributes": [],
          "dependencies": [
            "module.mosip_infra.module.aws_infra.module.aws_infrastructure.data.aws_availability_zones.available",
            "module.mosip_infra.module.aws_infra.module.aws_infrastructure.data.aws_ec2_instance_type_offerings.k8s_instance_types",
            "module.mosip_infra.module.aws_infra.module.aws_infrastructure.data.aws_ec2_instance_type_offerings.nginx_instance_types",
            "module.mosip_infra.module.aws_infra.module.aws_infrastructure.data.aws_subnets.private_subnets",
            "module.mosip_infra.module.aws_infra.module.aws_infrastructure.data.aws_subnets.public_subnets",
            "module.mosip_infra.module.aws_infra.module.aws_infrastructure.data.aws_vpc.existing_vpc",
            "module.mosip_infra.module.aws_infra.module.aws_infrastructure.module.aws-resource-creation.aws_iam_instance_profile.certbot_profile",
            "module.mosip_infra.module.aws_infra.module.aws_infrastructure.module.aws-resource-creation.aws_iam_policy.certbot_policy",
            "module.mosip_infra.module.aws_infra.module.aws_infrastructure.module.aws-resource-creation.aws_iam_role.certbot_role",
            "module.mosip_infra.module.aws_infra.module.aws_infrastructure.module.aws-resource-creation.aws_iam_role_policy_attachment.certbot_policy_attachment",
            "module.mosip_infra.module.aws_infra.module.aws_infrastructure.module.aws-resource-creation.aws_instance.K8S_CLUSTER_EC2_INSTANCE",
            "module.mosip_infra.module.aws_infra.module.aws_infrastructure.module.aws-resource-creation.aws_instance.NGINX_EC2_INSTANCE",
            "module.mosip_infra.module.aws_infra.module.aws_infrastructure.module.aws-resource-creation.aws_route53_record.DNS_RECORDS",
            "module.mosip_infra.module.aws_infra.module.aws_infrastructure.module.aws-resource-creation.aws_security_group.security-group",
            "module.mosip_infra.module.aws_infra.module.aws_infrastructure.module.nginx-setup.null_resource.Nginx-setup",
            "module.mosip_infra.module.aws_infra.module.aws_infrastructure.module.nginx-setup.null_resource.PostgreSQL-ansible-setup",
            "module.mosip_infra.module.aws_infra.module.aws_infrastructure.module.rke2-setup.null_resource.rke2-primary-cluster-setup",
            "module.mosip_infra.module.aws_infra.module.aws_infrastructure.module.rke2-setup.random_string.K8S_TOKEN"
          ]
        },
        {
          "index_key": "soil-ETCD-NODE-1",
          "schema_version": 0,
          "attributes": {
            "id": "8112672113190384549",
            "triggers": {
              "node_hash": "37625ac2e4b5a068d9be30d00fe96882",
              "script_hash": "a1dcf9fcd3fb1d1efd66fa4f92341355"
            }
          },
          "sensitive_attributes": [],
          "dependencies": [
            "module.mosip_infra.module.aws_infra.module.aws_infrastructure.data.aws_availability_zones.available",
            "module.mosip_infra.module.aws_infra.module.aws_infrastructure.data.aws_ec2_instance_type_offerings.k8s_instance_types",
            "module.mosip_infra.module.aws_infra.module.aws_infrastructure.data.aws_ec2_instance_type_offerings.nginx_instance_types",
            "module.mosip_infra.module.aws_infra.module.aws_infrastructure.data.aws_subnets.private_subnets",
            "module.mosip_infra.module.aws_infra.module.aws_infrastructure.data.aws_subnets.public_subnets",
            "module.mosip_infra.module.aws_infra.module.aws_infrastructure.data.aws_vpc.existing_vpc",
            "module.mosip_infra.module.aws_infra.module.aws_infrastructure.module.aws-resource-creation.aws_iam_instance_profile.certbot_profile",
            "module.mosip_infra.module.aws_infra.module.aws_infrastructure.module.aws-resource-creation.aws_iam_policy.certbot_policy",
            "module.mosip_infra.module.aws_infra.module.aws_infrastructure.module.aws-resource-creation.aws_iam_role.certbot_role",
            "module.mosip_infra.module.aws_infra.module.aws_infrastructure.module.aws-resource-creation.aws_iam_role_policy_attachment.certbot_policy_attachment",
            "module.mosip_infra.module.aws_infra.module.aws_infrastructure.module.aws-resource-creation.aws_instance.K8S_CLUSTER_EC2_INSTANCE",
            "module.mosip_infra.module.aws_infra.module.aws_infrastructure.module.aws-resource-creation.aws_instance.NGINX_EC2_INSTANCE",
            "module.mosip_infra.module.aws_infra.module.aws_infrastructure.module.aws-resource-creation.aws_route53_record.DNS_RECORDS",
            "module.mosip_infra.module.aws_infra.module.aws_infrastructure.module.aws-resource-creation.aws_security_group.security-group",
            "module.mosip_infra.module.aws_infra.module.aws_infrastructure.module.nginx-setup.null_resource.Nginx-setup",
            "module.mosip_infra.module.aws_infra.module.aws_infrastructure.module.nginx-setup.null_resource.PostgreSQL-ansible-setup",
            "module.mosip_infra.module.aws_infra.module.aws_infrastructure.module.rke2-setup.null_resource.rke2-primary-cluster-setup",
            "module.mosip_infra.module.aws_infra.module.aws_infrastructure.module.rke2-setup.random_string.K8S_TOKEN"
          ]
        },
        {
          "index_key": "soil-ETCD-NODE-2",
          "schema_version": 0,
          "attributes": {
            "id": "8896887621686223834",
            "triggers": {
              "node_hash": "37625ac2e4b5a068d9be30d00fe96882",
              "script_hash": "a1dcf9fcd3fb1d1efd66fa4f92341355"
            }
          },
          "sensitive_attributes": [],
          "dependencies": [
            "module.mosip_infra.module.aws_infra.module.aws_infrastructure.data.aws_availability_zones.available",
            "module.mosip_infra.module.aws_infra.module.aws_infrastructure.data.aws_ec2_instance_type_offerings.k8s_instance_types",
            "module.mosip_infra.module.aws_infra.module.aws_infrastructure.data.aws_ec2_instance_type_offerings.nginx_instance_types",
            "module.mosip_infra.module.aws_infra.module.aws_infrastructure.data.aws_subnets.private_subnets",
            "module.mosip_infra.module.aws_infra.module.aws_infrastructure.data.aws_subnets.public_subnets",
            "module.mosip_infra.module.aws_infra.module.aws_infrastructure.data.aws_vpc.existing_vpc",
            "module.mosip_infra.module.aws_infra.module.aws_infrastructure.module.aws-resource-creation.aws_iam_instance_profile.certbot_profile",
            "module.mosip_infra.module.aws_infra.module.aws_infrastructure.module.aws-resource-creation.aws_iam_policy.certbot_policy",
            "module.mosip_infra.module.aws_infra.module.aws_infrastructure.module.aws-resource-creation.aws_iam_role.certbot_role",
            "module.mosip_infra.module.aws_infra.module.aws_infrastructure.module.aws-resource-creation.aws_iam_role_policy_attachment.certbot_policy_attachment",
            "module.mosip_infra.module.aws_infra.module.aws_infrastructure.module.aws-resource-creation.aws_instance.K8S_CLUSTER_EC2_INSTANCE",
            "module.mosip_infra.module.aws_infra.module.aws_infrastructure.module.aws-resource-creation.aws_instance.NGINX_EC2_INSTANCE",
            "module.mosip_infra.module.aws_infra.module.aws_infrastructure.module.aws-resource-creation.aws_route53_record.DNS_RECORDS",
            "module.mosip_infra.module.aws_infra.module.aws_infrastructure.module.aws-resource-creation.aws_security_group.security-group",
            "module.mosip_infra.module.aws_infra.module.aws_infrastructure.module.nginx-setup.null_resource.Nginx-setup",
            "module.mosip_infra.module.aws_infra.module.aws_infrastructure.module.nginx-setup.null_resource.PostgreSQL-ansible-setup",
            "module.mosip_infra.module.aws_infra.module.aws_infrastructure.module.rke2-setup.null_resource.rke2-primary-cluster-setup",
            "module.mosip_infra.module.aws_infra.module.aws_infrastructure.module.rke2-setup.random_string.K8S_TOKEN"
          ]
        },
        {
          "index_key": "soil-ETCD-NODE-3",
          "schema_version": 0,
          "attributes": {
            "id": "7466952737474891475",
            "triggers": {
              "node_hash": "37625ac2e4b5a068d9be30d00fe96882",
              "script_hash": "a1dcf9fcd3fb1d1efd66fa4f92341355"
            }
          },
          "sensitive_attributes": [],
          "dependencies": [
            "module.mosip_infra.module.aws_infra.module.aws_infrastructure.data.aws_availability_zones.available",
            "module.mosip_infra.module.aws_infra.module.aws_infrastructure.data.aws_ec2_instance_type_offerings.k8s_instance_types",
            "module.mosip_infra.module.aws_infra.module.aws_infrastructure.data.aws_ec2_instance_type_offerings.nginx_instance_types",
            "module.mosip_infra.module.aws_infra.module.aws_infrastructure.data.aws_subnets.private_subnets",
            "module.mosip_infra.module.aws_infra.module.aws_infrastructure.data.aws_subnets.public_subnets",
            "module.mosip_infra.module.aws_infra.module.aws_infrastructure.data.aws_vpc.existing_vpc",
            "module.mosip_infra.module.aws_infra.module.aws_infrastructure.module.aws-resource-creation.aws_iam_instance_profile.certbot_profile",
            "module.mosip_infra.module.aws_infra.module.aws_infrastructure.module.aws-resource-creation.aws_iam_policy.certbot_policy",
            "module.mosip_infra.module.aws_infra.module.aws_infrastructure.module.aws-resource-creation.aws_iam_role.certbot_role",
            "module.mosip_infra.module.aws_infra.module.aws_infrastructure.module.aws-resource-creation.aws_iam_role_policy_attachment.certbot_policy_attachment",
            "module.mosip_infra.module.aws_infra.module.aws_infrastructure.module.aws-resource-creation.aws_instance.K8S_CLUSTER_EC2_INSTANCE",
            "module.mosip_infra.module.aws_infra.module.aws_infrastructure.module.aws-resource-creation.aws_instance.NGINX_EC2_INSTANCE",
            "module.mosip_infra.module.aws_infra.module.aws_infrastructure.module.aws-resource-creation.aws_route53_record.DNS_RECORDS",
            "module.mosip_infra.module.aws_infra.module.aws_infrastructure.module.aws-resource-creation.aws_security_group.security-group",
            "module.mosip_infra.module.aws_infra.module.aws_infrastructure.module.nginx-setup.null_resource.Nginx-setup",
            "module.mosip_infra.module.aws_infra.module.aws_infrastructure.module.nginx-setup.null_resource.PostgreSQL-ansible-setup",
            "module.mosip_infra.module.aws_infra.module.aws_infrastructure.module.rke2-setup.null_resource.rke2-primary-cluster-setup",
            "module.mosip_infra.module.aws_infra.module.aws_infrastructure.module.rke2-setup.random_string.K8S_TOKEN"
          ]
        },
        {
          "index_key": "soil-WORKER-NODE-1",
          "schema_version": 0,
          "attributes": {
            "id": "3856001338622027045",
            "triggers": {
              "node_hash": "37625ac2e4b5a068d9be30d00fe96882",
              "script_hash": "a1dcf9fcd3fb1d1efd66fa4f92341355"
            }
          },
          "sensitive_attributes": [],
          "dependencies": [
            "module.mosip_infra.module.aws_infra.module.aws_infrastructure.data.aws_availability_zones.available",
            "module.mosip_infra.module.aws_infra.module.aws_infrastructure.data.aws_ec2_instance_type_offerings.k8s_instance_types",
            "module.mosip_infra.module.aws_infra.module.aws_infrastructure.data.aws_ec2_instance_type_offerings.nginx_instance_types",
            "module.mosip_infra.module.aws_infra.module.aws_infrastructure.data.aws_subnets.private_subnets",
            "module.mosip_infra.module.aws_infra.module.aws_infrastructure.data.aws_subnets.public_subnets",
            "module.mosip_infra.module.aws_infra.module.aws_infrastructure.data.aws_vpc.existing_vpc",
            "module.mosip_infra.module.aws_infra.module.aws_infrastructure.module.aws-resource-creation.aws_iam_instance_profile.certbot_profile",
            "module.mosip_infra.module.aws_infra.module.aws_infrastructure.module.aws-resource-creation.aws_iam_policy.certbot_policy",
            "module.mosip_infra.module.aws_infra.module.aws_infrastructure.module.aws-resource-creation.aws_iam_role.certbot_role",
            "module.mosip_infra.module.aws_infra.module.aws_infrastructure.module.aws-resource-creation.aws_iam_role_policy_attachment.certbot_policy_attachment",
            "module.mosip_infra.module.aws_infra.module.aws_infrastructure.module.aws-resource-creation.aws_instance.K8S_CLUSTER_EC2_INSTANCE",
            "module.mosip_infra.module.aws_infra.module.aws_infrastructure.module.aws-resource-creation.aws_instance.NGINX_EC2_INSTANCE",
            "module.mosip_infra.module.aws_infra.module.aws_infrastructure.module.aws-resource-creation.aws_route53_record.DNS_RECORDS",
            "module.mosip_infra.module.aws_infra.module.aws_infrastructure.module.aws-resource-creation.aws_security_group.security-group",
            "module.mosip_infra.module.aws_infra.module.aws_infrastructure.module.nginx-setup.null_resource.Nginx-setup",
            "module.mosip_infra.module.aws_infra.module.aws_infrastructure.module.nginx-setup.null_resource.PostgreSQL-ansible-setup",
            "module.mosip_infra.module.aws_infra.module.aws_infrastructure.module.rke2-setup.null_resource.rke2-primary-cluster-setup",
            "module.mosip_infra.module.aws_infra.module.aws_infrastructure.module.rke2-setup.random_string.K8S_TOKEN"
          ]
        },
        {
          "index_key": "soil-WORKER-NODE-2",
          "schema_version": 0,
          "attributes": {
            "id": "1225330335145924688",
            "triggers": {
              "node_hash": "37625ac2e4b5a068d9be30d00fe96882",
              "script_hash": "a1dcf9fcd3fb1d1efd66fa4f92341355"
            }
          },
          "sensitive_attributes": [],
          "dependencies": [
            "module.mosip_infra.module.aws_infra.module.aws_infrastructure.data.aws_availability_zones.available",
            "module.mosip_infra.module.aws_infra.module.aws_infrastructure.data.aws_ec2_instance_type_offerings.k8s_instance_types",
            "module.mosip_infra.module.aws_infra.module.aws_infrastructure.data.aws_ec2_instance_type_offerings.nginx_instance_types",
            "module.mosip_infra.module.aws_infra.module.aws_infrastructure.data.aws_subnets.private_subnets",
            "module.mosip_infra.module.aws_infra.module.aws_infrastructure.data.aws_subnets.public_subnets",
            "module.mosip_infra.module.aws_infra.module.aws_infrastructure.data.aws_vpc.existing_vpc",
            "module.mosip_infra.module.aws_infra.module.aws_infrastructure.module.aws-resource-creation.aws_iam_instance_profile.certbot_profile",
            "module.mosip_infra.module.aws_infra.module.aws_infrastructure.module.aws-resource-creation.aws_iam_policy.certbot_policy",
            "module.mosip_infra.module.aws_infra.module.aws_infrastructure.module.aws-resource-creation.aws_iam_role.certbot_role",
            "module.mosip_infra.module.aws_infra.module.aws_infrastructure.module.aws-resource-creation.aws_iam_role_policy_attachment.certbot_policy_attachment",
            "module.mosip_infra.module.aws_infra.module.aws_infrastructure.module.aws-resource-creation.aws_instance.K8S_CLUSTER_EC2_INSTANCE",
            "module.mosip_infra.module.aws_infra.module.aws_infrastructure.module.aws-resource-creation.aws_instance.NGINX_EC2_INSTANCE",
            "module.mosip_infra.module.aws_infra.module.aws_infrastructure.module.aws-resource-creation.aws_route53_record.DNS_RECORDS",
            "module.mosip_infra.module.aws_infra.module.aws_infrastructure.module.aws-resource-creation.aws_security_group.security-group",
            "module.mosip_infra.module.aws_infra.module.aws_infrastructure.module.nginx-setup.null_resource.Nginx-setup",
            "module.mosip_infra.module.aws_infra.module.aws_infrastructure.module.nginx-setup.null_resource.PostgreSQL-ansible-setup",
            "module.mosip_infra.module.aws_infra.module.aws_infrastructure.module.rke2-setup.null_resource.rke2-primary-cluster-setup",
            "module.mosip_infra.module.aws_infra.module.aws_infrastructure.module.rke2-setup.random_string.K8S_TOKEN"
          ]
        }
      ]
    },
    {
      "module": "module.mosip_infra.module.aws_infra[0].module.aws_infrastructure.module.rke2-setup",
      "mode": "managed",
      "type": "null_resource",
      "name": "rke2-primary-cluster-setup",
      "provider": "provider[\"registry.terraform.io/hashicorp/null\"]",
      "instances": [
        {
          "schema_version": 0,
          "attributes": {
            "id": "9131789861418419034",
            "triggers": null
          },
          "sensitive_attributes": [],
          "dependencies": [
            "module.mosip_infra.module.aws_infra.module.aws_infrastructure.data.aws_availability_zones.available",
            "module.mosip_infra.module.aws_infra.module.aws_infrastructure.data.aws_ec2_instance_type_offerings.k8s_instance_types",
            "module.mosip_infra.module.aws_infra.module.aws_infrastructure.data.aws_ec2_instance_type_offerings.nginx_instance_types",
            "module.mosip_infra.module.aws_infra.module.aws_infrastructure.data.aws_subnets.private_subnets",
            "module.mosip_infra.module.aws_infra.module.aws_infrastructure.data.aws_subnets.public_subnets",
            "module.mosip_infra.module.aws_infra.module.aws_infrastructure.data.aws_vpc.existing_vpc",
            "module.mosip_infra.module.aws_infra.module.aws_infrastructure.module.aws-resource-creation.aws_iam_instance_profile.certbot_profile",
            "module.mosip_infra.module.aws_infra.module.aws_infrastructure.module.aws-resource-creation.aws_iam_policy.certbot_policy",
            "module.mosip_infra.module.aws_infra.module.aws_infrastructure.module.aws-resource-creation.aws_iam_role.certbot_role",
            "module.mosip_infra.module.aws_infra.module.aws_infrastructure.module.aws-resource-creation.aws_iam_role_policy_attachment.certbot_policy_attachment",
            "module.mosip_infra.module.aws_infra.module.aws_infrastructure.module.aws-resource-creation.aws_instance.K8S_CLUSTER_EC2_INSTANCE",
            "module.mosip_infra.module.aws_infra.module.aws_infrastructure.module.aws-resource-creation.aws_instance.NGINX_EC2_INSTANCE",
            "module.mosip_infra.module.aws_infra.module.aws_infrastructure.module.aws-resource-creation.aws_route53_record.DNS_RECORDS",
            "module.mosip_infra.module.aws_infra.module.aws_infrastructure.module.aws-resource-creation.aws_security_group.security-group",
            "module.mosip_infra.module.aws_infra.module.aws_infrastructure.module.nginx-setup.null_resource.Nginx-setup",
            "module.mosip_infra.module.aws_infra.module.aws_infrastructure.module.nginx-setup.null_resource.PostgreSQL-ansible-setup",
            "module.mosip_infra.module.aws_infra.module.aws_infrastructure.module.rke2-setup.random_string.K8S_TOKEN"
          ]
        }
      ]
    },
    {
      "module": "module.mosip_infra.module.aws_infra[0].module.aws_infrastructure.module.rke2-setup",
      "mode": "managed",
      "type": "random_string",
      "name": "K8S_TOKEN",
      "provider": "provider[\"registry.terraform.io/hashicorp/random\"]",
      "instances": [
        {
          "schema_version": 2,
          "attributes": {
            "id": "xXMOYRiiP0LE01up42BjtXowneiOnoeu",
            "keepers": null,
            "length": 32,
            "lower": true,
            "min_lower": 0,
            "min_numeric": 0,
            "min_special": 0,
            "min_upper": 0,
            "number": true,
            "numeric": true,
            "override_special": null,
            "result": "xXMOYRiiP0LE01up42BjtXowneiOnoeu",
            "special": false,
            "upper": true
          },
          "sensitive_attributes": [],
          "dependencies": [
            "module.mosip_infra.module.aws_infra.module.aws_infrastructure.data.aws_availability_zones.available",
            "module.mosip_infra.module.aws_infra.module.aws_infrastructure.data.aws_ec2_instance_type_offerings.k8s_instance_types",
            "module.mosip_infra.module.aws_infra.module.aws_infrastructure.data.aws_ec2_instance_type_offerings.nginx_instance_types",
            "module.mosip_infra.module.aws_infra.module.aws_infrastructure.data.aws_subnets.private_subnets",
            "module.mosip_infra.module.aws_infra.module.aws_infrastructure.data.aws_subnets.public_subnets",
            "module.mosip_infra.module.aws_infra.module.aws_infrastructure.data.aws_vpc.existing_vpc",
            "module.mosip_infra.module.aws_infra.module.aws_infrastructure.module.aws-resource-creation.aws_iam_instance_profile.certbot_profile",
            "module.mosip_infra.module.aws_infra.module.aws_infrastructure.module.aws-resource-creation.aws_iam_policy.certbot_policy",
            "module.mosip_infra.module.aws_infra.module.aws_infrastructure.module.aws-resource-creation.aws_iam_role.certbot_role",
            "module.mosip_infra.module.aws_infra.module.aws_infrastructure.module.aws-resource-creation.aws_iam_role_policy_attachment.certbot_policy_attachment",
            "module.mosip_infra.module.aws_infra.module.aws_infrastructure.module.aws-resource-creation.aws_instance.K8S_CLUSTER_EC2_INSTANCE",
            "module.mosip_infra.module.aws_infra.module.aws_infrastructure.module.aws-resource-creation.aws_instance.NGINX_EC2_INSTANCE",
            "module.mosip_infra.module.aws_infra.module.aws_infrastructure.module.aws-resource-creation.aws_route53_record.DNS_RECORDS",
            "module.mosip_infra.module.aws_infra.module.aws_infrastructure.module.aws-resource-creation.aws_security_group.security-group",
            "module.mosip_infra.module.aws_infra.module.aws_infrastructure.module.nginx-setup.null_resource.Nginx-setup",
            "module.mosip_infra.module.aws_infra.module.aws_infrastructure.module.nginx-setup.null_resource.PostgreSQL-ansible-setup"
          ]
        }
      ]
    }
  ],
  "check_results": null
}
